JZ}a#)D`4H>@rL7E=Zac-p_i|O#3uL>Dd5fMJnLm&Okl{7Q5uhMvG4?;5{D&{{LG!nt*>~IXjjOSmnu1t^<Z0rHPdy#8JE@o<4wG+terVjsX8H6OaM?(dZY62@lMiu=I1l+{gmT1Q}l_ZM70@rSywIDBMTrQ^_>kQe+}`ZZ5q44;5XrF!SriC}d@AU)`UIaQ6n-gO*Y*u0Psqp!5<&d6RP=37f%f@>mC13Gm$Dc`}(6hq3&`4nKe0gLmi|(5NwOh(`kV)=P8aXcU!Q@OZG$$FU2fLWlGJH$GFA1i?-2_EbtE?5F}HUpbhT_GeFj)%60?Y_)n}>d@;7(0cUZOPFZ}Sejp0t!C*f!Y%l>&kwil_!#mzvN0a-9jzXBC?RQDDOPBlYGlPHov>IwZga={YliY+*t+2TaVMnz)L&2FOGEnHW>Xj&2OGCV>oUEyj8)p^90gsv_$NSQEz3BvhE?#0SM1%1SPaA<-f9(yW~mVelqPq=w0>hpVRoS44&W}|qfUoc?e<Jt$tjpOLf6QioykjVG^=+D99&04Q#Z3KBLt(L$F|4$+4uW>fX`m|?=n{{%WGL)VW@DQ4B+Pc#Dh^`*adnd#}$|P*BSwdb@uixZE=2(7GT;A1>qwK5U=}49f<05Ia}l^s7^qpM|d$eQxR`X3q-BCzV6jtm0~~<776LUeh$jmJt9<&*fw3k)P5!sE>_}iEPG;B>7zJ5lwP|_F?ekk+tLQV_jaodh+^?RLa=^(JbbV)Yh-aPZ=sgApXnYc0itlRl|>}l7~%@2X~}C->dnc;R#Uj%c*E#o)^iFcyRiQ)g+on@HK#kXei5Rg&tNb&567IJ7hPCr8WZp=6J3=Qc|}%z&N+*KjfF{Q_IQS{qm_okUK`x$8!v_%F%YAJ*@!gd&~-UHi+f{lPE_(kwL;vDHID?YcEz6FAH8X53GlmnO9#Im&<Vx(nS{TJ%WZ{=8O;4q!>Kc%yyn&#7)V})*nWXEHOY7*KH%wT9uyK4xVOJ@LKoi=a1B>O=mSe>VOaJl+jH;n{>Uf<7GKVqu9fsVWb4QPIzxX^g61Z~^_a4t)-*=hefM&6K-Lm;pSDHZ=8xIe_^wb;;<QgC;qv%wkr<9(OBYH_%jD`F&}H%ZxV%33<}LewXiGtruGAT*%pl&!Kvy7U_*|qH9X@(>(uTKMWEC~Xdk>vT(B+GxiEBI#H*eFW;fGvsHFaHWLG*msPMBC?>9BUxVsos{pPPsA%HJrYe08=2YGj1F-*%c)l?Z7TjXd-yrqBTO3h0-{Q^;cq+GBDlduh354^<P4^MMaowq>37Ged9xf)Uc1D-DYv1kXmdY}Tu5FAEYx7v_0l$!6jp@7SnnUe?cb6Ik$`t}q+p@&$i>aD3USaU~umg2aUTrj*Mk->NCtmnD>LV?=)Xk1b89yhSYQ2f`g5bL~zY{|G7iKB#ohR%sjHD@Xk*fAcvvY|^0<#{mUr;};<Jd>VzmV~n(CvlT5#`s@K9845LV%V%KKk8eYK{P8YjakmlPO@t-f?pQC8>I@LYz7#6C=F|hV&P4=coh|+$@P#&}VBRohOef9;w@;3u%hA{iCT>qEROmk~kD5>U2lu(b%J7(SjESD$4(S0a-TAw`0DSF^s=FLER;%@Kv+m)ch(PcTnT6naC;WXZbH2hA;s+U31RDAnRfDcFtH*lf8cSn?)AtR}Ruwqsw3IthsR8h~TL8}MUWNe82g_C2gocLd0o(zo)GI8<V;D+8%qp`NU=^@8==LA7J;g^;0()3QcgpFo5+LJE-brJg@dEFK6~Zw+d#}V(p)W&}tqMWNscGO*>;ZS%>FJy?Hnn-zZ!X!^%^oF+nf-h#s8q4g@0uY5DI_^5=YINAr@lZJZrb<}i{h6@@+9=B+r7|Y7DJ{N!MceB>N6GV?8Bk@1+zYrN{Id=Xm+e@;SF#!noi>j<0y=ScLz2wt1Sgu)jGNkSZLKyO7I!EK9QdiOXd?X+nqFFwkL|rG`LEK6Pe=9Juq|aQQ6~TXB#xfJrfJYh@lp$eBXiT!}PT!U3e~#=o75P;?2)LOl~zxD~G!co*evWWoD!&;qdw0@lr{I#@+R~YA&=45UKFMcoNI5;$sg<YVz?0dzoz-GF~p8W3=~_8e8gR^U{`e>q1V&^$IXC`a1=N6jqWXSD}WCT+5lQ@ES-mC&qyA#3oL)FPs$7Sj(e3&3{LzkllCznqwyeZ$^A79HTqiWo+D`z&+i(#IkcRs=`57<=jaUclMW;KUQ#TEJa4*8Yhv4<%Hn+P>Z~Hg}T0}G8~wo)0@OCF{z!8q1f}lipB*mS!SL~dkj<90^XRvLz=N=Fh?I1MO&oU|7W*oU!)?9%j#CRU{^Kc^}Nz%;JK2J$L4M(GTPug>EYz1XX>tVoqaOou58J5L~XhbAX2*x%&5s8IFzi-J{Ms{vGjLcmCTrY`!8J2v(RU+=X5RchT2V`FIwTX&G`1H8AryiT(eit7?zs9IY=C1;b??Y9CQPL3?~H(7i3<<zw(>#a4QL!#tzdFw+P3P!x(b!39L*{1~7c>N^ocK?S>dwMBes=xG}jL53nit=&|d>LA)O)g`4grD@ImlVwJVzJJz5FeHA0g+2aZ8>N8H0UPf15du~63iYl&KWSp*>uf;c6$CiM0G1f`q3t*=D`PkwNw|yWGOAL%0!?<i=gF<t5|F~+|{Nf%7SFH+XRpUa;Syibu89l{W?fsBQqguJOzygw__;LhCt#!aKi}Y-kDcP*I1K7A{-?UdFKBd#r#SWiq;gxEE#joo1dxeO&p9x9)g-_O*n-gnxHIXdmXe6M+q|e;nHFg9ZI?qoG`9KFvn41jvG|UDbw`bzybN}np;L}N<9)46ReahbS-%7x>rn!Z1uO)8-Be`(GJjD6FKH-4=McSP4`Y5%&$8I)^4sFF+6?z2vkoc6SU{C!;i0_Vr8Q_0ZJ+8+LcIAA4&S@&?3t^Z%B`-Q#^qOvZkcVU4nk}7?R<Z4v>o2iIas(MeoUiPIRRNgmPT*vdCy7X3?`D3;3IlcY#PIs9UW%n&T|{r`qTmBGTsBKs&Y$%}Bn&(KkF+o<);bVDADI(hLz{ij9SUleuKn~~SmbZjPav%1uj)_!BV$JRMLMmdzRrX-R*YHUj!E1=$?uI28F|~tEW{}>8RnT4|7>h*-V!0*xbSTjYC)5ieTPYjTjI85SR6N8IDVbmN^a{EpJW-bfDpLgOZanOtSqNSurW>vbU#b^`fY6<S8<pV&j1}U+Spve2IDW)2&nkTtG!Gl=4r3Q$Q_B<CZe+)sV55Tm0P4ldEg}!It>0zAGUNnp<J)W&v~Y=$Etma`iV$p{|qMN@LClrqMNKci(Z8oMEP&dR{C9h>jFLq**8VHOZXDL0`3l^Ey%R^vO;7rE<S0!43k2>9{UzX*rT27v6dP`fxTt}+jw|Vt+GgLvtMkcJCns!bpcAzDM+=<i#m>TP&x@D4)(LP-Q0m<F$I3WawHs$r+{DNH!IJnM?@B4^rbZ|PrElUh)B?bEgVBR|ML(CGPSOAV%oJTU3$`%{n0Z#SgMq@I&>%sHh!PHq@jGQbW4AMzE4SfT;2j73`Rvz)^$Ecy{K*K7lLV!&Vph7CS(aH)VQlAL3?APtNOqh)*R`7{n)8oV!M0u(Y&Dxq_768mz$J?W6X9cMfXmYlng|jryl^*W|T=w+c8aJKZ<}(XldqFckefG%%7Vk@@{-Z8cDPiyr@q9^2@E@Phc3g07<dzKule4hRM3D*P<=068wEYHonM$WJn{P3lWqMMw?tz+VB&uAPpN}u-J_{CQ-fx+{VcO4Ezs#P&w!YfSm#xJc+1*J%u(cKvNRhLJ|NEL8(*sT1VCzCuqdIPXlop2FubHU#41@t<=BM)lcxgGl?FBBw)gs9CTfxr8(&Rxi0zY6_Gb>XP+B7D9X4??Bj1i@k6i|&(8}hb57{JZl%Ru80XiaS`&J+;+Ik%RfIuz>Tk9I4rD%ocZCz!jlchGgQ>-`B<JTd0`%pXu(&@#05r{F`=2wHQysB1|7%Qopl@TIO^pS`QSu)q5wD?srhs#m8=gQk;qc7O3dx&f<xR7+efeH&^{9J&9i~+|F3NVZ+ZE@;ADL4j3zwpwmuAK>yR)ubcwID1V~5tnF5LBBKQJ1}6Sa{@xrJ<8Weq5{5WsuK0i2sW-_)BWf(`sBbQ+(_M`tA@R$q{IMz3Y%?kZewyN8i4ni*L}+5htwhmdx#Wrl}!@fKU=S<$dg|Nc~_vehoEVEt9BR;Bc_z(@B}k9NRER3|#VGO$SAV$?ADxzf^76kdLF8_6aj@&J~BBKdtaDT_T+l<QGwIy7P^7(i5hiF~D$yeK{~Ap(-VCS{2c(;8|rL*i1i4Vl&W5G*fd&wm^v2i4Btt};+H0dE-Y8cE%}TN}QgnFNHNwoewJXxXR=QA%J{`#iORxakwn5k&6Krisxc&epX_ngSik76nF{(rb%jDyO~xnBUS7v$t-0(+$DG73`h>+jvcT5S5lBgQ!O;p4C}Ba!*HLwbJImShSl)SJpBX_m~I50I%&ORp}CFfkKB@Uw0>F3UXkv03h~sMFAeJ@MLxn6i?&fgxF<k=R8**(lEy136h^J2X0zq%q7s8Fq`vKQ>MI?W#?&<Pan#7DR_3b@!UJa)vmcahhhSAJK%LRKtrlmmEfCHh6XvLLyvSn(Oc|FSBx6ew+}6*#g1N{V4t(*>EK3PP1N#xs&f%>I}*@1veEY0*Qb6~JL2GQaE_MOy#}7u8ujwTokJXv0U4?0zXyQ2ZvEXOc-wZvF6+?l!dGmtS_=hbkPdE@dph%7*bOYk#;Qk;g#too*@lNRI2FQAjt&Yd*{y(!Xy@!c`sQu~|9#C7a832IdLt`SatRs2_N?x)VdTM|sD|K1A}T3UL@C&G;x9)Tj|plE<ujTvJUm{QCw8;Yfk*UhM+I?J4XWDdtrX@-@z-Y8?$X+=60iJ8z-*rkpW^(7d+R?vp``b<Vbi>>N*~#GJ~ix{)T6hxz01Sh=J0TzE1DdBAJupE3$jbSSUAIdWsEG*=%hn+F`~v!Iey*a@ugxV=teASg2NN2+u`hs(Di7=8gb2%b;G0TF(l!<p0FTAO@M?i%~%NXTA6fK^_<2xm_j$fg;yG-U5$M!-_mBdE6J84ar<2a5HznET|MY62uZ*-!%A80%3dx1A8GlDJ6fL`3K!{jEPsO!uuOvUh8#SRpTtX$bzl2(8iED|aFe|do^4t`ie<(hvExSfBGC@i0MAiHr#a_oN!p(L-<h6#3Ih3>aZbdz<U9tMjTKCNg+4-g(qZpUDo&zrr(PuIY}>o$m4aw~ftR-ULHQ@gsufG|Ts}=4+hd+bJ4n{2iRxtBx{Zrz<?R#9ed(NXP-fXH@%ln@2`Lqkwe*e;csGScCXk2NKA!WYxw@0Dt~IbPh4Sr?ehTZx1gd4#X$?41Fk$wwBLIbLTww(q-VKyzJKfm!rJJ4=JC{?eCS!~fv8wDfw(hMw&YEU*l!S+?1;~n;$p)olHKcZsAt>6+)G1M|pMYFFYT3PP=D%idYD6Nq>uwI5GgIusco%BW3pysG#;jZQmHs2N;(m|{2Pm@9y*<zxp-^Z&^jfGsm=zk|g9*9140i?t2KJX7Sd!iyf9RqgLqZsP6EieJp70_bVF}%PiV-C^ej5Z+lPGy-;bAy`nM-L3`(O^ptRE|`%mG<ohvZnrQXCi=tR!^8P?pu>8RJhJ%DGIB;M5b$@v+Vz;iErULYkP7(x~BVER&;$`Sq@M;fU=p*p-hgc8q)<{a5}(kl8ZIF#4qq)YlV6)5z$Qnj3RB6gydM6FLZ{5W(&TJKws9DVhn2-ki#^Q~OlpVIzv!49?)?j{q3IiqrSjorrTixz8ZJJVPsf5Tg$5FX=eAZ+!dpVQq^Ru4kx&TR4v=7Hg4}naBfkpHgd%%c&yRpy*dUDbckb6FD(#PI!NIB2cd`*3MIsDy<H}HAhCy`v7Y`gUz>CsyPZOaL&4GWPgZ%ccoH*kXOtbJNQb2%(mkP4#U(wwK-bT1uqb6Ui0&HMGniZIb0YkJlRK1fO5cIDl))j4Es!3SV#=TT4|Ab%N&+CXW@sNbp);L3LyJ;G|(nKe%qWzCM%JM(-=WXEEt%aInfMG!)CM!lzn~00Q-Mm(QC00M+clVPy!$6S(AZDJ#DhT4R96@_Su_Rw^f$&-xj-yNy5|xpY_nSypC`F$cxj<nKbVx-u-QX0LO5BXM`nK@%3EQb~;a73?KrY`urvZ4-Q1avd8mS(FA$<<jbNaKV0zJ4}S6pfT+|AdDlNl@eLsg;R~sX0Lt6ks7ff2X!ARb^7p>Pn7!pQDMs*v5-Tuel*<;eOp8e`V!ZI^fQo*obe`=uNchTkgj@#<)<fkrcIW-##rmLVwBMsp_*-a)u^ADF<hM|uXGP^a6zEoTdXy3_fUWI@`MtO&JQpv|*Cn0ae7h_2?RD-(tDE9@-KdgVeNQ2G#e3tuXAAq7dBjt?2i8p4Qfs~8y9GA--eIZmfqhCxb;nc0`eG5m-DdM1`vcw0!=%fjZMwfKeK|mcs_9L#STx%Zl_+Kq-S<y)48`5DeXuP$f^_x}f1Ph}rQIswBJ9sP;fN?hqi&V?B!uZeC4j8%=*%pQb$}bH&-GwAqVkg-lx=cdhNN13UjrK0Dc`2<tLM9}&NK%vX<^{7W61|nu+O`RIdt2z^&*16JGk!yw>cmFvHqiyyIVJskQ)6ee3(bB@t_jmsCN1~Cs$hNDV9~ei8%qoVFm@(0?Hn|Z7_6Nn<=K%ANb(}bC3Hb6<@=u+KAVlvjSXU&3@ktY*oO{`Tl_s->&KM;x0Q}r<gXu1jKf+x$n;PUBZz#1+y;Uee%sMtVvWYuu04f#3X+(dqhi19;6MtTpm8=$}Senh@^hH5;nFu%kAB%8i0E^>OmatN8P$2K#6@T&40FGycKH!Na`G2f-*JcNfIcD?FH8?9BR{07Ok)^`H=keNAa+|Ce5O|nl`SK#kN1(N1LBOoFgL$G%6vk3G54I$oYYEGOEN(Z#Oe(+kSW$90{=~S<h`TY6h7t8>U<3?f|LxrZJaRd^D$Gz!hRZ`w`BQfXz+fIv6hj`0JNie=P|#NN6<WE^Acm=JX1t4hFuwOq`E;aG$k3vPlX044f;Ve{g=G<i#M3Hg5y#FzR1r)D#QlRXa@4IVl6t`L@@xfM(Eo)_;ER(cv+hv@@!7A6=il&VOL;KEeuI!;GYB0U#52{2dzr!^Ay#w&2!Tw4h*Y#Kj4PFizAE($eB?K!#e9k2tKCuPI1tw5_aTIB*ZxGt$<wzu$TwGr|-z`}=q!lpO$h2cdXfYl8DG$?YF-{`EX{@6<W{_kefbZB^hyvC_G1&pRxlIC_?(L72e_*o0$9+h0!Ts4fIURGw-Z(H6hPR1aY^=zpmhwhS)zf!I9{SE0P6jwZ>OI(OQ>6>!?5Lch~;qT`YmtfyxdH8<$fx+&3p4T(C3=Aa46MylJNvEYdXDi(&B9Vfz=?q5Rro`=l>q*!wU1!4Zsp+uMMHiIloRVT0eG1C8LjA_jYIBsrwOQWY0_}(P2X0AL~5kGVH2=}@3B*c9BOKpvbF1vPLKrKgutU1W7LY`s|P(!zucCclqi`y5|wYOY#88Ha{fy;%3^{<8X8rm0u1OLuiP(v_38^j-NTy*YKxA%&n<28;KTq1&#2`V;-?@7PLs+*uc2;pun=&ie|GA!d@IRs8fLC@1|;T~iK<jB*mt3E&eV(Phf;q#7l5d{_=CK&|G#wEP9e<yzjPWTHpbkj62@vf^N6k^`$p^hGK*f(=c*M})a`dUn++Nn0<H3HEqitb?%iMU)l@dZXn@0KY}?O36#!^5>msLe@NfyEnn_E)Jop*a%;;HeF=e|G7BOpI4zw}uq%9>^dxq5)9SmaxjxE8)zv=9zQ29xy9@e3j7MaRFK!Ymo?4$$;AtZ)iud*eukyYbn<0a1ZDbHw1Xhs`+o=cb=uT8Qp15*uMg~h|Uem{94t=L-hh|N2c)#Z+&%lk(uZVL-6Ei4JoIFfWa^uooULYwcKCfGSE$yHAvMpa$HylLyYF68tyOB;}4u=Rgr#NS`y6c)mKyFV;ll8_Y8A+GZt|qCwrgdVP3Ty3l;1*f<Zr(sQ$MIF_dNmEPdwb{Mi~cs-RxB<i82C;U@oty=9doz2oVuE6++fJp;<8!@HqDYq&X5FdI`TmvtjI#<Tj{)15yCdAdpgLW~Ul!;NpiBLJ%XwmBb*`eWHgLu4gN`MRK;6mQFoq?3^m)mo6xR!5_%nL?Njyn{pGdf|O^&f;9HuDI`>^Um&FI+J(Z&$0t$w^@<*<UkQF<FZYi(97EMw>YK^PpnjU7R^SLQ~k#VcF+vVBBx+`=w~6#T&~fqct0`O0ICrC&6G&kmL#fK1z^7C1b)e>88_0olNB8-H={lpHwGo1Qc-*2sTvaawmMlPIunE{**kaR#%K7K*7<Me>(YVBA8Dm%o0Gnn22A-}JW$C9CRs(<zE`Yv*M;(w?d<B+IJD87<GjSR#1&~m=O{KD`~=^^k#Pv48HO)4R(yW^_xIM8HLl0R@t;43XxMmMsn0^)d5ClOP_AT}Z_@>@^ou2t^ANw+CB=$>nDM4LW8C_f$OHl*5F<y=AcOdp+UX9vF;ASF;-@W#<dL#}Lrqe3NwcL5(CcFkE4h|*x(_<&a?6c%Jkq;~@HO(-7_Cpz6KUkZNMvO2j{5o#V1O!XL@Z`Oz)z+o4DR)mC-tl65mABY<Etyd30a0(At5ixkLLeK*60IJOAs0V*|P}WzGE4W-E+42eKjcRL>co)Oh{?|VhC#Mr2wo&$nsl5co<;WP-}m;xCb5(L=2GJM9`k1z4<&qus{Eu{<>1s9#=#BM)e$e0cm^a(tkw2t9NPOQVqo@1ioo&g3HVEc+-`CVF9f21Iwdd!BoLa4S2f?+o^)=ko_i4=6?$r4bGc3qoV-w3Eq4Y6)Vf&KJGh-SL5Cwyq*kyR5F*kqDIF>dQ-UnW$H}e0Ulv=s*%*|Wd$)?Z)^W?f|1*K-%%yyGh+qX99JUX`<L*wYn!$<L*>O7u!kyPDntyrbg{<E0u&n1E%umckV9zdBERyox;lXXc?~{7<7zt*x-HgvmMwSzhEoOesxXC#fjeD!U^C6`DWFXEJ=a|yPoa>EZQ9s=1w`jPELRu$E)!T<KqE^(BET0u5o=txZnX$48DNveP#4*CgC*}`!aBN`4_cazmcF)2Gm_H<N^c*OST>1N!5DXz6p<lsgl$c4380-8i0nMQ@Cxe}cfGC{b@D~^a39f|NlBY8|Da;W<vDe=6+;eHS*?+mSb|YD+WX50sPB1`OzcmV#+1b8IGmcv#05=A6W0=iXu16_WyFqWnb_*=&U2Dq^kUGvGI8E8mx5B3?}U?%#(}{Q9TKBc`8M>2eHekYVcB1vQb5SlG$Ec^7|?I?5GfnTzg)gJX$bIw6fVb>cHEA`@c_G59RoCE(nl{j?>nuab3GNU{8V?XE~5G@;@1bg@W66z>}DyXJv$92dKbNI`@_{b<>{<w6cXhFozwPHeI+=pdFvBq2+CJgl^2R*;29YU%U>IOxEvi`pM<_>`Elt^L79Lz))~n!#ZC=S%VL@oA@-KptMMB3HVLi0M1A3V@l_zI?>HmGw^)3cYtOTA2BF8Kw~S18^BQ?U+hIcfZ=Q7M>83}YU_5LzAE&^q+L1=Tsxi<fZCk4o&B)f^JWz{puxEDIcP)m7RS9N0=|;awk=D1*H6-GKvNx;ZeyAA*Nh~(o$#B!Yv*Ni~3`BnpTmLNV(fOv8GY)C5TvPq`nqk;Zb&g`D?>fHJjT;V`K%8dgw{LNV>64?gn{+b65#_$vPP(`ch$hByT6-8yXUcjMPM4(cd{5^mS)AXiW7ywmK}aU^!C>Z<9MlYQ*Bv`A+POpZc{;C_O$TTVYOqNvJp}GbFTljSip{&%Szhe4sNi_w8=!+M1auX84MU}rI)`q}rXD#ov7x}mQ?svu;=LXq6z$l60QG(~y`c%*SNFqdQNYkqXKD!>^j8<I(A-P@qNU!UK*^*oo~o6qzMj!ovk8I(PAZq(8^Q%g7f&MIZ&Q1=Jpv3RW2}xybcL4|mctKPvc^qMp%!+I$Pu(?7D3v%2<wSewc6Yayp|i8r0dioe8u`?cKXJl1&$+;*g8O+?i==gJkO#Gf8XM<g{r~-lgVlu@A?$N|45p!m9eFM?`hNDneUx~0}CKzUdBb#1KICH)z9N{wX2{ub^uVw$NZ7>7eJ}7ef}yL^DLTVisOaGG*9J$USjmFy*8ceRd$z#wueM<!;ie1(%C}oOEu9K^5!sntxmOjKs|uq-)l!kQc$cFY?MU|DN;RB(s|9AfeyvF{3?5PoSwU_$XO&*4A!eA;CRYs+<FjsU1YZ-CkR4Osl$LtrT2fi1k5#F_A_of{^psg+z{}Kjv$*0=t1Nu-!Vi#Fj`(+U2#8tUA4ElY^M#n%LnddIGLg{zes(CGuc9P`9JU{c9pqOsFdnNC*<=Di>gM4%7QTS(UN|OmyJn}xS7lTf^|D0)Ulvn=v)=(nf2Ph<-dk`FDujg%$Jwz-<|)u8R$rm<-1T((+-yG$$Cc;J<{Q42p1Loy@nfO3qt(5a?tOT0~TA`u31?l(eLr<E=6B6G0r)`QZc)mvC10`-UN<d^gQyldWk~u_CH!uqtT}X<R6q{vf<dNdN?X?VS>oI#|h3TCb8v>_igQcKn~e_1;Jy5m8C*ld=*EhfOLBsQHJjY>(Au!!x3c;Ro)a%Jy+QLQ(QRixH)eO7%?3%Kt|zu%$jlV*XAYbRAGW{pKs)m<MVv+wkC?7Vs``V_466JhvM0zCj^Yny>x#6<I#a@(Ca~z55iV4lIM}Xm5<Arq-7w~y;xKE!hPR)buDMH_fWNmSm+ZJd6f!_?}KY+C1&dO535qMA^`tsUWtsjA&xSSi_NbMs-fZ|kRYpTglDN)^oB~<sCD}64I(`$yEvO{!7xcO*l<)2N8*Zj+(cpCqU~|jr@SizL_$XtF*j8lv6aXdEsG%z0?a{!5*eNkP!04-&pjAOEEb`R)l3i86B8|=HE?%q{L!broaBjuT2?S~dj>(vt`T6*CTCunGw1}Ar$+1%LKhG<yq=7cYiMAd^z#nN#+G0oGmxNu^ReB7^f#Qe83~#hk-5tleBDr5oSKg;p)*D;7B)1*0si`!ykJh1X}@DkUgCLszJ>!)<MD$I(e-<-O+V&5fKO8Vw;X@~W>obNbQmbNlZOB*5UwK%QJ&BM2gV@kFZNTdbV6r|c|`-(3V)9wC*zoX9rRtHryzu*y(dN|_nRMwS@5;H@j&GBs;WvwoPJ}@peOeofU?3|P-R6DlX;0seSBd1vV9V13E(aGGhQFeu=vTl+?>Aq=~v`vQa+!pW892K1{Nh)!LhRh1Y$S!IhbW;+`yjDNnWnt!CZmy!sL-@g%>_s@*mAMC&s;BlRv~g6kIjcC6E7R(D86rq9Jf(sW9;KAyF)Yb}r5Pg-dkOQ&1mt0q&kGuVi28-ebQw2;WZZs9IuJ@Pw5pr-}d@xr?jSMH*Y3*C|7A9FJoP@q0+CS}u&q5)5)Y6T)U?kTCB?tTTP?9WN^6mqaPbV=!j&YiPJX7e#MRHA4xfg!-vN*2@q#;C;D<_<kl%5^=M<PsAo8Z)8>s7(N{2Q_B0rhRtf}sWm}TY)|YU>%%dujTOmeoGe}%s^+5VU~v=3XAhlk5jOxAIr1S(&csA=iL+e!Add89|D%jbEl@f=I(x#6<E;&KKxi%RN>vKY6k1T>b$nDu<W*$GU%+6%@yVYf{~!)zs-t`Xa#Lb=G65a7=z1#f?k=*i+0nJZWiF_vEaR`nq4;Xt4zhn<Q+FsnwUso-&`+FBJ0&sH^I3NRG$4|gU*js-V+<XSP4$LRb`Z~&evExPy_+=(?Q6lH@nn?5zV3XB>SEJAoV&Yz1AhDNzK@yM>0<`=6`lL7l0K?K-}pZHJrritj7YP)y0ZITm<Zj4wsba>N7iHx{1U3S2oNbz`vi&}6;(SwTHSi>^UhF67Mv=9n?afP$U%&RuiBY+-8PrLCX%OrH}F%?FsVV&EXJD(Op}`$SK2Ql?qGJq`7`hH53Z<@CE!rUewEx@h?L{DaHJ1d!SMp15lKjJ0}`@7%K0G)?KZES9oD_(;cmIPTJJ}QP}jSI4u8?o$L)u-mCUIgtWu?9ikGF&b_j`evg9+Lty2cW+<y&goH{z&-<m1MMYokx;x3RvvRMIo`TF~UJE>u9F?M8GnB^G{UGbHpWW5}5uPF*a8_(uS7QkRaGetk>J<hmPS&dRo4JG_X)r<Jg+itU~7g|pP8mK4t`hz)Slgjap?$71vLV-bhVFS@v{T7S|(8h`G>g^3i6wiW(byE34tE%XN+U7sHB9x$}z3!Na{u0|w+M|#%N^~Hwr&?Sm?+$x2ubv>jMRYj>0j_!=jD1Y_7rEAd@xa8~R#ctO)8_i1ArxpYjYGXMgD6as4G)-6z6g%niR+)nd}t6R%x3C({k`$twpH{F>C0}qsk;A?m>;wB3b`?rP5EQr<~3)U<rMmz65gJk?I0)q^*E(qrVlb=*!}fUNN_suj9oJT#*1k)Kyi}}-wGvMtReA({c5!;DZpp}uwQcS0*HWf;i!Q8ZzhD!qGV)9Jqy_uj$PQHOgP1d>JmazWk#gQGW)AXuIXC0J3YoRlZH9WtAPmZsDdu%!QKUr7FeRzDjpch8@aOn(Q6S+Eo47bhZ`(}44=`Cdsg~VoKkN-=Dh0t$yT3$a>jl1SN@Z6P>CvfhvxOcI_rd$U_fb0KZ@zHFPNpTjSO)5#?y-XjQ<=@{)<kc4pv+kZ7utELNvf=T`YsHDQcwfMhr+>1aRc89XRf`cU#VtixcYC%e2doOW_qtBM?wDSubom;kunBlN|>H299WgW$eqpV5nJKsKEYtA3GRaO@l)*lBu4>`IW>ZWk#9oMD&V&LZ!5EYjFeplGIcv3q#C_yjt}Kg2d*qke+?PgI>fDFhHFK-^iD2eLqKbqrtQdCH;~LR!;gL)HzXV7U#*O%*BS2!tw5h+|__~Q)WnokpnYdOZ!R>^)MX}eQzqjKFw%3H(%#T#i7@UtN}igAhgG_uM~+sX?oes<fm4S6QJp8x9bSf=o<CI|FyTb(7?B6{KQX5AQORc3~w3?R9YqM4<zf0RmkOL?m4)?E8KxSfR8}|T#r>tlkos6viSZMMKSs4Ye6QMjzBvKUUIF@M{3X0VjkUHuD)LRlx>^9rHD)oDHoc<q{frvj;sVCttQCVU5&O)ev%>7`!TvvI{&)N)*r#2C~^mrBvyP?1ivYGQ}m4pyPIlBCK()6dIf-qNmO&=iDbzIniu90dLUim7sFw2a{rKWU=*OMCl!~AVV_!rj}q_geuvy0T?wXbck;;a#b21spy*-BsV|oy>0ak+AxaFF$0#U1o(U!%n2PCKtDr8QL&5A`^al*NqSiFjOZ@_f31m)?{l#E;7BPtjUtwfvMIMUJ%zL+jDtmhPMxm|KoluDr%!oZj_U_#skLi6Af-Eu`AU|PuWr76mh7u+&ikABlLma^c&)Jg{%?gBk=NaJyll}ZRAyMRmeD#1!-YoC^9z-(bsjLB!Ie@p#;hEUu*!UB?69s?Lva6ifZXU&YKv0a)kbSSsmq8wMfjxTEj4u4Y%~|PR#aidZMBKB#6T8m_;;Eto5`%Rcg%nSRt2kvqCp<1X@CuQQ3v`@^Ks;?7mi}L5-tl#5Obz3+j1idwd~DRZRk2`mxHxxydy?Jp^Y$vN0M)0tF0_;73REM&W8B$BbZ|eRNMA$rSuDkkFwa~XjZ+w^)sf}#ltWC^-g<hZ5Lpn9$dA0Z9j$895QU4O<jt=uLz^q~W(yzTo;}Y_i&mzdobVkjJBq&l@<B5#GBDaLG8Pa)(h9MHI4JXkUrx-U(4U(5azomaF}J6Atb{($mr@3QP5i+zG0FOBob#p^2uC`L_2w%eMz&$!mwP7p2WXcCPN7?vbaf=r%6%&sgG0?{{Q;YePWg7cd#N-cKi2t>I%$Ug6rD^x?$=Q$b7zx(TP@vp`LjZz&%=(BJNZ%Wr=^Xqa7I;VZT3k%%bVk>zZqFcl^QN`M`7yHrd|K`$S_|#>R;2kqx=L7=&E{bVp*4|YKwUiaWh}(d7{a^CYfj?0t%wI1#Zf;^gP@*;~pD82B}>hHc+c4x47tg(*%;&<ezlLH;Nvqq1&0@YAYxn02ay`0UeNsrcgiq5jowcV(eSmuC)S#TzQ-D>DJOlANOE5-c_ZHQl0bjKDCPhMxtYn5?>Jkk~_#?9{jZ;qGC;F-ca&V(9QAZ5rSDw<b-OVg)q3c6hp{Ueqeru`HwX0vf^k5BS(1JAUB!yzKLiu_=^IyE!P~x?5*@Gv%lxRr!ZjhIMI829w8hyMQBPV{KAs-XkQLu`~=kSfruOm6KS0M%W&>lwwr`-toF*tSE-~NenemHmH;duL~~{)iBoGqDvwbYNLDE38X*j0_R@?yU&-j!1+j{@-r@1sX)q<@5((v~(sI*baecZ$CkN{~)K9g>X?e$*XrzFGXiL@|A=)XfZk4Yj+oYaOU&np$E5NFB%;`c&mIa~pz!>LEM<@=Bi38Z<1;jJ2&|%JTLY1jJ$a-~@*_aea>2&}^W!$}63QaZr-_!L-oUDlS44iRl<xMlh;R=?S?+Y|#9Aq<>w>$trN@XglRk4KfO%Y#5zag@D`UjFijXG`jNd5On?78fzGR{qSw#7uKxcvm3jN03z5GC<FCg?Sv`0&kl-swGDN26Pi&q(XDIUges1R$%Jk)*27G*75pntVpXx6MW^(EZ?_gDIF6Th%SK0ENv*GwIauYfU>Y+zY-_hj72YsY+!KKX>EzdApIa@uh~Z8dfZ~j5N)FeJ+kF`j*YXJr>uJcYTkogSBk+`z%pG*3WsK8Qp9%+sd)!eNHlYFsTu@ToiPJxzrj<FHYM56&C<5xxp=h*Jg63-<C7e)1zj$NDmcKPohaU8LK1A`ih1qU`>2)6QT9ZearpqSB2Z_FgAg1%yP{hK8TrmF9i!`ZBU88<!bE+>1(LxM$g^UucncCy|OLPc8#)9lWn_xXj_$@Gv47=d%M$C-c@TnOXIbh9h-?QR@jYbK_U_D9O|=O-px+?d@o_YV6u@F<E->ovM`9Tj`M42DnVj13v-$eHey5AM@QmUy#BOuu0d66pt#z(J)don6ktjk5+Na)Hd0VX`38+j^v^jYilU*&ynF?$J=nNrnn1ZC`eL4byd!og$iAH_rR(>Esrm)JjeR2D$bZ)Up-ew1+b*%Lxcz9Qx`~F|^-a!-q~2)VX^8}&Xr+gq&sSZV^M6N!T4Y4<&%_iRvt~8K;&$UMv9c?8m$1+{179=A&L$D@DWy@fG5*=77Hk*M)Q^G$t8Rj1Fv9GxF$@FL;N71}3fQkRsc7Kb9yMnI4r|vC1lV@y)6clt`G}4MoQ`@$Emt0-H~TLT=XUho)}?^VplHd0j*J{0){EmEqV%n-{;b~*TRf=+qS57K_p*?D!wSzo0d5I-ewAqBsYkpBEtCDO%OuF*Q{av6WM&~og+Ao9v+UD$tYt~OW{oc$uR*Re1XeW;92>~E<Wt}bZIs}T^Jho}1=ay23~IZ#qn@bzxKty);U>PM^@kFd-x`iZ&Od8tX`<)b(X2ycLr@erLz>W$ma1iwb?$1DkY_Z&PGc5K+>w=%nE~(NJY9Kcn=y0uJbJelbkj#skq~Ts+v16-=3+^8bs3{5)Dbw8?Z<bELM4h%s{gc7sT@L@2fHE`utMkaHxo@9Lehxt#_Mvi10)fNMV;!W$!-I|AAmU~peKNb$bLcZ?FL4T1{}<+$@)*^Y9EL3(QK&J4!&!Rn(z>zY{nG(kLnpPzv68|UpZ=%st<4J{T?llyHOP#1d6J{7O#4tuQ|!M*i%&@!hF-}{kV1tCW?K_Giux)=0IlVYlslaQ~+7mFPB6%T3?K5lsPn%<X8NbHg0KnxE@cihr96&r4{AwZBtW-qj8Z4mExDtpqQu&x!XJXtkV=7hcv(Now$rp0n-ZfV$}00|4yEXql9UM9&~aK!o8ox4WMI{Mivds#h4=(mJSDb%dUidHFuRbY_3-#tYx{eg!%^OG1a2%wlb7p@)pqi+3#8jfK%>Yh@t=H6%ZK*Z%}!lvSAbc(~g*{{A95pU(v$I>2ovvbMe~NVwxs{8TX!JIrmEJwEiNBU!lHY9_s<^WXV`yrT1rj_yWPbG$m^r@OCtP;g_W|;5Kz9Yu0^X*Iy%Ua_YA6KAJO@MnKZt#bl(@)4X_|cM=GfV`<%;>9K|s`>LuJ{18!6BixH1aK!c~{so_B7#(wscd@z_<sHhGxd?M?m&9iWt`#lLJDlEHI2KwhhBfwdoD42(^Dd^f{c6-|Dyie42nK#S+ma_78;G0cTDO<PT-d8JVgh(Z>=<<yo82@@26QJP6YhsEE(x4nLKYUeh_}hb?34P&WJA<r{5U2Ib?V&K#=^6#44Tu-%%s7AO!7Z=<gh*fCH|2M6A^mxwys`rP{E9)mW>;*g7-28wuH9}>Riho5k7}D&^gWXVd<Kwy2qmz^HdI8A12*>Xy7Rk7PH@bn<9vhd1gp&;qO@Fcl>)!)P9xRiqLz*``=&=0D+$sz3}4UNqR4-2j|}Zwfu}(burTzLY~?B)FSRH^4sT8j6Wly1Rfh7l<qs#y?#kptCH8d&fi9Ff5;*Lq}}nUgA03E2g$^L6${H13O@7v*iulB2+u6=a1GG3v{+fxZhneC0;?6~24O7%pPx!yc*?TQxNVPzbTpViVpgH|4Q9#7b@2l@7-E)UVX@eYD=n9>*fGxuwjDO^2#f2Ef~y~qBJKG-@2I|8iH6~{&s}>Z>l$>&USAjIB_w_dp&;=8(<G8tSF!L9i-R9?h_uN274`@OU%BvT+i=FTa7~j7>fC}+vjW_LHqF0va0;-2{FAbRv2>P$w)E`_<u%`iA&DJ%eS_2P3=K`;-|^*Cud)#02>Cmk`CWk5Db49!VA!N#XEj=r)E0pJI>h2S&lPuzAqCiE8HL8U-7^~Vq6<o*(q`Mf%dNQEDjkFfnQxW0E>xrnbs>(6psPy6)IN@iY;XJjqa+l`N9h@)B{@;MhUaI)0hQl*y~P!=PDdy4wA_Sj@9feO#-$Nj&FY@?WpsJn%%*6ECv~>^PNp$L36m>KzTkQg$z;gj8&hA<aN2-=Au>MfJ0Jm#=Z(8`$iHoe|8}4E?l=