s0;eP<ipgAr#@gEWQbEPMO~QSF>fy1Pd2A51}{c_RLt@!DQ9B8dg;tU3yVnKEX~OZ3~ErK<GNyLXY6BZEmnPl%TxydP7){J`HV)>u`p3Zqui@=ycX3Cygt*`5S2j}f(iAOblNF<L-OtiMd?NUd%6jj?R9`KD*p3?I0iYJueG7-p~(7fFMV@IsDt=Qvcw#$i$8s*M}ndg{U6&hy+%w3cdOF$=e}gKwLNx`G-YA}M@g4ccW&_O!8lxfFwxo4urOn56BvIyA5R_sflsL=#d%qjH<uf#8TPX8A;scOP`KKCGGbwmfvF-VnYvCAqCrS@p@;4Z%RI{qh(JMYzbcocxrrsG0z#QxP2*-8Ic_8-v%DsNkzRUE*bGjyan<!2r4ht;*OG^<z?x{(rR8E+Bj#^%PU<N6u@16`WgQY#!r9QHH{Pb_mz`3R3N~_B2~x)Qtm?~80AJIW&FPa+Q>drMGty<IaY?aq6iX&$_W(FE-&yX|7xNx~F&uE3&Q8QH;tC@2Za=34w^h2%1LE^+^aEFLxG#oB3Y7MNG;sJttjdj`j55^-q9GX&f=cZ>4UsBP^W3s4D-n2%0*$AQR$oIC1}BIA@%pVCLZ=>zj`^|~knT7QyB&N&o08h{2n$hMh=VZLjw|X%dx!uIcWydRs-v$1E}fr&)S26+#4TIkSSr84NgtPgV<17%QX=lhWZ`+IP`pOCTZVY?hJuGOh<!QD-EsjW@L~w0OsGEFBe8=^2QCohu94V{Q=0dHAmVkWlwxorSnX7A2=aah+;KZsWry*l638MqwveKs1$Jd*o#S8@IX5XAWrwBur<}?Oy6<`V0@sdWIiy$gkZ&PEAO}>ts$)fWH(FJtK>lHOTDv50#HnMw2STA>YJr`{^q{<^^6DxCNK-9aC1Y<X@_T;}iGes|#t+REmWOUWGi)4At+CLC64y{{+>l%syF>2JDh`{@>cke}`-ZoJaNOo8#$N*}bbGO$-MJ=s|IgV?g4(vXN<G};7{3q1n}JIxmNW@>oHqy7LBRd2N%bvX%mGf22@nFZMLH_wsdP*0KRUrr+b|#vW}S%C&4@U>lwFc@#n30)g5?x-R5Xq64E&8E==Cc#VLjsK=ZHxiHWy_lsa9{&S{a5}+H}z;F++{2DmIK^q9^CG#e4g5z>-DVbHx95?Z3UZp`3_t)Kc5ssJhD5K(W;=RYA#aA-2Tz&oFH%TYwxtUiZ2Qa|@DIZ&4(0mffOJM(^0#2$nqEWffv`1po|Q7xs+&rK^Xrhbp0#5BN&3P|3Kk>M=-%Z7A&btP!&=2Q%t2a$r_MNCC#!4TvU<>51cqACUrx&^5_^#XAMy(B#cff6om>NLv=emCJ|$RM{c{+lD?3__<TzGh*N)NC0*o<q5LQ->la-<S?qBnwdsJuSQ*n|I0^0nq(t!7B%%;ID~GUTnc2z{b(m)>qq5!wx0jqO<VzB*6j3s<U#-N!qB~DRj0rWoGj|{0|=<<&D7T>Y5bJk>n`TVgZK@a>$PE-*LRtATttC}iG9i|GUwbB<M@gY=agqSowd02NO$!<PYRco1J6Uo6C;?HW+t^q4!)13#9l?9gWN#94HS{m-$%rWtI<;=T|bM?R7u!OgK#LuJ6g4(<g<~n>E*!?*_gb!kkL|`qkoK<;Wady2^yOdulxU5WA-am`3{M@gJZq%K9UFuOWE1^k+1cV5{AkO7d<?(@TjhZbw$k6deO!DKnMb7QX2GwZzKvG{#S>(-s<kS+{>a-ZUuWG^IDkNTc6jTRn@VmnISzgUTns?)pkhGQHOiUVgXeQ0kmhP#MlDL?WNPQ8kys8<oxMeX%XE*{)S)OJGVcR;|jP*Kfsd#!Cli0B_|r={DG~S)p<^GXd{Uc6#}s;MBX9V#7y<ifI#Q=3Y$Tff?k@<Z)2SgHSc`(Wn5!p1+HL9tEbZ?b=N0QUF~qV8^;~V%*SE<GW6-9V7$ofhKYsTQx*UjVf-hhzkCkfhoN<dz8J6wQuKqMd>6UX#@<nvYh~US4bS_6_R4j~O3r}`n}k@<bvp(~XOLa-3}`;l)nks5j`q)&M%vL~bIsxfXgLh!T>6%pjbh154tRg;r)k=M_4%!OfglUZckL+*x8iFoYBpbjKRZ994|}iYbv6#EuSQ-`AY$Kq`EvHmGt!(O@EzkqN22X`l)e`$4b9({b!4WGd)LZxBXJZzJejr8a1~W`89rj<4y|2pz1&Y<d+9Cdq<D&svdV&QYQG(lb7B3VnZjfZ^*^15+#IDT<&OzrvStpB_!|`EgxmG02##KFMl>h;os9yYNfh+Iz<|6=7er}=^+F?>^yem_=sZCX{4Y1f(SYHNb;Y{N(km4`i=xeqYLqD3?j}q8H+ne;ac(fb1nTprhM98$Qh@#kn*dl>C$TvXRL7ocY@Oq|KImv%JDbrNNIdb+A`X`~xrB16$7{j$(c18FAnc73^KD$KXNX7lH7EZRy|ttnkr$EC90}&LXC<X&s=mnoQeI!+39I-peuaSGYH@Zz<3(luPsa2cZ{c~xUI3mZ#h~a>#o-@0#I!Wf9QS12DD|On#RE{A<9i5;WeH=Qx%`LUVNmk*<y#@Z%{Yy52`u}l4QGT7ols$tkz5xVq%sjAyNrQJNS<nq=lqIUkiYY!&SVNzM)VAe!^>Sru(RW|xRx2}<F^=?=PWVR`g=@nFyu7Y6-B1&Ixquw2pgXJ5BJ5_Bp4Kd<yo(oM@iME7=-r_rVd2#gRB9XA;~9YyPHoiTX}D9+b}Wj0e0z5rn~_<(OZsRkp6aT%(#ADHH)=@GXZJw>al@Z*mlvxGO|wur&2}Om3!nB>Btj8`T=bAmOm@ZXi@b|;dSCf=J|a`{MD}uX6qkmRu=iqYldsRpCm<O?no{ra<raoWB7S_9b9%=9B5^7VJ%YCj#CApoetLDf*`zZlZj-ef*uqoWDcD0dH%mO%8_LAytDOd0E3GV8HYP0$RXtt+d$+&SE&H5%K!4@bO;|_`9O`{P)aok+0heaYzo1#8@4*@_w&rz#3%gsFon2z1w1C}yvAoEi3X`BR^lfK*-*cqSJxBFcm--}nWYAoAOp*U;hXQHviyg8646yDT^*RaUY&N|z8NHFt|B=x%uGPqxT66s{|@mn9-ZHl79*VHB5Z(lP+I+WmZh2si8{JN`xW9PD0Cf&g9BdTdrclxi&x99A_m8*Ka#qHRwmB!Y&6SoZ2543RJ8YV+=Re{b&cv^5@05O;<i(1RGY_;5n`W$4=<xE(<9LB-Yl`q-^rh(V_MM!96;pqeA$BhWBN{PR4HN`TbAgTL)}#)+sTWH4zY5*tSXAou+BJY33?UDBM<3$b%F0S3$KDY*H<1r!LTU;<sP^9!r1B)Ddt|Q7d4dQ0OZVsybL%>om7~y86ZgtrkAbDV`oUN$6;rffLVScsk30+niF6ya6`F8(k}KWz68CPlv2w=Qn8ch{D7Y^bcMgZqW&6NE8eczg&L#KM20j0ILwbM*N<;_J+}8<Yvzalu!Mb0gcy{4hT8&g#gS@DC>lorqDnn84<@@yj0y__zE-JiZFBtBdudyKO~V<fz#2)EwtH68JvCe1DmIT(mSexb^o6Z_z`0B_I}_Q8t09pL8QcV2{L7e&v#N<m{kz1@rP#Nel+MtFfmOg<{v?v??UZM5_yot99NHO@6h%#nQ<;+#r@OTrAX|;QQvScakQWMF=xC6!cpi#|3~PZ9!i!r97&4Skzp93&=;#5zDyq>>p`k$?wIRVIXkE!dNz@nv9y8tw0u!B4;k!wKxBf8DSm;rUiDb=Y=jDp;iNQWQ%}~ytdAn+hX;$l;UuWtf7Q7o3hQ`XVeWJ809Fv@Zwi>c@*cvv&wH{DWQ~k0oS~zQOijELTDSppEZmG_E!ed1}yyj^VY3Snh^E&i|Qhk#1_={?Kas-6vUj7M-=Ei*t^dq3#@^0A!-)c+|HPF?}Z|3IL)Q%+mXP6{$-H`~{4!ey_E?8zVdD0FkHYxEe0fwD&laKB*lh!P+X4?q~=px{#4=TLr@+M`xu<edP29(Y+DCkALXFmF<DJbmWg5l(wTOTj>rONI~W{8QspuTs)HFGCyS$X!&+)CEf{oLCk7fjDPC|56>`3Q8JempPI5RqQv^8Q5Df!Ie0+@=Kr>e_PS&IvWQk~EN`>C%kWA;~v0yZp)-{5FNXcI4+<X<->nF`qVOfN>1n8Ubwi#hw3WbUKxt@2oeL(-z^5)Nqw7vjnGmK77ePkyo%OtKol~ag>b6LxvSsZ?1yR#%9)C0F~QWsw0E9zOyeWJV~*(W!DCYIW)+y&0-j2+Ss8<TZq|%1_;;vrYac$DgEK>&c0wS4oEqOZN?~O?S99PRJHg=x7_tZt&iGIGA(u=3bkU&KH^D$C{s6$_MJcfg5t-b$cYqevY!pN_*nu$b+uwm+nbO5xbh&&c;ydxAhOtm7#99Cj61rlbd_GTafM9Gqe-ro2eec3yJyqzEKEk(V9PWl8AMF~7k%9LG$FL$uRDyWIrnJMS)6$_Z*M2^U7ABfoR$ecey4+eZQy`ZQS!ddYP}(R>cCpIVjn_dTT~tIsTvpITacTMH~284RyzH<)hhbU;U+hB*VX}qqmz`WA!Lq9e|{!U+6KD&+fu{%zGoMl!n+UYI@I#0sq&LP4?MiY!6t{+pRoZOMWnE5uX&Fp#hbQSpq1l^wRv)&X1yWQJY{Gzh2tTdEDV3<x3m%RX$z77usllLotGncTIH$xDTxC%tmj^Jh=`+KV*6|xdSMF-T2fGU5q`w*m?&1d#7>d2;!2;%M&l(ARlbq7Bs|}KuWwXp@&OiM*&Ro)0V9HWfEhVEMAjUtX>=yb=0BiePLk&*ga{<q9I6DuUFFqNpJYoasqK*o_jrU$Cjx3e907JseQ(UxVGJtOE_Pt-+IqBs^6RfW6sh=$cfa%b*IakbVRbIDcn=`Ol$fw^2$s?088UdSyZ-)QLl;p|MJ_zK;&W23?prg0`}o}FxoyBkpgx~DfVFwr^Dmlih%23J(w5E=Ma6XUqE;h6#X0Wu?_VhRowRSml@vLfoebdmH8+p`)^Bg_Zo5XwW+P(0Lr~Zc#r%yY^JgP#c1i1R82W;_H2ISUv$u4gL&6CMWwVqDv1arxn&tuyCpRl)?rqnB)f66v|24WZ<bMXM#wJdv{&xO=?~>}z0!oLf=FjvJX20W#p9f|l=Esg+o0@<c3#GO;X|g>H!UL9X*o1R6LynnmOgIr$nXE)7`=wj<yw4EqGhN3RmQAWRcf~v*v23rA)F)-T@BR+)C(7Bjw0``Nk?fHWi`*6Mgx|TlF7zBAAJ+|Wx>S<k7Y8?5xZ|G5YGWNUSX%R0)Uu_xH|+4JeHlI-z+^St<t^cEpg4^Pd6E~6@AokNLq~Np6Uq)KfC&DvNLi&7`>(}Q3Czb}F*I43wS#7ljG!v=RF|F6kU80Zzm-O!xr8lBmet|&y8Q7kqW`RnOIG%?UA<%{mSn5FV2rPqZnRlJ76&jUP91z6h<{uI@1~xcLDABKckCS$@Nq8U7Sv>^bHi|%_DPBggGsFOanfOySz_FIdr6h`&0~K&&uJ<D(UC9{5kantl;A<~LENW~jON{BS_y%XQF7=YO;{nRR@AQ&o1z!Yiue-zkd=pZ)vhVINbd8TWS|FUHwE{Qk!K-{l|9j(HCajs_}4M!ay-cxm*2EUd|N)8NQtXdn5MEsst0VU2K{v9>egGV6^_3=z&gw}zl=T%xtzqg#|vcTJuq?uUCJ^85!zjReJ;Ffre=Mp4V9T0h!m&R8(q8Pq_rzB^?P_^!QsIV?EBpeP76k#6b$V33mD)fa(i~8G^e#U0Rpyt&9BXnT(5TvDalW#@7`juMG)FPn&J72nrh5*{lk^aVe1f<AG<ukE0}>#f*MwP8Ow-PHTagliC*vPwqaU)Dj;Y(O}FA$Xu_Fxo6HfA#)y7dKT{v}7j;Vh>Btw7Rj_R8I=A=~H5I<LPMfgH19fja{vX=#{f(M56<o^iQF>xy&)lM)=CT3fe0TjZv(<UDKQYAgVqf6^W2gEft+%#I3X-hEtB-4CgX7#yZ-rtxuLa86b8Jyrp66Wp%asf{xgFB<{UbU(tHXjOSp{hpO*iG^Hy08;S%Qt_=>o)@Uu&bw*Ew=kT|1@MFrGMcx_d*0s9#ge?`el?Q>lZ!XXQGOP40SQKXPzTXj(WpEmty`KnZKvKA+^@29L6m4kftp63qM`V5OopuourK*_W2Gw(s-JX7sS1c62SG&82(b-4)^vXQ>;izZteAdN{G>;}Pf#1sCsosx_i4txQ4yzCMzro)~<5@&vqs2(9)_na#jR6JNTIs}H%5gFZa5=t>VH<Q)o;aN5zA<mCZY`qqN+rY98%Jk*mHa&u)b;<D=d(8%-AxGr?02r`t%-K)*eNON2g`e@P4APt6m6c2;d7BBUHHAtt5_8)}o`Y{+E(qHwj0TKC%qJ4fZyo*kixmtay`$8MM0F?C&M@k{mQoSY#r#*O148FNPlbgm)C%zn&d0zTA@cp-PQgnafJsw-z7PPg^P@jd;%f}vwkpQ5cTFn=l-yO>P)DZof;e<x?!3L|(fIN3k-p?QYja{Jq37G7pnwCh9uIFuPjVl4FxqKj;GIyS+VD2hRtd-=q2<~Z7Y2XOaX<>qzb{a5Tfgv=Q*By~vh4H181JMr%U>N#qb+8+i?CA6zxl$Z`-8&yz3d%Vg%XSqv<MOW#Iv=VH3gaULDQmt-hqZ%7;DD2r$+w-vq9@%hnd3au7`AV+Ltn#2vLBw4KVk?ad84IMl$Sj?O`db6Tf}t$_j)jpSM|ktV?Vt|d*H0K$YM^Z!&+MY^j2*Xv+#Jb#kTn}X3>i#B-AII0mH7ZA+g^ePor>i8j}b!A+~D3tbaLF5muj0ry9gT()C{Roh)JPr$NG}Wrsh6(p4=!mDimk=aj6eeG}+yEnlupss-*O4d$>Isp@Cs&bTo59dq9CzRx_3_zBCDFUJ(Jk$5SH7F9`+>@|MZjUMWo5SYeg%^^8PoWrbMrU4S)R;ul)V(^)mo#PW|;JYmG+c}cV?5XQhvr6iO6cGIo7b4sBA5nqq*oQ`a{Jpm}o9YxsbUFp6H-xghG=ZTw?O2t`Mq;N=oCC~l&^^NDsA)TiIX@wA^l+>U5#kxc7-{{rMIq9;skf|>M%l*E{FjA7;PVcboZOe@!-vG<FP5p#QF_*9H3~zMO6hD+GWn-Qik#ET$fd#npqhZYye0B^*Kx7}tK%%2*iHHtqhv+%9;bGu-s2CaFeLM+%X}8^3#AwkEWIy84W37HBcz#hmE_aO5DBe0cj)l280P9q5heU3Y<ceVWi#`N(&d7oFy@Y%veWcfcQy<)iAqj^Mvx?DjaSeE0=I%g4*a>`qQpfzgcrx>BIg}mB}GFsO^-sZ6$XHKNJAOELbL?%-MLWo^u(SY$>B1+zi>SRsG-s|J4hcqF`k9ZaDfU~r-j8scn~Yf+B6`$8|mljgN%1#$lP@AV3fZ7l&X<jPzkI2W->lVIbCALsg#|88JO74H65u|qgQ12BeQ46Pt<&<cTyEhm)PHo?UCW&7Ka3l3TQ`hAm>rBQ)if>wqx&~#<?{zd5eev`Vg80EP#hz4D5+wm7=J{PbHag@^cG(LwOiOVf7zW@j@UV92eoKar;g*<eePs81F?9iO01N^mjPo{0g(v_|8oB@ITw@`YVWhz_3t^T_6yzK9lNz{|0dfp4Ij3QYk|?jduyDbL-?JcH#{6W8Bgxa3i)Kcw}eO4#aAuy~HneuYR9JLxrQ$%N-!Lnb;vwM}}<1&z?)-^q}4dFbe6`Yd6_k>qt+RJT&QvX4U8O=~+5W3NqXpb}V9gl#hpNJMm_&t%ep*kUoP3jmv$mVj=&BRrOo3IS+mu^?F=ASYQoZ``i~Di{ds5&!J{*U-)nI?o1CpK7)-xmByI$FlNKOP_{OS^#?>q5!Z*HKFER5BA6gL3us{b4AjmNGq>2x@hUp9rw?BCROQ`c%#$W4_mNSbmU%7v8W!&G!tbLU#KmTLFJBhq2kfNRzCPn~FwuWmXZ6LZ#W<D*nowJ@Nw!=+#VOrLT%*Akj_{Iip?Qz`Rzm=KQNd2gU3cVWOy4n2oIyt1F^gyJ3Y8xR14_w(DZfNCGa<!sDp&yF{#<jSO5HpRGt&Fg`Qgt&E1=MfKLG;V=3{z4;gOcbsdl>jh{y_SdKz%$k<Yv&<jYR>yi4|#EdLmqvBmx&iv|rA*4ahO%!;h1=#S}YfP~%dR(rJsqnwPw?bxj=k>~kMc}yYl7RJep*+NrdG^^N1qh!xa3~|JuxDf1T@yN-)ZM`|f{EfiR`!l;T>#avH`KjgCW5xc9Sq<Q|<^Q-QV~A0hzR0)le7W4RN&$Y*&387_6F9BQs^aO2J4=?5#N-9|vIf>+gUthJYL^G-PD2a9?75csi9|AGG_0dt=1>oZP3}dUE_4@nX89ZS{XpU?0sLOmfnU80Wu3}_uAOk+_a~5bm#ttEMO6Ak!p<m3f5I7j+9|EBRDg<fYg?I1f_RZ%qi=-{SBU7z*dmv;&Wbq)c<1H+JjYzHdMr8>!*6xwfc$EuBi&u1Q*FdfqF9cnlQ7-==G<KQ7AwJ=FJbA9o*67H!N<>Rpr4PC1dM5H6GxTTADnsGOKz@xm0WM+zjE1)%}){FK(<6395Zua^=8~c#MTJo3@~YE!U%RPlQsXB3U@;iF0`O1#((i(2<62iLBy=c&D=EtsptrzthlMP=Ao7Akv)_CZNC4Kp^51Iq>qE~+7-=f&959_LFcdvEsMCnoPC;WWb=rW!S1msC10`>al>g1))?nH1V1T{g$Mm{xrQSZ{nAd*jcg)%9SvfEyeOy4x2Ui5{O$W4VjE{I`bxKmTfrO0RTI_arKP-(a#ki)*K$yDR|UoMECGzRp<q<r^m%`(1s+{?{s<x<(^?=e{2<Gv1To)UWr?G;{3?2pa3$EyCVK<L_8+%m2sB6p(L|7`l>QA_^iZoe#_gTa9AtU#;N(41fKTopwVt#!??Ctw!(8qx??7vNpG}Re3nhLxmYD&#@;`ScqMg7z1YzqQLxoft+yZ|OYc;lWRQG)@z^0w*_pBYxA+J1aQ1R-bUL+la<T$2NR=&5H>Zp28(;O9>t1$r6oqnUX3Kw5%6U5mhk+2L0LY~>9gdb8J<ZYS2K1=gpGW&OKXzHjnp*U1||GhhU3v*dV?|)2e?YK^)r{$rpp!6LnNoUeTH+X3WEUFPESe0`c?u>nUC4$hGapSUAkG?}ABDm}zZ>UML!m{7<Y}CYV&v@FWK^r!;PPh}a!N#E&gZmNzn@<xa!rdq{zycuh)nN0ErmM3PHQ3s^d0GA93R(af@PJCk8|huW&9Q#nR>QH{cY{*o4TAr6ZxhW(v#Tif#N`@A?z4&3apH8YV&s|6=x}3}eY5Hp@1g3CYW^zYVugpOv!a`{5*F=Z12tXDORhli3Qn@pM^~P@ewRI8DayCvpVSUW_mUs^D=n}kYWB$S709PBt?NU)1d$aE-QtVRwGQII!i%x&ss7$ovke?Llt?%OGzI;y!L?&L@iJuFXJ$QQK-5J3?rp&d^+5M_ergz|+e&*p=6nNk!87@prkU^*dyq(yWZYh+W_8U14$#y&RIv4mvBL%H5pRv~AWZ~^(FE7UCHM2m?^%O-W#ipwd<srpm@_hZ6y=)p14N7#<K^K0icp@!iyiRz$=dS@h%m{1K;JHGmAQ{p-aG(ZG>uCAm^(Dg%<*elV#!uS_%a`;@h)#ECtROACp1VgfBzg8P-VrC^6JJo%U%36+U@f8oVjxfeqLTpSe~}QHF>P{;O@>fvW(C(*;us3nQW8Bs^DRB2?y8!GFB6TkA^XQN_l^?v5(7S1;{(y+Fp>J*@DW|nL5e2C4{N+9`q!dKCg2MBggLvj0evq!sWWs(7?VjFCj6!?kAW7S)!3<KTp{NcP?~+=@+)D1@b>kMc@0YR@_PJGpY;5Ioj6OxwZtT%wF<g0O?tl@)RZeAiD1yE5g_TN&NQ)-#4b0EC;|UL+$ACO%*sR>^WZ?<Ldw*$dqa0pFa5j1!;)@O9aQzA+rGi#_#MfI5SUGpz)><qR`~xkg*K3Qx`rbf8zRd&2u#<)?#GmBOa%HS^J}vGUALJU`sHr_>>MN&P15~OWO~&x95h&DkAN*d<Z15pp*v{r4jn#Yn#Ue$=D(kFTz^=z>o;Nw44HbV@@dYybZ{rQ~|C6rEsC}{VG;qrq0V(Xy_R;9rsV%#qHvm21fpZrmqS6mR2Lsh-08o@hqe?V|$lEg*F0p&kNV$Y;i-%ICU{z?gv4lxmpM<U~}FCMJ&)K;ZkAC6%DooWcThnNhaqZg~_cy0xyiu(A@LHaf&wU#w*vFjyASB31D@$7_Aj!0eX$=Dkr3u%3pBjry^-2l5RlY--gP;j{<piDw-0cW-BJcm4I{$k<#WtuNAJ>VYXbk6HGg*XOLIXRMr5E9CaFOU)DPZc?e-1s3SD)$+}~^hIN9!^Vd1RFz=l(^Ju28KL$UWCWXiTS1LxKGSbHhoO}E}4Y2NeVddU4pllebA0y-Nq)bSM^NHx5dQv?MbK@qSZ?u9+8bLVM|B<zIa3;iY@9&RtSx>KJ59Ek3KkRVUh0O`D&K}aPRxe|SSw7t)exb^vV1^Uzm9QLe5+wq=Db$Dc(7Y8a4F$U{DPD$lu!t!Fp*cP{Gjr1QP2^A;8kvig1~6OF7c1Yu<4DHUMn$E3>}?dOC0KT(&3PVwd*oYMH--}Y)=+cc`@cX|ote|02;u~Js5Nj8{3KQp5dDZSB3t<u4)3ZUDl!ad$Y_Bz8T<JlF`uu*a4k_7BE%Is`baDy`ko$$Z)~)%BA{Il_yd^Z`?Gw3-KFjxI6+{-^TAfKtcakOE_?uX2mKjQK4V7EgLV{umSWi-T_?9hstvi)^^k!tBc1b%1*XM03BPcXNJE8%mqyXVs`)-wD20i0&RT#v>ke!A9(`3QJ=e;Lx4se^Wi+$U@mMe=8v;@AE*iC<%1`GCy@jZt^9$!0d81(`uQaj4)P&BRq6I?SbWNs6<r^h%^{LRjXZLxjdtTR+t^M+fI|@Q7K(WY__CgT8rOlx%P?(?%OS4~P>6SlG_0#4nmt~o7%2fL6f$+-qtl;ZNsm(-DI;J&1>LfK=SXYY*`QmH@-X>U{(gh-1KfB!!-v*eV{ro)OrB(jXuS<&x_Zzyc8f4ZVnKo6ei*d-N%dSb%&fWq`8^JNLq?(K}ghZ^u6d|LLl=+J&t{@r2o0YQ)Ap>e)`zEbTgMyxj)l-?hF{nuA6WjHIv|2N+4~5)>&<$Ur_GHFvO{CDh9p1pVutQv3>^RE1!1nbh#Ag6CUFiv(>SyF-R+H5O%fL?j-7+cP6N5(GXP^jBc@zkU+iQHiZBTY8V;Ogz`FRONNgP{)vp$_7D<`Sxk+0(kB?M5}p$JE-O!ZLBpDb#`CW{A*^$1T^E9Mh7MTO|7VfZ2(lQXKJCjx8UxWVzyRTge8ZN^*u6+0-Y4m<<40Fy#0ZwXu=VpJuDy+&Autx^>iYiHkj)jBTToNk9Il2~5<YW`-r{E6^=8114xnk<+xhwnQ`+WNC6JrwacPpF&oluU8MOX{VuTbdNzE}mIDfY4imdIB&g8_JMThC3`<G-8j)U;u*(H~+C}a8T(SZ7y}DdL4&r)#Y1qp}j0s*zf#QWLqzGynhW&AiarSP!m*O=q%x0a#N*u5Vi+BiPQW5Pr^oajj@!d7=zzT4L{G}Y{*x4sNFf2De+;&P`wZSbzDX$V7M72#HefjHv=26HQ*)?v%Cmc|LC*Z3H~DQ&re9;?c0++T48nnzQ2L_qBQ`%&0q!uYYRs2qn=#i&jF^$T^fJAo00^O$w3HkYrEp|=o2uW|4h|XtRVbh@C-#}pFyWn#@fEdbpSh|8*Tul63Z2=*XfnzpHbU}2Q+<1FRErPxo)~>rv%`R=l_uR@B-$HEdIQHz_Y}F3cx>?2;iOygy_!BtNWFH{kuw{BpaA1V2Lid6N&vF>bXA(A)dMZoPg=07-VX!>!Q11Su?3IjY_u2#aptrImMSFB>*?%nE^f{i$PBVxJJ<9$_t6nBaBAoq$J-yTAJ#ILHa|c23FGG2Il-t9A)wTh6Y`AE7)CCXy6q`KRHA5@TxG!f&Pz4<?0{&RujdPzBzd7Us1@Om)~Mi*yGyxn$Hpsd8$Cy1sK8?8$L^(D|NBzfp$>;O#Ca;ny3h=i0eBHHRD{{fTew@7Ps1RPU8Y^ijThh*^fD7qkvWMwFLTkC)8RIm+b;=tN&P2R;=osfb-7eY)35Kch0KONNz0K_7xkMB5Dt6z^Jv{M*_all?x`Wo0&E&5rVGLkM;Ro(4L*4gTDCXGtt7#21<^7?~&v?VeAPJq1)cR3?=UMs$lnP_WJ08uxx>|;XG1ck-TQ>vAqVOL>3TH`D-^B7<Siy+tUtdf_e&wt&;+5Xi^NQ!amjOQFH4Bhrw(8;xOGHnQ{$&1RT0h$w0NLC*M5_t|6!*C^R~DwmdLuH~0QaRl<4lSD_T1w0Tf3qpn>fojdCzhpmFl-pjbjuT#m<5!w0|OkZz?%k~g~AU3D4d;KJ%%vgOV9_lu7bB`l4IMO}<d1oV_68^jRMvOMddo)7^cN!^oc-;Rr@;xv?1Zfu8a7AnV2?McSqLWRVOI2Q=?JRia3sW!R_4{(4?uMP_)>3vLHWW{WL?C(^%O1bm9hEppu!utKA=?cT@twb0TW3W89o-LXJ!Y}T(ctA0pn@UQjl*Z^ICgnz4`a&%8l<xYr9Z#RA4D#ssu3+3A6zqZQfo_FhsScGai;J6T0~xaF%>#CGS|CK&OW9C{@`dn)K1e|H4F185C>VDztoOgJ+hbdTa>PgZ=bsQa#o0~sVkAz1+@&#hKi76StCB3IOa(nr@x<>^)7!C3s_m+PzPt5{Jg%twCb@NJ<!+93+nj+M23(Vvd8A|Z(VOX9+qr84G5!T{lF({=P8TTw!`T$!x#UO_k+Gd`xjfAK0Uz<#9B3s)mSDQC^u~Fa2L@LMQ7}GdLlP3*VUeRBeT9W=9y%qzij${pyo%K;U|<Xn``Cx%sS))jhSqmfPbr=2|EwU(rjD2m+9w-KWsKsj69qHsIvPqW><P|UkT0LR4MCle3PhR*9tWg!#GXlV(_UF^M!4D2Z|h0VBHdg3GS~aC|1wmNOU}B*=P8th>lLf)LPLs4jsy42G^CI@yvAKV6-B0NZ>e3pt^YM%m~A!`A`bHl!rp>jZa5@M+)=hCyj@v&fF*%2!mv^QlFbOdQrFNH`yB%EMSKE1Rz}Ck@(YEf;o)O5_&P^Hp=oo)C|`pa|l<UN`>TjXY&{44tIr9#Z;R@W1)@I5CTdWDprQ#U>%ZOO@5+eZO%&yP-i}xZyhyf8I8^ZdO`BKR`kal)yVmy&oyyJ2V!@sKN>S|G|xYY*K`d7Ko>JpQ_q2;)W=U|c{7@_&T-|JVDU}r2GrG8^=Xok`O*`P)4C5DT;S*K%DhyhCrLE__Wz4zQ*hNBkTzB15#bwj?=L%*?49BJUzeq%VwIdkSIHN_ef{W!%LVw$`ranD*03uojb@mh^YO6=_^aL21{y`oW54yb7a8;G+4gL74~>5k=%U18cK2_3$&8r6sGk9#@3W6yn1aajFbzI?vL@yEd2-zxH*B{=F2_X(T3}>5YUykb{#px|BNb*lfoK$%)loi3dX#95kAV{@Wl94*ShQ&Yjs`!`iOu`;T5}9Oq5FKtn#wQio-9_7QY`$7;7ntX{m{QP`v&TvTf#D`zw=<nWbv-oK-Aq6u#$WruWFP#t?p0KWQEg?0xMbILbD8kJIa(RqlSoRN>a9NAA0z-&bbVNY!4rDF$FOl_Y4#dt*b!-<Jl%~3f|G{1ySOM?YuqYmBrCyI7AFUoP}4n|M?-k#cc&*X77iUD6@650>5LfZRhT95WsBKzA;7!#tO(?^HJ`gt@`#iN3<XH$MMpn|BO{n2Z<2IoB8zL(qjKWg58bYF(D&Dd@$}c*>P^H<!E?fI8ic8SnBG85u^`{5e1&_=>6qh!t~(S@+OI)kq*C0*dtbJR3u3lLK*&Lv<*lpY$F@7yg9Z{iRwrU1Q3t!ce=&u+@nb+{{H4&UV0YiG0HPMN+YJ&tnB-##72s$gklx<w=kr(82r4oM3giN;vwc=Uy;GbmJof}9?tlJy)ffBBf57YTt|39f=7W1Av2|=)i=go%wLTtZ7|8rDfHq)<oNRXUE7w7&AlTXr8;T_X(?c(7~@Nm#bK$a`~k`d_B~+(qZvChuzqLV;AOZ&2~s0!t19Owj4|Yy|7Q|?IX;7v#j)@E*G$)BeF5j46!+$UWT-`+xQIrHD<*Uua#7eOKd0_rDccAjZ4oh}(4^4tC+*2QM^Og<aDA+6sZ$vb%1j!`osx>8Q3z>WUqzinM@}&z1%P)Lp?6M_@@$8gTh!TWi1>IN##yp6_(J%z*^XIKl32XheyB=q!`Y-)4BZx+?y{pHm^tX|)OH;?#ZIbtt^&C>`2nh;P_Tu7e6%fAe!#);MdMzGfvfBHk~dH+mifBeoNRDOTkIR~(v6PdU=}r`^Ryee@JMUNh}KSzQ~_!+Y6EIk3>DmA=ZEl^LX(J`^K@8sr%z`uV?gIQ==xcl+q6FD$Az1Dt1>u{fUiL*<^)r~keYI0eB0htfUDVRFF^!2<Rw40v7fsO01KWbkh*h8OARyRwg;9=k|WWxs^IDY-JvhO*(3A4&%Ej-bX#xvqUIT4dr6xtzLP+(VfE2bH;lOKFx_|u-AqVZ`zsDqg#2UixE`Z42e29RPkU|m;_Z91zJpAH2kflQ$>GCLupQ}tWsT-yf{||HN&Z>t9sKi#KRo%?pb1CPtj9%n*W*#N;wA?iRia;vA}f>R^fT4}F9Mr6lFOs(stsmtTOOjgbjzT60(b4ZYR(LlC1u)W&cZR=$|9ucoAy=0EaziNE?}C+cJY-MSdQD-%~6&If)#37>d+UOCO?JLc0@iy&P8g31_YzXpwvCw@0UZ+s&ed$q7w%gs!zHeSQTH`4a2VIsBw;c6A^O81oy=nlBhnHVRj+K*2^*|`!j3B%)7ozDEDp$@YgUfcsf9y^ZQ>iVZY|$W*-b~_G;bm5hAZSXHgD!Xca`G&Xx3uR8pX$;@`SaxcozHp63fUe)EfsW}yb}IU^C08d%>Ntjm8DPb42(Pzn#2KPUvvn~q(K`klaxaCdK#nQq>>!OX7=vsM||rj$<%n82pHfDZ+wDI8abFH(J6U&>}Mf-d`pGWFa-19lLpf@Dn|XaJF1Q0=D2cK(x#9zyweNPe|`orfPa3tlx8B^+r#5q{&fUslCAu1{v9i8+JZ=lx<4i8NKQD3&o-F{dS^v<O?f$d@!^vKFr$tx(aY1hc5?XQ{g?P-yE^0byuKG1<fPMJdSLAk|-V@DfMs&+Pp3Il*uBFM<g?%th{$^d<N$2vdX4XlZCiio3f60d1Qgj)gD6sR%TWze?7EmF~$83MJS+^#L=h^|b3ZH>SWLkcOUR&`jByz*0eS+BsK)1mr}LgtEob&*37>7W@S(svmPKB~3*>&PHE%4f4{3{edkwlLMvxMo2YY7F2tBsbHMUCpC^$8c`;#t3sCI1cA&~r^X#1I36X4ygMe>W$H%A4PArb$|8EKLOSm0kIgrsw|T<{!}y1d^<fSMAMpCW2b;7cr8G1K+M<=`&z4ZG(pwu$F{EpR_mR0faF&>bNer?%`X*vG`KOJ0Uw=#X))`mx@wYj35a)^O{qa<<GM>-afT8X-lxjPa^djrpOn|1lHE98k4E&_lss3<^lMM0#yDt>MyW$0)UDd0JP^v8CUNg;6HatJs_CW%JrX?c$A_{Q&a>gOUFWg<<4BC$CF#Gt#q7jReUV}$(Em1x6T@flFrEwdxzd)?o*3;3HxY3K7$$YkLM^WwvJ}(!!eJevhWgl|tjV8^qSkzlIF3jL{Rf7;nWrGEd7Uo7;_FYWYuMkDq+Yf?d4oVwZ@&~8&bf%Ahi0DZX6Fg>Eku+Ir{BaF%09iz0Ue74rhSkq-JaM}opuj|MgIdmN>W^j-2@hJFl@{HFP%3=7m%*Jb2{%ZE^2{>u(A^O3ANspcYP{my#*<K+=<Wq$2khX%AS1OW^nVvUNpG4~r5Z089_e+8L6Pu!7XFYXt0%{pXSbM4CQ00;9L0LLVqHge#ti?{A3Npssl6Eux56yUGl6Jqf)~;<;Jg3FBtMqDcuGB50?RfxcK*WkYF_VV5haA{33&kU1lZsMtL}o%%(V;VOncwB$-B~8XH<7r;1>9bON&C*ar*QWVsa5SGeZ9-za;t)v&!oH?Zpdc&6p|0RZ7{rqn--5)vKhz#gg#r@5GvG9>tWbt?P}1^3{)=7?#R2t-(}XKGr|Pg2`e^$7Ph-GR9(!N6j@nc~a<uE6vkg7Yxb(YkvywRIec*I+m>ai0arZ^4kxWRJi<#C64-SIKtPQNh;UHBt8UG8fW~_q;x{@S?HAF7-S>;EraWNG^Grg($|9QyUtosW+jkcPnop1@?ZZVodOjkAg0rUviI8)|Ko<@H8U4fBbyRxQ;I%#^BzAPICN-8(w`or_XZQy-XDa|MIPi|&`V_ab;<lW$JIQ{g3|+J-B@o!XaDzd07E#xRbRBNZ{9W<!_Bki07PMJW8S0pqA(BcwnB+mHo`?4CN7Ztwki!9|4cw87or;1(gYy?WJY=YuRHTk1bY6$-yr0!VMDhgurz6gj?L<Y9fD{?HZ@HBc|41`Hxr^rJZ`5eIokyb4vVoFXu=}cmM5-Yghjo9EFd0I|EKYoVtK=0gN?i&Mqe-~KJV6tdLWdD5VgzsQV#-`AI#_}$L+I}!U%{TS`7F^YK@UKANme!*TqpM=9pT%Y5x{}Jj^%!Q&Vs9ml#=dOgs6bKnukVisTU?3_>dg^?=0h5J~ab_l!WLG~T%I2q9F5Mdl;nIfFI>To9Tb@dA$@IgC|b@tbm;#0HoV+QVba_Y`tBJsNOX^FG7mEdb}CIqU6pxfU1`t)Gs?2IFT5HniPP6&QpH5aI!Sy?Lq=7QHrs8~#KctqXlLCmQ06y6#{QGg?+8)17WqtnCmUv_LoGc*Jh|BNhCcyK#Epg;!{pcYmvSy>NR-`xy7YS~_ABl>kEQW~aOxVbd|h#CSQhzAx@t(bn-y;a!p9f(L2V1fyWN$|G?DIj0Lms5IInns*<{?9lVcCtyU_axLU!qP(gu%LJn&EMDbecxgMh@?<|QiZHxG<SHoCHM3h3ByRa;o1DW_I3d2_=o@NFm%N9N8ve;nYk)i<Xp+vY)m`VMT?^=9jz#D-?GQpi4rh*vU<NO5$4o7f(a=sXQos-DS!??G4?*IY@1qLHY61|_PUYqC`NQ|3KG%P(-TG@Wc)gOnao8YD!=!{^64pA4R0q}!D;zkq7#{3*B(fNlPbBiYh=3h$wK1gwb`{WNtC*7=vH?!2$W=Gur$NlPqv;f3qRn#|PP6!q?w8$6sGJ8xP`{rHZ@;Ka26)^ggdzYT3m~?yEdMQ3;R^P4$}M>_@M#aKLLug{U`emt_G%kr&P^GJ=`YuvNr%Bs2EBzPY@<<OEkc>=7!k1Jgl(z@s?YhYb`M9R`tqea>tI(f?2iqD(16N2gQ(L;v~uLI3N@Iu6wSr=!(x7MH%0(7i7C}-`ktL1_oo{aut>?ul`=<AKaO#zy;*Z#G$pxI4&Mf3_nE_epfIn5WBF+BD>%h+<HR*Jwi+x^z*&nZRheo)>Z!GcXV99D)uFmkee)BgTot&rD;8|l1(I|c_b>?;$fTP6e}3WGJm72>f)Q0$`Oog<BaPt?;?{V@7yX(rQsszr<oBS*uxU;hu@bsM3yJKV33{G%kH)%KOA~^e_0Vwa&ZrC=;CT)-AEJ5lpXv9Y4dg_^>E=d8oS*Bnr;RMkS%1%~1OzdE_%f#$yfWFeha!UVeOt=F(C2O%shOcOW?C=D?ZG+uX0YC8)_H$3s>?KLB?Rv#Z#E6Dp>pO9*KJwx8kJtxU<l}qk}DU0E${Bzpbdk4V=7MbPVsvLzKh_r;MRE<*HVOvH>w)l%uvOMbAuZ8!H(^H@avI+p%ui?7v|?4OfTD<2rq1^0<sM0*m}+Nq3*`JTOKpE!zm{v?sj`21p2Ize&x)wFki`X&98gYErftd3)xO92`W!}qz|3fd**`3Ifbg@Bb9yT?mNr~F$rz*3J9s)<>&Bl%|x3rjCkQxk!h|q9r<YVDqQM7m~zABiwN-gOmqFLv-X@FK5Y^>+ayK;;Q*s=mOd&nD4IFTOTYJpvX#vG@j^gKuh>0iJi|<>AP-MYJ0{hsrWP^n09wng?lxnf9BmS*R)gE0s}vMfir~B*q5a2<jsuL6Ose25s_J7d@zn-x$z*O@BtQBvTl;1>pS{BMw5tBjFV?eYl0IFqjCdqoP5FnJ-<_#)u~@KX$t2xbijJmd&Pn;0Rm;4p-4`BO;VVDAr;Z<z7x*F^WRW6<9tbHbDw{f#hy^f}(+|*-(O97<lPxv<N(Z0*0OE3G*)O_F36TT@hPH+E9+gDU1sk-J2XXx0beqDHL;bvQ)Cva*?)I};38uc)4(qM|CI}r{ign9hlt|M34I#we2BqJ(k?GUvHu-zIBMQ7d35ZoZZMp_^pNAPU*WS>tb4_+k8wsPf={>9=>UQLx9@FKRoI(^60BYS4yCap#kRueXR5qy`Z0~Lh(g8MY%+>U}A~xR0VK7ogpf;xQCP*3ObW)^TA#SmMzvBC73Eood+0k<N8jOih>WQZ*CE9u?)W1Qii?0z_dbUtYfgl=IO@sDX(#Cl2blyGuRdvghpV+*9MvknP{|K`*nE!Y^_rEV2Xt1VASqk~ac-m3k&n}~Hn1vXvKj-))9zXZ9ERy}UaW_4yCvK_41d?VsY?Ow0*#Q^{q&X<bZq22`$X_)mfs<GRI1qhtKj`Z<YmiC1kIS3<!5iP;3;swjX-;2}*@M{MQByn0dOX4JqK%rf<N}vQ?j00q#bf`nuj7s_F_s-59GUzbqJ7e-eyxkE8`v3Yt~WJ!qpwU!VAa&&_A@au7b464OF!w@Pgi1K-GbIo<vn)Fsr)$_5>ux7$Q*xHUN1a7NYoIuiHm+p*i0=_k?1K~lQJxWxPZPjj2{JR^Lg_QI7@%@OZ(;v*$*)_X#wL_vziZkYXfW2W+CL<=oe4QT}#3}tRfzDPuOLwxDW#*4`v}Cbc+w374p_!<Lt$0<-D#*?<~7BM2^^{l3a($NmP5Dp!9HN!=tX+!G}@f_*4U(+HU>lk>y|a8pB$hk2(@cHQU&^J&||7(i_cbpep2zc@YaKxR7UzG6tAHItO=Jdw2{<m}ALps9zH%nTf9zJ!l~Bf$md3g^C$~+d>%pNygarHFx86BSm3WQ{`cy3YGC9D_+Y0((ShR<M_sVm9`RCJ4RFz7^-WMaTOVV>i$R_BZK;i{I2a!H1y&p2v7^T8EUg-@mX$zg*a-h82_jQ)J1$k5bVDeUEzbvRUZv!6sr9uc&W6gkvU)&Yv)qd1+<~t(D&}MTg;s{n2Y(L;hf5aG6FO}c@2HSDdk_nnHyi9eo~>=xE{W=6Q8GERz>u;RzFR(mp#z6_QSR^AU~5uf}o9?GO1#7=Co<|5^}<H8W%Ma9I|LBSYr_<Bp_bIOmG5QFpPB?A~c)ts%0ESl@PBDy%_mh*brp?RQ$xIfl8C^F}AAFB(N@V?R5%&Kn77b4f;^ZTX50NwYc;*NHYI%{Q;#^Xv~!gQ@$_E45rKB`{P&}%AW{`SiuifHbQ37C|+?UR%36^@K5-C973@J#s~xZOp|G|Kyhg)Jhn;v{OcI2i?wLg?1Er!=-Q1R(r`+{hS-N$aY10OuH_4;KW|@HX5vev$MIWl$kEo5C!Q;&0`>v3Cvxd;fjXZ%L|Uze2Ce{4Dr2FPjZu%PAeHe>uFr!zuQMt%s{6F}c><|4H<dCtAO`-uCu^o9p3&9_aU3eO^IMgWQL^BYE=Ea}laebM$=CC2UCYyYz^KzQ<}-67A9K`=bh$6SBxlt|q6IZD)v(0sztaBW-X=1gm@<pH^!b=(;+dkx`~b`1^79CRvO!<gm?+)$O6%zbQo|X1pCT_&X9{IYC>_pk|Dj@2?SP1kHe6|~L%T$*h{IwDrJ#OC1rhjKO^#(vR+^Y*)(iBzT~fF?Zs}C;THNdEeLm1o)<U`J_reHYX(h;06Q8PCDWaczrXu62<XXp%*XD)B&Wb}2&fkuq_%tUbK{s1Wqrq(fij}G+l|%-2Rc9k6lauF}{h7uzi+aH>)d_!|WZSi4ruJ9Ud%J-;h0|J5fc|FkEYe6HPzEM5WELh6c(d**i><@XU7E2&xHQrNrgVcsf?O*eR!t)ITqkWP3xW4gnY4m2la#Y%mL%p<8`aPERX9~MR<2wzS$|DUfjLP=t-x2eal`f4u@mwQaPU0`{trR5_tb6?NjJKOoutTnYGig5wuBL7WvtyO>jh+~hyyfYo*qmPR?LNzzJo&PnDW~@dUblcdhJ|28%-M32JnlHbe$^{hSHwet_$`DkBhn*Z}PVYHj3*ZVCTF1h-G<dxYyq6kX3zHmvP9jO!V|}NIvU&{!R9|2J+!(npJUC-OhH8bK9WTu6~Nk$0m9_L1Km{=gf|Y2E$Ny#`aGKEJBz9yVqYwiU`jxB_6*1X=PEuMx+7OxJ>N9XWG(gkoe<}T*;=A_mVlE8QB_moxS<Bi|qM+JZME)(-YLO`~x>PvKS~m>4hc?(V#J`Os5j1oRacwhA^X`CwUeBxa;d1gRcby!qIQo&;dFqL<UafxM`Ohe9l2(<r(s$q$NMO^;Ybty|a$=K{ecyQY_lC^I^6rD^{gF351F(2&eI!YXMfiEu;mFka2ugF*E?6dLN`^ut9v2cx^x4N85}=uV{No_MzJJ=Yh(LKWV>vuuh;nW^~=KAR&5%s%Lho>5SuVTq~(cf-^u~^^Rp1z=eIqF$%yMH1`aqH)jMQaKVw$3pXak#VI{d@<s@=vOMCQ@h`w4`kaq-CJ#zEXf9%^T`YHvrDkd@{S_|J{a&QkC`hb*GT9S|(1>hg@Xrc}tZLR~`LAHAvg$qDB>W>bctod6+a?Oj$5AhmXbs=pn!ukrM|?zd-d7fA1)VZ-_f$M=PJVh(&WB*G{95!Xb!IP6YmkVl9^1DhO-03?cakQ-@}l*bJ>a7n3b?5*ncUzR7E2uLIW>}sX$<O`zjD96;qVNFx-gsaaOJDGEI0-!L>g1Xuiad5dhrV>QM22XRz0Qw-4NEJGl>F!I0gMoEI}~(*!p}98LKhJ@tl3C6jMB?DQ(<QCnUqN^$s0K+5*5ygw%jw;#y69t#O?9hRk$$x`nwK1YeYa(%Dys>6t|xxYz_?BEmO@h4}$M#oP!XLf^!%uF2X!!D2+s=Q558H&IFj#B-<)1zg4i_4?qM;VVZh0sBFU&T^t0ySpHkkNGq<E-o1S;#a00BvWYm(&adaT4i#bUwT$IrDAH%o9KpMoRZ+eLA2X|{u$WQ^Y{=-0;FQl*kk{5HpP!i4sAn)gP1N-_u2KV|5ae0{#+JH14ny$%Ig+iIg(~R=?Wapm$$z&u#tQi6Hrs|0rZ?u6ST-<x!MtNR6}>aK<9}B*$W{p1-`+cGUq30oDCviIb{?FJiV;?Ulhi3=q&GshH-maH%@ON6xzx-(#x=E`wR!N0@y|GVrt;R!Oos=CLmE;4r;WBn2iVf&I%>#il+oWg10Hhrfo|VcvjDFxTk+4J*~MljE&~i@d-zXy&x?2_~woqD8|?4|H|C6YNi_$tN1Li$t~+QlvMA!@kO_+@t$Jd;X0Es442mxrygT~?B&z?9(%cndmG|+5c`k}JleZi=)@1-yNxQr;b?zidQr6|lFyu0;^V(c?rf-+dfh@5xEfsWKIUrw+?QZ?k(9ytY_)wsMW&J=OxuBna90ZYkr7||Db{`qzMWff!*IMt4$HOlMbMK;vTu1V7GU;Ku0pSV=bnz)U$KfMW0NmB;@mpwIrrgC8kb%p_uh9~n?i5RU-QmrNUHTLL)qxk=pz?hOpG^W>U9P#fHdN~Zul-kd=2=HRGF+K_0B*rR*c_s9+IqyOJSAn&)VVI>*O6^9ybB&@b}b$(kl<;acTnvmv|>GV_ziN(slk|_^fs~k(wtMO^L<Pj`XN0bKgIxI)SaGegTnvmx1xhTZIU}S5vbtvRqVVGlcj|3&vyK<QmN=N<@tcbGxjacxgkFt_<wnGE0f*n8sL9P!su(8eep{ZyGbemaOP#bFFR3hGV@zx5ja8M1)+w*VZAB*W>>UE`105_#Vs~h5myFh`ZsOkHNv3-j=42jwRfqb-zF=Xy4*eK){eD(q-(k5Hv^AHS;JOtOpu#Hp5Df6wU}h<S>|<;E8SiqpLokBC8N+Dhu=3J$5z!O5;zL53Lys6%IZ~EvErW5lXjdcS_ganLvmcR*@R3;ZolLM%l|o>ii2|a{@}$k=N=%2;V7L>Mo<AB<Ihxia!YtAyiA(GN|idzD_)6M6w(pf=TmpU>@PD!t%9<0L~O2)CQW0@nO)`afF<`P?3ikU$IoWjgr%Q4zOCEsFT*UabKOCvwz+alzpYHAC4{D8RNxdFZ*iE-`uP$IxIo=vk*{;7M3kbi;TZbXo(GNc829v7G&`(vRY5%7c{;1C{3i3j-)rxoFN_4x_(`EU6<|MT?1^wdztRpi>@{UAJtDw%njN#k6BK|bq9>2?}Bv=lmcjB8oNtRMy&3zp2k5*Yn%_K_SVY(OqhYTB1sB~d=+%vgUo5FCqq-`q`IwxRE9PqBR77@jxV&ZaoTQS47uEOayxl=r}qa;6Ky(CZ#nH!3!FQqXfMyG;i{|_<LNwS2^p=uEA--fuhr~<n(J#&4M3=zL^C-P=M)cPWo<juNYv!efR-0%H<&(Bn$<U(mbXiv*j4rqoD_CnL?^DT3uX{Y?U($5*Xg?8-i<oUx#ZStmt_+8ZY}gN=;vVHBD;ErhgISETy@UWvLr`{`$3MUSbB~Xp0`{I5>#c(T~p55^4<)4_gdKQ_-k*e#Ar2H(%_A}4R<05r`sh&Pri$eWz%HxNr+b8egqEZI6OLsF<_mlg2TM0*zpj=-xwJyIA?$AhDE<6U>ksd0ChJ2nTfoC&29#*g!p$7(Xw2%CBR!?NM<Ga5(1xx+)&<Rv3k_en}hr+YB<fKJi&!c@P<0*%eBx3-8!v{fKF6#e*?{w_qHH5Epz98MF?JG8HVN~97DJ|kK8m*#(kRv7|%o}o_zBM7iqMAJc($SUbT^?(Gbh}Vf<g9ge}v9m%JC`{Qul=%VsmlG|ULaT(4K$s4q9R>j#Qk8BaoE{;rHV8NNXyNrYDmi#s{%8C%+u^hX<fW6?J>Z={`3rcNKJ7eIAm#2<?ypBG$EbM0FreI}9okcdY);4+#lS8xx6?ZPV)n~*6(N}wlJ*hwG9tLnUJ1%La&hbovWpyzMtsF5a%v`k;eG7QWVJSm7@7N6H+N*@o<3;8)mnig}h8s+Nm#}oyved}#Q{oF>T0zVYp(dB|<Vi~4@VQF9d0!QdHfEwe=fE@&B1dk$|BPC%l><PjKND0djbUKi1)5|hm3EWvq`kgX?k{>eZ^Z6=6=A66lg6T*uL$m1Q9mQ*mMR_dHT`Fi1kw}8mJU+2yH`8ke$HM5LOW&>9y!a5$eQ`#YN?lu}&(fBXq9s-fsrqV+2dcKxuOzJ+8;rMa$`#AE+qfk7CQ-|_BY5ykZ9qaZ9BJD&<++1&SS(&~s6gFSa)wmm0m{FtJc2kQ17s;7+unFeL3#@HrmU=lF%z@-@9`fnpo(IoEZdBP<LJZwj3rq?pZw)2Gz;x%p6x8H@V6*$!HKR>fgqBjw#Jl9?Vg1>qWNreM5%n=;F5Q^GuLTzM<x_Gla=KTtPLq0%9d|E7-e7hbINqc+9_v~UD2=iBW%_^T_U#yI~8>1CKx(nTsHn8@K6o4yavbwlQ47$Y(5t;5)z|`RJuExWI^HvBj307ZjT6(n(3Y7rDwo`--tOAuEfZ{3#h@KTYd(mfetMf))qc0JSuKUg~&7xB*=4K`SDF-zoy$OAAk{h^PkKv5vSA#_61V?9h<`$vr)<=JRp713{AX-=M|X{{?_-?FTB}8aIhjgrQ}gwJbYF??6ZxIJH1J26<a)r6@oTsKY!Qhvb)@@OUpLmI^CpYG*n(c1XGPnP7`oJj@qoN32o8`hICxgx(wdr0m>z9yNj|aEGi)-jQIfU$Lg&}nu-iVr1I}ymtnaHyH@jc?46Gf9o<+ckTHR}jL|k-j+QtMJLq(BV_`j;*?PzGpTqv0zcNn4sQUK2mAljb*bzpeo?&>`tk%=R+*V&+;0}bDo3vgVpXimTCy2dyF4~1kC<DRl#9lCwOxw`YDIs8}hwK3xW1nKY!0oyccf?jz?KAc}<=*$G%>v7RFmkW#PL=81b>_tt<5cmN{!=d8`7uk9%>N6z)s(-xSUzhQBGs!p4lYSgQEU+h`2=JUYZco+^EiPnrtS#2R=!*JFy{`AzGu9vY_mPzMTzEpQ@iVk#x-fv>&|5^NxBjFk)2Q!(Kq4I3P6Yk<0Do&q}dGDe@<oTPQKMr*|cbB-b)jlv|3&I#7yFH3VVzZkdh~OMO~qbF4PIAW}0w#h0`<2d!}68oY{5I#2bMGE^2I;i~Z`Kfk~XI_Dl$Y)~BEt^GPfQzY<WkFI)zLey8|$Y3EY(d>;J*T^}J!BI39FyTun`J?RB_%X(@4tn&*DN;J5h3Xah91XS8Ma#(ySvCbe9vQq2UR$hS8ha8;Y9XUyGb)ddI3f?T*XUlW6YIVof%YT2^<asTmqd5UtX2;KeCfYV2pTlz?0YPhXySoK(DlZMQ@`uivI>$N!1Svd@T)x#aUS`4hA!9D@2|+($I8PpOj8*Rvj(Z$Knh(3)_u;m;t<6F*$;p{tZ>D8oGYdW~$ndhLO?!q;`T_Ah2e4UxhipfL6bnFe!f(K^qw^DHpb>I!D&&9E1I_4KXt!ne6@|l!JC5f10@ntN$o&sE9AIk^>?DI~0$TnCdRR8zjEx%EAyrCi)`AmE$T*@=iJcWI8O89LW&aw-=pK2gKE;gCFAeTcRt|YrCE=AIs?_X%x+}&@zinn*lqP^cE+P}pSuw@`rlSdH>@4GYBV0a`mV`0vfVQ+ZmoTJtaGP@A0Nej3G_P><3Ra0_qa0Ryzl5SBUA#a>4a!&^(Z@78Ne2wIA+nO^lkZf{Hy4_=V^<_qi3Pc}VOpk*k_W|ZaPHq2)Z7930yx92%xX(EIvH2hZKyjnSI1&(us>^0HoTp9tp8cMNBHrvX#-m45yF)s!GYm;0y^VM$g_xyC4c-eHYyvL`uL3G#Ujp-Ye}EZchWW7N98}PLQ34U(v9;pa_wpS)F$yto!P63mY6Vj2<;p+*l07FLg}lj2lH@WX^f1X!1eNo#<#^F&_1slEz8acGM0kLWDLAfn3Kn*(K?^07(z`%YKeTGHG^=JVg=;1&l9O%nYcCYq<ppJ0`D>bD5zh(Ub%t5Io+m9Xo{0lV!mVnfKeN4>9O?bWnMSoJDe(`@UDpT*HIX%00k;RWO%?CclN`sAu~6~L7T?bs7L}zCO*01N1!C8;)-BN6QqgejZo-VQL?~lIY7ml^gHDipFw|w**^wr{2zi^K(S)t_gCuKrnbpLZ!t>2s5vGILNsUhwWZ?*cE*!(_2->@`W>8iR1zj#klhI*`zn)i=84s4dTN+P7QPv;6tn49Gbtv@uT>^2>swY2-dps{W(#sT`leg5;`|w<lGB+yu2jV*GPK)8o@Kceq1P}Ml8zc7KawP$(xDm9x)YsKbk7h9>ig_Jh&R~|Vd62K<08oK<ye+K4(psGi?3mGfq>U6M&;$XRy%>;HhlmU79dB9;+VO0Uu{%sEyj{F6Xo3>cBL2GVHaUILfg!HlCIu${ws(;<?%$Cg)$<*PNIMY=sYeQ3(vfGbq1+oM^<UeyW##X$mln5Hc<_eU=poY*}w-D`NHToF#fF(lrng<2c{+bFcgE5PyioG0xX`p|B`HQ6VOxp>&NDA^`@_b-d3Y$_Bw@LMaHYBm$A!ckzK6$<m}u?`4#@dbcA}K>r)Y1?@>|lgMWmZ<F!QDc@ARzO`7oJOEti721wxC3Ur(zWv%LU{8?h${d?+@uN8uFh=W+Y@eH*c=bY5hoaGM~f)wyj0s8UGlx$UCN0Tg5rUJ`h&A4<1qst=ACu8&tpPo&jjN*=GlPdW$H?)%|_aiR_eFJlB8CWT0H-_iICrW`QVTX0J@RTAw%6P9z9&Zq@ZzeLs;40SELIRWL&j(9T;~xl%KiX~Ps<3yVrb3hq=S{!SR?IsRqtPLGN-HbzG8<20mY!$Hxzvbx=-R;mI1=6wi>aZdHx$}!$5=fE%HXDA91ka`tvchz${O#Os)aXqe3y8mJBIe79EC9~XY~JAQ8mms-fylTP<F0>igNHtM*`)ua3Mvyw9vb&{{&6BE`!kvm7qqi3SQfucgZ%>?v~#%a54%wH#?9k4%0kv>X&Ho$pQuKLB!`vDb+d?Y5nhywm?PAdhxJKS9>)zd)OqEbMSM1j5IytBa)gVVgWf-7B*Jp6$UcQ1%G-V%t(?{kGty$NJtaKc`|1|59>tz;Zvd#zvVk{&Zl{ADObmp^obw)Z&Di)zFCPRPtjgfPX^{8Bu}%Sz2GvU+8rAy<#tLXPNo!`l1=N^W?YAb3*|)CcdU|dHf;f@hwQC;U>{yO?rH9A?~%u;pdX(Rg$8RS!+1fPBguHFwisNUehPjGzVB@>IElTcn5m2_jqtv2RUVpWo3n=s|L7jfubE1)E#;NWTrtv%P;{q5U%c*!7M{zo_5MBZT_bPL$2s0R^yZm%)|P2sFY)2|l#k6Mt~;ffj~<`XSgzQ0c9Mfw_VZ~@_7YW*)gP{|UX^eg;Z%S;AZl*6xFCEWv^_<N(4)!1&GZxJvI>c+^i9LEl!X_l9-~3qbER{!ibJV|iB_GE&^mMsxw7BC74Gv8sJoxw=lCL`iLe>N>c*+!r4m^W_^rZWe-5jy<}Ira@2-O^A03V`nv+a8qwt{6WY-Xm;UFZ#BVNz^StqySt*jG`@y)91&OS$b0TS7<AXs2kytHP2sYA;I?#Tl;?0YM;9?C4jD0m{yyP7v%mb^{45Hmh*r2G~YrRV%%)_<+q|K+-Mt0~M&<Xs8b7_@jJSEnGA=cG!I7{)-!Pch`AtUo~5%jFw(FTO8_qOqpD`@33>L4IJ5--Lm#ThAAKHq}m09EP>NoUXY6f<9td@F%N68`of@P`DHQP*<pFCvB{>7@SD?41*OC&65-{RA$hKTZ%>SQ|)vTNJ|SDxl701HLzE8SHp>l5;u`>r#WjnOyjHr9Fa3>)D+tnLo{;LYOpC6`pwuS254~IxWS$!eopy05AM_|8-Ul4o1THl4MJ}J&u0x_L)UpD4qE3Z$knc@Hcx=bSdn-U=*^idq4orQ0gj8J8s_yxt7Q(0k?l!4ty({?=Rn}VM42qOB3MGEclHe+e6cuG)`)D+7m9a>qRvnQ-zfx%s=@hp%=*WngK(M&9-3<qUsOx7V9yp?muNL0X+sQk8nZ3)7`aa9+h>JlXMy`adzT;7Uo(;6?Pbjq0yaZGw-^JhQ}S@VVxJE{6;Y4(`NVkVvWNpX_nkpP;#Sdv<%;m&d(5zUg%VrW$j>vbf%?KP8<*QDKHhp0?U<K#fO$ZUv#I$_ME~OUPmyYHv2~B}`)Urql^~B*KHWpp^;KbE{*?MvXXa9&q^?ti2-2uQo7=PodaOlW4<xtI8-gh88$5Wsf6dR+@PfC=d!?)4n3e@04!^;QbqX$@@SN3IYS1~zFw>N02B+2&Pk67=Kbr~b+kg>7HCM1z0V{k$25}rd35L;@wJc(`vV->OArm<zhNpiKnXP*^?gA)trZ)l-y=K!lPlwaH12veDbPYzIxFP%$^=5&oIw7x|y>+NfKUVAH1rUh~A|vxLJ|c5|`}<rpx*879zKZ*OFWBllY&;%EKoxvZd<ZzTuQEtR&1au4wO#b`$Q<$3o+R0tla*x43ESX*gU8jkw!n=Cg@ygqTE)+nEDy}wa!CQ^F)LQ;Hw6b|d;rmcRtpQ6$C1F$DCjRe7EWKFP0D5*mJ7C1*sL(wx@|S)dL{@V6~YTuP_8WjL$XBgp(Y-w?MCqwG{gC^H_J7mRptP4R=>C5LVtqIajIC1ReH>4j#@;#xwTpG)E-eZONrr$iij0^J6KjS7xnJNn3{Y#&XBQxJdqX;;67G5-Y<V_UzjXkCInf(u6aot;GLnAJ%~4Fo{in1!WXEX8I5LguwP_278cN|I1qQAi&N*_AC#_o?mjjjy*qfplq*KGp<R<^aUoBzBNq94P$Z$?M2bVqBN!y^H{WZ?)V5z<>uTE-3I^{Ho;$c=yT+}xu@iWpA(W$Y=uJ@jN^4nB`wZxmKIHi*j^4K7&kzm+uCsp=X&cP?6KKjs#a=9juYoC8`Z&-<M~Z2peD?0IjefepD1ZELVDzNLI>hvZY%<Lp?zw~uKkdRgE;9&N7j7(7Z4`ZGZ_I1yrQApP1R1PKzT>5qs~>YxSD&Kola6uK$r16H8~V4UA>Z>kLQ?R^#9v$gUAJj?KIvafSrZBlleH_|lQF`;8X@d`q0K|lk99(PO)o*INsQg=qKlzySb(f8iR>_PcQQ{)3rdLjy)sPI5ra-;0P*%o{S@-6xp$g+#plLdR?}vhgJTID&i%du`k1lC04{Y$_SF&Q$uCaNb|Nwjd77{vG-cF@=q&R&;XJ;-mTIVmR}a~sO=IDgORvtWamS=vF?ZWfXa-WS6_Xi3%~*<kIZp5c>^tRA!aOCcYEhH8s;3hVrMa=UO}jybVK?%=FeGrErXCp4gQ&t!KMxGFzCwenJ@ubPc4la}Jzf}38GC>W>rfr1K}{v1t|AuYPqDM!swjN;!XG5<n2%j=)mG;d6ClecVNVhq)=-bN&;1ch8UeY+gaTHwt&#0GOhy>%C{ZIcPO|y3eXBScJi%1w023>vzF6$asr|Z%`t9<>i`lnWPW`JbxDE#aBE7j8r|`Eh`&yI<*aR2aC4)ayv49VrhMJQWxnsR)Jt$|qYsEE~*lZE!LlcsqY#tR_JD}zjew*A$?=oyqW>g>!6c&RL9^^G+cQdka(7Jyk+^$tny=f%k^8Wk?qXcu1S|bauO`Wxf$?vLl>h$(r1%$N$!ucsjakmOE+kIS=t0Q6$BX0i>`<w)rXGT5se7MhJ_LIGExnwv7=U(_)>Xare_i=p^-603L82m~0NyOv}TzQIfPxsVOohI*(hJZc-BJ-29p=kb3y&p6&z`IEFq%awgtlJUX`}mzIuAfnw8b0%TqLnl+|Nd*U&|>lgs?&g=<6Dy5iNS4@9aorb%S(EI0dQPT2_9G)=v&M4%R$AUZ_x+BqNp64)r`nGvsh0wOO9i!F}1Mlag?y>$wU4Io)O>HwIA_b_-O0e4iz~9BfTXAfVcXQn~IG$%5K^8Y!>1vis{r9a!Zx;aYp&?Me`1U_FZfT*)>(4`Yl_QIvlp&t1V}V=q5t0R9K%ZmI0cp4+XUMBi$|<Zp=g1HQ&|!0<K@fcxpy^N4tDV+bp<BuUaBTIgg1VUJ5MSIrG6QRDp9}igoOH4w1hhey|2@%dZ^9lx*$iQ_fmb*i<udNT})1+Ktebqr}$<<4o93wzH=*`6NEi(^Ta4-Zpr^)fT-zrF8M=lBt20=vy9~n?OvePM(99wj%=tMi*S$pv~|LoWPE4iN#VJ0czO*G~r@zk-x6Cscblbtnmc0SHKBJkNE`55jYmn89`?G**(rcI|fI24$9$9Vilcg|FZ4++H$RpSREfXo#+k!5Lm=^oL;}m`7+C5ue9MM$2*XYwUgik`12!#ltlk*mjS@)exb>oMFIMK?-<KrQpI|2SvYR8s82~BP5hiW*=VtT1XFtkzT^5#MGH=h-TX0n0!``0g^P-Im2iFcVSdZQMk2nGr(VQj&3*K@2ftTd^JT;9Zlk$`a<@5WtRdd66xT^d!$)B_6?&tmI(wsH{bc$&tr0)5P@ib}hb^gAS48ru6KQP(^pQ!hAd_*YfEmEU2l(ExIECkDb*4o=Tfk)ALo=0yMtBiwQsJo#j&%<qq+U7?e3~bJ;6AxcdbugkK~nE)y0?PU{sqZsK}D(msIp3xru_~8%V9#pQh`o<H_5hn62wc{D?nSw>X>kWjH-RAWey&fK*qUW8UY7~tTt9k60R|NX)iOP6i-iiFT9YqM+Ciu#mNRRfYq47A@e)Anq`&+8p5Hd+Si232p=e^9r^QTIKL>I(hJo6kE0y!r&^k|*p!Q@T#$1)U>DdNVNgNqY9J}^@}&#|?dwg+@hM~)y`!V^klL8H1|%6jz3Go^(H<%_SaD7{8-tvH&x>LM;aHqt<8gDeJ~DfugC>%Ok4sjN&yo3Ii!)i0DyZQB+`(=mhiNrYX`(*w&OS#}rC5qE0aY|_w}V=GC$%LO#lWj#keMeJd6!uDDRs0FopedKL$D2t&<uSdUB2|Tu+UA~r&tr&vXPih1SVHlzgOJB3ET%o)<0(0UVhr;fU6rXp@ef(vDJP~)0G~t%R2Nv<6V!y?eTOubLzu>Pk4vt#?QcrwZn^Z=d5>`4p{13FChL_K_J6)X4A+;J=U%AaO^?s9G$lJ$4!(SxPI?t9s&~r=vY4+!j%D_kMeGdfsDHI8D%O>pT>k}+OvRasi;ds^n&1cN0ALp5d-y>$~jjYb>_9XPtzz>m(1g4rDb}{nZFN6Mtm%R#%{=#co={WLT_bV!e2|*dFlF@2>jcIQ(`F$U57g?m2}WMESXK#Rh`A;*y0h%D?yz-!;1pQV<3q|<4-BYOzV>IY^>Z65a1T-?Vq|xVjX5j-z9i^=)NU=x#{UEj~N3Z$I%#Ou}v^{&gB)i*#AbKMrj&M&S^r=5Tn%PNY5nI9l+x3i~s+B0SmYj$jF0I(zq8B58Z`i15Sr@-T6z1m+ri~i%X;AYe4YzUt%9pX&|5`wzLk*(#DD^HaAK(I_uH|39x=|5TGi3YBz-;R?e2BQDu^=BF2aITLf)h0U|qByQgnNJ^j>(26yZLw;4ZG))HHVc#PxHe=Pl!ntMt+899r==B#>c6K!X@^T}Ul_1h7F@<a41=kHJe(MGBK8RMM@wx2cijWrb?EQXVKU!|h3`^~IgW>cVI>0Ntq&sN+bcc9F<RMHfgUCWMtWm-#W0=QOupvRQ(WTROQG-yJ`+CD)sfxsE`VjFvdlBat|UjmLiNO|4dmGHeB>};c@Si<elCY+iRTuRY=W(}b)+W47ft^BF!ch|)xnoVONZ_Gx@4!blkwu5$qVOW>uwyF*d6=QS3@{jLLf$qL+hj;EkXDy70wi@a15589}H42uYs7a5T<Xx32s~AGPm_}MrbEYXqtIB0jFnke$g@ZTF60S#hIX*xinz7-y2?pLmS!IOUR+_2`zl!cHIe6b#NW2^FqnlRoLOO;C1ggh`c;Lu~D*3O9b9o&Z*y=8Jtsy!1#A2CWB`j%WP|Tl<p6#tIJl6WO1Z{sh7QIr^ct3Tw?BDj%b*1_|hc;LOFl$8`S|oCtfOow2X%kv*FJmATZR!dcta9B<xb*_7TpF{6K!f9^VP<qBOJZlt%;7gfmT%{{_yWW^BzK6*!>cQCvw1Hxptul$W|Vng{L+chknU<wwW>W8S~VQ>BNODs5N0O-Zl8kBCf{vQfQEvHqPzXb9*&K8lE9SHEhEP{9Izy@kCq?uQlV4Iu*$>JH8HWvJ1!=PB?(Aq<%p93_NiQx-q62v&%w@MaTdy(ncQJ6iU9ak=EQx-^4PS;M2B^DA#1azNJfOK_Ea%R-E!R3m6+pqH`4buDxv5Mw1FM_GY}0x>E4r3O!pT~3>1r+;A8zX33+?^G}`uV@`erv$sdPU%{8JDK~OBzJ%90k)@?^Mk==ARARH*n0cWL-`g*s>h11Xjp6~V_MsVrGWV`r(*Mnw{kInh)dqeOo9Jha`3{Xt8k(l}7Hzmfgx0po3l#o`>G;<9qxE*|3VQM^|e%~6X6V#7zRdteF%q!5heWXeu=p{j4l{^FHp<I@{ZrHAi$Qv?wis{xNr8^JM*#Nf2`6ZHQFo$VkXD*K>b^sz(-o!2d7FgbXh+Oj_9ENv-nm*%kzWR+V%wEo=MyvyhAVU7GaSe@L^zh|t<@!tAVMTUdZ+}VCLuOn^!qdN2&-&d^PPWz(CP)PrkPO%~K<E)R*gIi;j_%H*3*7u*A6925eGbl_&XntjI^sk<Albjk=Dp6&>Thfu-B&~<ZzC_i*0_%gk@$cVyW)}8I9faYg{x{g<vxVGT8~$$LkTJyXOMeF`Ja!=A{Ffz1``K6bI|*6vD;nMt`x@EjD4mv5ZuzA7(iW%h4NWu!@7QH;d7@O8X=rd=_hf5sg-i0u@7N=X}-;Dm?OsUMP{6BSRsDAt+RG@LE^nU2FK?fPBe~`_#V3SvJU$NIQ&y`jsz~af#aj*dB@Y`#XC{!Mq;KV(fJ|xPS^O$&AOpX&3wjUhi#(HHhz;$a2KR?F9EpxoKJ}3!QEy<K`foZvBKvXO5V1S1S%Fmo@Z)GO;DhYx!n^3ff<9O(t#cC=(7(VVyK+*0y~D2>%pXb^cTzSB+QWZ2#8?3f@P#c&<YHqB)x9K6;R4h%Nj~N08?Ub2nnqvnK|`~l2b6T;4d$mOQijBvhI0!5F9VQYeCFW<3*uwR%<!E<gONq>1GTkhOTe;OY>2%swP=?PrG$UK=97EF`N4z|G7o!d4%{rw^>>e&W~)ut-Y0q*KH#!#7A}hEBAx}AZfV!2p5;v!KNm+ZhCQszm2Q0%a;$QNAVVPTN-enn^1Z~Y%&!SfStK;QFNG)D1-n`Ty_Czi=BAwpo@!<0pd?!ri5*=R!mdkO@m91ad>Y#D`WzhbfY_ZX9~ERLvsWJv2$A@V;-G=zHVsbK-KfUY+&~A``z=6^Ocegc7kswR`CKkmwkMCd%)YnfgFwb_GroDt#P>_l!99n0%L7$<rXkohS3MkTv=7Qes)9s?PD~T7unclxZ0QEqGV=-$kqG;_iFx@&8)Z?xEN(sUt-!LXvXl~w8i${JsfP4S5T2i6+(>DIH}RnCCcxJ`e#qQ<>S0hp<s1dNN6out-Vc!$u5ie=c9YY&?H{42}uMd*z^)X5m+_&6HZ3k>~tTizPl0+aAT|OMy#gxs%Fk8381<JzA_8X=XNNaQ97qoOe6RN&kUmQNSxKfa;WkCi%ejYuF~uEG0dXrQ%qW0a)@Ycfgo`QF8J`k+i&-G_V9?BNm;SBr-dyL52{iMnW!3s9d7X?jUQ7;V!HZPmqKQ4;_qHt$X~}jmuxF|m~@SHzNIXpsQdb80JjcFE;0mg%meQw5`ggmT9u7Is;v#T^Z68hWpJ$-kG3RgKJiI3Ze3<Qflltao<;NC0O3^Fw-~XI_&jp;$h^N{?j`c_lmYCRrRVC{%&t&5$j$+LdViwsrZ8KNTSS4DF2fX)Co3BB138z>B>#Z;Z*0DRG?E~hleK#dc7DnbB}j&q8&pk@EnkXR4w~rqL{!GJWqKKa`uge8X|_khOC*Z~*qVocX=ju6dLCQi{+Td=%pmUCTzXG^nGU@m1((n|DcvJf$FeUxgbn;#pW>fB2!@G<?w^d54c0;WeH+k|RN;h%l{jYmV?NRKs5yIT?F!K7<H#K1e5ZMhp_306U#@7U(6Q4)om;u3T9nS+%<ZQmqSxHbq+%t?C-gBw+<8tRYqU2{VWj+Q$}z&Dj<elF*fg@|jqE781T)m1gmKUee_k5+l77v$J_8t=zNNnOJAt}}1#KAi{2q}CUb2FrkZo##dI-pen!XYT1y(g7jV0ICgjUSK=ez`hiF|caj2VA0jP4)C57igx(I6OH={-EX<u%^vUs0~&a2xA1QH#Wc#n(4;oJmSw2wQlq&V)FKpxW;A!I@mji0C#*q%rpLz>Zz8=4)RMG=O~gkqK8Gqxk`Ws3@jMHlt8c-Wo=PMBB?7p65pukEtAPR7uHsS?)3sGdqq!HoVpFOtTeeWjo-q1&qIHGXu_hX<&PP%erO;HoEg5iElI644$CNPq)%*{*`g^1*#Pu?yn%H5E+w7IO*m`4a3FbXRxk&gHM0T_P~$Bz#atGQBi{T(axx~4dlqPB@19PXav$i!WMHbhY-brln3YC6WjzZ6P?P4+qW#O6o2NOBBozF+ggC0uiYTj|IW;M%W+}h$#pgHIqR#0+s7n=62%yWe+yl2r0oz^zDRw<?W-z|AE;*_w#)VqPkhkM=8;y-;4Y{NE9;wNjUxk&Wm&o~77(<II~yu-)w)M(erh`|AI$RPSc_QPzG%S-{2mW13WI7xcVxz1B?~0nLRynm=TDbr(Qtcwj@`ckJ?7F`qoNKj@HXMnC{pNi(lPpo@#IH@yq$~ja+ZNukZ5MByIWhFrocPyGbD!Jv`1u6Z|3BM5G)qfM72RhhB8d%Z@rIMBKP|c#y4OznXYTCbhKr%*pH$%LjhLZ)Z!c6&%?^v2Q+x*jCT%v0mS*{J3N1JawY`$HZ)C^(=Y|DznpV&VHi_%nW?<a7|0$%JNu598aEyoN|uzzL|tsz|EabWJCHH+v$1;W@h!^4gCp+EU0Ka_j<VsU8>@%UXsn4bqi>-JXn--kjP(wJv9=oG*;sZ}cxn@f3B)$LLP325xGv#}u*A{O3G}9_B;=W!sU=Qv?GDev8$hqy3LsPTZxtUiw3<l}i86j++)X9k@EK+f_n6d-SSCAM+I8t3*O%R+9HT4#haawi$5*cjpuJ44tE+uJUCy4PZqbv2@3Y02NxFaQWiY);RqsJLn`viyJFyPZR>aBDvkY`eaiug3IqDq4JZNb(j*EUzbOz6%w*ZEYCqqn~7C=9h>vK@zT2|XryCY^_o31Bgf5oY#1Fljxq!UArVW%QcbP6S&0n0&(@f_LuX1w2*Ussmyce*?lwN6d1iBVy67o*{61l0ZLdW#5pCc3c|n_@LImgSwIU5GEw-C&tm5QRYtJ#4$1EUKq)DKh2E6q$TG!xenT55bmiGpJ!BfDza^KNOcFhBO2z6VVEs=0}YpeAyjFMe?eMNvznE>rT?TcPnz<ou1;~YqF?M>=^(f=*oeGteJg5&Q!0uqU#u&sZoBVUlOc$UGxna`F`78OevV9y~jIRZ9Y;k{okrFo0bL8yM$VIB(!=k%3>)us#;a(4`$S2Mcy;>hz;~oPt2VFj>O!kW7wxyDP>aYSi+Oiq?5_<&l^M^q0f1D$38(m8K_mJj4^%_$W6Qv)xY>7%HZRBj$=o~3-il)-DiG@A`B8rTq~^G!!GD~+e9l-$$%!YkQ&Q}l6bm>#L;#pl+}=5EfQ$L{|wFT*=UO7SRbzGkmfQ!e^r;lHLgKLk0H~PSP11&j@)6_VE4ur`cr=y5w+y&GQn|d{l1yuJNKv_Vd@hUH!l~M8l-J-&&@YrZP;+INfJ0-qq!&;ZNYQq>?;hWw6$P1j4(Vzw~0ZEU^K#KLs$?dZ2?1|1>?}_%rg|h#xRTUW}{*=%y{;E9Px!Yc?bFg{I321VP8W#$rs3&F2gcEd?~S7tXyN!DlPA;Du~}XgX2j;xugX<hCv)4?O+2n#M4l~>Y1Pwq=)-y=&G#^xg9`g*!+#d0Lh#>;y)KMS{<I~zu1od2pD$TZ_j(=V*`lAQyQF($r8KXj`_ph&JzSU9QD!BxP)I=*lM0;`3rU0M7!-s+fwCtEhG4S`-Jf3gVY(bsatC)sY)om-c!X~Mgip~*7AM8VREy$^Y69HkUa)$<l7OdP;jxwch*IRY%3*+@GW<R&^(-RnTy>b<415~iS7@54`K#0Dw&7DU4!&Suvl#-C}c}Ov`=^3D(b=4J3ezdFys>!uBaX*_650y$bQWv?pop5sB|&Kiv}}4_T<McThR5rB{j%62zov4t@@Z>hRKHPiLONl0#SWCm?EBt27J?b&2H&>Z4w;h-1AVYpd6e^56)<onr7!!i{FSmCVnk+u00Pa_f@~F4t9B?kj4j@k!jRT2qWy!p-nkq7xwW7?x|Cddzd8&%gHhS;KO98@l-<`y*o0XrB$@(fX)1}TOWLR;d{KNlIN1M(ngsQLn3;uX^9&t1kn5sy}>c2bev{?RDqKYk+0Cx&%urQ&A_`UNtQ?yB(quq`gf)f{EG_?Owc#opl;XXJb=-CQ_jgI4wed3blcmPBprFH;Y?onxR1X+=oCOF6s}+)`-@j5ND5rE)iK1<DrP9&PCu|#`dz_jo26{r;Bw7uB|?f)K|tL+K=7hb=59AS@a3W@v=Eo7))!q!%i8^TTAx8E8hx1&F0At1uwf(^H*7a4if>53#OIwd&Ku!MEb@})ke@W<8&Fa-(ucEH_Clq%$BZRx@9goLpn?hdE?R<WlTa547LXBiIDS$lh_uZ(1Lz1MiY@>!HYK}<EB7T7@1=T>`Dh+3sbnIm(?~hwpw+o}W!rGwxrrPw|A%(G{@k;SQtiuhN6PmH9!w(#f|Rl%!#$Vz@MmD+wyb)l=C6X09s=e@yn5CZbR+h{H<QbNRys{-M(ef74K`8~L4elKJ4Nv>yC}{8R7c976BL_|z4|%LJAz5_*UN`K-LXq3&Q2B75^<S#Q6Z%Z7hcg(BKyTj-5S`Xiz~@8aOCfH_RZ>9vlxqpYcnOt4sy*Q#L8($&&vpK3`Z<`Rvb2{!O_LaD-DwZ9VG!RQZp$0g)7<tmI3olty;D7R~%`$w{da9;hiFBfEuATDm}H}7BQ4H5BSfANiz|~Ead|%(AKUCz$~w}6}W4vrYOCwUChYXyA~nZoGU^x1DY6Y1Bw0{4c`Cq@E!w)>>aHdKHZ#mk<~_?;giAjSuLwIvknL-jQW%ooaAF?r!t48Z8GR)KuX-SM^oJ3O`k4LN&^{Srz^CG6X@Mj<1t~(&5JEi=p=GC0*&Q1#ddVGMqrISgyru#l!9@T`4oB>oWl@rMpbnt1H#9q6Fvn9NDx&s1Lsj9ovdS=&5@gs(-t?l$qH2#_E7H1sLb@3R)dw32Xr5yoUo?+=J%};42qp#r&=Bt6Sl=3b36lpjPNifKlCsPp=t&z$IaD4&OUGGzgtkIW79)qq+czgg1dx=m0vj&HH@d3+Vnc~8IlBI-w2&KI2%v}`wP+EtGxD1bI7k#NDDAORp?qtyops)o(9{Vx#Od3ABfS|%5=Q;2@nG*tG$@Ep5=n%MeUzZgKEVXHHC?N8iZ4fOdJ2WMyK9AX=L&?DT@6`TZnE1jbDRTr#8=b-(Q{RECGVP@7j>xE35?m<Kg|o1J83fxT+-4QY_6^lWFwS;n-%&vA*2jVW!3@Z>fKlN;bC!KHMn-9IaQsozr%C(cn1-ixLodaM5}+=YqQLiwiFAuvUX_7!E+i5)JUxrB3~=Vdc6grdWt<=Ud~UofJh>r~Z}$9%kIa2ai_a5G*%E3&BGFp!d6DE%cB5-@l+}*+)&i<#muBvOTj+7;3egIHxR^4^>4q<LbelaXb_<!WLwGz7m+<`^^7KrUfFRZ-=`O3`fg;%hOqBp8s6*?P(#ecZc%MwAgH9>38?z>uJsysK5oxjVTY~s=8#b2Vd<z@NM~LmsrCZ|D;@RknGZp6>IYZDS?2&Oeg$vEpPYGhL2~jF-_OWx0p<!eS-roi((X(c92Id#@J<wm%|y+f<56)tMJq{bsibx-2pSz*4LUq_rzb#^b0;}M-$cs+T%`kQ5o~60s!Jnq<jD(4bVotN)q?Nh1Xhva_1>EjYqnlJ;BtZGcck0KnBn4R{&VAnl1+*efcKEstGmP+c+%ENcqjKPd(mG^R{|FJQI#hzeK_VZJIQL7d#9{WY(B_$0$jRo&4iBNvW7H^!R|Bt>o2{*Ue^Y<wIM@HH5+jLfDn;Rw$qnqIZ=xW_5LnaK*NzTFQ^3d*DJZG|u@VW2`JP5~kf2L4lN;f0{C+wi{^~2&8{>O<9Wt1$7te;c@tXA-)r@6agLJ+SeM;riu2Ds4u0-`EshmHDCf!HD6pTG5u5xT7Ew|bD;vW&t)-D1)~~s@KvoZ80-q{t_kj`q^b4UQW|h2(-u1LdzV2Xi^R@+KQllt_9fsuKPqvA!JWq8HSW#BHd1O(|Be;%lE==`x#{d%;iI!rxNc9gD3!<e$l4N1k=xD75zmyQ-BOMvB_nb|Iw`9>&Zt}HDi7H63&|M9-gnyDdIUBe9WdLSErZJ8XMT3GF;E5QRn$;icA1qbRmw<%FT9)Af0sx_vzfXc9#o92d%SA9B^K{!xST0}aw{`1WiNp4(O32jt1Pe)n!fxYS8|bE$rb6UcBStmKw_nqxS$8MPNxX30L07nQlr<}(UJNkDOSDddE(Bw3`c@gaxq+x>3uBSIT7=(Ev^#_%*wjC(cR?C;V~TXLP}!TDtmG`wpHQi79e)|V=sMyrSwcn{ZuRp-UAidMq|Vs>RL3ub~4j}KxjJO{=AmHWB%&VC8*Zu>>;o&rXTf4g81(A{?(?6$)%vDaYFI`#Hnr03acBt{!R9E$(J-%njibQ>l>d5%vU-yBz^VFYlAC6t;r7f5Syijb(Io(-!t!gZCNZvv$_?oFn~0>mAV9FTDS#U`hVV$vy1KH@a)X%b{DEtW))pE=c<}!525X<ulYE!;`Txi;oZ4V{H>;nsDw<yf0Rgy@lV)p*&KkUYw`RxYHG{4I<u>wV@j+JxVglKE|HffUbIlz19>B2%BXX@RPTw8gSc<OKr$!2{nFyqCM=DJd)$v7jqDRe!k`Op@9Sh6aNtDpa7#&HR19ZJnsLM$9-Dh5bXPV0g0i~fVSfu`Y7u@2(81N(j}l9{iG$fM-I5*i&<+w=A!{%MWS-;=)2RQp)7MvTptk>q*uaz|m=n)BTSaGEYrAzc(TJZW<*_TBIQT-)%x`8`6!-V`TmpVSaw(B!KO5S$za>x*O`spG`tSe85A>Pb#ADprM^6=-$Kn97IMe>a)r2~;d<p^fp41E)gvI(q&IcF}zQ^sitDnFaPO0RkSmjw3)6-f5?0GM1sx&dMj5!q0xCu(*nb-^W>KY#K%_ysU;inTD8DD?15=jWZ4f=n<V44zdLLw=V=u!{%NQUWVJF*_wf7|mb@R)+t_p$nr#)h1~77D!7BF6kx+kb1Th))3QQ8eEG{ho(EBi!Xo$t9hK^d>zgX<7}{MYv%RoWmu(y(<7Se!0$3D;UzB)8K@)4?A=eQ*cQvDdiiaJO_Ko0C>}VZ5dLX;fQ_Xe=unwT~mVOwaAvqiR-V?S)a)C-Pln?yEmT7sz)i5&~elE&FX3DJBuMc<POglz6p=xdmzKAdebFsO0c=avpg+br~HZfGIZY@%-eH)Mu@#80L^daJ}d1}fUA)sf}clo_F^8|+%B8(5zd^xNak!NH;w?%CUI=@D?f9iX;x6Y^LWr|9UoDdQ+5%;9)q=0MD&)J$^uUlPZC>~p~`XmdP=~=Iug00VWVrZzS}AJ6ZqI+^COcC>`*Q}a{~mK;m9vc9Q2{rEJW?N^UfX9aW46%%(KTa-LUZ~$)>Z>7}B@z%5{L>Om25MD!UaLf;JPbsEg~`P<h|XAAe8{b!8Y`z~{}Vs|=@|KQf{gTzG0+Cmt3k8)j_p+v^r_Ra#ahq<fVmx;A$K4jl;22)B0~a&T^xo4P@{_S!2#KxJD(@mOT=X^)3iSe&AeK+yYAu0MjXh<K_Z;1&2x#w48<P&Jo=8+t}nid&iHU$l>NcQVC<9J6_F<lMYy^|hs0x+b=6#Y@f+aq)jF_Ium1o&Z?{_V{HSj`#V&2h<^{BI<O7fEYu74}YAU`ou5e*FU|sU-Zxb-lTU$PYyR_2Nz!Vb+T8XZaN264DGrtym`k`xE##0SS6Y98HS{?qxDvN?r#E>HB7P_+9h^49H0zGm^~aJ=m)g+`&1gEeuSvK%^cW_!nBabE4p70q2nr9pjQl!aa`ru_NKDNq$5HhYZU<<I%n<8%X+uoq^+K7F4gIr8XB6Ama3Itzh#czDR6uZI1L$eePr9R)l5b}{&}bN+vaa6hoix8bO~=_s5iEi`fetq14@kY!Lc@l9R6W?iCH_nSFI8*awGf=)6oqztd%n)tLFH}^Hk)fyo{nyiljy(NMQoAbYId6hia)~$(U|+C(6t3u7E>GnE6h%+e)r}d5uk+QUDlROrq*+uk`P3S_%m3P?n<R1}c=v`GR+xBdY7eB~Y9de?MXzPuF>`x|~oWI(HPldW2##ah8*Aahew@f|yn;%!o;@CY;-<=M7Nda8UWGRVEVjtIZ;+`P>fy^|W1o-P`pS_x54a6`mw;EM=eEH|52S#MloAR1H5q0y&dAe$)@o=Q$66N5jNzBV&Bl!;ZTx3~cdP9zvsFr|j65C$V){pI+bu!}S3F9e6@4$%0Duw|hty6?h`Ar9VuK^LEPy@rZbm7ZFF^JLIy1dzb4?g;=t(ZMC(rGQYY}RiIJvbb>VGL~-3W@N56ZAsbF*E=~|fB7DTP#M!KqiiOpCY~)0iGyKyT9a3eD%+>rg8X6Ys=($LN5yp`3noR<bpaJAsFVW8Wdb{QvE}nmB`zk?_4J8L@=>!?14vZm^6sBk%Ob{o|8nlgw9!j7y{6IomE3RxGg>o!|dE}DDT^g&(%^OXpd{b9fH%LdfQiq80&$^(B^O>UhVFO+|ZURde+4Z~Sfw*se)oZKFS{AsT*7B@f^+0jv%E#!1=}@2=ell*KB*DfJm2q^WA`3?)@}*xap6k;!SVR$bjH&-A$z^bhkcy@NIM_i4Z{!|*+4%x(UgxSTpCeBIOJoCgARUpN+?Ggwh)P}q=}X|B*5H7#={hgO$~eH&%mU@WMvavndLV8?qe3RDXr;?4Whyk&^C#Gi3Z>o(#E+&mt-HgZ8}-1rM(7N#Yi~(vs1%H-{jA~}?GB(?XcQ#rjOfON+3!)Axbn&OS0KkC&wa79i$zvju_9E>9t{vNR}Nv41C);bBc-OvwlVOlHy!G)>89fpYiAR%1_8NW9ampk6-<xgkCa@LO$_M+fqzHHa6mH|c{0-ppw-%c*XSK%P)Lj96;&z$fi!--&<7`Tv^a7Ah;dZs>u(As%0J-k=>SUe*ojx+w~0L@vF-EVy)*%^d-LQiFkzK|8Q1-9p<IoY`D;J8&(8b>T<!wL0~(>mjG4_5%I91ak336x?dF2wVR5OS@aoiuk?Ky5e{pdS#wr{p_hTuBrgRiH$BNLGZ+eeMA*fC>kXu@Eu3vrs)z0|u>X|5^0}<C=iWBd5-Z&%@vqs_trpmk0<`tpT5k5)^Ogvh%HAyn{pHk5c#tJwqv+B+%_XxG^qXpN37ETiRz`l<sn{DOzO}o4I1HK|&<0M{3s#e#B4DsEMWFK;gP!Nr6JL>)&RSky=)X(sP+2hI+<H8(5Guxqase;Vp_eDMzO8;VjSqOXb%$M=UFA#S{rrWIDR6phZrK#<)2X_MQ+?QG|pzOSo0~3iS>#G9H_H<&h7K%MoZOL;f0roq;wwh7T3}^8iSRZPylrE>~MQ6W{lMCzc8-&lqsKFl;!H(yeIY&!YnTSFGS6B;g+BDKAvgqZx2rSw_H$OGCq(^?5X>Oa8%S<)-))ufts8KvtjF1svjXQA~sC53foLb4VtB{ajMMXGsD>8K<bt?A!6riB-cD(@c_jq^th4I#1ueHM@`3|F|W2i1kRE4uuZWi{(`j}~sr1Un1UK32oG+-}%hp^^x^uRGCdwi#d?%R(!el&Np3`>Zk<xho|T8;basT60j6Jj+q?5U#FEO?=I_JGzO&)mypVyfIf5YiXwe*_LD;}1<CgTSL26Zcc?IeCAP#o}ZAo$w`jL&?9S=S68`PFWVJ`Q`xUz?-~8N?d)GoX=p@MDhQ#OYMA*H>|YbX<az$!hZdt;5wY^kZXH6$kWa^`2WtbLIAe0hC>?GsJk|$US_NzDBJtw7C=O+U>(cACA0uY^vkb*8T{^PbRVi6COpHi1J5meEJ%vJtlmyK^Kd=Pi17f%Qq_KBG|O0$V^7tyau`j5T2DrB_;4l)Q;^ik;slHmWkvP8Re{(L%8T~t57LE0y(kx=1>z+8q0w+>(TW;=kJOD<_FS>>gOAv4g|8p$rv?<NErsu%*1UM}9v%w5n5>FMwbr)|Sjz-eNVtWCZ!?+Z4?K56Z{^S`tGt3A{IyNeEM>e|QzUL{)<*ePd#XFP3j|Vutbucu#Qemyy-1obYMNwg1$JzFXRU<WJc_-<MtPf}waU5%-GbH?PO5UEYoMzp_E|p6#H9|re=Ku~bK5mGQO0|EKQ&D%XZ8BZ<>8xGMus<lK<408VOKijQ^*@NXev0O!}+1}Qk|R-&Rqjd-Ff^YjXQUrgr+qj52&;8bRB?M@Z_*1;)W5Zt)+<<R_nD)>YH{#kb+~-2d}?kItb6GGDEoO_!Lg`=a<ABirA^o175OEKrDTQ*J*_PMJ=bUPOvi~=^x$24iTN0kE-p}+bPnz*9*OW`ywx+iYjAVwr^5M@A?U>R$KSgF8xO^`dkrWUjZry8L(*&x22oi=RJw^sQFLU(vJ&NroHgnwB2k}?`XeN!2-C>k8^7wHr!z2ns3-#2d&wR>IB)istBhhZ5Su;1tn@ZSPb0Gh~L{PTiaF}p~^%YValZ|U<>y^67!Au4p4>{gpD!qUD=1gQ&!W`AF0s9A50nOnU-ALJqD3$9J!4u*|*jNyb?&nKnAZ`j*WCV2eD!C_AGut`|JFMDw~cJZ)pqWKZPm$s;LisIm}`-Z8mh<SL&+~UzVG?FrS#)6eB%$S+59W&wh<2|M^rFffBc}?d$gfQKK$H@SrbKn!iLEdUWs)2i=LANCdd2+K{!%p4{-YbPjPP9y917poC)A7pBwc$hk=AxEnc-kT^)`Dtj<DL`i}_Z`ls}zCp_yt<5pr64=*qnh02e+X5&z)VXaxrh-wq4TJA}Kp2Ul)<1fMu_J#EWE{9I_Z{j!1}gX`ouiO9YHRUiaH3)|w$jPcZqsMzLoFDfKVD))PekRxI>o+z-vh_KA-=DrIKas*H4xN-TVjhGg;h*GzedlXxIcl0iZv%@eoZ9z9+bnYx?@mT3VbM?<i_W|0ct&u+R<XeY&B|D;Z#g&KO?8+HAigEu*IK6d?YlP$?3d$s1>R4lp6WVf1^(AZwCP>7Eoe+i}<KsuT{^5J?cnoJ<x#IWB*R9vBR$vXImp5rK$y|Hnu20VXpQrl@j4Ce^jRX9j&mFd`3)s<aJq!tS2rL?RPm?1?O@U9He5A%b+eOPbiK>bkMQogIi|Tp**z)#5)`|j6FjW)pd#dxffBnO4q!FhRtMttz^cYF5w7yMil-~R_WffgyQ$ojJCUSKDaTUM@RpnscXz&e94oMuLQ>~#DnOmwZhrB;OspiAb$)K#1w$(NC8K4?j`r+j+Zdkrr-WfOkhe#U&<|l(ww`^>U*Up8?6~#O=CcgbSl`yEGcFP4w&45ui`8!JDArd3mXOLzYJ$b(fdn%5DOrIu0<2lCeL^%LW>KaZI7V9-2NX+2}R=!3fijSOmZF0_5OY{A?gIkW7oiL9URs7M@;y7<6lbm?PIR$P(&0g2cgLIT{*;hEp6N>{GNA#DrU3c@2@V)r#I=GdvOXe7IY-A?xT_E8;)AEsloXIt)`DRaTz($V>WuE4Y`BT-PrO3+aaSg5IuiVfmX={oH#*VG8u3z4epczyAFDvHY}34HetgpiWORVX-(T(A;7t1GI)@pvhEP9I)gaWiRs9itFC0!8wM(){0h-;4BK^$j+@|JA2os^Jie5@ra1k1>__JnkOmw%^Je+%)4b?O2__hph#k>|q7*b|)T1m{_L6)cO0Ye9=XJt}o-53j7Pj-Nq~F1Ptx~>AK#8lyzr7R^empC`nT$@CxE_6&=~wzKrz24pAv#7kY@<Pbm*f^pk#1yAST0D0)6}AC#~b!q-y-A*z&FxVrVOM^gpo=LcN$9J{Ag5f^8l>V2CSgxB2HOuM+i8X34XnlM@9K@RwL6#?_{ZhLj+&x5KY`!swbiM;lK)&e7g7`vyzewzdDCrQN`!1)>XF0SE#m(w5To(;Qn}`VnxeD2<NfDC>OEOUCc8^u`T?DU|>GFdH?chs>+JDxa|JnqqEO)8>tNPfJ@*bbqB-k84LVlu)|!l6IlMnX{btOAeuHq4A-H>Xw{f(an<0_9(6grfWMPDIyw@9y#RJ|pBh8xsLr*YgWW8fKju1g_{4;ZeLjKqlY1}3W;O*2L6gW^mwM>rb>j!(IbkV)ef<fabAIU-zt<V^F=di~#wblxmukXhVJ2}U-!J$B$c#aKdN!XN1;)Ghszn!~(x?YQz(yWmvt@B`Zsk^0rl+{*rn8vRG2Tw(2%9~->o%;IXa}(C06KMgImpARM(yr?N?@4CsB=tn>tz_vZp>XMry|YpLgLpH|17sR+>D1cP45Rm7aAo%sCwn;<S66cX%D_kl%5k_shgP=BP*U1ML|e6#{hpgHmOCUM%=W+8|l5KALu&?_&yc7d)(ow;e%f4s!<omm$h3zfEq51Yo2an0)FIFU)8Dcvs9ZYhYkI`<U{J!X9e*EF3r&nIp3|a&i)uMvbH>|Q*m-M>NuOvLU^c3+a~haB<zi-QqS6zP|6>-pNIls#g5Z(DHa3{rMg!cMIfZi+t+=nD1=U&1lu!Px@~2rn-R)RG(Y{L`1BXJ0aHJdr(Iu1nf9m(ZcUdrgf~8wdw{vJy|{gEDDIWFuDC<*D&AV)$Yv%bhf&RJ$pab9w?s7-WC}9yYUTk0Te_3IMMR~(DFp-?#rA(qW9f3M9-5h@^%Oz~qMv@fi+%Nst|@*vj}RtbzlaARldOu6L|Uc+v2>&c0(<)0p#KIi7*IJEB#^{18sz_%1Km2d$1gx=w{k;L=f0491EphciE-r~LwZnZ4|MSVEc@t>T<ve&h7VL+`GF6YEI-+Tb~0%-c>=ET)*j-@!onKAgo7XS#XkA!#ii9;@ehw1bo-7kBJ(5UT}uQg-iOa5oU&MQT46ju?B^srGxKA2@ZM_KXTAx!l|TIDc9_e@Fnf)$`77}iyar7n!|IQWr;&r+%P`A^1(Anyaq6FiypeTRI{ybfOz8bWp1MgY7^6PN2OEHAF=0|d35H^oE<6EuZSJu73_j#Mw`Yrc@-MPOaP{rRpFS6`^Ad89i$ybybibF-ASIjW_D{^+y^wLk5YrJKb09jnT)SO8$1IZZ@MafFU<2AK;b9k_z^BXqBuv-j0%6-B#ue3?JM4EJ{=-=VO8)*oKERB_^9a>E%RT(5+E)Zb-Fsi1U32e2v!0WJOT-Z4dlfA?*3$+URHW=GTm4zYKDTZ^3TJc=)fmgfYB^QZCgP#Qlg`?f9*yuK76{Yc(f>l;D{r=R;QjphF6LS4eIrYNI4QWJ>Ux#J4{BO5OAd7BtnT&q7I__kOx~xhn<^zyk3V4rpV*PgB5tq3<a9swhq6B2=#HF3!=UF~4KD`V!Ht3!4t1)=n!DSv4XPs%_b-i{9kv3)M}32xn6xS~zU&%09v@<RFao55XMzQoA7QE!FsTmpm@@{62R5BpcweE4V~UdlI@kWX9ogtrYFb`^`NosAD(k;5KBu@MEaz}yIcxKm8mU0E|5>_9L?Ww{=zFn$M2JD69#+<K#VBJFpF?VSlpC%;fY@zAUk^p8Gd7QD`{@vk_LDfOFxN_<P!)kj>cqi!B=>-QRFG(@t`~--+Y*eE@=t2X#r5|5e&-BaJ;J*-oByn}r%v(#0qC&<XHc{|_$BtnLU_LUv3H)yv%;qaqQ8D5ko8_@HRtfYzy975M<UX=3cFBGxJzM%UioIc$(t#?Q{S6c#4g7MRQ(CB{XAIpr=sE5#;ea77dtoEF5XA)JVX>eP#eeG<>K=l9eiG7+8#V4$wKp7d9QyH3)UrkZ@~dqJUqpM>V1z!p*gFm|EpOIr_W_C)x1K&?$4?<!1{e~s7h^h#sGP%=~13zH{cmTFU`f?l|<&AO(3da4*