X*F@ET!JM7jyS}!J<u?=pKiok?c>xi*E^fb|5@>iBmSG9{WhtPJ2YDK=haebsvc)A(bB!@{YSC0k~14rF=v;-0}6X%3XF}=;07m3?e*|MzDl0)LjY(A42Yphl3**mj1s4+{`pzAedZGwXQ*mwFonRw>qCvQru1Onx6R=e&PYYN@AT)VpSvz8)*w+xzuG`##VsyBv+H{V@w7sfHjCdWDP{XApp)L)$TRX5g>M2_DwEK9?x-D*GPJ`BAPA@8oY6KM{m~C=stQYRS-CAsyR~gNP~30Xt3foa+hib4d@n5M26uH<A#c#S+5;W|9u-Jk5Qx`O<=lDu4I!Y-<vb1tp_y#7@6(m$PBEwwOC51Jm$A^pxA|sZCMA>M4?pi#lg>ciwO9m7k4^J_UiTD<+#)Qjw+ogP<ni|3gFgG)&$Hsja4BMVxS-pB$mt4R4T=mLB>sH4OjAVX#~#Fx&HA_G(p_zW=SIMI`=bZ)paV-O8Y5b{6d-DcmCY`Dp|OU<I`Po4#@ri*HBHd8l8%7Irv^cR>78bfOO-iEAkONC+MxFwSghvsQh8#5(Sf)U#9&wmYqpCG4~Lra?Nv<Wi`)KA$zH*eW4_VMey-ZVbJR<{u#P8`??fGrFk$;=zljw1WuwpbUNg7!X5zCB2=t4g0b$iBn|7uTgkB7Rm|MtcEtei>^wS}-9RU7c{Am+9x`4tV!{f(B=DrQ9*;ObWwAPzbjyitpy9-ZwY0L<sPsW&r=8tl$+N;9493>GyNX5kU0P!Vkx_VssLx9n5cGlw0dN8J7M=8H46kNEz7v(A+yRI~}{@Kre_8$lg>+kf6=-+kVS`(4g@nJ2O=n9F1zy%)9&-x=BdyBuJ0mX+DXX%sCc~sUkz0s3+oOg#!Nn5ItPRAStXV7`lRG-**cvr)-D5KLodK!(dX8AU`9={cbH8H2M4JHXGMqiUMg#{P&VFLzfqCqj@o9Rox_sh$BiU|ph2L|%?Mf!T>9$)bx>6z@q8swL!r;{UeANsNhk!U>an<pE$a<8!Xk!+Vl;X#r;dq+|8jFk-B=bnPeKE2fD*8wP$T`6)1haJrrL@izt!=_Kg12{9&D+UpyZqtw9Mn3JCgqdiiwy{>rw#jW4mYe$0FO(dtZ_h)ot{Y5TYH2aq<jLj`!fIYj_0e&<HJ4xBrLl`~>VQ4p>4JAWFu<&E@`{R0oW%RoC@g|K4m%3f<dSe~AM6TvkDeG(EMo(DPVT-e$FH|$m%^QG%V!8y9FcD)a(NkkRLgj;wZ_jVT}zW$-W#)PQY;&AR`z#aSS$#Xq;eWsHTGaxy8(7PD)sXCFta_z((~Vnw{Q2-{fJL#2#$xfVO1D+l<2PaG!zU5a$o^F7HNo6I%yytjxB&`_byIE*?s8wMH&y>Z_03Uk3>5on&CjIad785nKAv=&j`U{@X`U_8tbPSajAsp75nHw@DC&)