QXpQ>d9Khw3Y6~2Y%5O|55+SUdiQixZcR%S8T_Yyp)d1s&y8z~u5_56^ZAwghv%=DuvQAFSsLDNBxW3*R+)Q+<Oczeko!}?uhfIsuMBTtaUWYE!kb@yvdA)qJXIp7tqpK3?)vfXzfFgt`be8>#GQ~MvklDYuWW=B-lBbJd<YouhuT$x<0DpDgy<4&gt{i5%UAykcX&`05264mn3&piSGFeU|KVz;OQMc7_2YB6l)<XUAf}-EMl6=YWo^|^de}UDU_El5N8+PHeZEjSCRnw9;Fc|mX!a*0pT(==tH6Y)^#Ezy@iVwI#<4OR;{Jv!URI;?COuX21tz>u@0aqCZ;vGe6YG1J3(5$(?5(KIEP!~o+5b_~Ry~mzS~}R>o_}j;6ZF!mzUYM-I6oO?3P1fGKQZGrLxrCXnB*ZcaLn+V_v@GQkMRlRjA%=v2DBv=F-AA_a8Z~lC==$ivRH<*Kz2qt<XS80*yD7Z$MUT4m93>F#Y#eIUG!c(0dOzZ*uJMpMpx`!VABetd9psIg|BhKt7)LqSDe&g#^Fjw=cgqc$uj3OU}HFuqbM&Hwa*1Z-r&l%rReK!nO^U!pw<oG-6ec;I#2jq<Am+XQ(CV9e9QSG`o_}Vnij_=jVr+P6=y7{2%U#1n-UhnjiDrxpOeS8LpU_Ibm&aCfVm5CBSX<<EQwPKiix;*b~$3}XcZurQ01>S?PAc8)TF&OB+!C}6#wt)sM5)nmR!x%+ntQ-!ZVL0d5xs;TnTyU6L9d&uvH-Y4`B<F1kqm{4fTh#0Tj3bQ18h6jCZ)2;O7F{Wp*&rOvr5fXa0&1jy-yVC@d0SUq4pSoub%S{L923gP4YE!BC@zJZMQB0M2*iW_he!Vk+FBZ}ols*BBj$=(SyKIg2|DGcwrEFMaG1?%J%aUgZ7bC`|ylKOvY-AG+I)x`Cx%VnJo(P_%dsI<}fgvvp%GdcmSm*#_`|a59e?*n%tan;i7<e<2jNDptb1O6J$lO=rWsp4E?oCF5mL6sJfMCu_n4H&)q4*pqI(d_MaF(nO7p{i14I?Qfk#Dz%6A5b4gY-k*W|K~S1oqN62`v&Y8a+;-&}d>VAJUiFUdwm`y>KP`n3b66I+GZ(XcO7A`8&xb$73faa104Uhc>C|uOFvpvQYF76wN!Pgu@KkzZvv&QP4GI<43b=$?m}5~P%T~P1t#jx?B#q+#^VvXme|dVhBq95(vsN2*aB5XPY^b-eEJ(u9Ijk-vG7=RTk{3@+1{iKqu$`37iBJdDf-vwXJGbS@*@&ASbYDP-joRXZBT$<SD<s>lcG@n<No=-wa_!?p7&~S$dc}`vaS2f1UxmS1Ou!%<vOz?YtWw<<kx>rUSp|_P0S2ntxA!qHjU*5W5cum>X=se*yLb^`2Pf#v<$n*z`8?aX4XmfJe%U^SSv~sbT%g3D|4S^JkvQxrf>`~)