NjfYbJ$?6w1Il?T>;_p5=w|!*nX-pAlM|UKWyQ|~+O}mNwBMkcfqvc3Q?lSe+r6%gI%NT`hOo1oD<b#;;u2=zU+Xp}Wx?odCR9~4-NfLf9VE_}#(g(@*fEMGs(+855M+0j+;{qmqQfTw4LHMtOCb31@FdcFd}wx{S+1+?!iU4BH{#51W#J~6qy+w5c5jvYR^NHcB!bsSEk^l7)PY)9i|g}gjdy-gotR-YC3fzyS(1YVRA0v>#XjE-(G0hIWfk6cxXgo15YfL(``|DM#ip~8YA7pZIJsi6`F+6`jW0OH!&kZ`j)vGtVYLDs)&4VIb>oruZb<g0=Hy)ma8!SzQh%zV<OS~tM=X-<X`7hfJ9I@S%B-Q&*(t=Ta!F}2u|>`z0HU+cjmoaD@W!=jZG*m7ot7px#C8H%CccZJ0KURq?5awOCwsqsMioROj&D;_tsNVK$J`QU_SLz=98E&f)635&D*@pMn%A{KM#cMkkx7bA@9WtMqHU~c-bQ>xB}Ss~qzzCUMq6f}3ZDsIAxxp9fkC}91`NVeo-Q3>^P`BPF1}kC<xuv-8pox7=lsG0tQ7|5gaQ07##@h#-T8(Fjw$PKeICtJSLGsoXD{V*Jy$FEvY@8Y&A}Q}-g*-cZ!IpOjRR;a9YKR=$JzDwg52>XKu8|I#y^5-gt!p+<7XeLEsO9Jj6!3phlLysCRl^dHHc77fgE=`4t7r}K+^tu9}t!_)A_}8%`X*+ko)?^kUnDn+8Jx-@8Du7RXZ;=^QU*moV2x)F|EA{$S18o5+E}6T!OKa>yusBwUb~hWfFf`jH2@Q_Du4U_V85)#3!@I*KJG#st>HsVXLN4@Ew$`y?F1HINK0u6Sgd_IaU+xNj|Mw@bQOl_+yN`YOnXh#BJC3HH|JMhihphp>4JTZZ#yT3pCyJ@CKXD@uCZs(n}h0w|Oo}$3T$nj{8w0Vc=|__;rL0uCJFkwffkAa;RgyR0BpSr_6mHi~CWo!wNZ6jgJztY?a2!foLyy8=<U+=E9!loQY)QMsW69G{X(WYWM{k4l;}g95*s0f=Igcr(p5shgbZj^lgni(xH^h1Za^mHw2WDtM@KX=LvkO>0C=wJLLxWES@xMqG2eHvTBdtvU;I06BW{_8DlUr&LTRY*e0NgQt$inX_44#TEKF3y?z(n0rPcnY-@t))Jh0w3|Vn3x)brWr0|W^qecMtlKc{$ohNoQRnqDmFit6CjvVZ#W?7AS1TRC*U+QeN8HD~iG<~0lLYyS1RwvfI{BY)-6Q|-Wf(sQ63#?xwVpOZ};CI^W<&==83Z`ICkVuTU1tUTvTiJz#fZBO~aI?w@1gwe_))Jo3=+o-)wr$jx?TFQNS*Oa6-uw=(Y07`?(xL{!%6YvylF(KIt{8z^<bVgsL%M7Y)h?py(=pA<YFAb4lpin%0;kCu^MsEokNkS;5K)il-P1CEL_XaZ{7e~A-4JXbReZ1LfZl8ke#DwdR(=0WdoL_webRmcS2lV5D+AkN(n<(YSSB?6<zJ`Se~`Iv<<?0kLSc4-GU@^gp<%G>qysI!qyJxU;NO@kT8S`jNZgwESZFv$GlFiRME_0YtEaCV9v`?lKf5%jHM2}HA8S&ZE{J+y;fu6l5^Uh8;pELl<Xh^YbP*a4T2`wKl^u(w^EcJ|$_AR<D%y-<ZrxO2?gz4-Xs0T`GT}+sAeP*Z_!+pJL)rK!b3Pwk*94L@LAW9A>U<VdmfXWZvhcKMN<uX`AGOH+VzSB0#YYju6{h1lc$G@J9v{}rbyp3!`P>g_o{sUu2)q7D37Bread`==M+Sd2?($w)7U&^IHiIFQEV|6HJ!DwsN~x9MGL{$N@p9+!b;EK9g@kqhVaWQtrtjhaW5%S2L7oyMWA`LRCjhN^k0cd^4Ss(d#`_t)j&jGupStFM8{$I?v(L9`F0+R%A20sykAnsCy<a(4Kat<UVA~mKuM57`03XrI+-R18X(F>tR9F)EW;&K1(?%e!<2<QUMTN#@*L2xRLog29gF)#&`|Iv1SaQvpAu^pqdC}OE8t{RldUyj>+Sg+->6^y=3}TgH1V+O3hMKk4+f)10VW73p0&%jA&MtrA<|R%{beCsI14X5+RnXW4HphO@_c@El)WdNi*s0g&%ZH%Q+_HA`A;X^*Y63@E2ugNI=VFYNJ?n|mSWx(e>~bbSyd*28rf)kKZDqa0l>G}MXD|lLVPmd;44KCo+Wx@wKZUI}$?VmXZm64i#bCjdxB$h6x!x(oP5i^DVqBrO2?psSPWy{kWFj^sieU+K^m9sf;WXMD+ZA3&ejFodw_!fz$nGX9Ulz>-bJbU)QSsYfcd2%65!k=eJSYQ0LJJvv58>l?<74FR8<Q)$(BU1T+&eZFv7H9|AZ#XNOFJJ@vT}U`cj~s5C(2}))J_B!=LL4T(jquVqXHV!j3mr7pcdF%FO2LCUa0E9iqWU=(mvd*HE9`cJQ6qN%GlivY>}!PozZVJn%-&R8QdQ4z-6f;bD1u4y@Us>4N3g^NV6H4UEPayp$AD|@tiKdGy|Wan&{l^J{!{SECb3at{mEFMcOFE^;`#w@K^-Lcn34uVjEvyWzw%^5I&?+Ux^YzSYVVu`7LHSY3DM3dpw|_nH2bp@7hQ#1%WYBusFONAR8Pm#j-Waa!kH~zKX<_3%#DA;0x3kA6*#IC`j7~Zkm@u8gX2FIl&<Bbz6B)v{!St?LqzHAA`??M=biI7$+tvwepX8e{X@^13xy$fnOQs{VRjt1dMYt=2dYZV&gha!mUoO{3gyIS&L5WN$dKWD8(E$^5zNQ2u!8@h}20V6Hv)w4?-_-#57hwo!h)9@Ui3D&vXOOjs7DvUhW5P%!v#Yuxy}wU4q#J&o~FP7$G>3z{&HNV>OqI2*|%$xSkAZgqzS73#15<Z{JPQhpUJ1pr!O5o|hBgYCd$_&BoErw8UZw_@uKH&*}7SM6FUATfI0~oI=NZEZxk`-B!5Y!drX;BBmWZKTP6pX$GoA&O|DtqvjW$+Q%N}lkent@Cu}9pyTSNy2rf&0u*&Nq)6M|?wuWKtXq}RFPffS$)$0TM)Bnez0Z1yUUFaP!rBl2y2cn2td&cXThn|hlo#^*YBBIOqYVm-Ip#4G39#gD8)G&f5z(rQ*}OxskKK}>HKf|+vDx3Gc3aeuCtW%koJMXPDSbVQ2&tcC-n~Fn>)>S-Q&cpj1U1}k{?&^-D}-mYAnWhD-d2v=*8y&V`!5hi+OFi%!*s`|bRHTH5s+kbT=Hir(YEBG0SMwJ)g=~@aONoE*US5bB9%n0%MG>pD9l)+2Q!9-skrWV^w1`M=D~bU#)Y4_iGJdLj0wXx_fPCw;-`!R%4-2hm-+QrxTK8b)DgZ1X=%81IOBs%S4I+J54CQA{ugn(xPE!}b;3kye#oJh<Hn6ThM=6SDuL(RR`(Mlq8u%rqKAG!tv*?SErOq)sT~i_QdablIKpRcI<)KB-`YyXPNYiJ2yS^&!39IO7WL+WRC<|!ZB|{#hB!vB?mtghYHnB)p9tIh4Wz&Zj)H=gd;Z8gIc};T>gGc5&Nv>S<rOQw4Yx=6u?I8R;KkVb#e>QsD5k(M;0Ag=3eRIp1VxHOOopEtt(bW&?Ak0c55c1Y0H}JQ49{>X>e--|avAJ*FX=S5?^N$fNTlq|Rf%?RA9F;FNeI}A-1fFuYJ+Dqjbh7|TRoXCwBd>l+k>FlHM|KYbdKg``PEja5jW$uug)Ge;lqYzF#Gn<wdy{>S6+zQ4S17`N^Os1L)zmKQWeL=7br<%8APIAb9{p~ZzTe2mSq%Y`&`WUNQMCRzdw3?JzFB=O2~<ENU^#*-G3~JLXVAM#DVO6%nrxIc@Kt#Ub)QCicXjT$1PcP9;k;f@rziFCpS}scYxo<Dpts4$8Is24F%mBcdKc-IN47e7AjYZ@%uNb5nA2Sw|~A~5y9W3hH|=|<ufv~rb`bHQwe!UPe_?qHz`)mDTU0i6%jW7G^xHOA)^RMV#uAHAU+$ckIq1+M{pDQvND$+;D2bU-bkLeLW5XJx`dXOxov-Xs=zi%*d}4-c>4uM#R-&&`VEhLIqzJ&Wr_W!LPfEyxmL|9%Bvk=rT#anf-<@fGIB}P$m;PFr1AL`d4?OGwgRz%+nn>CfpRzagO|mos=G=qxPrEE4nhX4mVj}>s)(5j=A?aHkf~}ZnntU=pbim5yLCnl=5ldDq}+`@+AVdONi9!7cLFI1yIF60KK#$>6Mqgy5(BBEbt!6>Vh8L2)!!;l>#IPhTJdF1@s9{h`jtliA`-TL3#1RFbBd3_4;c_iQt#Gh6!&x$WT1XMj!AlWtwo0uH<p|Mmzv*^3651T6g3ScC{SMdtjz9N!4$|GI8IBU0}?7b^TIXMdK1(HzClxs$FjQp7bF3JsQE+{e@1`LbbA7dmyvRJLL>W(vkB!gleL0@au}}(FUTqScZYS)dx%AV4>Z{?QFId@RhQ9W@Q7N=M}Q?9md4yobuZmCb+xq8usULK^7>$S_o?tnzZ(g64SZ>`M2(mJJb-!rwIKYxs<k7vD}`^S<_`<zCw89fu(M~V(MStKYOx|^w~-9iMAQg3{iI}w(z(qi|2x8mqQe4Mr({@b@yyidYw2^)8_Ij)vcmI_&B&+p&rf@5x;Lw<TMZxOw%indVXvfQRdNel9{Ce~sWNj#G`v#-rsl%EvXY2aPIoUzH|O-9yMdS?-b~(qun`32DDxgEAzbZfnHCVBa@Xq9ScV;319P8*NJAX>9A?VNfv2mw8%Ss#xoXqvE`|i0>&#U{86a)~cH@etJ+jk+-pr$U-&L<#c7W!-RMP1f=vZ>AWg-sn<bp68k1M_?1@UOa<NOE5a2iMpqi$@Jw$r8#lUWj4jLYk=RS;#F1NtBgRVD=#)}x+2E(*3Lf1q7%rXYqh)0UO?H$>;=ECrTO-EMq=b7o2SuK5JxKfl2pQw|DlIHSwRAYm1^YN@xQ>D;<lzCR#N4kuet)3fL?B6><xA!A{#Pe;d)?9}5zZ+QN2GU-K16D>FbER)E(X7)=A3~pXqU<(BG1{7GSLbFRqL8REJZ6zo|_)E7LAREBzRGV&~=hhb=f*?3pN2Sp?NFfYo5P!35)mM1?{KH17G28dFzFdRxcUZhi8Sf}(p?$n>ztEB4DKvSni=;pPDD=Vi`j;N#-aL9_5i#npQy~04E-GDV(rqeEji<`F1Y@f*zeHwt32Zd12OKfZ3;PnCXDZds2p60pt*;PzAmP@`>yt}t_A_n<MO^S&F2v6YUw5*4JWRC^DFgpA<=ms66Gl~*Yi7ul_}9(?h{u<(v1!I<aS_Q!4|Q}tJ@{wsfp3PauqG7OV*S(n+OB5D71Qrno~*^$5K6A&Z&C7-*ZdU>tDnYdLR;TbIDyUAyr7gf(?D;VGso{53;-Cwh~)ewe8o($ctES8HJPc1p{`V-M%dk$$J+^N&_}SQ9a-l&>IH=`O{q~|;<1D(k+q^gplRZ44*+f8z`v@CV<LHtgcvYH9HFVy#k@}DHkV`B$3IBzvr1~-tC|?)k&nK)?c08*wIC59BlW7aw0xjf*VXsMi)XWl;L?hFS*tj8K~pV$IBOnReXq_cJ;lfokX)9PGxAsGrf=OxCG&`2^s{xik?2KqKRf#z8hSfPpMciA`Z&22H9iO2`lm1yC%`b#l;Ysvi6DCvF;`G?59);7JF%nqNYW)$R{kiq*A~~6QR~UNndtPkK#)N=hD991or*7~&S<#z>|7jQdxwF&70GXN=Mx41vA{l4FTeO_gU^}YX21lSzGmM<3p)i>8kCQ6YX#jB!P8v8QigLDd~a4k;>d)Gc=BNN=>}(_g>^^sc(qH{E6|FHn(Hm)T`vjSu;djir^7y~ZRu|(Wb%=9qeRnR4y)VV_3Lx2S;lj&!HgfcvemyWshM$$P=3u+HDF*pY&7Fy3>BsF3)y_iZb5<Xh}o$F6~2-TcudNa6mytiro_8dFI5G(v!Vq4-lC)3kF7!?KGrvEJW0*@-#<G@T3GF`w37Q2ByIxdMP+^V)%po^@JTA>LqZ&za<+tp09+*j6%L^P%%AS+w6uEKB~Z8W2nWbHY1WG$7?0Xon)6JdL4|((w02W{M)jG-xEh+LvZY+kZg&vPltt58s{enQ49tTMpCgP&gC@)<63|K22vXX>$GF1*=hE*CsVA)_$0KM!4q$I5Gx4sYie;zf0Wf1FdHw+YRoY>9^w(MCf0epC()K^K2LP7^$;Qn@>;1F<_p?80Yb0H=j9gfR{hfGSU}ezJaie@!ZjK7Hyhy)RglSvMtFqrDuOGk;ErC7+!ZQd(TNg1#s?L>1W8YG@)K|w;{9M1l0b-#;p?we<hW3`fT62Q~(}X`>_GzG;aMP;etkFj4{x=Nfv>N_=_6i#y*yL|FWOthPlU?kgkvI8Hg|k3f!Z&{>B2w<TvP|!X+@ho$jy&0~W1YB~*N&ZD@Eo^o6w<p7ZRl~kw|I(6&p^l4ga_l|(>alAw7(n6I(<_!Hui<(R}ss)IF9oET8%mE|J9O0mYS0_h{SjVl6TVC-<J@F*``=x%mEs`I5zwMiburNh44ha@=7J@Y%3_S%vsODPj^96i@O*y2>2jsMz|=En7~cWlCkURdQe3aA`%)qpv6AUm=a3UqvF4jt1WHa8#lpCa5@&KgB=Vh2kAypKE)Xta!o=>ceAa3V__=ve&tYKu9w&soMn`VbdxMSO<1-VZHt72-fv3>ibMGlb^zB)E8Tvb8}!jF;dho)5_8H5N&mL=ye5JqZ#*_*`<$TiS}u`WMmk?Wo_|)@j{KjYVzHm^Ov9VpakM>zoiAr`)ddipmLK?HpVr}zm`RA<sFb&Rn}n9|@;VUqHYYI4`jAJa9$(y{+n%u;5#vf5Jh3p{zFfw@QtCVh=?)5eX4b@A)WDMgB#!ZH8Uu9#8>xkcmFSXk1HUtVDW3ouYn2B+;H?-6kLJFpA;Z`8d<yh@tGSx_*YxS}JgDC)(#`YNW$y_?YAMq%2{0LI5)N;CwYS`vB)p>29BoQYY|gX9wL%HF#6k|p($%N)-_KF_VmoA{mo2J_!zK~FB0VS>>=Si!E55e0g@yMB=3K390Y|d=%U{rc$6!3AT%`}hC-eZOK!xoELc}@g5k9{shv!!{E-|IP0fNTjwbSS>#-Yr1j{yS3jssq~9BQ5)vseO@z(DlMNzB@OF6q1Nr0c{G({x3O_-*N;(y0<9X7x8Ey7Sb0)GB1YFwd&+$t)LH-cJ@TH%jV*LQ2&#{WOg(|K&|kU{9jIS-U=7d3IX_N+}Pz^X{&QsV644<O)rlQHsj<@ig;aDOI*hM;kiGGJ3DWe?sOmO(B><GhDcVr=i3b!P7TO_<piq&X~7zGlOf$;9Q@rOcAwl^VcYHPqCjoSWZm5*zW-Cq~>pSCumb6=-T4T8u)QTL;m^Zv8f8D+OK3^hzQE6t~-E+unc-I32gU-LT$@c8v-O%W@UB*%THN@kJERE|1+)qWpc5Am_Al8Qd|-1Ha^8KRQH(f8BwyDACHG*c)kd?A4DH)Aoc~E=o#JwBzYmhM;<m<eafLEw5S_(c*Vk}m%78{&Gwyep8f9q(Oh6zGo&{{J;opVNoRlUAr4ff;z?_SmQS+zT6}X(prrtepe}Q$X5BqC6i?mLuwa?r3xi?0V3%L1N);$=hgjIR+9ztmt-nOnxF4Ar=33@wcR@qfa{E+fqb^CjJMi!@IoAc6@{YNc&n($)?JF}!5&cy22gzyW7oQ8TDL<TFYf57Dd<gLmCwn*d6??@adX0xMPuaLe8q^SJQtKSj`+@kW?I0Ai+D0bHC*r%V$#_)>qdMoFBX!s`X=5KyT*+#}pz&=l8%+)5ZTShJD+Ggm6f6rgI@50>O3Xwo`d`stoQTNByQ#y+h^goSy{2Cixm!5(93If9=dl7vnk1q7SQ-;cd4IU4a2&Le2Sol^6@S03eKv}SCx5G|R3O|@x7x&GBj*gZ0{<T?cJ{s;Msv418o8@|%vByEmBd2k1z6L4?RwTv5aY=d+NtCONi_SRh^W_NVCH{W1;%XJ|Fp+2FmY<2(&(8yPL3Bp;Y|<FoDzBAJ@oaRD7<v<QxxuRHO)>KZ!PywXr{UM7sZP1_#GPh)C^6xBN3aVNfdBidjy5Y-R{1zuv<9{`=xoK1?6Ue+M@kp17tAd*3~EUD|Z$Z6@4sr@E>}@tXB+8XdSkm(lH}xmLDwj5Q;SASVX}?!63Il^c!G7ob!bj&%tjt&c-x+f<L;$YTG5{KLON4J&E7KoAwE!oE`?7OW%8|WtU4&f(XRRZ2P3ePJeCbQH-+elAGtIt)tmwAtwU)AjYYT&8F7k0}M9YWV2S*AT!sQ;%a)`aCq)o_2LxdHbXCdHQ97+O_#Uv8QIaP%Bp-)@~!ol71UKTa(;3+nFNdN<puZsStXD%SGtFnb|vQt;P0cljHUTrvb3*Zu-ILzbs;G8L&usfEa<`-8Z?1o->2WQq7&MaSt3%4FhOqLXB7d~@&