+ka$Th%3EMMNF~Z5%Fpm#EU_rnxD{K|E!PekX1pd{iBVl%2PbuMO7H72nz(FOepzbVCFM4!UC#l<d>m=FpYT~aqFC%`*dwLVhm`6OU0ME7>OKyYwT>xk}-^>1jyz&(Lpm5<UTB-%Rsc-%&go#1<nCQ;6)|t-qQnq26>F`Rh$<S40T`MWb|_}1+-Z4P?Nv|TA1Ex^fb#kwvTYPUGE0Nwwa~k3Zd4OE3ct^e(0H&@1O4jAOj9C?ut(#5qPoDvf<!%cEP@4ow{OYNT?Cesow9c6=>u)F!QEz4a}T}CcG&pBsJ^M0H96L@9LZo?fh?HqJ^$TO&MAOLylF>T1Kb(Adk!TaJ~<9+o$_@{To6HohqRoU1CaKo+}0CaVBnf6l~K^rUi65x|c}~`g02EGwgJUc-1XxExdd{sMV70NeynHWJYt!=M6I3=;{plf6SlA$~t3W%U1_Bocyx<DL27!D|P5-bDR`!7FIlYF?)|Ze1TTC32^{#%^)1uidk+B2qP@dBPd!*(l5E^1VW~CswEAj&7C`cvkC{^@FYI5GBEZ8v)sEsAcT71CRNmm+)5ha4(ftAK7Gr@9q1@gcW@O=u;NW8V9^g#Q@~K7KOu>&Zc&Jz@UvWOHcK%MO9Da(dw&6zwN#f210_{k-!J#DO|)b3y#_<u1nJwFHr%>|Xgd1`SyXIx67&8EVkuV}$z{tM%3%&4o9%T>*>H~4BpI4vvXVNO7-K#4|1^$A2<a<aIot6yO0MdA4Y&><%}Eb0rPSuZ8hs>4o>9_Q*bri^T-W4<!>)i~Qc!;o%x;7RZZN+cL?yzk2Ex**$KTUQUh_Q_rZPcp=_N5FXAx@s5cR(GKDDvR(0=Z*ExYsf2_e*Wm1qFHKh8;Y+wU10C9m-Zq<C$U<_fpGM1}+`3yt_`xo2v&ZS*JylI}(u6U@xk=F#zO)tVp!QUP5}otN#S4|(2RjotYMJU?}pW%BhIi3@ZAa}y4^fW0l{qqS8eV4r;!0<7ychub*4S2so+*t$WDmCby^=wUpZxX7xDq8g>8204%OxC?4HX{wD}sA*sS73~{iWfU_4VargWr$Oucw#%$?8J$Cga@o!DN7bkNA_7cGhx6Ala$IDMFmA#)Z2Lw^f5H$7N7(jJm|;pYt*=clp2M+nWW%wYBs4?8kjW$SBsQ>{_Q&=;nHW4qDAo6mGI*|lpv~*9FsMLTbZpok)w5=GMKXRb$oZuTNk!J`>sgFjk_WGJnVfFoi+yVgzcjg<XBGv(uaOJR3jFnJ2x4LQA-D#zFerOdg@RGOx6omrQ5{$a^5P1s&uk;n364!5ZF;!{q_o%OIIjE+AiGRfZj<nlT9W=}WYO|KB9Zkg{7^?%+0!Y3M{|S%Jh2eBvF!F7jOBhUL?-L%7UGtURigmW@fFlc&J0$1vs{c%s(&gl_1zapGg_dM>TO}XT=6WJ7guJLjA?DRS7^8wsc?UfDs4Cfz-_x0KIR#mpC<NtQN*-tuX8Q0zhj=PsmDBq=|ZQWAj=%92=A7k8O3=0_#c>MIpP>9ie-h)$y4b7yE8v#gN7z;p^SK;xfVT7EbxWXl+2=VlJwIH%VJ#g(4T%%Q$ZThC^fH)68mS;_w<~NGtx;~8VNde{bpg)leZ|w39^W48QQe%X%XSk8rUbY2x08O#1Qdkv$9MV(q@Fh1wDXmQPTFMg-4Q1Y`Ljc$;IZOysc6jN~Q#q8m}xNlEL{5Z>E^Wnx=Fz?&(-5zY0nc_l>U)@?3v8y=l|8U<z!rR%-9}t%dXn3~kZg#+Zu^>N+13lIaTt$zg%@q%M869qS49>;|>I!OWi1=VuxrEs3n+N?vYHbEd(7<Z*~|OB>7|Mx~!uCTfX(H7drpVqUX6o+iVg*{Nid8}ji1yprCS&7exZ=pR6j3Jc5j^y5X{qgjLP{JB;%TFD<*3WTu_W*s2cBM)&#Oo9!fSyN|6D8?UfAODafH>39byMvSClG*k}_;xy~71=sY_8vv_;h*vxCK6nJ+1LC-Vp?a5Dwj$=B&qj+tFgmE;~mPHIBwhxNV7AZ;s7nL{Rr>Il+-ZSycr!5{w=aP1+1%bo0qr<ZtNZsC}Q^M4X+>_L*9H0qAVcwznjUE6g!YZk*BfDY^a}Tfs!eWVd}Gy$~S&4kM-*}9(}P$?ccQ|-khnC^MP3fPleGoZytJj-K0bi;E9_f0Kr1;5@(>|C2yUfp|tdj7t!#|`ZY_w$Hw`RiPQbNas_CqXWx<RuZN0u^x^&=)&VkfQweW62_(7t;W~~^ukYA}1oNUo6(xWx`<rG6J4WcK!S|RRcxamFIQW#1yiDn|EQxoy0T`q|=8|oRde%H9b4+fwYCfQIGYHxmI}(A#Oq9sg+Lz~gPb5e6zZoLwu{iluW8HM?$qK%99InO4)fh}Cr-3oT=XnqH^wK;SMd1NGCz%S**54R!)Nzo>P>Z%0S~!;&Rm8S)!(Sy2spd#})VYm2HY+lcU%C4y&e6Dzr^@>8FWG#X;&f?Okq|&*;h*a(yFSv`_T1z|QV)z#nUW!Gi4pm(?!RGKd2x(a)JveAX=`3eaINIBQ9K#kwdU@DEUrPqF3dzm?XHgu9CQ$Bvg?7!%jZVJ;}a4=&U@Ce$h+~=Ahj!cvS0!%=QM<){hxz~@8^ZbbK;Mg7r0Lyo@Yd$;8@((5t|WOgls=vXTCfc4t?TZ=Yv)kA7z{rv~BN;#@;okPUA3&O-y*0w>U=YU+|J+^#jU0bXMpxYchgM&qc>Mb1=A^)3`@n)#DMc3!tK~oO=6=cE1e{8Tl7<C*(I4uj8&?cJ&JJa#_MAC26EY^2Q#D8LWjO;W#dHaO{5?o=VHpzAaHnbDQq!kN(w6mYjC%ogV(Tl(?=z(XHJ%(Jbk&2zXlq4jh^BeGFUQl2|ACEf^V^JH>UE0G!G#(==9KHO*CJD%zd88ew4r4K#EE_kq#GW(Q+;aB=7Qg9-RV6Z1=z`j=~xt*gB#@&w&RKdUd+EsNLE4q9k&@C=0lX>4BNp2`HkV*)C}fI9*eI)WNCQYUqU;O9-e{iY>{m^PGSW+D^SgXx1#c=L7NzO<t$H~ZbtpLL&{SET1+k2VMj-HXk}NeP<?Q6gUfH{TG$G`87l3GQctO1Rgmh8(Wg{R%cwJD6>ui%Pq-H;x6Q&dTVn&i5Xm-Tx^O+}dHglPMB{*5|%Mj1&+(jvo>BV4hy&mPE+zzhOb-m<vDX?AGci2C-F!;6$rIC8<4?=+1rSY%RtXWlwGSmUV6e34b%KJx0VD;<2WWz#9EaXA7rs+zM{mouH*VDkl}poGX=R)`&thfX2nY4CKv2#v7k!_&t%YtHK39I0t?e2mF~EB|zd9aLA@N>Ik^5-(rl7PwHLNN}e-K^;)>OdW5dUwdWKN^AWPMTmWr+Xd&z~{=A=?EDWH?>~u|zXKxueKCh6|7-=2bPmBYg)nwBmI$O8X$R45(!_lXk;%ni7*cX%4r~!`r=!DCWO<@ixwAhef#5QB@xFJ~sfKCG{mp3GjQ9G0vb>yHmtV{@3L-bMzA*B$<;Mu9~GvvF;o3ziM9lJ45jM#C;B49;ZEat%C;_uisw9p&*a2ee?isad?_yNQy!Q>feke!cz?$H@19qQ=r+}l}4@=!kcrt4OW<!G|Fu=mh{WM*s(mx7~oSpyj*@c*<Ag#=LB0j{Uf<gy(h^Mqcw5DMj)Bxs{4p$k=`U;!2^);@@`JG`vPD-F*=oVEdnEd^{<3om3JMf5`L_QxFLS1y)N*f@tzAowgiMzA=6+wOEg0-<v;D?N5m?N7RSp2_4;`-6Pr*?)CGQAkQm{Mv}rP41&b;Wtk4PNzY>_?V?Ucw3I<JO`Ct_<JuMf}Y|J69`PRb>V<<Lv9FgXTyrJ(3i-@jx`JY-s!^01h#Mo1m+i^WksTZ1>0y*JtUJ{wMj-`PYJqx&~$cfai+_4QSj_8edf=lb)8CrOPYwgyZxd@0I{Q7<v4IZ<x)xRRLB?fI~UQga_=xfLx@DDT&N$&R+_S(;a2QcN8oVumQ0%1CmcJ>L_>Q5G8aRr%>=k?D}|R>CmcdHjGs1H4nHo%L-fcAVpiLrmPP_2$#o<S+rQ5eJoN>7*o%q0VW#WGd;@56hpM65PCb>t_~~&RG*T(K->3HOn2ujaO1G?voYSt$<T!nh6-P^NJ>WB}0P{?^w6jwBwRZL4AHGcqsKL9C^M&yoS@PNsVah3}O;7N7Rryy<nWStC(fna^fP;i7>bbD$LX!eR0h)uZ;f4-s3e#KOUN#mE_Yw=*0$m+qe}7Z0*P`?7WlnQpApfD$l^CsE7IaouR4#P7CQEn)`fg8T!<y;_Q7LPd)~Or1z8spb(Zv=%*v5OEktVyAotMXGO9#Xv`cqh3m-Y#TDx05<m=V#)!E@7oi;XsF^JfpFe_?*bw%%!d4W`_uqX)7&vLj)iq#|(F(v}@YVgh8zNznnd=805%GU)L9>#2A2W@k@aR|HUsGdU~=t1IH?Hxrdtu2dT8N|kwt-Cm%)5^9~f4<?$SudizVUVEvewr&Krn7V6MV#uU1)}vT6@u1ZgZ|AmT^R_Sn^!H*=u`jxCx2Ga@9~7RtB}C5?O9^Bz`DWdfI$wb<mq2vzJTsv`lVUSY_Z3w;Bzd1{lW{ULbe&7BmPX&nB!<Wh%{AXK%GW`P7mJ1Lb65PQBd7!DzlP3Ll~aXMqa1DM#@n#cNH&VnB6eR|Z<3HPfPZg57EVmNk~@pq&C<mY5DpzbxR=sHOY$_6`@yKh$H$x3u7l9vNR~R62WmK&F9ha0rcBQ(;?TmQ-#J3~ur3BeGx?hVv>|clj_4-~jmd`!!AKIdqR7O3j4YUcGN~fO-ds4~3|>I@X-LFSZ~`qG92<&$-v4B(s)N?_FRK${L*|Oc5=P~#EDPOnG4#_-Q+CU(&=|kp0}bcLZ!kuaNIw&YueONT$}uH)X#;|Pqx6gorUqwC_*jvK>vT>PMq4UTbpP}y9ZCm~IHsEm5Lyl*C{ckjFkAlx){1JWXAN4j$BwbDPb1HhE-oaOl4EqN-|>$BY+1VA_U(1>^6YgBx&TTUJ!kwPi;pGn6BAFoKrM_gwn`k>O3n^;huAy3;MBs+j7J`AA<2?y4t|mj%dQ(vn_`GinP5_UY&(g?!*<JESr-z?brf6a(tE#jIR~p-v3%uMtFFM}GLgkS5qI}A*u<<e`5d@jarY4ZB+<rBv_ZTL67O$nM%tT2<v$a(P`tR~P1ovX-GIADY<FC;iSGQ&f}EU4fAj~WY9h5*(SdU<WhFgt8`6wnkdg>H+^VEHy8J(qye-<^+rUV_XtrY<NiYOvMrGM-@cdVIh$tg5G@?ib^jI6IUUKT@4wVQ<)I#cWL|<CLMR9@;kSLTy<S6G>q3IwH{;qbNz-I+S!2iCj&=MYJcFHui@3BPM*c!s){?K0e{AOVI3PkV-z*~oBiy}XN8aej!cNXg`<FzBLmc`kHYe4grZ8}v!A+xU#MgFh{zWWZXxw&F{7LK@PmIiEKwl^I;e~sfxNz>0y5NMg8i*RDdeC1FNxf{U3{(**+5pH<?`k!5bA+~!>7m0rQuyFuiOs>KT#D6~QQ~mZL9;6#mQExWa!;dZx31RX-;A3SwM<Gf~XEzJ9cejX|b21u^fWWIF>WqPdV&n>gfdkYkhSVzCoQrZ(QOYaYrS?c7%*!V$BHel)kPoh47qr3Ts6libp!{-V(L~sYgzWX7@x~s2<5HRscK#%q&D(IOwo+Ow!fRworQT0D@NE?gvA(p^h?x{tWTYNfWDkF+Kz9T9LT_hfik$J?Z0XVXTW1VC##$wgkHm%TM4F5Fn+hjbYraO9Rnw<3XN5z@2T{F}2nQ)3*o0#7vf(zR$b#n6P5$p~TbGzup~G@mv#P&9o}uz$((e8nY>&V#XVW-|jLFjiW|}3f>C0|xrg{@W@7blC)*xMlbN;`FXpm1^#c|Rzif~_l;twITbW`c-v9S=Dw^@qfhGK&Yj4-vg@>~x@L}x4UX{HmB<Lx2Xg`rgQiq}4C^BFe#SA?$wR=;en<6zN!x0dAHp^OY70&9-z>kKXib}bXAjRPoU1j~M2${PLF0V&zL69EUx+TM62J)Cnzo95M7&;srjQQJLaVyz*rqxi}I6VvQDbB}5u!MDT6t=@NqU;}1TX&!Nf2=olMe*8gwX`h~>>Bn4<AFMFa5;0UppR!U$IB2_Yk?%Izs9#D0K=UJ;bWrqo*43|En%oZgX%wsvq@yfyRP}(J4ivgc$-od2S{sG{`l*Xt)tO3d)H<(JZbJJx9XQPASB*d3*a-rfFaz^$??5tiqg7!jL}*bjFoJS6h*M~85P?dMu*kzF+~%l$OJAMUcMy%qAA%7;gTuWDFg0U+nwHZb2jQXKaQy}~u;vJ?R?=vwJpT0~ODGlnpWy$3@<$ERzq!7psgu(AT=_4TXvi-715+4z8?Lw$u*Lb_D7w7|g*YE?tz*#w#k%J)#R$Q~G9i2<J5qXK2RrsWj0t#%X;r<12jj%c>N~=UDcn!>*)$eAtqzkWY&tjvZcYrGH-UtmNcs!&%X^(N88kM6OCqxhki=2$k2+vsJRfq7qpoPHwC}1i*$SmH(baX;29zv;Tf@SsoN}mm>lRP4R*e#AvihLOefoObd6`N$4VKVrz`t$A3RoaP%<MK$wMf$5ry4XMeS3^@j-A%sE2;2LG~*vNS?CtZ{LtonCKt`?&AVe#u)3kV&GOKRjlPboE8R4^%rY2E9V)1sHkMjcC@V9=VBj7`3nC8DaG2GXEbwUnu>S7noriUuQih%3Sf#;-o}z|}s~4x8kwT9oqW^zIdWTadg@oGK-vj1e(4Ux~+^s@q;{TtlEkD7#=w9U#17`~J^B>8l#BJcXug(j!Qd?zOr%VrmLBN$fCMJjf$a%t5I_iIRcYq)+T#QOI6{~Tzuk~;9tfcE{@jdly!FEDE#boiUHfVC*{ojq9T9-h_w_k{KKsS10TcR-<Gx)HMacQ^qNXp`?c(pP#dbP>2Wx5tQOVw%hp7NN+sVUr|OD_zK5lAmGMaa_U<Yv;2=Uvaish~uz<x$CaC7D*`QUS9Af@Q8HeLvho@ZM}MR3nm?5MGY&c0z#KrG_k!&p^Jhj$FUCp58dVo)aWFElP4T0v~(2wyz30e5)7XcUCRM)|sa9U;67hE_U0WQ|G4Y<8Jdp6c4cdoMM($1g4ESklNqaAf7fTK)SUcmfflhH+mYu9xo*Go8IM%g)|p@B(^P?fgBy$4lO2RQg+Ak1pt&Pp10@s@5H^?l!MprR%+JFI-f+pJ3g=O+ivJo-2LfljPq6+M@oTT08)uuCe=^bR<*6@J**o{tVVi6W5`;}HkV0BgDciliJ?z!GwN+iiu>;9L<?n~c*_$j^<m2YLPv}lWd~;6dop#JW_*|#UBPt=W))BA@m=juZnQlhiBfZ!6WCr^>?%X4nn`WH`6zXc^dBEoZ*M$ZOm~+=X81MoS0)J$_#1o3-@2TD=*lx2q#fyaTt`qDJ(zz$7cTo1X9RZQK09eJ!%DKYWW-c{0ogW7xYCGT6`U=pjbb}V`QC?{3nu`-K!|Qxj+rpk*$HZ5I;=+p^r-)v)-QP}-E}{rg2XfNE$*!0OVaYLzv{rV3m6NyT>K)<F<oK$N_Loq-jrV~L*mS6^;cV;fm&<Z#_C1H<RqKQdam^>))<9;hf7|HvYble)s0!AJ+_{Brf9ryj*>@=x#fW9WFGQMgGMMRii-}?z*q?KQt9_+q8|3P+3}yL;mCMwVl%56b#+Z_@^`nxc^AN=AV9Mrj9f^>eOCw%fLf+#72!UhdEzM~YtfV(^O~nbf~^&j=ej8Zam)`D5RLF$G{$ol1JGR#Bw4J5q&*L1&z7+y|LY2x(a1>ci#^B`Wzd;?$<ctus!=>JlG5^iR8}9i{s)1qH(klso*`l*Wc>V2KPd5#d)TP@wT+jZ@h#HIds7V1<16Jmn;IaMT{sfR%TN;z^xab1h+4!0zNkf;N-+xHI(JPx)hxiZvcu<IofsXh46&%s4-H^XuMD8QYu$Z;5<bE$c!Nju&d!noD6VQd1Yz_kPh_;Vz@TE^FOS@0Hbq$^=>p5b3u)#|`$xr}FxFg}tVc~jZN^*mqhEk>{4OksiqzLHy@8&vZ0}7uXcHA8){lCRMRJs2DQ#~_u@6tRg<=$zDj7AVBWfGmD7`*0L{ug7ik0V#Z$|vM`V$iAaxXz6I2M<5NvBkilggqou4CdHDRqAmuD$lbd8iVeZBq$=53Z7>DV?U6SA~2T7&KI6Y}UavaqQ{_uE78nb#)6_OqrxZUbGbK0^RMc(`Y-oZVQu6mESk{@SQG#v<7Ng<Eu~h;021B^y6XwpBHZWsjl??cy0KUBZn%~fq>9g&mDP<ZOMI9qMj%!i<vy|h){395)gj*g=yM7?)UJ~G~{LiNgOF%{T-y9k=@`@F%PQhL4sa?Q*)K8C5CMeN{7Y+4-ajM?h=VE^qs!L_^VIrl_@FR6O}LNJCe+mld1Ec&V8RVM=V9n#{