cRYabs0~+;*c3ny6??_D1r?C!5qj?V1IEifpSDgda05Mab9qSAm~7_p(YRN~7Ph5Fwb!u~vc9^HGCqQZ45%Ow7gM_Rfy1%B&4*Hrds^GtQpksIIkzcalRUd%P^DjhPScpX?`A!mbzmnn;djh~UE&lW;*K6>nUnkPBRqY+qS2JK;I{dhRuJqi1i5R&=&g|&r2K^Z&QVsx#Ek9MZ=A?cjU0ykSk3VaqSPTd>izs)JwVBGHm{^^>OxnbclVt9O`p5)6>1EZs1y_in{dn&lq8jns4)lP_3+_A7(>6_J*1~;oXJ#h4OBO!FUDNNX^-W#=Py|E-e3VWPQ>D*_I&fCCq=k`TJ+VqrSS%Nno5tDjn^PVL#<4$c#30DLH_Kfc1AmSa-S!}OQjigiYbLb#qnwtQNNVeWg{3m4fqj9CGsNml;Rn3^`KhL!wf?|ebq0UQ4$OeO6o8|ji|Q9z`UMX6J|1Qm<qssQFA<79M5@1?XyZIKV(30V?VzLB-B1spC|t9Wb6^~JO(Pa>WnLH==BEw0=z<>#38&q_3`8me;}(8-yVAkcwd5@lLdL(izaGSUhIG^vf_^^ZKg8H#<6zW#peB=l{Wd&9TL&R_gVcNeoD(G0%rlB(IsqEm*vC?BVO}dkXB)TV8ua$2@{HwZ3~VVM00ZxF>$CmyJDK*som8uD<2kO?0>M{0Z{FX(?p%!dd_a7g1JtiLM14@<n+pSy5)!JWXjz-k|J#nW@hnA&!ki4TfX_G&;7k{YpAKQ8S%MbrSnx(x@dN-%xhgmJ*&7{HXLuar^ec=%~AX7k~SW5q;5Orq-wb`LJ(Vx?A1=ZV+r|4(0ggJ!x1L?`wEB+8?pZ@S>i){GQ}eJN&BGVTffom{{9`F;e?=)#%|U1+^5YFsbTVKju}8?NS1Y}kk!!OX|Af^>8OuFlPKRhmB-47LCIj<-C!Huew915SM^*nHqHbP=^!eGdA!7>bTkXpQb%bTukK=hM95*})8#k}vWl&}_wzU{;rAkbIi=iF+#HFh9$K0$sS;ru4OIqB{P%rkK&pQ%Z(nCzOb17!tbN!Ymvn*~YjfgU#g3g?>@mR#moge?%X5Uoz7nfkb=QmS7e}!WDg)nxf$p+blg&DwQ)7gwbDsO_y*PSu<8RNP0B@raA=Di;CY^>DZr|S01)w7noKA6}pm4rZhAZ-*OgH>#n_zveL^Xo&-||{RU^J7R+ptH><cH+A`H;J<W)I|m?Va-L;Sh@o!wP%o$lPRj@T5^lg?@{R{#bb@0LND9nMTL7X~wuLt};Ax%wpwax2HQXneq&;Xfz<EzJAKS67~|6&a>tKhomZ&SRVavFn-0hoVoXLIW4E!D;du`O_-ev9Gn@2@!qeSp_`D%%*;sX$x30bQZn0aUX!-hWQxeS#>*6h^vm643I~MX^6Qr)M!#C1a4T8>ro06akn8yUS?dms%546PQylp%%~Pld)vw<|eH*w&6%*JCTuj2FuQd9xVB4c}r@1-_n)QfqbyaEQWbSTB660W2QaNWKW|UTmTVQiIW3Mt}BlR&$+Uxj}7{CXmEFf*Ke-&Ivin&-q!h9fa)A0Ilj6~#=oK013?rM&Pi-s<UpRe`l=C{}3xbFB``YmH07BpexScO$pdU8~hO=Hl|UU}b#=GA|jDSUfaw@ik4Bc}Q=3&KN#%+qEv5bi$8lG^u`KN@2S=YfUdx5{zEvQ|vR+Fn<0DX*30GoHfd`SI8mv^M=g<ltfIF{v}f?!L*|TGr4y{#S5hD=2W1pY0h62za~#KhKRoE{O2OzxbOf<0p-4+5`YKeYOg!7=u;$8^}lA!pq;#Vv8J+LKF_ZJb*2pgo2A_TsbfC>W)D6ZNC_d(1xOdVS<f^*Bc<s4>@(_Ef3|I&(;oevvLX9r&Orhtc%ROh88|BOtwz&%2WbF2O<hR$r4l^laK_6rr)zXYTp%B=49O`n{)laKvlnAs}=(fN{8sNsl*Uu(uPgDo(G2f6_)8*s1|3Bh`0_f%iarv?)e`EXSWv3k6L!S3PJSR!W{vLdKJfxVd1h1%)0?jL(G^G@ON*VTP3)EJ}TDq+=jNNB=5kkKSrM_(X>qXzK1UeB;()wDCJYxI~EK5U0<4&YFPoGGE9NC=dOgwv=%(bCA*qb&LEbG&exziIf$m+j0f6<QVFfpXNu;L`9<_$I&iaMBswPz`|Oz-Q|&vna!fXjd>xsa9zb9;p$hp+x}@F$?dwSdJwZHSE<!Mm7A9~~yWHghT?kPm1d)i|;uDmyMzTn<RWYqn%a%BTRQE>)b`6*CFo7&U|D1d!tW4BGUE6<QrpSG_%hy)Y2=A+KacyxQ3&-MHGyZzglHc2t)J3LYgkt)yen*wf(XvI#Yo`LoGZ}lH2k|@i89_b0G;1y~FH0EQ?-#NM5(sSQ25alew9`8o&su<H@Y&anPO79{omy{3P@G{-A1=Si>d-P_oDf)-&u<;IFfuRLGYIv>hIchM=&%!DZ4<s#+?r5T2$>h9jXaBX^+ZHT82>*l7yXcil5QfmjVe9#?K7xln_}q8DGYjIUw<Jo6|mYVqV>0sAxbS3oyZ<FH8Mx+V;hscQ&&niG-7E>P$CVYjc9y6RW5UrQC1XKk2k~rv}1*Mg-M{ZMti!ef(l{a3e;eJ7+b^NSr{uUxt3=y8ezWd<Q$`=t1E{!4jmfE6altqZ4M(5GjIlSlrb6y8Q7;tfSim>kl$DOzd_nG1z_Op@J>Mpc__mhjYjju%OHv2aiR-_7l+PFe`E-CR>{vL{i_$z&~}x;!f!e&Hzz3xgZ%V*8^5^jQ2eqoEVvLE>R$Fl8Q|(EAcCczgkwHrU8SDsVSy#Z?^XfIPBLT9i|oY=E&)=1*^7I;-^!l*D!Stwpi(@nUMNcWp74X;;om4b(Bw4f^CJR|#6kS8R;x|bTh(g5rR&kLiHc7eSACWbpYAf=uJ*}+-%u}y-4F~0Qi1DbR;<a8q;Y$7pb)9@ZWQ*};O+X6|AvSJbU~q{m%_?5%}|VDX|dnSkN#zXQ*%@FP=TD=mn}OI1CD9VW&D%<#fmJR2k9-4vasO`)REQLC{7x1qhI5d;j%@XHW#}7@WV}psEw}c$5d1Kv#E#X+9?+0HL!4jcWkCJuSmRfiC8$U7Z9AA%q4lE0YDik+COqEJDEIOyY|b58TxWvcwH21&#t+IV)xIdI9Oe}hzS}aWbTR};LNt2+AuYD<(nJ@tqk5i6(n_ZgQNTY_90a?1*R-eLiCkDGR)3sgZ(F?i65PXbbo3dzYHMTpKdTrj8=<mxE;vjNPwpVru6SrrPsNn*G(U^^feU;Z}sm~0lF3%sbX;p*zT9bi&-zbb4?ZG={#mD`d~&U)VTclDM$4HgKNyAsko!e=0kK_RpH%It78c~oK61v_mSKOo<?}0N*q{j5}*Xzyw8~UXbYbQk&4G!DaZLKZkksl`y=1!idu`TBqZ5CkS_Ze1eapj+6WD5Ky0j7O9jCZ$We_!xo=CMXxl(RH?D4|)?1b-?nwqbL&jPAR4_wcpr`I_bc2gC+0JSgVst-ln;IVS?q*W*mDrz&P(;tfv!smHqmg<n(EKuvhs%EZn)y|ev7R2`=N*2y=r`}|m_&?~DI-!?3ot);dtU~1=9HmEaxdO@aC4w;mmA}OnFO6<j=xSRLmvFX>gftJhLn%tyzY`2JM$DanHUv_`zKm}lKzQKpO+-nz0q5r&j=JOlfABsE*=J8EyvX9whIL=T~V^w47xs4_uRAGv1qKvqM@>`T&gE^fwku!>H9noq*}#by}!C?HQCA)ieb?rH2(XhI~NzMg3xWF56a@idWkL71ioDzK$Un-btrgk6H4A9r2je{{(GDqsw7C#nE(p=t{69=-H9b!`91YvBqUUlRKwOWbi+iXQg&NU`Ua6q!th<!>iJGb#X(yfz;U-!H6>LdN_&X9mrGOaaKPeu(6{XS`!RFO2rQA0^RLIKkVE7f?$|0|Z_+U19MKycdUtx=F>I&Dq_(-g?DOHyI2fXB8~j^G42$i=%(-puk(pR-oa7@h5-8!W%f6#wqjV-16&i&Fl1T?5rY?*{EQOuw?v^b5fw0y`19%M^xw^y~`GY52$Ul^g1T(j6_#Li?ko2aU+Zk|>{hb1O3p3jr)|sev{egJnpwob}G<*s3iL5w+>2N%oYSxu%57;7qy}?V(FFeNPE;)Yb67oN<7ej^cy{MX(RhZ5;m6Q1>a29p9f|IFgc%rA3YCt_U2JQeshZ1tzWt>$5cS1)-!3+IY^oswCcCV_{8EfhAQ2zq9-4>D1#kP&_)eNBRt5h-zbvfX+`z~g4W{~fa$E>Pd<QLl#3)!*Yf#5YdAy=ah6egBCN6OuaReHkpEmrJ;0vn+j?n93Elq|<mgcs;Jo%^_MXlH^-=mX~juD#p9;vra4sBw(jit|qKP6ciJ8Le-wwKs}z6_*zo7+FL&zxC2Op2~Bs)IVHe#t48wv2`I9!3;jPo8xI<hgNkZMHr|$FGWS3^0;`v&`ih<Q{8WL&j?YGo&&FZ4#UvvBcG7wpauEvB1Ia`BQ4-ufzo_^_S?lG=w2l*39eZ#=N5c&__beo9M)2_!+ASJrRHRNg@cR5b{!j@r2-ypRpNVyq&$Ylfj>iED8AF(Vm?an&SF1}<GI>y%|r!yo`cvGL1+}4jYPf|gqnhf^Z`t2OD1~zbQs!dJO_)&4nN<xo@h7}<Qq(zCi`Bn1(JF|`ng5c!*&g_Ls;*WAA1q((}R_Buy;6Jq;S6IP57{LFBgxRPhT4wA1*rXR)AH{1%Svn17ON&K)p7e2HQ>z;gTKX{6i(e=cQRK1<(>l-xkejX-B`cxshD6d%?<{)gOI8bf?f2<AD-8XY#G9HsQ%7rvY{_nDtt<NLGkOoKSP>+bv^==j=g$a5|y|x*|Ri1y!B=*Y@evG{iog#^UmOW*sWxk1wKEtXOgchm9{p*7Pu<&f|(Uv;rZ)TMjrcm!%lW79Bctf`gxESF&M|wDVngJ$)vUEH^^av~@D!jE5Rr6YF0DVLP`>^k_!N)4Xo<l){u?Y>TV4CE;cvIJ_UFU`&#Zb;J_DDQi)I2!F?KBrxi1n5bzf^tA!xdbg`eUvOQfqolCgmk92-WE^!#^#AXDVzfRRbpD*fQB@kkd$ETM!0qg>=@?%XF^Ba5%!>S1xrX0wD?!0ZC5<v}YojhD#W>+<E@t1m9;3WmOM;2_UXMpA)_zQw^3N5Q3)cZwZPjDo*|WVdlQToi#v2s1+z0fwG%-=hyMUWL>2BU|D6w9oyW_pABBjaub<f^Cbk@b(AzZO~OpqDJ$vq9++1}iwU6t9Hnmpd%AHlq9Wd@eDJIc6kOQjtA_g#T5f4^!Epim}&y0&zUp5Htj1%vEcqTHi`Qbe7%#-X*GT30Fk9$^avVK;@HUt-t&URVDrYykB+8j3F=>H^|>W0C{ME_&H4s-2t`LC#G^OX2C9Mfa@9PT>Yji-kj1Lcz_q_U$qtpfd|Yb@euVbh<^2m94W6s(>|Q2Yi9P?zQpsvSjrNIyX{3$ggj)LGpa_&BdOO!e0iq@|TE!SD)}`CWLjby4ND7=0Rk~i(6uLZ*IWA3c_{B=KL&4S(l7Y?@~ME1hR7M(hAietjBmqzo}VczPx?f`&9_Q8lTR;VL3pQxmU7_2+jB;CBWqAnSN{N7+HogdPRA!Y0w$YgJvbp!Ie(j`6nu^eYiKRYB<Vn-KHbpDtWo+LFg*kz=pR;!|~1j1MQo-^MHF|alkfjq%`z9Kug>4H9pSst*Y&o$z~^qn{mZ>_{<S+UxECYJGQ&Gq|v8ky!PR~t8>Hkzdk)($NFVT8HA-^g&98CRNpljkkWn)&166oA>J5X)F5)RD>0iQ<g6HPUPYKA{LZIDl02e$W^A<JBSf|E$jJXpezIxD`5(ot1k%6pv3!LTnEjsljgwDxZx}~(D9(n;cN*w7t96~WY6f5t;(kht_V=>n|5B!jdA&o`wx4#Ha^K2P+ZW`+ds9!*tiEB@f)NhK3qE&{ifubu@<THIwj>-qk+|9UtqA>^^a8vAJ^6?qIU$1GT6zjav^KxNm`)Y{Fr!?gux@1H&H=8DWoXE{{<f!y>sm4(tEIs?cad(wsZ^0BcMHQB?zWY~!YFtl$e{=ke_e^o8B52oF!>9AqIO7av?xXu)}!4@R`X4%Mwu>!RwjTmPBjlY*+LP1ncp(*+P*{l=)lpK_a2kj-rmW;g|r$?gIR<je&k5~w@%$C2m|gn!x08D$UjgPNDjf5hQmo@vjeVu(+)9?n~De72YEI`p?=eq$2}SPrCr8xQ-d5-zBEmxKD$g+Xpxb9C5aXM(O8?JOadDHtzAS}9Qo5ZWMNhB>IIAfk(`*_UZ1>qeZblvMp+n|6--0C6eAvDtFmLYBENuRiW@dx-Q?B^#(p+d?cgIpB32c`bBpkuNu5mLEqw&3BR~T>dQ6HZ|3Rh46Ejpmm7YEzAe+*4V@TN*tjZ8#8!Uckn<Au{U+hvYilZz!Qe^SkN)LRU;)(lHVW3c$ehbr@R|;s-HcRP04IwQms6-KUf(LEDwwR3XS#(NLJEh)-&>^JjhZFtWv+?C1Ro^fKWG5-cz=Uk^Nuxr>vQr+qNalytFMNWb=~Zh^Og>aM#`2sr0=mwW*-V`)Zs=!Za#P!VE6z4ZLV;-1{1bKmi&kvBvRq_~AK-`hH-jH`>_L-GmXQ`k>Pk1u8Xab%{{jh)X$B^+*=F(TfFWOUZMbC})d4H^KpoWIE|7|D`|;hnmo(p0#q=ekT0xg59vHP+%>);nnHxID_&NlKO?^y;C@-M|5?Z)KJRfn&(g9LF7lQ^T_;2ue^W;C2J-hTduKTPy`+h=K$m+xwIX}iWx@@x+D%dFQRJD1~UFzFGS|rVl3S#hF9b|G9R3Nbx5eC|p*Y=4aaq~s0jhs)!u)%VZ%Qp-PeY#^2DT@v%bENKrk!lmynQ}suOJXCeBD`-(W9mCh5N$zBJnZY)Ysk$gfs*?r9Nk;q^r@#=z~bf2xr{tLErI<~BhG`x>Fg;we=PbqoPOC*y#xo~Cf~353SV9-2*(H`@Ag}w?vpCAoTb_%aEO%=*g0x8Gio(wqZG|Vo7w96wOGjyI2KopEkg%?yeIr~Q<l+=c7vJw>8-4!re`}4(HtX5WJs`&(4Rr!_q}%?);HJv>IkkOmtr$-&bLiD7(le#TF~{HNUBdBOMNKXgpu6GJx#sLtH5I!&n0|h+U|h5bX`GCZ4s6}G1XH|X|_aMYC0yjQtOsTnea)u9WNluWgq5bh5wS0+lbMuE+<=c5Pj2j@HDWG&5U)JttRTIJb@NImCnPo?w!c)0}JE)v#T>(k5alWp^20y<w(^?uK73G(9QY~X=B;j4Vo;{OU^Qu195AT^eVq=EcFaER~8qw1d3bWF!LD~p!CQm+|8S!%o{=>e%+s%ilf1`e?hF2F)gruRK0aYz@v4g7NBwgd|Z|*6yJkJF_BMdVe57c`m)mM@m<R@dXyH%>DPU6`BCnPmY~FU@JmI^wB5SGpA4!r6h9g`qm~Lk&b4`YGuAO64j~w{_0xB8I3Cu>W1E#LIf>h^M&M0gP*o$`*5Nd-*@Q{I)5?I?8zN6LuB7Jl*-QZ%eTHu017dR|M6>yu0b!z}VYqC#>1T6hoNS0sb>D)8gh{0ccG9Q>R$1C&u+4)G49B<a0Ya?0gSTWVTpX58J4Z9!Y>2~Y&YvJ$HpE)tP7hj$$w<&l3e68N4EFtT70VVn=_gffjL2h)nTh+dOJ^1?xxwQ?mzpBFgn=nx4MKh|+3oQL(oyhKrSw9-{JsivxWUBUyo;SN-J%pk801MDc4Iu5QHX86b-sg?wHKazzQe=7)Q%s838|#>{d@wY6!h$Vt!t9c9Fg*76HU>~h=o_X<BgZoH$kQIl0SH{)zd-$q%kvE0f{xqaFAkdOk3zFmK^Ynbfvg1-je)s>2$wmovFX>FV>J-SdDKBautOAJe5}!xl`hN!7`eqc}caE+)axp=8)Hv2D%n?UZzs%6f9Y{sK?@Vc<}Ej_L<wYE`J)P`%F?wz7TYh-~<uMLaBsuO4R1F%Lii@N=*O#Dj`0^t9aXX9LA1m9@RH~zjQDafJUqqsEzSsh~YqCg^vp&WjNq4(am;|847BDtQak2x(*BS^1y@dMliF*ppZ80{Y?IjzHmMX(G+@%SY6N0^zPaP+LWe55%L>FTe+F`r^%AD#EZHihR!$7X-&!~I{!_1RtKSH2OG#-U-+YqBa0wVF)Ewx30+7m*#M<n&yCty_7Vdgdp<95iLQ)<EAF$ltI80J(4UG|q_0r>s_PYe01{fM7Kab()k%Z>9zy!sq4XIc&a6rrOy)cG4+xqKsZ`eu)TAAll$EW8sA?+#t9?{bdIs;}!Bi*&jr=L8<*_T%H4D76-?QrXz!>?aSkMhj%HfP6f#R*CAXXL!Qi;l@1eK6ievbC^&EuUwIsUSn#{dBEiKIPbr_XEt3%P#3zdMA%y&0N7cp1|#&LjOh86E8B3I