o7GqR4nybs-sHPaZmVcX1s#I?g`?1Z&lO#)<`8!xfFijr1;i;^1EM7`j!{K98AcXQ7g5~_T;KwexEPGS+M1?4_`J^e`}qCFmz>+YGO6*JOoyg0+czl(caXXc(7}-fcqTrAo*%T5wIsbGl)NE*{hUTAIuvGn3NNc8LT2B;(1ru{7~<j#euQCkfR^=Z90s(<h}%E1#Gs!L6SoZEeI#-(1l#Q{W^jKT-I?`;LYL896vKAotsy<(C}VZZaqbGzb-OuO=7dc>jo%9uLC)T5td|jC(W~P!saqK8utZ+$>;LFHb~4b^;!2OQn#&EiWVfg=P4t=|B5Vag!|^O8CY6GJF}UVf74bVKe^M#+Pef;vS$_qdN?-zg2vXO$ER{M822y&Aa5Xeas`-?~{d!*<GOVwLxkr8hsWkzMEZ9XwxHq&lbH8ZPs@R&f<@hjBR1Y$&!d~H+UFiOUg?YP&oF^{_1W>AsF>!F7w^naGz7b<o%7>{l$KP!ZDlTOm@3IQ3!rW{c{VZkQeu&cYuqP8HJVVa=3?Z-_$Jg?X8-s{u6Td`}vL&GoOjT&e4TWHGD~hOIzG;lsB8u(Gs5i~D%8#s5vNtef+%76f7cgcDDuEFlr8KOkO8e>;(+m#8-mu!s1rOq*NywfyX?;|GwrkxWu*tUUGPUd#f&E(CFzLRkabP3Gt9VH1!f29tP_`_XeZ3logI)wEb}QR>P1fvKc2&H9hIJ<ON4WeLScq-|s8<AnXzJf6TrC?3k={B0?8iNwlIFMKt&qIYu`(bwEms}PA<Tot|Mx9F1?Gp%=uAc%J(_z~_;ih!&_P^?<D}Q1v$-qj2*c{8#|>9f_TjCaL?-(Lr?i?i?*BdbA!eA=Jz7DR4YRz1&1ZzxQeOe~4o9Tf@8q%fyLftt)nbAl5Ui$5+^K45m=CREu8~va6Hb0WVFW`t|7lq|V^+a7%dk_?kxE6HPc(Y<6lg;oG|tN58!4OEBO|K2pcDHPW6p`aP#klx5Ix*f7Y;y&5v&X>5s7oqe!CPLskY)vII`KMkCJ?;k&_`k);)G~p;n^LPK1TQ?mMV<5;2*~nM%R7gjOWQA_&o~*Imd_B;-*8_T(F|^{LAdFISC%*@_mdHw-YkhBmex4_IQV3}J&y7kS(7Jy7b9YN)P#1+Sr`m)F*-wcG)DkC}%HG<*iwox}x>!S9nNoN*DX6IkOAgM+QP1!84Kx9<ef92v<3>s|;U@n2zI#=(Cz={Y&Qyxb{dtpNzU`e3OU57nxyOe%kBU@CGRO-(8R$Z&3{g#6YK>gJK@oEyg<xEGg;G)h@g47lBl^4lAsqwq!G`b08`#w1O%=q@kqIrJ_ZY0bRjew?;MAfKl&Q@KMmU4zk@MB};1<EgTnq{QgSp`DRmC+>~yje2hqNJij@UB^qcec`hktej5Z5Bu5zemZCgoARm~WX5;YvO;%ez0Vx1Pm#UP4ISBlIQId%I*re=2>!=$Oo-ZhW(RUpzBA{OqxSIMrpWV+LPkD7O8l_YhD7E93BrnY%!_sS5MqxstiNb#`beq%J`_@NoAh6XjggWZ;0Jh$B-n}`^Y2VHrZ|~2%i9Hi#=(!=NVNy-E=!h|54)Bb;SlilV5o5RDWbIY+^6jiK;Hqzj)AU7z28e)3a}E2q|NRY;hSE6%PDmT>pWTWJe&a$0_lOhvQ;h)n`oVL9s0MWPSmx;IdF*m)G6hypAn79Dt`+Iw4LW8r_YO7u_B$0Q<{3r4{41+hvtX7R^Bv>J{4#$?3P`P{-VVRv=5?AG?LMxE54c-Op6iDlI&^2@tK*(#JMMYUQ6+2%e+_g#I#mjfRK0+5*9-unx2#8($jwt{<p6mWM^Y)S|GX?@-MN@3}9;FywRm-3!AX#t$KHWqB<li3o2c)vOH49HE;I{r8PPr(ae7XMrbzV+i!V-4TtcT&#oGVMXaSU&9;Sa?A}S~YS!82zJ7^n?z2V<>}+WoPC;PpH73NzpY08aYFcbz?X+D()q_bM`H&S#g(O}kgQeF|sY`*A>c*r=P3O$p@GOcYC;?k)a)vmJGTq4uB&=+`04j07G6fAkQdi%GO#f-tbXb1~BK@6_S9=2!xG$!Dy?97PO*fMTtrFa#10A7Q>oOjSZL)`gxYxi$na&OJO@_C)Y!MnkU&>R_3doUhH;9Q2#7nHv<_rgKT>5+$e?-v8Z7<}j9I=-q