-kIBiMtF3x{Hk-ThdIPABri_i#TvfJ*?5n6jU|9S$bcJc2cCos!X?2#Ie~<lLH-lzG5ccIjO@*;8H*q)EM2eSQh<z}88|@tUp0{J?EZc}>Cr5wmW_M35IQyBQg+_L4Q8?$)iLDJ=EzeZCT#%C**<aBM%~w7wotI8wW>HM-O2vX1M>FGX~_i#a7ppXy^0=0*@GkTjN7<1@3^FWB{`wl^l#S>+5V?+^NmA_kzUnVURoZLw9AgEYTQ4Qz@D=(;!T}l2QdV^u9OY1_vX@HA#i`1SSQwDy(~9Z+}vi3sB@DNzl<%;wDbw6a2{O;m`^LIy&=~D4VTNe{Bxox>x+RsuBPzF6;mYxZINt9<rPQy1xJO;eoNY>5_SB7M}DLI0WY`{t|-s><t>iOPFn5i8B>f5suH=;@I)8n|9n_Q>oD((vFJnSxIrcDg(OK{gnnNqjo2c6*4~cH2TcznheMi%K-@3vDKf_tUd+Z;4iWx>O`?y!NVVKER>pG>P_S1GPJ3gl^p8LH>A{#8`S+P(vU;R=v>>jXX~@fhw!hk07wt8(5!3}5EHK{L!f;R9_tG{CAy#N$shmQg*kS?$F!xj$c_gd7(rIKf_Sy)fwS1^uy~Dz~-w|ZjxS3AXQgO<G0PNba%L}^m&X8=G`BAaElA$Vio>rKxkb!3vmQ=ItUDw-ZSq{r;)@dnIrzU4O<ZxGDlsy?0#ao}sHyR#JbiguHk5C*qOSe-`Np5q^+<2lcWx(n{IK*>#Z>1c3jl}#*v{#^!I%&TE8NvUminPN%qA3jlVd4D#N3){1anK~c{}*@lUk9{~_m*9N`q#bJ#}&x_QJ$eq-V*vJ;7nKdX!D3Y%A46ei?K`cq2X-|6X1Al($C%bT-IipVP#GU2#q=ndJdm`7K}o{mdqQRpO*5fA+Y%hNs$$59xs&qs#snY5}pT~59ovCSnXsPOwSQFVb`#d=FbDJ#>DRhm@;b$<VAchG~@K%ujGAOcvsC7ZmLdtT&O&;CHM`#s1Hwp#aAYoDwI7u57ZkL?D_aIzEW+d)_6TF5QG?rPPpp=cCv0N*dHZ0ZR`^mi+?oJm~j9qG5AsW%y#qGPZz!acpbnvnVSy<;O$R_z@oyf1L}EF{#+1bD4+lKRW6Cn;FzI-HBN$Ujqm)&vIW!|9!cqKwRK!)f$}%|3M<)$jj#ASSO%h;F9IL^iT>P%;yfA>_rGj~QoI1D4gHjDG(l*CGRi?XRZCxmE-E(MJUT-f5T-Z*9_64p*?ct&pO)O7#k%T~W!yIT9teOC{?8-q)S#8j7MiRHQ_}O2U>M|vjpG0!cT*CDn_c!VmeQrj*7wv@aDvlfd#|xO%`3ve<3O3XYH#G5ppFfaE`J!lw$Z0s#2@Vtj|>UGkvi}!asYU0SxhQ8q*V73r-Nc-?vWU53J?<Wha!%?p|7{V+yIAzJ>AgEZNfv~$g{nh59?HY@D)~w2;c;JJ2KH%)7j)afK3|N>(nLh@3e@-LHNaMZ9$br%No`IYD7VV)wJttynt1P576chmT=86bDuXT!I9}VH14ct^lC0=i5)!u>VdRw69>0}ze1waX%&j?t1Ne!ZQ!+y{8I}DBJ5>R_yvuYg`#-r*Rja><{pY%y}cqhCYTcO&M&2k5_*?h@%k4g&6<4(C|JF$EDRV3m!4iJ*$3s=3L@L{t(5Ni%u^#|qKgO64_}RqLZBjcEC?C_$BxpQ^0fkKO6!?2u-pW?^7Z@Dj{|NEs*YdWY3YJ717LLfm+@M{rO_&U5!nZ;KD_D^P*Y2RlVVp3FtO+BFs*PAfiFSn$0yR3?g*P8uuO4R{PGd=8H?FGXs|YzfENV^gTZt6rN=wrGPTor8_*J{_wcr2yT}hJ6kS3x9lC1yZgdd<9Dvd_-3eMaUT)=Q^hP;w>Pf$0d;A$D?Mv7~m_c3ilYQcsXSvYYhFYQ43<$}+LEF<FQVDz&XFR3>JT_EYq}+*pnMT8!g`z3)4D$0Ife{T;IIY2j9E%P0)MzIt3NQZb54Jq#3%gHBEXFih7OElrN>5PUL@IJWRh`xL)<q;J3%jB$&>#z+t~eg7v%*5Th$)^G22d<cM_v^Eq`_>9wDd1-r!gxPi0{kUk?(f_7#HI1?e`wcK2hedEGtduObXeJdlK(NGLV(B)k(D-7UvFI%hPq;loM2oZX@tJY?}mqNq?9YDo_HNH+OX5