)8B2HK{ZV4)*x$?&8vpZafV)J>w#$bGB}Dv$}64g5u)N<cMDSO$fvpPHtIVl<RSiH&LOrRh5A&1N5#zqBF(3YOVu)j1P^TiLm2>vS6FJj_C>~eLDlLttf3k(x%2*%Jfjcq+%HV*7$cduY<@~f=MlOt%i1Um;wUMZW5th0;U1Uy=iWlv5F#LH56rkIcPmM5<&T5TkYG9*=uIf$m6UUUqlKscfk`W_TyZyKr>l>!xs$JBoz&!e{olBfZ9|Vw#vy|!-=?%j$7^=tUi3-tSq~qp?jrTQG#Lf+Fo2?$F|tCw^vG-{`+~J4P+lYgHIW?;idM`Mue&%EENN4*hf}B>i{=*;X<|N%S<zTG+C^LAr5nWxp1Im+_5%SWwlvj11*s$#6{??~+9kGxcl3@K)26So*S&aCS~EDHy~X^?WmuUY=y-1xxQ#JMgIY<}W8xUn#51^3pr8mulscr~t)52aIVnpoA`<=GY1mT8RC*`1Juhb0;>@npknUCF=Vl?J6H93>!hmO#E^kZ^5_IyVKF?p4!O$l=Gjo&3#Vc+9f9Hyz(h>iqBk=)2$}{0QJdoAx24yJY+TW>A;9J81wf-fjSDHC`$NqU07nlu+XXyaKj~wn<3S2-{=-_rMxd?H)%<K-ewHuzy+iYewMiXfm#lm~9jb&@u`rQb|{h^ofAF$dZO~W&*nu`Stms0s)Ys49*G0&t&MQ)5`Cmr!)GZX6S(>s_X9~VJBuqJLkjXAHyrlV7e_vMj~-<&B2ncZY1`Hk+NdXU|O;hgU0!fn{M%+PL%AOyp0E{r9%nH8J0iIrTqAf~<C&GE)X14<0o0suGD+tv#l=A=1Qmyf2?sx<OB$-KYQ845UcSI|7)Fxb-8eAx!E*^E<@r#zdNniwSrC;d`nYA(TnE3fLPL4U3fL|N)uF8<HQMhRPOKy)C>T6~AYV-nZG-zbdaYKPkbH7`Iptju?1jEJ2&<eAEzhG@tbb^76lnUI%Y{8aMWyZ1jn&RZly_UZkfWFM$~x;=h_k)f1#a@Quidg!GEhvxh#%OQwMhN-RemdFxV7oH`o1+c0w;e)*|7k@gJ+ok~+)i|5D{c1E|XL{pjrDBiRduO|-3aNluIo`0bOcIG3sjJ*@$WbRWb5ZRXmmQ%4g2tgltAan|9GW2(@<M!QBD)+9?XC&JJHzq3gI6q+LBV#teDLttLkTc1RdzC*teoy3l@mh%4!JP|E&8-lO9IX$cSfQvI-=zTCU9$s4e4JKTi@oNFV1;o$V2X}m+3*7ed%$uXhtOkP&1mEM=&3JcS5DG?I;)dXJ936MEqMw1+9}%Jc(`m=O}^YC8R8P{~(xn!1l!3?X9NW0PA8@c0twIWF?DlVxcImNEjwDHMm5z6oeE1-~%y~LK;kkajRyP1dTNcRUG}&7<m2l<$49hz+ZP0!hd_5xO2{}N*41;-@2X3R344Nc>auaI-xyRf0MWx&EaY!PLnn&a^-&W;ZQx#UPD@?IqU_Im~NG&WDOf_Jo*AUhZ9wl@eqR2wospG5P(zSC!roD4`EnE8Y<P0rx%G%OW`NTm_ziSD$c|KxC(YIog;>!lh~nw<aQZrNQMq?Wu(SaiCi3g;m_Z8Fh|^3Po}o<PO^TN@Lz{v2md22j|gkgQm*Do&UPgFH{&LKrpt!+RH6APqrza=%f<d9Kbl|04_UKD$fK)N4zbzSYz{r#deh`oYQM8lI)2g-!?ah6vhWKa@-*tDmVtMSsMNjNR@>mmezV00vP)2%VMA^o2RH-n>$ovWF@mF}*aFc<YyR1_Dfj$My*u<^JhwcEL)~e_V|lX$ThY9pgHipYPR66!<<j5<spp+_Q^~x(?n{}XrYkcB{80rq+CLIE$ZqF}>sZ;qEqIZUL_Qf*d{}T^HIk=#aPo-+YbZqrFrk@gY#=i>!YE}G2UUW(E@Vlp^i3$##i}2TOiV486AR_ZlAj1_%$Nb;`G$WnBP~Fo0iMtHIQyO^q6_;!J|*CY$w$6;YLk#nKOL4wr^SE1sExaW8u?Wbx+|!P+QsYemL0cI+~lA&1Mri|aSjuplIv5SfCB!Th?=_2CiLGL*vO~zuK+1$s|ohU>O$$XgE5^)OR~%=6tfku7JG&=A)t49+^6;jKn}&ADhfrv(^K6-TyS$MW&2|MlYLi0ji=C^9P+4!2S`8q@<z;vWJ^xI;{}*PxO9vWOj7`W&s|9{3V0=$1NXvBn;BRg+nsROH4FwGRahLN6YXS72OciLb-m74H84r<7G_Bq-fOR0!*$V+GQlE<&&t2(Vt3PjhM+?t%|4wKCtW5tA9N;;7o~Q<SqJC45uiEb1j5=N-HH;uH6F-a$iwdpZQN>8L<Xh*Dr;Quts;lFfh)v{$LOM1z^)t|dh7wm;j{u899e7X?B5C2vIzQk<J-(ig5{R+Fl)FB^Pmt!Kd6-_bJ}7f4Yuya=3pno0@piiEWdBHHPx%ey(gfdf>0`*d6E%<uaB}#wMH6%ujR}{K+c62yN9GW2ybryLC9Icmuj|^q@7Ez_t;^IKrRG&hLwy~5$Zs}AQkmaff=$d82t~vKmuEZkLOS4o8aH~ri7`n-izArMhKiB(O$a47y`t3_kXm@#=SBQios75pN_A}%U7Ja)=5*FMR87t1^NpaUThTOLmRlDZF=44_yr<>RfIV*f3#gFjbM1#@=&mX{ysW}J3(V8%{!+>6KA`I8^X#p<D(lPSr%OXCci_^)@SwFFj8Ktxge8wdkpz}%|jU}8(sOPoF@)d7&NE~6ys4^6ma1POv`K&yI3<GYl>y3@J<p*RG=v@;5S{*8gvnRCD%5i-iRal%1|v|%g=1^MU<mrlSiwD>{bzXn9tTAE!dppzcV$(wF>isE?D8EDgcNPo-_na$97VIj^BxB=Wgeds#e!bG{HRQv5i}OX{c}}*E7t8g9{K)F}(2R{&%Tx(iTvCB)u*YCiB#ek+sNa^Z?Zx;O$Dc?p={P25Ud0Cm(R@y6*<d_)vR{)u^H@;0$k?(U%2e;-LJH3hq*CZmg(9kw7~F$LDHJleBnJti?kz$~C7%z!9s#!MK!m9o>n#y!Zxuh-by3?zs8B4G-R;<i`qyp59K-6oUU=82?sLB<>)zQa8reLVYx96_E1MxQP=n4*jxo;iwMFadI8}bxSk0;GFI-SpLoBDy14g2&gZU{&4M|qsZNqTc6N=u>N1Dws#<%7QWEKhz1xr0b0Fgv~>LNm57YkR+0mi>Z`Ei+J!JIY`Q7p&MlkYht6My#zY}9Rq{kwHfsU*<t;PYF2l0&^oKk8h!muLg^b_cw^J6ae%V+OOHcb%Uy?qfEq8${z0W$Eu4-bmC2ZhCUADb*9^=@N`84#9#Y)n)T>eH0AB|+vw&M0=ww@UjURpFWk%REj(Rr(0D*rT>+;09xJohKPU$vrOcjIkgVfK9NelesTmDe{pNiV%%KE>dTh#x{^ofy1vSq<X`TGe37PWrbJfu6hIF~q$$esnZw%@D#0Fvt;aPq3Q{Z7>E(l3-4oMi@P{7}{HXn})>L-uxUt(I$MK;T6!BU{#+$X^>0rTMQ;&cXxJ8cC%^p3QpP(ZOC!av*AU~d4p;eleA<ki<Kb7FM7OWALIScw?$GnVEb$9P(ALr^E{2;onX~}HWJwx!;OEc_;m6DGb*S`aX5iI^qfqoLH3`49jLx)P?jGK8NWX1LW@$IF@VTNFHe~wliyy++?&UvgtxJ=Gs0(ay4VZT5x6HiY>o<KsBQ>)*hP}f?4h%%z|=dF7jo6$Uwa~6?=yGGNxRUqy6^gd6!WJVQ~?r=F$d<jgJ&tW1+6iG!e@9qvk;iP%F1=rrPv|Bp&D3TCuEVu&WV$FrlJkr@GCcPN#k*~o)4h&pW*^L|KCN}*4-PE0$<t@x%pB<8jC{#dpaZ2(rXsRg$Hk2qVo)=+%>eTzELU@p4{dD8gNsL&wxkrSwY7Ri*gOP<w90F{*T@)47WAMbv)Q9tmy9g(2Bhc#?$fCv>XLkIi6^>=GD*PvWjM*4&b6&S5)C`w;y4uSK%wjXF7wcKzo>6e|ip#_?h41y3I*ZK~ex^>LN`m_y%oHP6is|ak0E~7Oj(7?>bJ-;ea-m=9qDMjufsdgMRq-((fP<d>5=8fru=AJj5XU`M|8nF51!yl02u4zQ<@RU*cYwYP0<$&{!IJEepJzJSg(wF)sdpzvU$_Z7uJ%*KTk~G2d^7S6>84@lF1!Lmr~stdAdsv1uc|1oQ(>(RFTqQ5v4gv+)gYEPA%>`Dt(W<IwO=t2C{U6xR|&A)1#}7D#5jk^xH@UOX4x9**vfihsek))^mkHKS1o(KnqHN%M!v_8kb3*g?d=>bH|gEw?+Zc`d1^A~P%RPa=p7tTf50c+QwbQk~$|GTO@oab!2rbVlp>QniCa?J*f$nuCby#CNQ1{)~^ht7vbMO@!)@1%Z$Qco=-4igcwz!tbO$`9VfU;|94g2YYjh{h~g%^W?(zQ5@P_4yL1a{^ZuQbLgM|LLA#q&N-U<Qc%u$(aIyj(HTSB#1F&8JL6fvfBm03v>xNoQNnGk1ioSK48d)Cfgwv3Ecj%NkI%wAjy@pzR6bAHQ4gA))IWVq>m>s<md`-qGqaAPQpWt;sOldU*wSc^!muHG7`r$BhJ0cgF>aUf0HN&0vhW%()c4`c%=I>q12+aC114)!O!fBjNJSH>o@PSx7t;Y577BW$ZvwQL#;3vSxikbE{tI~KET~-WA1?cz*e!$>!zFsH7zk%LGf&_R?Bi9N4|f)n?C_qFdANosq$z*@0K6@9mPh%Ee^ItXsRC<)%a=Lx_NF?i3CZ`g-s&r$o$C_y<P%0I(_(?Th#!I0__qzgB-L+{l5AL5ikK1Fzre_!i`owwh<m3zG75|9{MQPA?;L)DkrP+nb~I#kBo**NF$G%=PxICe{{*~tz)(~A4JA)oyB&mBRWK7|($(IcZJgrkBHg&3*&NodvOKF$eVW+$SF#ls5RnkKT0gZ>w`xSJ9GYqV*Hg#oQdGrmhfE4D#&iMTr|bKE&lKs~9L%Y$x3HJp$73k%yqEm+`)UY`@RI$|{pKNsDN_xFQ~_ld%v$ke%j4Aa8Z^w2zQ(Z2;QT|XBydW0Rr5Qxr1`N8c)qGS+N5{ZfXA3Gxx6BC?LToC-S>7rU~X;&1X#$^qNP#ZC_Z+laxwiEcLbXc?&DZhhoFmUPsCohi<sc|!Ixpug9l77aOu1N<-YDnpTJiy%ly^IHv5XiZ93_D!*aR-LAAF{A`0^CDj<2|&q@aVB1qjE7G-T_pDHHAQpaQ#z&!;c>F}TI+@w0DD{?+tM@*49RFd-kTS&bSTlp?&)e*t+ke|vthH^akamC3=q^;ppge2|c-&WrgX5~-fQP`(w;)*Ss4AY}h-HK4_XB8%T$WUY}HCkZkXsl$^@wVax&=jppa_}rYX3d9^WtX*_(Fre}@mFC2vx}g3`E(0xvz?@=rJm7?1}4sVR6eGtqz|uN>NOq(ARp7Vpwej$&6risrj3v1izK3N>t<rjkee^?p?4QAR8V0-oE{zJVyw|~2+<O1MCL1Ls7uHD$=PI8Tno>dhh4;O5tpH#$z^|DkRyx5RuyP3>`mJD=M22S8H%SFrhA|d<wM@1uZApt9?keKD6-NY9;O;^F4lo_{Ec3WiTet4%$n<xxk=vEuOP3tfhyY!YeyGRClWh$sd3z@2>K||xOnY$af?OQHJHRt7Me&9c~2+#0l{fd-&@sM+72bTbNL1I#;Eau2e!thz0b#24X3g~L_~vKy%Hg^=^FFz)vSKBA^);`^-VIsm~u>ANnE-GD^?ds{Dji{ee(!dn8JQxNM2q5PuEyBidBw9?@;jdO#>Rma(k?8#xVzMOog3LDnSV{axnK?h$ZX2G62}$YwApA3;L{?xi`+Wio_-8y+k|)J_#F-{3O+HFvQ6h;=d2GfoQ{dJsgi{!9NF?u95NQSm4oc`llQc98>q6+DGE;I3}oG3$CCM=(r-^Ty4;T<uTuG6t^Yw_!Lo^d?RTPF{{d~hl_;X)XGuyb4z87D$PvDkvMgED}!<8^1}<VPHO39fqBWmlxWlUiVx`qBWjo|#tt+Hx^Xy`l{NJMS*@syZH~uRb00qhHMOBsN+p`|c)iQl&XH5@|Js-y3lKnoG#8jn_DM$wi=BjWb*yeD%;V!#o*?~e6nhBs9%8vLF&jd;0RN?;*+@M&pOl?W&#S^ye&y3P?knz0=D+UKJfHsgNSgj>i9yRsQr^!b9R1xpYw!9?4#+5?lz$j1AIXw;Q~EK}A8&OAE?092lW*eETIIGXA{S|^DwR_*R6dQl@HGFxhMF>+d(FxodbPu|&@iio8Gid0NqH4MNG&GbPxwd}q1V%MrZsb+@OXt{5xv~)n$=E42kuxhAGYDuDOez6Dpu^z#<d_;HG^4mn~0`Jo{-ce>-7<N-ol7~DAcN*IN-?u^e+94S6ZTe4&dOlbD^hJl;nVY