Fkv^8Ce=Va+J4fgvx3W|u@C<Zk&#=c8oOs9RR<L0lU=dw+z3?99%pirDgm8dE!iP`i%|hs`Z%B4r`2t?(bI`U)C>gcbV*j%hP~@!R3YInJh7-fbb_=re?ONLBvecs>%Tb+y4}RtV@pG9tbb$#-FogF;&vMJ7{YJ3+r=xH9)Q^i0(|QES*6wD&UI1Ci~`RSizUYtFMf@+&%q=0P*frc9pS_3ZEAu$-i{s@j@cOjMG?!Ea4`k+uQAMm)4Yc#RrRs(tsyEr0`XhX^r;u`GVXNSh#a>ZBg*>82s-0CKdQ(>(-p~*%6Dv60TU{bN!BENU8aSbZZqp7Rr`@s&Pk;$A?@%ASDoo3#xp3G&`CF~;ICOSBHS$73Q@^O^RNFCElms)1tKYv1b=d>Qi$+PnWWh8%jepkVEpO29X;1L&pRIu(!qolqAgDX_<J~_EcC-NyWE7*q%O2+%0-88ea1JW-Y|?%ZpFW#(#?fnkfZ{@u-lu4-m!Hs!Mzz^7%73KRqcQ`;9KnLx$sH_YP*7h9bR5(H^l#nffPkqCUMIkP2(Z)VI6u9ylVrNO|y$m7J_lQZ$8;~*Z<T)D4@a8@qoSa(uxI5{w^!g(eS}S{#8Ik)dQW;@db1)V8)%<#YZpW<wYjL52JcAN}GuBU=o8QoG_e)u%OS?<k-W?eQndz_GsUsc|jH~(Ah=haHB`TV8>kY7(d{dOyU1-Z=jBC+CB8NoC{EZGA;MB!id6E++ckKmii{BiEp(__>W$(@r9lt8;d1?m73PMqS`y)bBmnikY^dr63{{A%3Xkd@ddD$3@N;5h=_>{#>+gx@sA=gjK=JvT7?)*vR>E(-zVFl+G+q76rYzy0aij@R-FCgUiT%e?#;LI<Qlp7xM>r8$Ucid%u_u;Kjm!1U>3b8Hb^;O2=oJf6FAnk!;{F@aeQ?lSq<+vj%m!Kjtjv<mQ2A;)QLYW1P+wMY*^}V<mCe8bY*H6#37CTvKvakty^_cH332?0N4=MVYFyXEX4WbXWrrYuHgcaG+*^HHo*<LHS+|YrLYcC*O6kMR#lxsAM3-=9=1heiWO}$`e!Yrv()#ij4(yU<<`wgeDvO_LCo#VxU8Lfmj<uQt8+cUc^J-;MVVLXjCDS61%8Im6e8m6Yz(5|YDG1as%WftKf>Cv<jMGJZd+(R)-M2}IOj_EhZ+WOsUvosqJgwNdd~s4hk|ee8g1|Qc+Mk(Ci)5{ekSDjOvq<2mGRYSC((Q|8)3?&PZrI9Y=E)?rbe`e6@Xr}ah?^W4~u0;-WP8RcaQC?D51s_wUTj;Z{&f8jG>AC_D$i2-1rg^#g2&gNYPdk{s=BR<w&I_27_FPrO=7xdPKer(}f`+8S4M40*WK4eBN#FM@vym2BvMVa}Yg;Y#Xp?&O6RgXvL1JPtp*d1(K?XH#La&lgZItwv-CPz}Dir2Ly8SMXG9bJU_hyKA*Bcqz+2~YoRg&N!6(bd_?l!0s<WE96mQM$ZeA&R<>ZhNhBDk`kYwyn%iHxpe8p|P`orNz|-%gIQa2@x~*HD1nmYW;}w$a`1a)@(k)<9N#3ZoLV{%Wy8O!_92{YAIPHseOleWPq^!PM)=9;VvjKM3u$UM*CGrTO!F?pH*p9+^qV4PJ%DFNq$!lz-Cxv%y{Sm&~QiPQqAEc>qPh<|g+*pf}BpPFdd8ou!Q_59kOJ$PyV!+ZHdSbM{O_EIyv(Gdv%(^T8j|~JPI8@>fgM(rY&79^Y6>-eWrZgHU8lX)rX?RMuT9^%DAE(6hIMDP9xl53<v6lt)EOqmiM&a%8fx!)qmup1GD_s%aUcM305$(wM0w@nIk{Epe45NH$jmf!of!$fSzH9OHky?qSP@e&yDF$=Mu>^JNu&ICi>+bI)2>ovrOooGc@utS0pd{#h#(zTm74O#?|Lpbh6zU#O@}=gszO>?hsR~U7Q{zuiXKaTpcKe(U?Q?@@=~&b_fZ?W{B98v5HnrkrMzm)afk!Jo)G#}Fh+9KjSlb^c#hphF{cgZPLBD1`nwH^LxumxEc`47snNe)eBYcS1I@ZzUT#OKnY3ZO(=9enD3xb^uU?vs`=)*c|aiNEJb^-0NdehZX?3tB(=8h(OGp-}Fx_cGNJtIhWZ0)X{v~DKyA!VekYnn(^uBo+(LJ&3~F=n>p<#6NS6h$#Bary9J;aE1JJk8z4TY>lyGJ^YoopV*_;55}geu`Dfo`uyinx5n{V=qQnCOh{FQE-x}sTgeShm%;JPbf1O^awY>530CDC3M>woHlNU!{BB7<<S|ds-DO)04MdX%QNz#xNwXQkk~%3!+ApH8ow)doL9af*+eK)1xR!syDU50Bk*~=)l;cJ;2|9GUDLkJyUFrR4ZucI4nJABnvbK3D0w|p7239>Yp0<Zxz=3CAGo4m^{fB$PfO4kVOkQ$M$W(i$}Z0wA$*svpk`|72RbTe-m7U|ln?2N)AXI^bV1qpMyS`u6x{eyITN+u_Tm1x#idw_aoLbXB=%&LjDmj4ZF+Gw0q-~_(Pm&M7whtTj1fWI(y7Hr#X#ts7x07r9@&RM%z^`Be?;h;Rnl>TNCIcd=N9PxDZT-AlO$e5A(IdW{mDU;4iNaS11j@WJp`dhm)PC+-tsFS!aiA!!pp$*Dh7KW$&GJA`!x78A8R~JTz#5Gg*i$(FN=vABHwYQj9q~)Rd3=Bmy}$C<?i({3}J667OvVRQ}{0zi-)Xii<o@0jNPvzAr)+`MDa+Kn7cAeQ2Txz$F<DR5%6iX`c6BkU2CN@{|y`02a?hB6k!C07(^bPwMVpVs&Fa5c!rMX{GaNFjEG82^$9f57lBD$HZBqR!N4GQ2wt=^AXw!!$1ZL3P13)EV<;DjM5S?kP!@C8KA#beEmnksmvy2V+Y!^9RUev}4%P(9`97ka;HZY@%D37RuqRkP4cEF~!3$AcFrV*1=%9PH_E|iio@N;Q&`?3Ve!U=)O}OS_u6$92bTDNzq*3vW)Y*um<5q&XMBW_w#3>&u8Hiv&R7#fIVl7L2kf-rU-~}Acvf}^g?pJ4My9O7BM=`m^?0~&cEh_;dh2_!T%2AA8B{PJs_+`w1{tI>ChP$k5lOs`1gdw0mA8PMHd-#5VHr&sU(GLJK`Vixc*ES?~_3*g-@)S*v3$q_HC1N-nsLDTW<}R2hframr@a>2PLD4id-@NXGog1+!Etv>g4RCbx;EycINcoTyI_(hnBAdL~jVmC%c3_%UlSs<Cb&<3-rtmthQPa})NE&NaT{y!sE}Mk6Za{z=fm?(dciVso(H%KMAzR==On=;iFq#5y&;7$O;D_j&nz(jKNY&I^V2HXB@<#MS!v`X+?+GYv*w9DPJ9lesbHMrnh;)X~e5m$F1pjZrOrC^8iWia0BO<oRNioi8<7^aT4u*uR!s}Um2vBeGMN+0_5O*qJi7_`S0eaEA|G67gV?**bRQpzVaxI&kL+cmlEbFsl%5LI%av8+)g^witpp@OgEW7@M8HW>W+#k0%E{mI7at1J;bHm*cEP618IsMmx<vI%Y(w%>rc2Ggwcun<F*y9f{k%~zZ1;8N-9{U3q2p_G2l8zROVeLA2cRa!jwkZn%uIqS#Tg>Vgi`@=)cUKi~;2G-JCshWlfes}8a3#b=xw@_5!?wSWl}K4W|LNgpYuKhvrGcK{*&E}$Xur_CqvUMK!S`QCGM>aY7do?m3Gc@%zS4x8Qy$MFLK7aS^342RX&P_ll%J`1Xdw#@>??lDZYQcIO_dm2xZ_^*LTPQh5qzY~CAU5h;W5^~m)wMY_-x1+q@<GAXBS|%ox=a^8V-qXg4k#~tft?=&(Mazb%`v=l-WDXzF6oYL8N?o)Hf@U{;JkqXFJ9kbqi|}0%)@UhoNKoTt<v#y8~^hcm8d=N_2H!$kns5&Y7VlfI0Es54LvLO58Kg>;#&=A?YZ8IiNS+K7&WFMo$Lxtde!9>?@m<9D}32FjS?%Ek{zp)@Oz<3b9$rXtQ@EFzE7%XLXI#Ddzl=3t)%hIr-F{A#JP~8gL`RoEN5jxYApmExdblPl6h%|4Nq+*4YIl8?V69jN^sjWmnBrFK2hV@N~Xdc|o5&Ay)1c%+g{t6*jFy42sK+Bg$tfgxh{&Ezv^waz^XbC^6VII^!B9=<VZo8Re{!{2Mxv)VxVT&gmt1_N;<WA?v>1lh2<kxQYsugRvclj4LiaT5$lrD<d)TT?MbzF!@*ZqL2eW3U3DlPC>fMVkFre#glje0KxHM0m;nhv$OR|x+@zGGoq$`i{)o5+@{Cks0l>|?cO3)yRnY12Flq!=+O3AM*|q~di~=S^s`RmWqr<J<Y~pl0>(22{@sE;XT1jv^qT|hHE+e_WyT*Crw2zmwS9IQ;p`Ff@-INENT6?%zH9{8L_9hx1(zN#$HoKZKWr!jM?575Q+HYf)H;ATaff3%NG4%Dar|V5uel+T!znCJR3$XqE)RrR!V3S<xN|c~NmFH?*yoQs2^VYN4XQywfP8??2C@;pdR3Y5!Uyoor9tL_V{)OWW5h*o`OaEvG@50IXC(pgx2G-N@8A$*er`t|_UP>EANI1V&#xaG+bS-KojH27jz{`9(c*oXZXP^$<q|?g0L}$2BE*Dpf-w%6y?l(Mq;#ga6wJ3@<udH6W^Dp6>)Z>?<OGc7t76pk=lI!z{%VblMM*@UI}_c`w`F-`Wi_^PhFd^bERB~r1s1-&-UQt^c<nSNMD%D-Az5g(u@w#sl+P_tX~2;x7l_K#=K+W~F&p{<|0O5}dz#L@S&q%afSd$IA%PcB6Wp|`hFn<So4hHBY2G{1mCn@t0~D@EZ8@t%)+kWWmgxam+;KtV;lV7C`iHupR)!f6(YEa=sfeeLClbWl!$lB{L5~fCYocA^Ym(PSgiVvX4)h-X39Nb*h<nSL=vz38q*K&1zYyA-+#nd!#pE=MHv90zPymcNjJZe4h{XNU1{I7-%C|X%hFxzR6aW)A{ydB7crKu!QZZ9i>pY{d2rBQ8uEyKsKR%<^B#@u!#+Awxm$_mK?W(%sTlqUrQ^>R4NmD~JSfu*@ck}9F;&Eiz^R_X+VZKCt<S;1u@H<?5K%hzV0T8clk+>G6IOMnfjH@$Cz=M{P<aG0RKkdvz*Owk0vL-Au@kJ}#Lc%&&!60dn&J@pMCN#FM@KTsxUuGQ1e+z1k(qwV%R__8dYKl(SU4J=fWF?U)hWGY;@o}+M-n|AtlBs|{6>ioze<ShCWl?kdlX_9m>o(*mxhlf%#xuc|l?2+)g?{Q7&)#~YGS=ufTjafbExm2cWIYpF1f8x}Mdd@4!FsZbSF%-uvS|b**XxFqw7|>@_>=Iq*_PZ}>Ie6*!9-mT$as1baWR&Q7ZqO9Ho-_#QaZi2A`EtdUl0ug&5F0ly3B)?iet~VZ5xh!igI<uq-q>?NCW3r3)1z%EA(aU(hcd=U|D^0KtzVoDqGQ26an1@>4SKpH-A<U&9BQKg<TSQ!U-M)Lb?j%sQDuT`4OmDF~Z`D{M227Z>~4QZP&-^>xGQ2K#iVZNDLN@Z-gB;veL_TG;VuyGTQLNqYcHu^+eIPjzLpHU*Tw1NEKZV^4$b}sEGSQ$iloGz#$Z^0h=Zvl}L%0P42;sbFL8KkcSnkk(pU{s*$4W=Ry4}&hbV?&>sEP+VzBhhYdJ(N&;G(7dtuzev@Kf64=uI*bfZaj7`6qJC#!!e|hi{wJP3Qqt{h-1-Pmwht5NJvwhwzT`v4o$?xG7bze;p8P1Bi-_Iu`z!z_~MUIfMgaPqPUA^qas?E~F0#?orPDB|fA-kCqcQp<V&{5g$Efr%b2EQ=h_l~56J@oH~p~*-UYJgf7vj?HJ>3RyoZ#(|EIJ}%vi)PV8oB_H@HBqq6--yq$Tqcvr-K;)bK4v3(?T*yefT<J}^M>^X%8oGM5tYwqzgBI1mE?U)&+7S=U=2<dI|FG}{Ofwt3H4>u!?wWm43j4w^Gy|sOsM%1Io06gz?$-8`;=f1h~+*USUj*^I9N5(X32gyr-;!e;@3LhmK4^Z>9n@YAB%O_#SU@iLUP<6&NCe=(L8&1iFtqh(UDMk0=!1;BK<xxexL7NTN0)0bC((W-?WKEP!SbrU4}ak<veUfxdxE$<1J~tWA;ZrweyOWKBNo7mh4;Xxzi8OQJM(XR&Yr90?9Aqo5@vSh)gvN56_drhtRV!#{vM7F^!zE!$%HI-VhUlbp9AfzH~L;75Sy(N(90D6a>iDx1sh+HctI8Rx^@4**^Y*AyQ(`F>GPD7M2xqRLV}Z4{f2!l7K`CA&Wx5unZMUKKM%GKa~X(!^h-Qv&s&9>T4OPytKoyB?ppiG?l<#X}vpjPdIJM{qmtly@JIC7G-%w#<`WqT>ez>C;OgJiUr**rWfk{Kn$wGUbNkjYvqSy^KD4--ku5fZb6grp1_$7WT*HvrZzDe?V+XcyJuUfDT2*#l?~Ot7}1&?nJ6oXtjm;1s^<xE&$weG@26^+if3`|&z@Vbsf=1X8Moa~jt%Wv<OJ}$s_^e{KE8WPmPJRU$S7|&^^J;8A4yU`%+qnM*SCk$!jfOlkat$xy_Stj?4H)A)=cStC7k`(RW>I_L!xuIK%IWpA$#y+ObWat&T09%+4w5^kno%%CxP`@7-Bg8nuCachY!r2