I(t#%+z>AA<Eww{L2iW&3QN7IJ_>NK=@H*<XK=3BzJPSWiY5YhjX-bvk<vU5MHHD&i8&{gz6IqZ!CLi%EvP#8bH_SH#$A?qLWh-Hmq<viX%RSIFyl}hz&JsQzYEG4w*$t8ddCvX8%lU}`^?)-o>*3lVJmXBZ^gDEC|Lkj#s5v(K8`M6d^mQnI%PvoVxj~zjHe*=b2jwtO|z$*2jLJfcN_Uhfk+VTA{W)|mPvDZi`}kV>ZNa@n#>=>6wSDerXWe5Z3PVBJ*!5t$bZ5s!qe=GudeOHA-8m|TOvyZfnUE6RuH)k4t!69x{*lOXGyUmkuyzH`M?LZ6@k4eIY{17&v7qYv+a*mwdJY5l2nTLckG8R)9Ohtu{_1z9c{$QwC)i$TiWJA)9F&g#z2(f7f2EB18-L77OOxP|Bo+fO4$aL<;M>Hq)w{J0hjB*eK}lY-i>Cq3x^2xGd!hieC4RzlYr(a<*)&Xk*UPH_==c5;Xzr6Gkg4;L6k!D*ax@iZlRWV$hV;W<R_~K-}WNW*(F58_j4VemPpX6r<)|un~X6%uJi<)G0Dn(Ul145T!T%3sAq7hae2{W=+m%9f{Z#5xAp4P1S5~EHZikz(v`!;q(ebeCPAzTgu(A$Zo1*&tU)I_;bth+wtNC#7oy<Wz#u7SEgF8g2b^gWnOyEj!ID~89(XrF(A0%JKcK(;cF*F2Y<~W{igAUfBv7KBkw<}dts!9xc9aW)RQJu7L+}*am@Me85W_jQU0$SfCB9eSK(v^G1o4VxoXLv_aXp*JGM&G!&OaYmdY72xI4A!k{>N>aRj%w)bw7^d7V9J9L~-2=xhLz@Qx17}wcwMMQ~UGL-|-bvvlwGYPFob~Y<17ecNf3JCu6PE&MIIo+mRv39n(*NizlIk4zq1YAHGH9KUq}mwM}KEq4J6mWj9e!Jabr6moci4IlLf#ZEJw8ZLOotX&VfQ@Q>L6+A3t0>wEorNYfofB}-v>25>D|hiS^Z7zsnu+8hnA3v$$B_#!P((yf+6ud5n4MZk<_G=We~00e+3#3;@mu<sD|l701wv8=eKx>8_`0X>QATTs&C*1sY|FTXS4eyiXiQI7~`>9+rDe*|3bU;E8$5j?F@=3+3RrwQMqhN!q7DZmp}25=!<l+}R=<UP%!{iyk*k8ZJWW=C)h+TG#XG6<j%G)c^IIdLF0)G`E;Iak$Z;^<<ZtFOjBd>LsH2)}6{2frt#Q5})Gtpc<d`&fYc5xidl3n=)2vig7oR%?vr%Oe(N-h}Rt!emdlpsurs&U}jNal~ITkL&K=cG~lHOzEdkjp8PExTrhCA&$x4{4rd^(k!YKaCc;_vrVy@KrXPtJ~D>yc&yIDWo<=R_yc`>`#qCKbG<f4i{*fC@YX9$H5)VTs>D+^&N{-RL4un)SBj7V-T}Iv*E$n$Ji^}x(!<A#D$HAYDWRkyxkA=Q2PIeC_Coo?ZVc&*fxp)QBpie%&KGNIUS#UUbGK+U+RbhD!jEKht69mep?Iz)QD_~_2)6uT7RQ%l4B{SeI5zIH35m&ZZZs*Ol%{=F!8(`nUyY@7VqC3oz0+>s+cf~MFti9i!P<t)44xo8CtQp`ZwfC(IQ_K`1v9W^h>j9;GU0Dt**ieuz`^2~CU^)W9fghzD~hoj(guygbh<@6nUl!@11nw!55;rn1rgwqx*2#D^Pd35Z@ex?m-zz8f>P-p2!gZfKHuK{DAG(ocp@_xYCY%TpStG_RQ(yf;MR>Sl|rK9<|kEZgt2BJK%9R@B`j%cOUhLLUct@8Qz8saI%}{jlF7$ChXK?XPsL5DBe1grmtLj3O3=D83}Q1m5_NxY6n&l)43ho;dP1<r=nohVmeXLJb!9P?e$GV-@80XsxqbfU33Xi=I^2=v@5B3iCRn`4f&ePI`YMZZ>($rxf;NuHXhia4qHq>i3ndpwsY=C?Lf8%wy;$zRb=0=l%roHuX?`+X?9YLQFMHr!SwETWC`mLJnR8lUS-zG#i=*c)hc*j=y%|bdsdx$~qoMOhXRP?`6%IB8+Yk1#i{Ep&D^5uSWI&c&0tw@OA?iMAcIssCp1r2=m8g&f7D!%gq+nBrW@EA_T>lj?&%;^YPD@MGjEVk9-Qb}8cbb7onOBK!Mb2+FQ0pSx00k0qHH;rA%oeU$y@kvNvx9bd3|wtQ7;Hp*a(@N2%B?PRd;<=poxPk(w#}GaF*7<PZ3_tkSXIot<>+VhyAV_k2@|)lyiy%4UV&T#AT9_|U30{RpP>afFA(7cyu>{S7)X>R*dM07+r|UJTJ285X~J{dtA64V`6`q9hqMmzKeKIR;an5pRGT8)_2^Py?L1I&FBZ$Jv8MAW!_|NxSeci~$CXjmm^Ri-Ix(Z*4H?bL#vAB{^%6iRs?=nBlC>bq3Kj^@1)U<L!V64k^^Lpi#SG3UhP>D0%Y76fqQy-Ju5_*ow;Brkz`JA3w*xSPD<;0fl;-1t&cs_OxVgn&Ic&PiNvwL`l2&~MuYn>(QcVb?$qu`q5Nm^k`*)Wfv}oBq_hwc3IawRJE0bHpdk;HiTj?^@adgefSiN@We=<6uAnbY>wp=QMrCUZEBV-L%lO-)OiZaZIdnzv0`>pjjdQ)I?igrtQPTUHi&9N;xVIVE0^+hQdNo@ye)Jbl${aT#Z$v$;r-@GQw&*9}Bm`To}H59UI98?a3+BpdlCHjq?uFo66=<sYVm$1Qs6bow#U)Q$~&K!Cg1=exJATvsFkN=t(Z&83KemA1{C8B(^R+k=l@2^qY7<}VFw14Wq9V>$x&|@ea5UKu%B}VFO!-z}9Hx{|X%PQ_LkJ0}fB!*Pd3{>Nfg5+7Y?Bv&kMyYUPoB@M4MtQvJNSCEz->YPE^W+a^vj|Z99(dx=HVb0xcMaIF&QL;-SPg_aB^1A#4Bz?nFMweXmdGe!mD^RMN<j*bWxt{{k(3|1(>mtw={?Z0SqVdmVL-u19W0Hy@RM4KYUG^Z7*l2W>Z?;YKk!MN#O4E1XqF2Ax=^`{xe}Fz)3Aq$v}i)R02v@b3sbs<FHbHRi$1cN8|=nztU|&0LS`-K-8ngP4G<`*t()F2RyyV<p95F#8#`WWOxwY!+N=sO>7HQdvnZmIQX^({;<Ax-8oIG;6~o?9n1J6r%bo}i+yFES$vXbB`twM2ERJ*xq?%`Ja802<IsJgos2Rnb271GWG1$F@mBz_~!(9!{^!H|$?*{N4_qZQsvWZ~enLsCq^2XRk_L1$4I`-tjrw?`+J5lslp1Vt#HHY>M;bo~pRq?aQJYWj@bfuSFS@GcuLx5N@sBcrFFVaescvn`>eqV^beY?{`{9HVs>&k1xHdRQG0eIippHQ;~KHH_7`Z;q@_N2P3^jlkYIA3!G4187s6CLGXaWV^W2FX&xduP3+&M_Jk04WBkM$D`*(gkH=5C!9Ceeru3?yK9a$bC|M0!xLF6Z~>LbRng*+X`MbW^NfH*BC5p__c{GFMT>E@IDJgr}4znV&oxv1(yY`NXJ%CuCtO2MSdj)Qth^=`2+IDruZv3TL(R#jrmj~HGT}A>$=L+tKwsE;Kao?@=spQOXpZHOD<rCP@TK}9ULhRp3F4#%pw@#OdKX9md#0EHI_ez{gRfs8^uAnO-bc`uQ|sKF{?^Z_r53SAw*8?0K~I`ps5?TQW!sJB;+0XT55<grP6kYzhvP5K~KAhO-CnAS8*yFEO%LB;}8MnZidzM|GMvvh3;QiP)M()+pU1N=rdOTGwC5tB3xX}9?_jrZ2Q_f)1h#!$$=DY2w;y7jDsDqXxIYWn)bxrpl1`{xsWE#^}UT`(n!l$Y3q|@sLYZCZDcLI@9w$22a|zJq|*(Ajxox@|BYhM941rF1mU)T-DPbqQk3;@5KBDfCY?W0py_%Ug-t*5NNq?@VVK&?2?V!p7Mn8VQ(VXseZHIz`~G0fTs6(p19R6%NLx6dJkot_GtQzs_?|oS!apTX0I$XENjY_5MG|K#MlP$wc`b*Y09>c_{Fhi7gVud$J$NdN;&N4s1ridsglyo#W2VE>FEycDD*_~lOma0K`HiZdFq=4Z?TdACZowm*g{_^X`OUf*&+H6K6OS9%-wtF|+|o^+^EBWQXJ*?uR@pM3pV0!o>?al?4>>$AhY^l~R$(dkN?>L*?%e-s`w{;zg6N)uBAo&9s{PRWUCLJ&7^x5ub2L!oC2I%|w(ONPL!>AvUZnWl7YjmIEW8sJYZOWqM>IVa)uK8%sgv9O&S8h~wWSqB<R1FP(U7yQ%Jf_LN~ObJ77hF<u1nBO?7o*PaW`YPYo(|R-XvT5+QWx<ESn+7tUu{Dmust$>URh6Hy7!9L0axDRp&d7(~d6eTJNJoOW=Cqklf3V%sZlf?gT>3DV2lY)^O&XWq+_s804Bs<F?8K_sH06JGd;YTEu<8*<ZP%jwVhZU&oC`aMVmfB>cs<EThprk1khkKXp$D>?jC#2CW+$9g!u~e-Y(7BL&H3uy0gtM;8O7{YYvbsp-+mV1wrnHw+V|X;=j)LyXr~yWqNlpS7T2ffvQz)IU4I7D-8~hmJpe3d1WxuV~Hab_6cQ#@(og!JmI_ElYc%((j-b((?a$Ec#>*N?H>`6%dw%i-??V2K?eRQZO>%?fN(lP78p4;;{)`=0{0}m><TER=-sDf#0q|=z9C;1Ck`jtn3o!$&eG<d(VQ8Ak^RHLOe~w9QHMKFFEJ~2uL~l^E9f~Gb-tf8jivg1!R|V%>_Qyg?GPlWCB|B1N*Z#*;JnS2nJ`tK>gEB3h=nVZkjlFIiUFHo<Dbt7c71fP?z0l=ZRQ!qMB1#4tnaT%*^Ms=Y4#EDD2_4i$6GC8E0?W)rB7SNaTGW7li~I=w!LAhA@b7gHE8IO>i)g(Or5Nmoo@LEeVLcs4wQ5_2(*0gAm@S&0=6_Fjt*4Tkl)(oK~jY?Y^_a_87l%l#oMP(y6<1FUZss<}F9U?O~17QZ=Y5m9i^s;*eF2>=ZGtgL=I}!(#}ocu3nK|6B*dJGlmxmkGw3u;cG3;g!EtVW+>bWo#qC|5^t&17jHO@J0r9gh~OjMpVTafn%+u+WWzT_!**q9eW0_v=lfh@G95+S052Wf3g7ZHrBHx3D(^F)2v(i0@PL7ZAk#vq&>0)Igy{Ylsr5xHzQQk6`ezJ-Eu)~%a2`#K!S{ThD3G8bCoM4STUury6!un*#gfagOD3B$fnzd*$xPjpU|57Gk;u5Y;y$_7>e*BTiu3+qS4uT`&`b__}nR|TPD7fT6feqR*DiNYA*2b;Mu*={`P14l<!#Mp9FRq?%ZkTK#oQCX938GDvpSrQJaxJPxb?h1R=DH#fg)weoKU9C-x;<Wd!mAKy%>HBS?)R_$lY{FR(rtAkLZ30~84-(j*P#=KVu;5K9oIm6!O)=%zHpt{C(@31)6yKNRRrn<Yi<X#KoK=9sP*aKCGinXK@iu|co_RR5Gj!9Mff{u_z#U^p?lSDq%~jD0f*e>Kz}Ocv;Aal2xubtp$6_}n!%rKe%4A)Sy<WOTDC09=<0z-<W6*Sg0NyMY$HH?%i%OY({P%u=eQU;FMzA81oJXDiZF|4GfaK)dtrH%s~Y^b#i*5)5r_7(&)d+W<Uij#AAx2Z_mWA^vF4@bvA*W;;?7>q8j{d`CA)9dR<|;mPZZF>*Au1R4s%w3RY3EjBp(@kkwk<8agS8_1*?BEwbRB`bxrO&-?skQ`H6<9_=)?mr-BsL920A7*GG9$PA${SoEFnDd1}AG71b%@W$DnR4;IG8gdavQWAbN~(3y<?+&gusUHgcF^Iah&l)dsh#C<LNF%JV>_-Ep%b3n3}m>&D=rE=9&6xB?0WUiT3SjFSAf$D8k@yx{6W_iF&B)=gB!lp1YWKhq0XDUSR;K&7=@LsaA3`NOlW0>q=rDgV{*^I0PJwH{Zy`a7J#5Di)q^v%>I%llWRNS=_H#)YN;K{_<PtkFy|ybRD1tRO#%4YG-VE4Ci?{DmBi@8clkx#b#q=|u3bXD82_?z{L}A@Ri<`-9E&NZk;!z-a|<2^X{{jyz=kYr&7?5#VoeosV19rPkm24-*H0PpU0Bl-&!<I%FP*Gzn+6_Bm$*8v+v(L@hU5)<Z)B#eZnIlU7Q1?ix*Y?s19fz4972>NFWBcI@GGCF)bDL$5sm5xy?vNsw#9L87vQ0xFfwS}T~*MH#}=2ziqLZrdWO+tfsC5Qvul+oxOdZI%X+;Gciu{;0ze&@F8UP68l)|M9*YK*R8lQ_Wpzw&De3D_pdT3rk;_XLdf}0kPbHMzg-?FVl5Kp!2$U2>ZUF=P=_Kyaji6JXUMe_*T~C6sF2x3V)Jd$lqZzjppjTe=`ZzLp(Fw#i<3Axin32}m=vg6QZ8N@lh(1j|S&wx!DD95(CCsod^A|KcrljO-59$v2TD?!{R`T#$O90zlMGCEHM@mG`((rh5?eC?cOx5IC#C_R1Sfr`QMRH&-kE%;4UGlk}_FIFlrL<nfT&C<H+acjYhMqM@4CF&xjQ!dJ9DmWuOsmqKCrt`@ot`{`=-t~9#{x$qi}T6%<Gx$D>oEz+H)_8ZK3WSb$hn!*8qWSRkOGhL0+#a*Wn`R@&UlIVD*Z^sDB2$hVP~8A8vw--RPzCEl7^ZMdjH0H4TJc6VX00t