N4o%bdk@}|?QgGNk4QVmiFtE%3QysQZt4Wogbm20Gn(i)ut3;O$jucCLg%a_SnUe0=R$c+ZV`PG%N{l6cjHF_&A`80`nRdph{BH>V2<TXQ|2~QAqG>7))?sx`11aHD23Rx$N@9ED8f{7e`{}${;D3?e~}DFFf@`#yERADh`B?>OZpWGaPLXBmyR-UmUVuOk^%!I?FiFGrquEp)FNyld?HSPTm6jHVdWDhr(kaI136kGXLK9A$MmBV&*Tqvw22<a`klb-qZ<>1II0K<(!$4UV<LAe5qL(6qk(P5t4nmLKDqYyjpnKzn@p0HLiwg`%WwcSh-$@d0JyuI5q5Dp4NjSJu(s)pN|$15j?p*!h2w*;<Fr!dS-kQ?&?xHon+_;Z{nXi53YJ^BKA$7^hFFYg>3~sSwtlYml3SLH*wsYUvp(_RUFEBIBr{y5MM&|!=UFWOc=F*40ZEH94kB9d7{G#~#^~e}j?GiDi&!ZE9!?GU3Y#W$b8s$Z$y81&FStrKWiFjT2lH(k^%+8*RH~=4(!JBt25@i^vhs7lF-MYLEVL_{7-e<!|McWkr7$DE0~2oAlgv)|3y)F6kpvQrqYL6rvIp5~NiaFTBH><O$x@9LRZZ<T-EyWp1R*u9;}dIsI-C2|=?xgzl)|-BhY;71+W@{X_O=;Ljk$6k`WF66)h0?w2@T8Wk}HR*Z*c6*3XE3KAh@Mlo`>X8qW2S#&{yE=pd+SkalmCVetU8o2{usEUTy0IV0Qx+E$Ydr-v{yac>^14Ss78yZFN^9My>>uS#j6nvCU$SFs5W%FGy9}{X*3q)u0sT*6y%kyR_h)(?bk<f?pl0`inLdW~q=$!bDFs2E6<l;A)LBJNk+TwP63R7Cu*cO@yKzd<RV|T>Z#4YULB{@kJm^p@KavxZ36oEOLiwvN6D5W0W-CrGZV;aJOLAe(c-<t>DYXi_KQL!tVKKVX)lc?$0x3wkP;{L~(6$@!qd4)DUxIo&m%HZ>H^)Lg7CGXFCzm6sW)ytwzR5pQLQ^g%G4XeVT3O{MbnJJ+gkvk3z9%N`8MIEPyGg;^9TG^7TN#MxCz)ERA5@qnZ5$!X2w+F5nAJIt=@p8NEYZ>_}P+Nm@?vh|phTzc^p*u8qt|v^i24#Ko1T1X_PwvB(KQ6&P_#n=ogitk=d19`PrLm8*OcI9TFy@mlvyHYcg4s|dC-9@MjAwg)1%3cwQl{2=1$_UI&?g3T~h<_MnY!RkTXxh>2KA}ryT3OJ`O?3TFT=X9fBQxvNBant>`liyM@(VMB+?$`-VC|1zjec$1xG1ax=%AN-e`W}5>ApM77t?R>!y;R*~#^<iG@Hu_EGJKq9$Q_~DdY`=Mf3zttGMzJ5Pl$|8N4M-+zszw1g7n4aZ$Vnk1Pesc=ok6+S-I8ARQR}wPWbnzH7=dyB7qwi@QPd%*ALw2^Ab+GJM~4};o~^5mGr=NU}6}-J44TU*`dmd!w@=)aPrN?*5901n!euzuh$$_CyIu~sf=p=OG7D#ef*d)nw9a}-oWAXe~Xrqv|hBc6w=8&tMv^pBqwC=+rK5U`s?-{)uk?dvK0!&5Hnh#WmyGwRx!Z9aH6w^i@xS*4SD##z+7XEPSzKC6EB$v!h9!41RRA)+v?;;Pr!D)1}G;SzA}#OJW&luv`Ha4b16!YvXEb`J|;qWsW+A6Ui(1xbik@a0b~&X7Lz|zqYx9rMHyoz=4x0>+dd1_rJY5G2I5?@LL`+Aohqe+p&0YPy-rGkk%Ar9o4=d=aXN00Pg?kklQHqHU$ZLH{}}8&5<5D8`}{tSkJxji?ua~=&{b|8yy_xYFFg2EB39i!Iod0~{&o5ops#ZiEf5YX@J>L;!;MzwJE%`1Fu#~43@=@oqd@<8&YJ6s<bxKOkoD;Q(~g*?jnx0Q_OK?P%w~49uH;*<9rN$AStKP8+Ya3H?gI@;T%<ZjQ#Ro-%)o1&1BgZ;hh9Ir%dP{nY}h`O0>f!3`E~f{n8V=<Gsw89EuWZ*JC_FFKqc|%$)2uzt!gYhg8g4zN(&dH@K*1UCBU4jgItzZSCC%#j*?kvKe-^V!uNpA;aKmKG$Z4M2i*-sa1s<mjws0dEVEoG8SqrLa&a?al(L&tL~x2NF<7d>*|Ox{gHK2GMBHNve&OZ`Df+20Im6fgX%Gx|YxUH2ma$J+c$gFv1PhN0GjGZ8uA>*xj6qLcVL<(N*SRAiUcZ(;!$MLD*U;j4PRo+z$=($8nAyAe!K<I5y9mMSTECm%F-%KalPvp`g7H1P02gT_@D>7vzam@Z7-j(q9){3)v|Z8la+H19H}B1fmFe*YQ`yyPrYo7R#m_t3OL$AvtIxQ}kh;^cuE^nM=T;OLEEGm|LfRwMK>_H>Z*}W!d*E=IagzFU1h2!{jb9GRHD-vsr0Qx~RtVE(z3d9wOqNhkL+6{N7!g2S)R!Nk0J=~1eB%R}ZgZLFK{E<Q)Xx@vS+G>cp;fa%l>_d!&_iZt(d(WFf-Nff8pw}ZuGr)y1dB}30^{pu`w9dL%j_z%^gm#!^-l(8KDHc{KLb9lR72{owPHQ#zXa^Aa=Dr%R)L<TmxOetHW8^n76QvMwzh}Bb+4wt2VOV9K&vF7IYqFO34MWC697auc8yr+t0(1$U-qbgYw(#G`P74_{aU3KleM(FyzVbj)~;oFLOFsVHYRRo3D7cH019Q4YF7sQIyn<6JBkeUSurVlu1+FATFa31<(LV)6_cBT#0Sq~jqG;-*u|%SR~oTv(ePVy?KX+H$kpfHPC{;DTHa)9j0)a#Y)$LT<WQ&2@+61ja#9x3%kgrb6d1p32RA$=kic6l!+;95<noIegNuTx@pIz|Aav;X|3F~?1j)|i*Kr^TXTTcAmAjiymO#Vi^%F-4T90e#mxr#-=d|HrkM=pC|MNWifBezci{f~_{;_Sb2}0ths5;LmiI`>?GuuhhDheB(m*3my{~KDLQTzsQq1^dzjGr>=H)ntSsM#SKJ5DwBv_Mqc*B&M+xigT#&fbm>>x}WQpbSkxzolM@9l>ErK_+yj#OrU<>4;><h4@!7Cn?FaRoVZHiyf`U^6$P)!jhO4i)>pIQqyNUdA`nT<1{B>I=CBRuXWE6*O7zZI=%CKHY|)xQhmVNFJVF)_FW1wDwiQr^o-Fgo1nVT_P9O_ft`e6r>2_KKYZ{iO~j3HH)Zq*`N30?<bDhN#X+I8tfh#dfo=73PoNVL-S|tvr+FQQ(Bx*cs(B-_&-xom-I^}*VdwtEn@7{Bdo|M;!w)0AubIQ3=LKM{YwpP;AIsc`r2?6SD`{GG6k)@6yZKDi&+_yYBLjV$0RHk>CK2Zyo8Se!B81F-Ks4NLZE&cqlFp6M3`SK@*Egjq$Dy|^x{x0qdmUe==mM6qcHg;}%ci-UpkaLV8xY@s_dSyNq_{^^QUO-f5CWw*EkEcn)2$N@h2qr(1Wt<P``}k{|3NOhy3le2=?tNr7%_Y;?}lzb(Sr3VRaa%df4Y`u5WVzgYR-t3tJ|Z^=kf6mU_~g4;@4$VAWYPc<~VA*%WiOiPM^xF2)gkvAMr@z&6C!(a%vIq;Xq^@E^VyHNGnek)3V@RZ1uTQ@JMJDB`eTHyE@!0>T3W6ZkXV%1L$?bW+UbZH|bMq!%u)n8i^L7V;Gl!K&;6psp7q!LfA?%t?6N;#@FO?!3=;m^t*q({a0&<j2>cr1#&au1QzbNh5s1R)Scrr-D(*7%#bMM8avLqNPV(k)QAVmv5KCIRpjM}Lh^m6UZ~uDQS;%og0vd$<b1y4Bg~C^kJ&igdRlHe%tNRdkyJDNP><NF?|R`S6h=t&woQ2^4&k^df8@3!ZV{P0r=8mV$^vk=ewa~W6f4(7Pn&*rUL(=u9>Grde9g<c@37IDDX1p_E5^$7+4rM4Q~FGR+QoMr*lWvaZz{rI;%7)De=5l*!(?Gk^%qm<#K`88VSeB<Or>u&7XH2qwcW_H4C=y`A!0xRHfvR3IYyLTOo;o$N#wVsli&QWMJ?8z6}shv!5_+DN5enE6`|s|ut`^yoQZ{!f$~IK6zlYh$u~mO@ZB_$umf4-0?I?>!Vr|LcCt32fTK$M(QiRj`21`|>5$jFr0z0Rrf+5rAUF;x9L;^6!c<9|AU|&Smn?+kq-ck~{Y1UW<xsgHFy4(M<h|4Ey}#x!m5a_{-a4V`Cko6xCdp&-Dbi$$`w-|g8>Gs35Z`#=d71uQ61UI8&wvp~X!;efFxnvEhB^vS@e0%1zh*q=s~PKoXf9go?s5Be@X5Vj|M4G9vv$FjH^WvVl0&dl=k&$F{Q-Mr--2_MA#>dqMjZ7Xa`lwg8a)2-|A|b*X(UpPd~U+ncptMw%%8bDE19YAf7pPv@yEg2D(!pU9X~AXI_djU!$;=)^$$`1cZ94AKMu%Of%J{Ta<%-=rB5ceKBe%BaQ(tcWe@uv%#YAE09|HK6vQVguh&QZE#{HB(Nan|m0WkuKF8QhBx|$=FBEQ-8$hwK9TmC>S6AHwJ-`KO0VF6m(_Hj!RMaWO%vGoOJ4asSEWSO$YAK*UaVTmr{_aO==L<1?(0t`Ib7DO9Md9D>{h7dZe6T)zk-~AnBGQMj0c8A=MauS?$k5q&My~#(U#Ks=#5H8TiKjK!?FER=D_hCw0b?q}ig9A)L#Ovem2+`#P2+j?HiDUnUkZQdDKZ376X;hHDe~bV@nU{kFx*1u1K04ZpuBu2K=KzxNkk?}b-Zil7z^qmIgYb0%p(&vw!Ss~(>H3THiW+MyN`!UsJ&ndZ6<7Zb1?xS&g5VyGC57i@^p7n=Ei?JZ#TN|bx~R3B&)UDOp*bLf-Mz{5*3M$Cb``fN?i}A{|_2;Kz-0P;C9wfc?Y6TjFtBZi6pO|KCB!Occ}e#0-U3*Yo_<af{~iAP@NgM`&w*7i*312Q0RVs?PTx#a|zV#_&mE>(8ne!Nfma24nBNKXsa=(7Kn@pP3!b5Sb;!Z_lB2AX13CFM~A+xdi&`v|FBeXg(R*?4lH@7eS=4*6ry1n!4|AQ?p3bB>AEm`vxv2h>WdX$?nMYR!t-xtw=&X0M<Hg-Z<Y}dN~z?F&QS$&Vbgro=|(d<nXnVic_YeRYE}9^o_$Fkhp}qk@{C!)PpbVYGhZr13lZqqV$3-0^i7K;n!mjx&G@f&Ka=!QjkOF-+~lI9_rO1hT77aeQ~lSaA&^#U<uaeuA^Mj;XG4)%85psLB!l<;z9Tk+t_P;das$~7aDb8RT56-Bm>aV(l;VDfT33>+A`(!+EX;!x1I?*o_hW>I@U_xO|Bq?`P0EP(LL83hXHyg}_sAkIl9#~#itpx!JdS4q2*qnNoZDB*uFaN2T&dVYt<`M!fCk66-#ao)m<q&us)Tulo4C1OT?9ccebboC?hYqGAwp>8e=I;t#G=Qb{J%tD0lNj~bt-}S{`%OMc_&gv$&0Y>jZ!ov)+%$7rLdOYZkyD<?@gxw7tDC%+si~kvL)6~Cy~#cwooO&lNwRsV{T$K7?6cgBDp-5&YsL@RDzNYm?&7x2&p`UP@&r1*m_t0ym`rgPPG03$nqlq&*6g#zCrxm;I8rZ&QrqsEjdDQFVxpbvAlEEI?RhmwO!AjNmczJyaE77M-n>R8{^SVMGF~~IqF*%<R>uUql2eTDy_|X(4dHq0Tf4w%?3zI;=TEk=mP{QWa#!E)+0S^t|SejGbPN$AEVv$x6ey|vvmomT)Caf9$qHxM;k|9UE47y3@2eIC+BGHzocF)V@Vy#gTK>DQ|)18rJw>tudzkxf%UuRUJJoA?s_vlz>+XdXs#H#%|Qass~|>Hn||my@&ldp_;a6zTDwgreG>~yV;P@{F)g8(#7e>nfGk5mraz47xDQD14p~1JAw}}0GR$Sa-BS>37^fk3bt@NyzH9*zN?VW)w2{Gqx31eeXw}l4*jZ7c`iYN@`x}ow<O^DoAT+{=;Q-yVTS|y!Z+H!s4ob}qE2S&;Y_~3g7h0vo7A<?@rjuy_bKkBv)SzV;#H>>ih;H7R<2$0U_ebnnF2L{7p`ft%4H=eHdwc9PSa<