cuLDR5C)VqMFh&nFEbHs9-Ih4Kod7P0R*urm1nIZx%!*CGSnnm&-TtO!+d6MK#>;wTJ-C7yLW|}39*X4S70wfPlpYL_!Wzv?&zKw3tuLJX$-jSbMggZu6Z70$HlZ(6tN!@5!@VF8;WcL<bU}LYTLX#gAu_x0Ub>cRbq3NG1T2$-)eDIv?F*k;&+lsO1Y~r7KR$!JgTF=-VxUu0_<2Z5Wy=VzH*>fRqaN(THVe+2&taeh5+RpmM};TT0{1C)&{JovUNJ61B*5?#fHmcA}6%3<3W`jNrJ6>sE1z7bNGntU3-bm2^PvkFyux#>@F@E<VSF05kU6zw)uU<m7o=$Y*fMYXu)Zu!hRfy-yy+JMG4er2Y#+9%VhFSzmDz6&k1$b`f1j&$t!;+P)?nSP-m3=&;mCMnu`CvLQ*oMe?8uOWa2B>FhIN&vlZ4)VO@_7)+&OGiry+;ps0#|EUg{u*0&{h1^Vew4UV{Ge`AyMIMJAaBo(ELOAtp2_CC#=v8_V4c$cx8B>0cbJQUs3LQ+Q(!pxi4kTII7OR6O6=Rx=Gtf+G<;+~Cd$Kg-Y(zFD#t63af`d_?2iHLV~8jASZYQOn_<!KOChmI>D5%PC>ZY%4E+~Otc6kffxx+-CDltK@$Ln&lFXqa@6vH`;W%W0C>4#FipS=cpO#N<^7u8|-%@8BR`&>uu({`Q6*O~BqPiI*dAAa^1e<zkXD>x%ytsrzbmhOG&!SlFTr5tEqjALQA(=RUwheo0mIfTsmNbHE&9bE)9f5pNQ}mT*(qA4L~4BIuVdp%aiKb|hwyG)x7%xJL=zuzMzB4km3`gtdq^aNoKp;tf^rov2O!RP*R*T`m0fOHjTPy&@C6&Q4T6)P+gP%A@WO;+mBnK>RW~uDcvy#(Pf5GUwkxr-~@N>*m~+;3+IV-={kdQ1~{HWU8)MdwUu;kOo4ip=yH-5RkxpUwZyh$fQK?9{|RcL!CkB=-q(mwu9uf&?Y6<vu{^Ci()vM$`TFp<oYG-?J@C{0o_v2(~6`N&j~!$nH$Jh&O>$lTuA25#d-v&<&%NwQaqLE?h3ReibYDVF+@f`SM2f+^OKsTPdDakTQ+#Nfxi{d{+z-RhbGJCz1dI`7}9NLlzq2Y9jWZ9?!%^rM&d>x-xLnNVaX1h<%lejQW-+Qx$cQ&T_i(=rSm6k#ta2;qjTl(?*h6*_xmtETV+4XLU}#nsZlr0HN6l>pn`Q{+8#evE=eePbfB1~Pe4GmSLV>I`%NhU?w?^W*15N3&Br`<-TqQ@+8sg)9Ei6;Cf44o#B+ErTBA!(yk~KKR<y<epPQY3{`pF06s|xi@4H_?IN7M<%X}@PvcPnth)}%EchhWE4Rh8T8M+3Sk7&y~OVt~h{o_)qBHww=NH=Tt4k#i{640SrNTumq@&qq#`!k0|sDDKN;r2W0*9`QDJoXElw74^Re`J+(I_LU4tV0gv*BkLQvKCX%`~_#a5>ilEYW6p2U`gfuKeLN78IxGy0B|VDBo|+&1>*R7mxJt%ekNix_(7r#&pk@7rT)tX6s%5(qU(_@UuT>x4Ece3VjeYPva|2(yF5Yj1RLubHZR53w53ajeR4rYW3=qs+WQIN6zk>;hZd{H%xgEwNKYBLICzqom;314@3rR*4X~RAZ(ciaua;}9AUpY`GTF0P11h7KmItZw7Ml@3AA6y0u~%%~UV|dIZT1>r9EL~$#h8_iD#2Iqb0N?LNVW^=%e|8=v7x;#Nox%Sn6Ue%snotlUt4A>sTuSi1=YlOdL4F#)Fgg<h21F)`~@}Ge?7!XAUBV@botpQf`npm>ueF5IgxP~E;8S1!{WPi?d7k*$4pJegaW2+QoOAY%bpJynogQ@@q2IU3exwJvPZQ)Z;v&rRLvqg0B}_h63Z;%pRW3K+kMW(%``|N(NCB0;;#d?VzHihiln;}lo4WcLbL}QY4s}H%_Mes$ltJrPMXCC9ObNKH%sbOS7gkJpqk28UvPC<-7+{%DOm)K6Gc1PsG<e2N>PhSMhcW}t`AaUOagzBZ3*~aE4+r~!ytX`qmkY)pt}<+oJ`S6IPlNdL`11PS84gBnMl)v>&{9pqox!5zoc*m6?@GIH%g3htBq(|lMtmO1T5m1GLO>w1pC=2%05s6@r$WyYHv%MD!*#i3Y5MQ>Xy@-3<}B6MJ~sPX~SdR-2rb|B}r<gQ9S59#FOI61d8e9GRTGRa2-%x_vlPYJw990-LJ-m<v8eAra(F|8YvlgkB+hpMPPlTh~B`NsR$A*l)2V*V-O*7$cHgzhvJAjX~Cqj_*x@$rVcxq#(T~rO6NXt#wGp`zXqvn7~idCsw`EE##Y=0utNTJwaQwER(Z_vIUju>{%4<y9b!fTZ<_-{5;Xihiv3(sbo2LNIu5snP>D$CwQkniT2Y60%GJ@FJ<A1I{XhRP6i;{ngf^@6Q`j$82ZBoKaXNr681?N;%C~F!F0ZoPieRn!RzdJqk+2A6zYBvjm$w>H9NLKRu_*UU9ckOd_EfH*qLlCGhft`v5jEyPT_ETjadX)4;M|Y{kIu?r*>SE1%t$7uZ0Rd#Q2QO1fj7wvD(ok?zzL!tFWmdvp8yY!E0>)StC$ZV0oF5NQB^mq<akgaIdL10a@Vp6w6x4(G*$8!mXFsD-<tT_>Mt7b&#YBBSgPpeiE14*d#dX(AgEeY8>o$3`5*UT&Vo9+DLU?=&#feVzolx%e|=6d1E8Byfy4ul`l?;qI8O)EszJX`Q)K#dU>OUK^Y;Cun`f9fdBBvSd9ch7zkQFFi~+J^F(sk%B5^%;?&?*mvoh*DS*Y<-W&?V>!~PUdUgYre)Dy!A{Ztsa^o9`>_2p|EV+1Sc0{Az{I3N&1mX@fOD;CON4{JyYEQL4Uz>LkZyl+koFpZ{Ng3JvHv1O4cN8aTwlmRPsHkPk`Ui_{|UT+K`VnTM%@rvPM9fV;z^81r8-*U+JljXDuN2j-)J$$2o+pKzw!&ii-W`K{EJREf*Y;-We0zMO(>KphxBL<C(#DA#g<1`|&MU6ekd~8{mD-BEbtQbvo6hx%Q_OLo)+Z!eHBG3%GJjEjiTgj^ClebNjLQS$aKd%8P%uvkW70L7BXrtmTm<hq!Qumb>_LUr8`B8A}#AjI*0U(wxG|#fWN<_gHR{&ulTOi>b^g|ta*x*E4gw&Q=g;CFRcVFo8FS9&h;bvPiP()QWwEQSEVXLbcY-nKRQn{ZPdSUhHQ3xl$INv$1b)sWq$)F)8RaI@c?+kvt-jsEX&HHKP*xZK)+2BomHBgK|y~<WHTG4I~)n6RylQ{RpWvwVa!pk<{S5>gzp^0D*<c#+`!$|TQz_FLK-tADxR>O_>hg^h-bPNxf2PrX6O?*jWqpXep1fyI;yvOXol~n=tdGQ-K?kr1Mxt}X&l-_A{AdHQUe4e*}sjWZoB9CFDg;8s{N<tP5yl$|&<lO(#%SGjT)A4LLELHX%(fHNfA7R*uvHOzCxU~lSQrlf?HfBjF-0>GT43fto*`NELupZ5{ctg(L$+TVf7OH*)$?0d+WpaY$y%l+|q{HPj=l(kUGUI9@pzrf0kB7nxDpq_U6Y99yUpk@9A{|)-QARB`tf7MFGkw{CA653XXzyEE8x{eOl!<Tz%msg=Vjq-^v1!P%qkaQ<ZboCYKyIz>P24rP0SpdLm2P8AGGu>no$TD@@UOk41R66-j-0-c{|Mjmtbz3fumx!9^^eq*FWhQXT<Nc}&k4_u!@}vVrIg^@SR9znj+)I^DdUaZ=dK`*a&^@H(Phn2X8L0=j96L^tJ@fm>$uFB6!YBdtj-+6UOlWmcj(qDCH}x;x{ZJv|3E<H0L0Nu1Fq~GhJlg<t$rlObs;;upe}Bm__C>bMGsc_;f>OEo4jn=23bKtX)L+kDz#rrs+<B1PZDQRv}Q;GQ7CS+Y&N%(DE~-p2+wL`nvd(ogbttIN>UV;Ugx}{ziAlPtJ}uRJhC!l{l(aYA11;tw59VK<pMaNk1++`a%YD(C*{u<SZCG({&+=3sX<1<GaN81&!;VbJ5Y8(Y;|xVe2g$&0`*RW!CS!TA`Nbp4(fF+t=5N;<z*(EoHo+FhszarUG?#wf~-T1{ug_a1KHP+a|tEfEU>jRk}lMP?DM#<yBDvP=<9Hi!u)G9c$RaQj8g)E=*42uOMg<KDsEfkt>%)+V=wmUOaL?%{&d5As-m$*H6UTW3D`vEsXxGCDF`Tky#`&oUitQF1?D7YC^lOEWOSEd0v#|PaUwzk9;zU}9!vsYvVe2$sK8#p0bMB=?a#}otQ7gT9^QdYZ!SmRg@Je+<mqy2aeC?T5Zst;@#Pw^-cNO!JPOP$sq+6Je+2y?od0=?moauU1yFhgaR>l-Gu0US8SiQiBV~ls%yZT33=AZhL>6I3<ECPvFUlGH^oK?h@yz{@i!mq{;^4Q|s0WY3zc#}O*dahuAeUBFs%I4`G&T^mYl}RH3nI^ozeX~~uhV2ZMebbs=LT;wQu@4CUpwV^CQ?U;=_H5iy3&hnx94Q);mDqGmfmmV7S*()@dlM8k<z8a-aMz<m}lla!)rp@)3of}O0#tmUTecf@+pho<o_4$f~@Wt==aurS?6cW+;9kP=lr+3kUcC)8~5AYhSgplmC7Kom_LbF6+Vtgbf^bVG6BS~>_mp`&Q5P6dYQWk2GDK!QsDOe3f~B)I$@RE65xJ(G`Be#cel=f%PzD%D+E}oD{IM`%24jSj_lbgJ(`qrWLrhQ|B0tMfI3~LT^(k0Zjr6~1i%7p*%fEd={Ma@=(XgfmrC$K6(<I*tY^eEP3liBUP7)(xz2hQBByc~rky>Yr^PxsloYs=6F~+%6{XWjZ!Q!ZUj6fG3B-e->&!mXH58KI+%$9{C|GZ(vEhg}$DRN7K>@S$7tO5gb0<vnk~J`%Gvu}};SH&J&99%8capu1{z%Dn*wD1t$3xnCbl|*zcZ_7&;kYNb=)eOq%ns3AB|2C*V>4N+bR}2K5#mzcm!FA#-(zf@t=(_r!pY4ozZ+L=PQ$`#w_ENm$wn(RYqLU*Q_avJi(4ed2m?FQIVeont_FAKMbdc{C1^B@Vu>!Nd|V_sB4;WCf?lu6e5$Y#t?D#oe~&D3v25eME|`xy2W&9E@t6lc6Zm*p)MQP=d#v(Ol33jo>U?byFM9xQR#Z69tv9-O&v8$XC=}-NG?!^O)@TFZ&%2UQIY}Wk8Y^MAI|H)rN7|`!fe=?F4Eib0>vUw;;L$tx$mHb*55#NJR`cG{eWeK+J=W2TONFwwIm+IWx}ojd--;#r589<SuQZ?PGoogmIg}jz3U-lkZu7+Av$zdID;Z^qy8m{=f<5Y$wT}H0ZDpsz4_3`bee=bK@=PI_xtfLYG1O1)$6LZxFl1K|POtMyom7t#-B;+k*!-|gIR(eP_)<*&3Eu(CJ7X}y@O2rfXv18}v3A%uxoAB^xnh)F29UqWH7aI{mN#QqM$W?u)(H0EEk~5;u+I-IM~9k+FE+|Z3x4|8kI^ul7uByVozkqO35T7(7VX0!q^amU*PyTmB29L&RFy#h0iCuSKAT^~O2u_o9d=17&0ZJn^S?$<pi0x_9Q_6>Cy<T-_CyMZR0mm}yfbEkaP*pJTFYz|b)fAFSm~7DOd@NF9N!P$3_)c#eL0UZ)|__SLIrFO*o#95zcy+m^3L1fofgKOtBm>?Tzb5I{xpPX4(y=rwp2Ct8w0FlI2-F#c~>taHSv|1H&zoE_p24*?Qy$5K!Z7>KY-sG&Q|0UMO`0NrpBU4YtJ|XbR7T)73j`q07dhoUtmjab6*_vi{+UiW$XaYuVTDUOKMV%PIH8}?M}%+IKZ_rdnaw8YAq@bX#xv3!;zIA`86I6EXR5?t7<nrgEJ48c=iAF)3qES#5P4EJn9Jw7al~4lnE_3gQ%~1i)~egN!vwhDNm+A4mlsYIuy<=1cKiM#^%`ovk6LwX5`9<_Fb%D6;WoCTvC}$xZ$qH5lIt17GPS0NbvHOGyL4Hb0YZlMEICXo1aL*(TCdkKwMdF@2Pyz+W2D7VVq8%T^I