qIZ~8fBf%hsU$V1uP|W8RObFVs8dvZTM1t&5Pf0uo;%o6*Yb=5gD#wYGGEq6gAIuz2GuQ{6zN6UboJJ;x5XXkt!S@PdMbw^!Mw1Kcv2LYt_h4*?X(G}>yf3?=KmwKx|HU9{!Mh$Y|rk~oS_G7K;7Csf3eB+%!NLGW_!*r+7u>VjGXHy7KygR)}B=C2m4_y^UnDgwlmWwr_3$-q_tS83oM2<_ULPBTD|`$3%!eU{1o525oaFBL)~&#38oVAf~c-|WUEA0y1DB&QMb6TZ45lIa9CCL^c%c<aZtT+9j(KaUcXnXn5W#qYK+r(F{DlQbbtLrA!R>1`jDSLp(iG>Ye<QiC9&4J!4%|fIC$`r7ea!JGXi~6`(m2!=0Vosb2qPe=7k0tmzMg<<LMSp+}O)PK~}juSkv{&6EVWv=@tBHt}F>OGnHtc__}?{d)H{pts*@&zmc+Xv(=l`Mmk!Ut*s4}r3IoWJpW5PY9Lw_Y|DLmW{h@)xr@HzH#FJ#WtANN`7zu|+6JJVvC(y7pMA?3HgH20Wrh&g-+4WV3LBRGz1|ZWx24>SauS~ZEeA#~i8(_!yBH_@<khzABFW75ou<Q$3$0iUF4N}G;H4a)hc6~@9GQecGppte6KiO#iLkeFzG3A7;n&}<wfYC@gZm-C3j?o@uir8YVOi;>lo*AJY;GpkW>RiuhiQb0(Z?XAW(Ps+A)~U|Dew>Hc0=RrL4gO!dthhoA1Cmi36GZ%i;dr%tsp5ev$6T!3yfsVTLo8LeMVG6N_AFf{7q_bm_?XgBjYk}J2$aD1=CKClriytlrV7$v)|x&YSMm3<+1h;ksGd04UxG%px(#-9K6IM{*t?Vc;oF<Je#`czmI`aE5c}&kV9AYV#SS#set@3bQAs?>h?J92t(vm<L2n*rAS#GQmwLpBFkpTai2d-x5kS|RRh?3&hbw+awiU*^OrjGu}eZws&2#r;sAf8N?cQAiX6?JoiU42)(E&)C%<UPy)7yUi&RMcH5+^%XX<X2m@OO{i`?94yw!a%;GT***_0-md=HG>0gbME({X74c4i;kXti~?RFgRoJ&9ben6~nIvp_1N&h9b+I*}O<Mpn50{$GOWtwhaCrS@|qjw>h6|NVfEuH~LQA!V{5u?g6(2Ku^^1y>yPW-1F(L@v8SXx?iBd(dT3^_FX$9nz`1C3lWsjC}GKXTZg@+X6rX)oa?62BR~cRaH^p{-Zu2CS>U`Lo=_$K|FND19i@!lma0Du3R+KSs@{UTHZ$>Njw#16l;JyU~JUVTE!87B5N&rl#9;v0r2N!^^2rVC`tfTsJ<4_?IwKt+bWdE{L8Xll!$)0r8)n~M#?$ZXkZfb?$x65J<<RUKZJ0whFw(1lU3XSU1W+G{u$6u3rW!;54&8x+7^$qc46Jv5U5BWlr3mOShPW;?$}mVMT0Ad)%{JgvZ5>JcT!kGjorK>F@vqN2ZGIvRR392@NK~O$WWJN;>Q$c)MO=!15S(~44Q{lqrY7Tng9Ggn&IbWlPl&t&;pA?5g~jlOVn--n@7HaH09GDNbIaZ4NPONNN%q07vhhMMCv+R-YMh6Ts=jzLJmw9a4^4c-Tcm}c#7(d!Hh!`0`N25JniRVOB3_mv8fj43I7RF)tuhC*xim5RZW<rBg$J(RM>WIz!3ePBr-3psde7V>5P*V08xvVP{gsEJisFpLZaFEnWZ0x2Fd(S7);e<X_sc)!Lkc1P~K5VeBps{hH2d<2v>c1T47?bjx5_jCTql50QG&jd>83%8}VHKRmd6SgE4rpwt#vz`ysbGBO_?_d>9~#-c4-o>OSrm<ZGL)kXaW2`M?B;=@#2^Jd8X=$Q|`EE$dh`D@Ev9A=n+Wr6JL6et)~2`dGO*l&0%bH^x*V;!bEQPampV-By`@I-JwwlY8K#Y2&-7C99WXTa{uEGTl0=mFTX7h6uHYzsF^b41PIgM743&oOL#eqRwVx7I@{8*QdM2fzSb4FHUAht(<6Fvb%5v6&`p@Wr5Uz%Ve3xc%^sPZ0G_gUT2|>9mHtYH-=EidjcV8!!joMQl&8++;m#ySTzsQ8W@$)zF2};*8riYkyn$L@%+gLb5CYA9}j~O|3TTH|MIr%q)=K{S9bo=6vlIA<lTpSl=}JiZ2~#>!}f8R1Xz<eB%iW(Ome_0+gX5Cn1uQl_|}i3Pxj2H;NROYxcACdmLvg3h(mN4Ee`5>*(Rf$CV@RxJ9AbGFQ0cibN@bOI-CF~fU=oWN9`<3e4hNqA^`7cKrfa<_ETQZa3yk+88}S#Zy7$(epF~pj_f8Q-uMU{M^oHshpIajQC1(Qv|{{PYH(o@O>;|mOpFGHEe$j_K`aS1jVDFP)Lz;p)Kt>Wdao8i@vPl71_r6NAwY)3s+I3$sefuYpHy`St)xC5rAHzMbp9cq9{XM2;7<zokql}!)=5z4FrR~uUlIGb&QG^FgfqH!`!hK4jK_QvPFGSU$vAv`KpKERCpvZ)70ATA(#kaeySRqNi@&Dis{NYP#fCk9fhIl;Pgn^x+3*WXSa3MMN{@}Hx~oh{)(4~S3f?{0FDerGZU>h)T;X8;c_q9KQMEu-E2hkA@gjT_4$+k+F`Q}z5MYL-8Z*r@ARLpRAW&Kvs*w-c@6ZRhCatT;(|n+yq=Q4AEiOmHA!GzZe7)oCwFQpj&@Z(8_;6)cP<)Kyk}&3QUV29#fNji_#nEz-5Y<n=T#WIa*A56#m~XX+l?Gl-zc6in;^pm-C&{aCkY7%W@YZ7YocVud?Uv(ix;0z?%PUHg()3dgl4$ecawRH6<7618VsN*G+)?^hv2Xjr4J>TRvkh8^9VNCoZQn-XaP_$QO*eyYl&d^=(fpR<W^7ok3qP6TrD%4Vnk6zqa8har0#xAnmzqlaS9~F$i=!djp}VQI=TYn$^&*2u*$PB`%DHa}E6jyP7WSii_KX5_e`CJag}!2bq)%;Mg<-?MyT!b0xwie{oX|YNE*v!zX4Ts=V55X~mODvR31S+%GewNg>;R^C2X;px6)feek3#(GwFK@gw1}4MyA?~K#SE1cej@(Hcj+~o#6lj&nY-wuB`rmQgM1=aS=9Cv{OMAvw?X#ag9?$7_wWr0-*oa>k1G80O4k(-S?y+<o5}N;)PR6B(q;OCUlg&6VFM!oEcej!1A;M-20T{p!(260o>Ebsm=Z$kCbxmD)F{7ot{fc|K8=kj2)qb41{Qj#L-T%~#Cwbs;OQii<>3^;1)$9qOo5B}o9#`?53wUP^jN`w7IEH%)CV=_ip0)t&k-H{*W~qF)1d)yvmfnM3yV6fd_YNcEZ$*s{Wnc?s{^@~MXnd)fsxZed|842im2b{&?_U~44<_MnlxX5`Vcg02$hf(TG8>`JX8=-tb`ioTO-;U*LORnD<$mJjGiC_p!j;oWgyvsce^Z<8^{sx5kc(213$0S>a$K}#Dlw<pRnyEo95%Vp(poDDDoB0##gB<zrK^kp|8Vsr;jHoUU?Q7i}aBmpV0Z4;VtmO)5vrV6F9`csG+s!7;iAFUI~`B52v7%oL$9Z*DiXr2JDUGS2@;VU&^KDeRQ5tw%CO-Xz@$?%rFg>Y4!`kNm7RNg@L<Azg^Xo{y!rfB1Vdr-kr)G7j^w;cE(J-`ok$hEy1%H)^pm1lX9@3p5OkD)PjAR-8~^F{px)Mb_k9`bVifGgM2t1Z}H8z5i^=8%D!`C4!1j1g=u69Pe02-zrop#*Hk&_jbxr06!uVWw!rZy$h$`#%}<2hKxxreKTL1YuzDWpxB<sj_F2GRoy`~kTn~d={!+W`iyeo!l~c-sIX;n&i@qK?blCtJD@>F01u5n;XTa9wai?sV%!l<a++{zfe0Z|yh_8~hr8obK9t6bf!;*?xaMAY+-pjTI>8)K3%4wzlP2U#47%}7@1G$h+5N4NK2^i{%{9XJP_`8k4FfifSqe=MoiCb@_fF~HlKx@HcVg00*8H1mH)#`zue%(D0@-Zx>8uq2)H1E0v)jOybZwv|cZ~O%ctAfnr$a!CaF8l6&dE$CD9rlT@)F{J*FdTq>vH+dL0d7@7Q~BZxF|lqd1p6V|4msNyX1_wBR@?yyf7GNXkEXM%ly->9i8D2<RShaq_M@^NNO!EHE<i<P8BQy_CwnafZ74xVu4=)(fonXWHrnf4ti=Bt#@8#M2n3_yWlWD>ehUt{Gl7DvkyG)xvRwmvDGrs><}HL!{C&^<uP`Scww9yn7${cG%i_Na)ooXM^`qotz$7TWBwipp(FSO_(OKfe@IXRw=1zGalOp1?9k0Bvcfw5&DZI(~I6JPx;ZkT;HI;NCaWW8LC->7|zK`|+TPkzFLlavH-`eRF<XC^y=Psni)?`aZ6x4NSji0>dRuzZ7qh?qyEhAOlxm~|J@62sr$kw&eEW`<(y5}i(dNejbBr;&8>rPQzU90`5mw0!4;v*ME6D6Nrt9L2NWvaYc(BFmZ<E>g{xl^M9!4nI)+~|$7PXNu>9Q17cin=i(PG0=7wbd3S=<&4_3SJE>B1n}5BU*?Axx9F~0dSQWX3NfHpYp7Pgl<Eym}kac$_4DH#|DbVJsRvJ=;fP}(MPvIl*G=Cg?6I@ah?!BQ5!p*B|tcJ#ckL0(L2yOuc6qkN}Et4@6y&on@X6@zI9WxzT%M>H-^u^e^yP5d;$xP1JlBY#(Ut(XN{#cRYK&M3jIjfXYlakPJE-N{&hI{j$$=x4(y|rfdX9qo_a=ay5M3JHn|ZBy)80KrFS(8Y{yYz9%K0EvGDIxRUqQ3X*6)Zt}qJs3<{<FOfe8w)8(eEDC?M`a`$e1b6U1qfibEJ@2nOOYR#gSTfhDZ?Go+x^7s)wRKT_wzsU9;QVmW|hV=-Qh%yEr4I~6iy9%=BSgdljDGfDHb**IuJ9Fh|LrD&8sP7HUEz<vlm%O5Ef^ZefSTA@3hZ1{TnpaB%^5RF&ej2;SM+?K#*28C5x3ntF>w*r2Xfa1O)OIVju~<#y+ThD6hBodSce3CdP~Jjo2ae473$x^+?Yk0&54aWacloxZ2(bQrX;%o5ZNo(z{>n}mdzia7h)yeDEQHD9pSRV?aSq9?0ToUD82TE2&gdN(Eujmnsd<S^g)>o&dlFJZNYGi%noTLH0F3WkBOv)+IuJXq8)XUWF%IxsQ@_;Z44ys6uJ%7zNgzd4g|qH%wZ+8Y@LEVvHE~&|0wT3mo_HF@is)29zNDB@N6>nc56o`|fri1vC6vLEQef(OkaE&bJmJ3D!haNepz4X0u+>2NpoQ*F%R!mD;)^KorlV5Zty7;PyW(tC+M8>N6l6TJQ_Ah{SWHxIipOxw!EekJQRP@YebmphneGB6?#zpAbv;2Y?nYWS{zB9S1@B{P?^d0{vm-K?N1h!YXHv(a6J_I5&jspj`LEa&Fh^)R;{)9slU9za0wz&ADJ$nB@fhpi4>t^MGT~^~@G;_(1LWLAD&W;q_=?mnIx+a>$prv*$!X>eQB6tOk68kD@hG7woYS#@b+hh#TZRH?OOiTBYBSA#N@9~l!7T~CNq=#np9H21n^5aWeSVEZJP9Sk6iunhogNF<1-eFg;51BCLjF_pV4T+F>GXT*diSe;OB>e%eQjE3^1TZ4U{-a2MT#;DTjuJE?=_)a6)umkj@On}0!?v;hvqXdu$BYnyi_fs0*LJmpz#`-7OKQ7`SkbxW0izuc(rYQdhZz&T2!G+%81$JKR#tGO_<cNDFof#Y4l#Q*hq!zl`E%<WPS;lCB-MJ9QSZaJmj5f1N^sClvR@uXSoP7Z~eTSp>%I=7;|D8vf4BOPRe4@p-+YbPh~4<y~;gSRg|Oyr*QSYlaK~9*kCFD(nL8>zJFfA5`O$&!6?_1*HC2hnCJbn<N^3Aw_o*xeYm^ZTp_yN<>cVShIUDGCL$YuRD&P^+<u>>-#aoz53m#ZC|Wx0WzjihZx%HGKzEDk@3Am=p_tKwu4C#MoW(|8JoC*3q$%YFfw}_0Sg%(IEqKgYHJ)J)o#uGkkNW(V=hz;}FpJZQ2TbN^QXhM=#|=$O#)`Qm;z%oV%U1