=#uY{M6jS6zf_TF+5|vMoq9VKpl3Y^B}vDN5LstP^FnCv2lsC&@;$R9dy@%&z{a+w-*vQ>{+?n9t_=T=Jpw1ydr%1fYHBeqWf^I%E=^ZnX!~l|vRwgH6#0H&B!?GgBd5St!(!((z1Ms&%PqyCOT}1wrUbC<q-E^BIiz&*84bK>miLoN$Fgs^GBsi9e%lMDo^bn>NWycX-1X=cgsVRGkkLobY!fAYIx>k>OU`WALYet^g{{6!bMaPMG<6s7%hqJLEz|-^sDVx6Vy2*@Yc}8Cqi`VXi?y7fl9CUlc*n0I;U<mhy>FLnTIj05ZO_07z1T*hR}y%hKgqwrO^l<#dx>t~m7QQ+-WlF#DaOAOl;hoAZJ*YLZVyNf7jPSZvIXEqb?L)A&vYwdhjDs)-^^rtXdNk;-XRG;wBL5u-T#HvEf(`*vT?`Qt-!wZ#lZQ=)k(1453I_Bp|T!HjeW!r;1>UGB!(#?;z5jLg+7Ce46)ch)x`s2Hc|DiK_@;6hy@$z6W#x8zG=CKyDQZgtkxCGLE5szSthj8obs=FFiG$Pt$&E|h5T125r(wd*F1T7;mUS3)QaqD6DAlHsI7Gk$a7<mWkAOoMj&|+aKX`kfOHl<(jcWH5hU_AhvoY;o?2sU7TR#~M`-NEIvGHe39B1Q<=tV4eim)I2#DX+Jm%4^5q|#C%P;IvBA>7-=s-OE0nLOST?zn+96=RQaBZL-7<th6>5|c4ghYs<;8|s$yDzlM`}wo5yLbaYb(uANo(WD#5bwtKA-R7jS=x0mc9nA%YrvLT0-rRdrSfPDr=K%3WK|OZ?kSe+{Oxjp1I=iiJ-=0+@O^!f9ZGi-Ka|cm{AJ^_7Mc1ynYaw_xU*fVy_+5IS56_BiDW-@{gQNNJ2aV}b$@xnHVp?;JzPsYx<c@;26J+SeJwvuHrrX`Bnoc#o)e5AJ@nIMBH%j|0e2D8>NUB;66nIqjHAr?qI1nRV1|0PUtZWdM_JQkP?*R^Zn_%<DG!4Ty5q|$pFE#TK7fyF3W4p66IhOGk2K=w?=WU!{u!|!240-i?od3n>8)?T6b!^j;rqG*Poa;el%B2`yi}s+8uy34&=}1X3A-Uh{N^;_XJ39%dYmuFHIR8MwV<aegsGYl>`de!m=CQ`Zbn#-4&by0&xhX_ZXcPQ8fH;@m|Abc;8*deWE9jPH{V4Bh5F;13roYGD3D7+&+Uh2Ow16SN~kr^nTIO5ASuM|K|Q~1rU?M6vRQQq0{R%I6_8?!ZQrDHCldB4&cFIwn-D;!$)gHTlCo%`a!xql`keC}7YLb60h@U+@Bgv5cP4eJIyBg~ILrn~%+FG0j_!yeK3TgaX_S8A5l6I6V(+o6tmRt5;tL~~Vg><<qX+ZgMtb>BqoaItWA1k#WbhUQY15-1+lfL#1!^;PVc;)Z6aXDHed{I(<1$_YtMVSatji2IlJ^!{EE&CsU>8LoIQ|N80<EHUTpah6ht*5ky*h`)On0SsJ&R#o!pIxaA*%atvh6lD!jy28hVj6~lw=GcWOE6}W`%|nzBOk3niX2}Y<uyGy25+(9_wH1Hx-555RMZ%Jmz3_&V@V7mG&OtN-!v%XY>zfd}&9f7Ba=C`&#5r-~>CdrPbsgoy3hP0^feJ^ZgY7&o;sFXjtNopQ8$QIwx0GE9SV$fUHlpiZMAQsYog1OOS<826}_G;53T&vYc{XQ$1l7j@E$UX)v0mED0cl7%b<X&?z!Dh*(D=>8rw$2yuBNCPaaY8w+zlX+D+1XmiQ`UId}X51IAcAIZ&g;WuposqY!?O1{nb$#-T0%xSoOzpUti+A=#KhtweojJsr8t`XuSBvu8lPC>eAB9aJxNmJEzGi!xrs|;h@{q=o}w)Y_)<jjP(V*a_I?>=gMP8>Fz{}~3<%jakGh8PH{nq>*vuGz$ORT=WNPkW{t*F6`BjLClfPDV!J-VkM5VFWS&397a4c1f^?e}!RgIq)WF@kLRCy2e=8>Ll-bNiZwlV#o)OLpshDG}?1FDw?8m`;Mcr_ZKGAo#$HS2fVI|Z8DoT+^t7`a}{TT3&R0&8E)m!MdAr{Xi~W7?5il!m7WF_>?fcE9(`~&n#tWUCY8b-9`pZ``O$wz2!N(i<atWQf@?b~4h~Q7xxq_)kBUd6-a??HU+Y|3x@}nlu*)#&gPS)-(Z!{2s;&um)c97#55(A4jBze_8BfgCe-5J%AulGO-W-7u#gism5I#+)OS&99!$+-V%Pb>+BTh^Mj|8XsgMePf>S@unVk!nThu=1C_1TFQY^@a#tjo-jM-#$XCLnMy;(Q#qPElJjP_e!k3z;MMsykKt89e>%IKaOT1<AMmS=0l4E93W~N>)bY=4C*OxE|NZRxE0KkG}z+l&L)j#cmjz@dY4`Q1%F`+lq$!^zm(hV6NSXWg19zQa)<UY^O?8Z2{Z~Yj3RE8M&$Sbq7({AR`$S!P+bi1V*i+_HV*c!mpNEE<@P^M%1d%sMG_#m8J%{RKm1{xjk6B$pabB-&)$!LZ&PoVg