>i4yE9Qbyg4kR*1&BkgbR7ZO@b%&=t3KlzOU7oL?-oZ81L^{iaLg^)00-L)gfnEp&eQqfRJKneReT60V)5<uK{G_?Q$|w~@LDAqVOXdqnt=Fi6k0!4{AR;L3^&n7S0NN(x7J)~0PyP6w9gon|MxcZ-fxOzV3KVyD6?apE_59!eGoQU|om1YF6|Me28qI3v7s6VQEBS^D64tJj8N5=TnH(sNw(${tME^GbS8r*_IWe_KOcth#POEA!7hlFRv42A%YUz2ani|cJK5htd_OaZZi?%vhdOf)mf6xYCA*W^flGE$K?toyajsR02KYu%=W+Zvp761SX#C5Z0*XIEda3St8=QiD=W3tU(@4Xw7Lq%Dk;?$yq#*U3LaAvn;ymblJm4LT~EH>LmEtgp;@q{Sa#sIUJ9gSLC7HkG<VAJU?wG1WmNgl@XT)s;VC$%7{z(>Ya*+2}bB9V!nx!?p%bhxx2yl?fZYEkUPE7=ujX@yY9Ck0cgKOoorh=DTBD`io%aO8^s&mQ7uW=>+9h>$S=yrph{yqV0}KtTnvPEQ|3NPUCZpVk4;)1VD>=DX+@{0tU3mvpf}V{FA_vrEc%5z9V}umZDH^=AOQ$=5d9=6x)-L4I_O_L5&qv&tzScLN7VvW*R3tJ4V!?2W$(1R3R7ckTYxJ4?+erDf)r4uw!V#4ya=7P~4mTByc1Dz^ZAZYFGNd4}9BFcAB%aBZWWafuj29|5$a*RB^j`=+X4B{ju751c?qR*q#HRQ{m{Efp=Dv$_UsXppaF$bk$t@?mTXM3a7vSBj71r6m8vE)l|FYCgU;e=VLK^->KB#`<ymTJOtTr6S#g7eTES;=a5{kB_=60~8X#e?V4ON;f0@b#dtnpe?#~AiJK`!iF!SgZ+XQQbDo>Z*|@$xVa81fzi?B5jmK21>)rjSKX*zn8h}h4VVkYUiAovVBdN}H$~)A1Y8iq!V>Iy=LFXcgQB|Th$*Jd?$g=$M{k<TIc=1^cNbRHl1nJa#U=JL<b?`&11;=q457NN24VuXt%CH5<oI~EFPp+>(=zQP1ojqY^HaW?hXZ+Ci%2CONIePbXR46jab(v3jb`TIn2m56_j6#1o>MQ~LIcAeUlC%)a^V1Eeo&>w7$$jlr4e(N!Z_XO%K?dotJ^vk5iI~Y?8FwBCs1|r*GnC@TSm_yr=JN~)rYFHk3p1Vj)UCg7Y~(da}9cQ<5jCV5{9wB45+I&gy1vHz0GNOYLPPLQ;qQu5r;V|@56JL12a3fY;hfRx}dJ6K{won83w^+<gzL~zG~0Z0<JSWQKw=MtAP0pyd#3&H(9^(@b5Av1HT4HOpJndTAxCaG{*h-l)3-yQ*ee|d%s{nf`s|I5GmuyM%tK4`i=h*3^y4PUq{T;(bblnj5j`^?72d+37!WS1-fQ~<K(mDeqGAXXJ8J*fnKM)%`q?@$)P=2j2~RY@1oRvneT9;r+7+vb74gWz((sV56kNh=@?@O1=N89;{@kR6BF-sei`83xxk&jE@fyhbNE0uXuY==;Lt71(eXnDMg!VD-ua|Sf+?zRWU4--Xg!ZAND&wi?;Yce4@6{zo@`FhJ6-YYC7j7O|NYY<OWM}|mOzeVO!#Lq1cun3Yy3RYCl_|>CL<YkjB`lUvI{R~^daxeUTk?uM0-ds2|GGUhh&3$<Tf{8DS*PWa`IPp3EIsUPo}%cbLEYHi^QN&sy?AlZF5|QnOCX6Dy0-G_~U4n=+5N#*Pq$;oVQJMkz<nkVJxyfX-O5*`*(|}dZCp+`b^2t^fZ@~{QXVGl3!&SIV(*{2(njtxL6%0kZ*&sKC0_~M7>ynQ=%GIBpZm{dKpzfTj;N4%9srH=M#Q>(^SkD-usVwe)7u3Yr6aWMMpG{al!7?E~OS*0`o4&ST@uW9p-tsZ_a_$p-e*#ON&*B>jGcuRc5}!N#^fLw0Shg(2FvA8d)u?gR`fwXT=o~tgt#-9XV&H)QkN?2ZAY_$s+qH->|&_t{(6A^t$)E4@8SBIO_A&CB$<!cyQa?h;R<Jg__YcC+ckUh&GVZS4Eg!1>~r3y^$q^D8J&vH{0*~bY@AkQ;Yi|mgm@MftAJZ$s9z1j!zgz#F6u8ysEP;J%<q$P^KIk5rWm+F?BSUU8mxZNG`_&-xe+R?O<QIZ}st82<(2LV^NkzM8c!S$i0acIy63*I@!r60$ZwZ5fGn7RO@VrKAha3wjC1n?s|odogBh|%|qr`+WAb_Sbm3xt00(fwgAhr-qQaAeEwbs@b(1|kvEI!;Y!tnA~WPnD^*MRvgxSVAIHKo@X*_5C9}tlDUz(xr$S%gRH0EgIjvW9aRiiU3tkdc25z@Hv<B>`m~|<_$q%`|J~8K_4@1M;9G79j%117SWx`D~X9K)@IlZjMR1Y#T+OdLY2h-F+x3N*0i4lEY&73jGh|uc&IBPgJjMWr7WUesw=1KPEO4(?|c_siPedp{pg>LEn+rDkHRHiH(pEH?~XTXt%TsZB=|76WuZO4lZ2*y>nhGmoJY89_{)&