Kf6EFjxl*AstNC3;i3C*IodW3G)}m8XP^>*F($gOlqrYISQqBtUNHl@yMPff(iTm@Kf8K4{}=^Q2nofI`|wVqoF^cM9d`%Ki$7^%|H}8kBa<<G)7f6qwH1Y|8WoN1Chfb5rqTfw(LX4h%{k^z8(XJ=R?5H*h=k!kfK|jZC^;<qU(R{7KdL-kC6YOo+m2t=8s*$imAm$iN*Ch^NqiT#yP%^y$0R7g43QB(@(0_g_h2s~R%`$;zZeZQ%J*B7njtYK2@bj+>Nhdl3vTFXNJ__1kxSxIr2rtU)$!8jO)PL7I0PWxut6WS#2-<=X4hRQ;X;Bo$${Wq8J)N-a&f109<^9d=f*RUjsu6`_VkkkC8Z4G6D@SYeXqEDy;;CF)#6r~a-%uc?8kq_6VWr|sr30;A68I_gTU)Uz?z#WEV`FZa=p94LN6pw2x&aCamvt?XgXX2d)|nV8896qjTJ^VWETs~qV#F5f8vZ|8T68E)IxS$H{8+ydxQM;p!CS_2(7E?gCyRB>b6y9Gh+7fk~_AOvX8<&5y-DfmXdXB3%KR@rb2ciy62Z9esmQl!eIu9uh=0cm%A2Vt#pcj6#-xxKIb64M9=Z|x`v{(6!v&Ue1bC^e5pWHPzb%-v(lYLXFjYI9l;$<uOG6QeH0*U2FIT_{2dH$G>z=rl0&;S9Jr|}vV4!>zm;1he#+s<?+MZb$t_*i6^dTWr$=0jhR(KJP~o5vN$a$)YyuW|0Ez)%*wmo&2FS*SLCR2;P{mC(8-!r!x3>z>{JC708H#7tYS|IDCqta^t;-u`rOARDZM*Car`=0gauo;n9T!~KEq6RUdP=1VVYqH|<+^h<GAE|7pPx1t*fidM-yQp|1tB`F_SSHpuv>E>+96&vzGyxO`?T+b4r#DmOsq+%XOH+J0Uua&WKBlC)Q>xpd5<%c2oLGLR3ICan0a>~y=U<d=%?%NI`&0VhYO_&PSG{KAC4mq?)-~-%>aYm)1rej@w;Lk=Qo5`|GEi`E~q<Pnw_os!b2@<&#lUVv!0Js?D!_Ggx9Eb@)IOd_~$~yR~xW^%lHsb#Y=!!?{;e>=z}0tofI9EpU57bqlj8ehqqLkLY3I4n-Nfv6$R+wZ4QEbPllQ@E=!$%d#V+8lq;KkowogCJaA?^Aht;jl2eLC+V1#Of14>_jsb(#&=-681y`{+ZCrplTdaDD5i7+4JhYV#w<U8K_G5kGrpm^sVBBEC1!m}KROc9Q5a*m&IvT~gNky^;BPWCgQjpHfPiX1#685H8nvhqtT~2-<45CF{lJtgoM_(N8`fpPD!uMIU8|NxbAftM}>X*XZ<{IK69$;e~1t$ppNlb~f=O=;DWPU=XYa1R_b`=H;e{%H^c2XsNifUD9O~i036TD|cOw(Z?E03Mu*}!iVAI=)xX10O-Le%9P#`TDkV&A-5%}yITglVRH>BcsJ2(Cw5-u40*Ah~hZQ%so)$>#9ze;?^w8a(bsbz1I1LS8Ggke6;XFIV2rZj~twsNS5L@D4qke9ChSEQv^Q_m%934|8Q3>5?IXj2MB;$KaWHbkaS=!J%WXCG{iYn{t2MyLHWfSkK8ksuL(FWFq0QJEwkV#agdM0Q_zpOnN2#562mfO8HwzQasyMV5Um=$LRr?r%0SqHn)+cbKRdRut=tJ(kJz!m3E&Jb3AAwD-`z!sSLf-D4sQkC(>Yz#&sQ%HNz%$m}y0N_S`U2xlhoUVVsCY<R?OB)fV>!!Q){Te9Y93VfcPcy=kXBlz1~&!{tg1Dm73wTq|(CU&3;0WjL(`tfvwIcJmpW=Y^ubeIQ8O8IdOw1g6hZ1;BPJF~qbv(1;R1DM!GAB)3gV`s@{g^f?*(bZ)4U)F7XO^9%*metonDc##i6`ujg{Uv}sWv4Hhn&awYDShkxE+ny1fI^717N;I^`O27j}iyJ(MqIk34y6D^PPu|tu;buI{p-n;)*SJ9NX{5Ym`gZ>Jyo<maVz?Xr-=fQwd3w1Mn;d{Jo{P}NCBR_%oMH=SH<k-3P?F<dRTu=>dNfA0J=Pd%CsBm_cW7sj)?kV93$o}{HcS^6I2?l4U7kp3CTzIAY!|1XqB$BTT6$z)ihYX7COlDxT+~r}9b{+5hA%C;7&g%BX<xrn{xVX}n_V+*4mqu>`=Mrj@8-0Zg9?Sxs2L<$sBCjCVp3BK6#A68%^(&kk%Y5MF5;q=_G}uTm%JIYQn95uG-pu>EmLCrXJTxrh*SAM0Mxz8*s}fPbCxl&4d|9N%wsOlmAm41Who-2tJP>8l*L0rO~zZNaJfqozxHH9-tN`nMS`nvj66dJKkoYokSc9h+B(he+&p`0l#i4SGKRa=SgHZp7%ys~`M@w5yDKP{lE3kAK9rEb6V7u&ar*In>$?OO(e~eMx0)qb-N9#~P#p4VA=cG)%pa~(^($V4R?~LTFJ4Tut89Wegb~VJQ+V}kuyzlUXqgz}QwVLEJcbWH^kP<7q!Kg%kIfC2qlzXJKE?{$RwFIe9@th`bv~Ilnru1p>DW?XqGs;pHhz=jADS&eL(YSP%#{}3C7raRw-@CsXgK{qNy=mtdgwj5-9BIsrSF;>&i_z)<M!|k8`S$@7VPwqiMj90Ntk`jkpXtVdj%-$n`;%R|2c2)*Pud|S+<Q`tu_CFMN8iiQz>^J>Y~50>27#)zTsfa0IyrtqL)LUuS15QuV=h=IAq-{Q&3XV%0c?$xV*|tyyxhUK}9U^!=?a;SQz2P8FJ#(5f_9FzJF>k^+x`!wIyO>L(_M;5Y4%yld-gjHvP57@Yz68vg`>h*fcr=W+Ir1T=+hca+_v2i__0Xrx)-itJki~voRF)_>!PPS9Ss3-0S~81<)r?A^=HImdvz=E8hr4zCZ3L$zcNF=eb~A?)TNQ9KS~M0BK=i1Q5uuzsV?ei%w(^S-p&pH_6ZCx)`{(L3|N$4hF~OeB{4ZX`cuUJr{}4$U|E9^>?mLnWmq>UpYT21c}R)@mFMBy8dqhFtwFeHG#0Da!}M{Gktd;ewyx{8EocF>AseT=E^q)qAEWB4#xmu8okt@6_h_yjzmwLc3fGTn!A8c{uGGgmVRw=;x}_-G!2=k-RQO-tcNNBZ=cUt{J&dns2lr;YAuqU&YmQT0pe&~5R=3S;|8>|gKBNt8Nj1WeHL_oyO>dE`UVcem2VzVwN;gJspg~jh?rW$eab*lVgiFgn3$->?S%6eM*RQwi&rx%^yHp)0$!WS`hmxStZJ*!p34@TF2vc?vHsybSe^nv&bkh<&C)}bvhFOgG8Q7o*cr=Yp0bb|W<%V1p^^s5$gexg>#h5|YYa#U)f^2@M4zIt$Y!j1L`rFczg!bCl1G=*!;Uheo9W2mQsbXchF8KmDju1BULVwV5Ae6PwP>x|*g6gKDQ4q7gG*$waZ5Cbgyi09=-3=ST1PO(VH-i70*#D@$nU%=z}3IS{xE0ZAtC5BcL@mgn7v%|KXZAgn%EC*tdx{kEU7eej3pFXCG&GCm+`@PGb)4qyd8^{Qb2iC&3VsRQCAY;CB^^iqdu54Z8vurJ0p?%6JxS@=@(4bg{634GaeQ7njx|{hV?e67#+D)h_9d97_DbpYy(&aeNfG9l|Pnay~`WSb9vyq9%zV^F)iG$qB|<oIs4zTnK5E>`aK5auVMEf(La`6Pv4+~GlZIiiA?5H#r}GVR{&=D>&@x4k8s&&FSo?jf$92?z&h7p{sO)L!xu>!P&kUC*1HtRh-^1#`M&8&<>_#C2z99h9LTfZ=LaL^WUVNKz*L^1Wbos2-Lh3^-nnPqt&>`w#zkr+>odA+mv}>)3EHAqt`mH`crFn9UzWG;Vb=1K9v@8ffIX)b^Swj6iw~H}v-jYC`VxCqN@2BwaLHZX(TUxx>xK@?+7M`s_PY=sDcO)Q@tes|V7XTE5|{*1JB$2&ZKS<~CiL<!#ja{8`hbRV&ez`t-aZ^dTBvk+wA=2Pf?CBP0EJ+jQmPm3yn}P3tEvyNMaUgzv~j@WxUvd+QkT!W&@%z9Cd+_mO7}G~v8}1cc{EJ<zQqhW$??H1svC9vpk%{Sc0;crVKVqPI8VObe3VNSz@{L+sX$l#BKL^o5y&mXEQox+BTN=d5*>3iH%UIL%QMC;g%q)VLI}DV46W$hM{&~xZN)-4HhTzu``Rg^+GzEuXC)f;H9e_Vxgy=|n5_@21V&wD^4{*Ue$0sjH&#F!KsgLS!w^=oF5e5N9dqFA!|M|H9h~|R^D3|AOh%e;lf9F<Ill^^BERBAV~_=!Hi44pX3?9@ADT-&#7ci5i<!HjS?tI)gjcXEbRZ<0JGM$>_&{T>m1jc1*=%b6wM<x>w_d6wmlV_edvdi?uLjSWZ2}`cnMVa2GTooqjqZ9Y{=Ke+Z!ZAll<t6cD0n!+9fGlPkI(Ph8zZ&{VG@h)D7})Z!>|X_)BY?SmJ)Ms^7%4zkF;ipTk0UbPP<$&4~{s2tw^0q5evMg1Vm!vo{-wVXG^~4j@Ax*)@;#|?E`vj2yxe0U(~Z`182_~L~xUoafk87%}@v~_jS(5T{_>Y&?xowaK-R>k9lSV>Y4sr1eMGf=e@<zCVnqZ2itk`NCK&$1#VpKxj12%tCAb);?sv|aLJDoRC*m_8J`#|xQg^8%YjwS6s!+`mBjq$kp&$PUj1-b7Rpbmt|S+-?sa^Ud7%D?+hn(^KOQ!y?Z`vi?H6*}bN-f6s(K!sl}2`SF4j)H;mnlHVArNS{kY@VYImC(G$Etu3@67Egs?k$JF$jSI80HgLUfOg^&8{%$CC^WgasGh3jv_jYjMu28t4Xq6y0!TAlBgMKQus)b0W`{VgOsbBrnP)!QU@#Hzq`g1ZzE)!?6Nt3s-2tEIGMtyppgTxFSc64VXx**x~pAs?LOvK=CNX%Sy%ntrp@AqacxS5z#dMe8D9?v*BTPA?EO>Ln+Myw{Eye73zuk=+?hqnuFn{0$ox{hW-i5JrOAqhHx5n9uJmT@Af=As|>W-)VYfg-EJ?D(tUuqz-8}$^Gj!34uymX9fx@T&cUrsK^m#)(rm}OnK_T9!AN7co1{8G@ZfWlJ5AJr9O3Nyj;&n^B$q>~lT7pj;EUGi^m~$KEY~)|DEgE{sGtAFUR)hR$}uXiEu{EjD%mwM#t4Y)5RfhPi6@q!u=x;)(r3t~<pnww{!;%q?&aBbGU}yKYJNjPBFUEXH;S2AQ+-!+nW;K3CamC2Z2beBUk#Y&DQ5JMvU(A{*$n@NW5%*SP5b3FN-`-h52#Enw;$8Z4V^7DM}up|5Jv?)jpjDalg2X4VoM?W*L9jM)ah5hI%XJ#S=L)}$!|&&shgNA58r8S|0@)K{M){$tV!fh*$z2MkU&rv?M|a^x`q#L{_RI$|Av>jvkP|iIE3d`yovJB94SbPAR?ncWL0fBjGy;!)1h2TxJmtwl_Vf!TE1+7h^%Ijx_#V-isCU?Q(C2sfiwyWuyH|;JjU}dKChMr`FtjV4wNa@|Kf^)oxZ+zLW0hV1n_p@jg`wX^dVvN6aXitienoRep*eD`cnKc!OF&+<?<#NA3@%XX=i*+{KADG$;}wn-&6T87eIAj;X?;m_Meze>R=Q$%&xt`6LQx&Zlgx;c2m$I!p(5@d7g0K1$CLZDwZH#OX#A`<KJ)zapc*v*kjTdH;CH-dqyHM<E-6o_0n9<H{_BWtdsPp!b+CB$x%s+oFs2I;|;+QR^lMjW}?{lAtM0QAo`PqauicTt=+Fi;EPPq$2dNwG`uZ|8;2dImpti0&IK1d_2mxBpPazBdhU~<S_JOUb`_~JqwqLMxL~jD>sV9|ze}i{c_!dU`P({_cfRG%SHZxXcwFGBf*!eCojp#dD5Ct^((-)=LLVZMQL7}3DVrZZE4f_7ajG(kxV_RWcH6W48ficp@tlRq7U2IxEMJySc9kEmig6RL|Cfi9WW*q*&S+(y>N+zrcS7q@@?E9o9yAie<V3$0BZ8CGE1~73q<0J>K9=jnVTq%IS}t*x%G{)-qyU(?WZ8<lfO0Co7X>_BuI17-?Oc|4Dp;zZ4U-jvbW}lCt|@QXWv8X0_9;Q=b+8bOE`oCw6yMo*K>>DiTgBW1-tiJ|yd9q;f7L4kn*i$gcM(|@B2M$oPMA`lm>6Y_oFYW13c^wn1jG`g9U@9QRWna^y;SVhsAFCth1P7_>@^GljdPfwxc>kGcV0JvK5Mb>y5%Hz467Qdd<em{+24<VH|BMrjuK&~1Kv@pTvLxw;c#es93e&jP}hIwEscbqmaV@_@Zw3;TOwE{&y{Ssn#Wy+dM3exhWz^$x(J^zR4DqUtQfD{1?p%R7csjI$Oj{W@G7vWN^Rkel2MI+TyFaF>>lRb3div;Hgm5CyW_^+d<bBjN8A2=*0@*hf^yz9LIMK~rAR<SUE_gh@6|#+!1%v19?ZQkpCEdsXYu}AI@2DqY_TO<Fxj)XoIB1Jt)v*R_@3UWtxR-0-$-Uo?30^dAm0PBGBGQ&Z8P(WZ~0TwFWj)K?+PG&fP=Sfi=a8Hsvf#5$CU&5taePn_GGu|#{nYg^@MCN^TY~$f38Is%d7wWD4c#1Ke5fg8Cu~Hc-ZRK=?TI*>Zy|2{0}00R(`pw)0u?9cEeC6>GFOlT%y;T%w*Hp&qKgf>GO|k9u2vE%XTZ?Y<bWF%uQDnjPVw?3d%Vai+86FePmFLI)kE-Lp812zM+K0m|<cpX$a-Z?tncSJ<)H&w=F9v3E^ncJwjRQJ=>U-7)?g<5S@uy6jRU~>msMNvO$QR6!CxS94oNsWaIJ>>b7NZ^b(X5$0~L_lrq(~LbyvG$uX?nV5*2JvTf1XH4Qi?N7PYW20J3^0Jp%IiD3#J#kfo96;>wH5t};^lSou0Jw)%-0Ep&`dBgH(W1&L|qci_M`~VFk<o>*X*&K(%q2WLVki-mNq&#$uS)Xtc$a?dRyZev`VC(APj?XhBC}9**<+sv{y5MW?Yr8L}e~bu7m6D^vSNf0v(5sveT<fKF0=Mt*0Yq3iQnhlp`KHsh+FK^C%Q5T{Dtc^-2duxtZC=V%0v)kcRy1lGg5r9>96T5f0<Og&(3bO)+BesS>oQC2qmR_rQ3@I*K-<OZ1cN|S_5v`t>eY7rR7MKiCVGAb>o3l~6~Hvrmt~Kjla$ASs3jC(-L+gf0`=vHA;MUpM!}GA&9^hK-U(?%L;D5y*XdvcKQ7DdGsbeT7-Z-gkl)L<sP-iiTML#(C`FKLos1`c*uzriG#2_@Zr9x!TO%^FD=EZb?#*vZW*!RhP;Nw0CdcB!p$aQkcj4M=M$9MuYtgluF?G_-Vp~KsHt2mavN`|j&$i11Ib#@ZHi=xwITg-<{-!D7v~ZKs**X=8!wKo@V2dU6a-eF(mYlMhK&SYF%hy}4WDryN%x-W)sCMsam>v~k*T<y9VLSgQ&7{a{&&v?6;EG)3UW}D5{k5BQ12dh_6|tuVv8_l&Zf=y>2Ugz4C1Ig%c}s1mWB|C8C?IUs7^wSD+5o)5WVZ>*+p|?35K2}Cy(H@No*DySHd^^UE_T1zja%cs95_ludPI<<RMPtiu!xJ>>j&n4a#o%06syV@aTvSV48Iton>>U=HDHW*U9WXYt6@^iQzVf}*Z~M)JMfyFzKa0WGJ9Tj7K*N3>y=Cc=8RsNY-Jk~9&~d!idK9aSe*$c9u7tM%k&N&r@sK#K}R6j$C<aS%)C_KN^**T7a866R5c8}fq9<at~WJwuoxjjI`P6*)VSE_)m|C02=LgT#qYhL5Rw|2^lX;^RwFDlB@~<kWR(|fR5U=2l{#pU0UA*4X({{N<8ZV9tZlkK_j2+!PR!wH%q|(<-1>_S?zmg{HCry=jD94`(>I#BJVW}S|FjFrazDn=X4=uW5h(@R>w5V+kWrQjBu#MQm_BykBK<va5Swvqrcmw>g>BimTp4~E@S|AB{fp8ePd{58{qL}DERc7hohCWu@K&O_w%7riieIrXNp!dH^S2cM%HRJ<=5ywJNcx?Y#fQT0jpqj1PRwqI8^gNw&664;oZx`Eo&gE4sEWonQF~m_seC-aGes-g^|8B~oBJE34t{Y{#NS=2ZS0$t@oYtl@^E9WJsSK>+UDJ3)qOd3xC0wCw&Ptgxa0zP?(gKHi4)n<4?V!|4mqJ)tFD{POR(dGxQI_)vv|pnl*b~L$aVc7pzrwH(G1Gi_33KVGNY1yJTI3h4`LP}r^NlZ;>J1r@YjK^0wtXL+>LH0Y4`}F$s=fkqc8mLYLu=DBHugrwV-bxejX#5lhj5OM}WkgH4;$gai%UG&kUx6@>3!(&;_|dno<)a`K1)j9LG8nmQ*Ug2@_I*e=+oXDk8n5$#ahU|CwzWGVe6(%=ckBX7#7G)IJ5b@3NW+Bh|NZ=KK|p?V4jy<#KinAUf(;8HDPd7X_?u>`iQWh#iuoX9feyPos}GUin$^hp@kocnu9J6duPB;LUez6v?dXJhus3&G%%SZrf2pzp{w-iJVqjE-@^M&3R!UU}5z=EHWLTb0i_RLd}s3?SOM2^R*(hZrthY1;tN8I+z<#>IC^?^NB+9wL`SfzKGOljtsuF@R>hD=Ho`hK%hWA+M|oH3_xqNaDl~OE@eAcGO2GsTjWlxtb2X|MB*mM{gbhZb1&a2-fo|3b;b)R%QC82S{#W4FB0?u^D+gpJ)R2TPa-3o$a`O?Twf17j??yehSl-+Hi+@9+oSfM^}9iFkuhAmh_)&3<JNrI2VjU+VR|flf_38x(Rq=YiYPCy{!QjmEA1u>wylgRt%S!FN0sPPsQoBQjVvkh)TUqp9_doevA}{Mrqd7tVLbR3A4&d+2;Y(G+;>Svp22?tpL=dI&agB7EtXmn=e~YN$3hrd`mGoWZ$|Z=_)@A&;otwkLWH?>*=oKiZ_2*KS%lAy4qQ}_XhA+<KU`n&xvV9}TVE+*cv_GbRxW>wKe)Wu7inll9B4F@jmwc=AQf#nlD|G%t~9q3h%MnTRRKR{;qNllW~hiGUcOGwwS`0^jHJR6hEB`(5W33td?yp%e>|uBqyw63d*rXM84w!++@0ps9P1^3E+kz(<>idgv!hyAdBvtCq4D?sDqBNjne?;`V7)xZEFw5)K2PlJ;uPKPfV#5nZ~PmT<`0JZ<FpwXK5DEN4;N@XIrUOz8Ll_^HwcH(+ruiuR71wmEJ@d?Woopj{0E)tDq^d)5G1;c51P_30-sQ4{f<(7W4$!T31mow%$??P0tW6u9cOUT=}}sdBB04^JE(cjw36JrWj1rNBQvqx_II>HvF7>^l#@y;g+yA};f3kU++vO{4XogYw24bN+!J1UXq}nyl$U!R=}j*xhL`e=Ku-h>dC3rWTp{!dmb2%(BL%q@>1NjXi59D6#e4oX|BmdYQzJy1!cIm6WR%gNWYyvl*Oi0>8V?J1_gh&8i4HoX_Zrr;%E%Qro&*J>O5R_O=QLVY!mgw#wNO4tQI+LZ&s*_h|9&+Ewcy~5OvBu;z04>TPqEcBNmRfU{pVpRbPoFbKC|T|D_f->NI0uwnKrG}F|s5Fg*FZEXX(2Z!-BLhm@E4|U-N#1aoM+U)jf}#y*=F=(P7z)T8dC+argd2zPU7s;`n;y)d>pJN}cT?>+Phb)OW-g*K?iU(jCRkZJjxm1%ctu{FzQbzgWchZ@2sgKt<o7`m7yxNT`O5zGm}K;`{jMuf1+1?Cug~x4Yh|(-_)mLDLh(r2dFc|HnppJ+pZQnU<~OV#+NV3G7)$=ni|t*W47h!m}+PMZ3Ygk6juGFmfW#X_RA6ydU|xN#6RbJ;6ww;kGsD8z9l;%S^n*_`=Z7AT6C9q0{!62b=A%!MJcXuJVT}EZ0-`!WZM(jRK??40d2vq8uI|AT~k7vUtUvyhSPqr^b*0_4?`8bbg=!zb;@LU*rj~$uPUuc0bzkh{l({E65iz*_2jZMaI|kdAcI-VtEgxW{=KU=k)<rzXtRWL_1=L6G>&S;g!ZP<r2l3fFzX9+n)+Hvh@{8m(DO~dow_w$*pTY)GVO*{;VlaJ{jH8<MBJEsAJ799FvlBk?CqYXA|=xt>I=WY#SsH3(TH)hXFqA=;Td)?d6nY<RtZ=k38Z_{eE@_fZph?&v<q$L7WXFgA01M4oI<(<pc#;o=f7>nJx>{yKFy3VU93cx8=qm{XGc+gW#o1n|i;-&L)QvV~I0$;Tq*TPNUy6+J2!q3R?p}36w#(K_JOG(Y>;zHq3ijl}c@XsnS_=;u>jy)S-|@cEw6#XLL%H#NHH8tu7DPX5_wKUMs}#*^6q!yb>dU2L1XT<GIp!dD~bMUSh-V!w3>^XIO2}PWUf(jA7|$Gci$`(uzOkpV&B)F`j_QyJ2u)ZUq4eeoM8TlsY0tFimXs3-U24jrGcf9Rv9D6?t#!xWSZw)V8u+vdU6he8~bVtyPi3IJMG|R~7m9(Mn`VgPLYH@k_J&i(Kqw{oLL;fas~q2U^}UU?$ZA|8G^?9{jD&J#F(Zg6Zd4`ydrQx9B>-v^teq&{ygYIjBeLIIg2IZu@2(=P7!$%)?CyAA7+qW17f<854j%!KKiV##M8&D&E;9=l2Q(t|B}Mb#7%=#Td00ASGIh9XKLrSOo+o?~GmrWJQUf@fcm5Vf(WGuV(I{l)_ZBgt8D@<IEiDI{3JssR{d>Vk+_ii7+iL*3PNo%4w|FRM)_Wb&x%p11p$Bg{PWl!Wo}1(8>17kK>pJWvITf02={S4j0hNfiprA>5Ye|0@K&Tj!i48)rXGJuN82Lms9mvP7u-e+C3%7@^0+0O(O&kps`p9tdFkl;1OI1-7C3dd2bg2h9)m&!VlD}WcYjX{Cr~wsiLyXPpOPqbbKAR&r+iQcr@<*mkzH^xBaS22^_Y_$NSFI^F0Jcrzya?c~!2ab~(}5wx(;&XD-qV5*U;R^hT86GB*j>QdJ2kh0zI;<u`FlJO?PR1G}YF_-daPg1UV>C4onLwC^lI#T|awPubW%3nm08Ql&3Ege)oR+_f`D`~@%Ok#;(^qGwR6$n6vt?`_TLU_KE}tr>J~cU$H6i_F$=Ex`t+cigu|hluo)SrHIH&Yd&kt{!Igf~o;Zp2rhG%*&I}Z6IJ+`hLY==^mudRExlw7{L<*PKWXU^F^;ArT6<+ZOYl%j~hwXf#SD#Z?zH2M{{d@=3f?K(6EU8*Qp{sVXj9>zLwOu@;`dgi^2d?{dBde0PkUTkHPGQGm3-QyRg5?T12lr8ue5ukKB9aScGQDom_^j5-~^K#&0%~I;3PuOSoR;>F+OsyJ>1o^^n3xx90Jq0FzgUS=~!cmY|B1(z?rvxCON1&pZ8luX1z-`khPtji63~lx?s1VHYU#O>G`j9qT0|9#vPlN$ejfMYdEO+Q;Jj9_<#Dr||_-Ii%!o;Z3W6pEB!LyeaG(me8aze$M!Eif@zF)Ol&6jjro9lnk?~VP0E$gS6t7q$Yx-&@>#iDbxY!B}R)!)vfcwxwFx31#l=kx;A*^%M^{sT+W>&J%web=G}g^KWRsB;*ElXWNVMiJ7m*tNDRv4rl}k2VuaS%qDxF!w@~QeQv&ljqCoP}Y-V`oam>O=)G6A<WL(;=-t5^uWm5`dSn4CmjJ;DTZLY69<-#%`%BJ3}Ar{n5jQOn-DqIZj^#loK82+THA-|yLgx+ayXt4@<F-TvWXw;xeKyl2nAG?GANKblkU9e;|$e#IXk2JKUS&C<fE%*+mD0uDy^sh*K*$kK%eTi0rUyafL>0~+HD7>`7|7FR0;mR$-8vM4(KjR^ES~uIzoHcqMx`G()hf;zKBBSLNi?}=69)|^eInYR8C6B5tc=ZyU2A85?gQ+=o^sX3=sTI3Rb%1lzo!BL|5(Fz)t>svi_r4E+?vou-)5OOT!408GS%8mHZsWSWB?NT-9_mflHfF{J@+Ru(RD?<{_Z&N=VPqX|Wt1>i?kT{+pnEw&uhCc8XB%;%Jc9kac#%d66E;Gz)ZyHHVj_JigN#Z9QzJFcS(*J3O;U?;yn@dO*9fkT<n03h_PEvQw0q9E%rl`zobFT94v5sb|3(WK)Q&aZGY0eSszmL5MML2%=0m1w0f}eVg%IgFxZkhvDm}UO_2XGxW!lNXd_Ip$sAbURa<WemL~7#)D+kj*gQ@+JSBTm=Xz!b-O09SLpUF$!fp!n#>}z5cdI6V>k2xOKSsYaupp(C-eRA~Kz0$q1fEXnW#c7N4q&8B_L1`3S^2P9^@YO!-R`{?(Ie7}v13>Q7Y0W1vGF#YZ_@=3YlI5ueQZRxx=OwwAAN&i{%&|a?jphO@JL{%x%t&iRZU<X<9B^^~4-HVHm(EF)e{j)!Wy~Y6;8k{jVJ0i;g0Pj#lr||YU{^Z(t5>Z74-KVTiTDzX38tJhIze^P3Z>O1hDX@>s))B?HV9!e?R~6smT7XgatLQ5RqOphqGTT~Mg#rSQL?*!qX}12<}l8A-kTUB{1!33V<+&{i$e_{Q^;vsRY}D@stA|vdqm4>&j4&VRB-JMOsby2g0GrG&HVoZVdpMk{ziv^(IR(Cx3MGATqxSiawa}U;rcW>HF`u|hrsnnTa1;*Y!cX-sM;8nX41R&+?w=MZSdKpK)X5qlB*)j#t9O2yd-L2w>}i&?gif^`L7-_lnTm&#1OV?Iblv5!|gh$RYb9~(8h^E0>{)k)<SJXu`Bo+7n~%(y|cvp<~_$Pg<>LJ;eYiS>FkMG+RwEiB5GFW23__$`@w%S7UMO+Vu%hjV&qW7fxl{u>g3!T1?fq!T1tUJ<RQBp4}OB%Bv(2QcbHyt<k{_nJ;8s?9On=B?@~;9TK9n$=K@Zp|4eUB3LsbQs?zJ}1>q(w##?W5yUl)B%|=sign6RrR3Jxd41T`SE8YB>P)eb9jW`>Pf>_>GyTV=~*P-&c;oyPK$kM_+Sajf|O-AF!)2os{+AZem*(}%C5PZ{U1QF<~(}NQ0Hgfg9jHWq?myoMJPdvK5_r*(jUC|GOGG-V)O=KP_kxe}c4NY;a+aiW7uzDmXP^<mxa667J*|nTd!(lr~IjIvSOeq2_uEZe$Q?#Z$mf`T?h}(zIOh9|x5Z?saj<RU%kmG<=thiN9(H?Y|dFGVN?M?(g--be!LH4F$zou3k(FHSuO*C6QI%dXWg*SwyL7<_duXbdmNK%)Pnf%hS^pllpg_aJl{X!wv|AqoB6#_ndVw%V<o1)-W3_Qvhi7M$lh&<Wf7ye%5hL1fqp6Io#z_w&9Urrgi=D^NonhD%?hBw&h?6&HZTv>RBCfgZchnDE?)Xp&1OU9YQ++k17Cx7W?O&Z<HI1dRwCd-#hTR>@cNIydwtLC)j5j6wGj{y6^b+*(XIgxivZK?mMuA&4@?@;hOX#&IAckj9B(&m{Kh4u1pDHTr)OPK&Pbn%hneh8BBp07rqghakJ25Z#MZxC+1x2;%LVnBo(>`PpPRv`228)0hqF5wAF8JpeofKA-C%1Qg<hJ^IVI{GGG<_f<XCI=y66<r}7l0N&#qG|aQ(zP4+`@(YiD9!T%*46woUMFXD$a(n<L6pK--9x)Mo(Z7dFju**5AtfK;u=f{eJq}VIO|ues)=sDOpcrGfc=D!Wp~kIi_*e!EDYrQgfN2O=C$pgZHK3FKHo5G-?PM8j?}{f0?Z~Lfm({RIrkGLb4@U_l}W$HWvICRl&&nvDGJfyCoi{z2N5@LX=EuvQICu<YTIcnICqo?t2%`M_ny$NdSYoxMDFei4Dr81tq@>eAm47E5MeLuFarAhwBgIlI?Qv-u1CbmREF6M|GP}~cmT=*$7^-%FK2W5{q-W+maDMi&UOfqQWCU3pntMPsm9pDcffX$l&BG;pnhf|)^FB^fEcTyHRt?fw;$y;f0Bl^(DaOC`YPe{0(75FFa|+6-f0+@lSc`pOct0takl1GTc}2}8d92ek;A>>+`^{YkFSQrsH2hqOfmM^>5?5gz=M<O<6Mj7n?*mg|6p+Mbt=`nDfuHP38R24JTkH+{t8m>&Y`~qTK>+k2hR9JaayS--!?%6BM7RxwtP}W+!A%l@v+aR#E#GJiXkVW#U5aJl`xjH%xrZvFHH^4J*2Lm<(EJvxmjtj8Wn~3Hj^v7+X})_LG{#yz6T);`m<A|KeOY#*|slJS8kMd^;pEDtu+8sq1`%FontaT$h*frA5~NNwKa?)x*IyiokQC)vdpA_w{1yx?0L%kTRpNOGE|^y>FTB2garVA@9n{iRuDupm3YkH4Ey{j{tfOXQM4phYvf7*2ALQNwI{pDT&1w<2HBnmk!l%W1D<+?M%@oE%$MHYvD-S$lm@@_q7)+;ZF~pSo%IFUt?c4^0cRd=0lZDcGY1Kh0J9(F>vqmg$sG;XZ0Q0Q+lX+&J}PUG;&D}D%I!}P(vv<h_2Yn>>;|O!;wm}sCxq8@3q#xU;u;;H05DDEa~p{aDXoyR*baxUZa7UU)q=}+kll<m(YG%|$sTqoVrUq=Mmt#&_9a+A!9kXqe^laa)7)35u#Yd<HPDMb7%ug&LGQ$8<P%Yu4!$8IT>E6h*9?eL{N>9s(Ihi^NeIqVureWHZzqr~B%E-vY>`eEJ*7>`4aT~2GLLWF>c^=jDbJmN4~(n7$*z{Lh@=4K_|i`{=xxkkS|o58^Bc|nle{;xgZL8NvLF;-`9IOcLNXj)#Oyk~W+n<_(l4ss*(sFKGGdGR8r;?HxNDUsqA@fhEoIT#LF2R5f3uKR%}MT_wcG1scrt`ZfJH79Bv@#vtnIsyxVxp26*d&?FKA)J3QI$-LN8yHt9`f%niWC5P_6@O3va`_*Y`&0!|do|^iWC_P%`dQ;@ybSwzXFz49$Na{l_1hzyav19m&W1l)Tw4^&{qH^g5Und$(*maWTKc2RfdK*;S#jK@2(!tFZib%l?><La1}Tj^)#vnCZ}0dql^~6@u`4Cm)6J{2Q$_|GOE8o?oAueRo(MXJ#QDt70+u9m~clRG|zk7#r-sh<7(`2_hJnK5TB|x&(W`QUq1pyJfzWtD35PkfYCgYr2A)y$`Wz4Q<@(X~uv%Ud`_&sN35_jYVM2_N1A(^_<P#u$doINfG(3x34XF)f-ebHs}wC-58{MKhD*a5DR09q~-XKlUx7bJJob6g6_5vbt(Qf-yQEh^9LG6q$==(MII6FE~4JU5T1o@c!<$kzI{i~=<Irj=aj{AvnHR>4Ke-pnuaZ&ZNynnpg-8fDEc+=nJbT;iQbZsxF2n<yG^|?%;yLvF<)P;ZhbXQ9s(L`1DTO`Y2RSB`zDHF9g<YK$$9JzcqzxjfxF`d(m0jOX3ANyXbg@%y2I8JF4Zr;!8pDUuQ2N!qmA3DWvD6%cDAYanTnDYa(OQ3%Q|UYyN5Erk(F~_`^Q!~eLJ#%MQE3V!*t<SiCxy3+tiQ|7`|mt(67ZxY~m3L6y!wG8|+4SV_#N6^1Gi7@rf8-*(8j8D;A>yp+em30w1I{2|H$5dAbTyT$aeNwf7BZRIS9`({5GZ0aWbmWS!fpvaMtrA<&sdR9R$*HcwxAV5F5}R|0J&iSZt$;Z)Dq!+eA!2rNMeU`j>`b^55-aTR7B3=~JytnxtebyiC|VitJ9wtwQ4mKxudMcvv{$ON{UgJ=`rM+G1NWfhSoS{RY}{yA_}NkWpjuDZt*AL>xzy;&kZ;!Ul}axsJZ$})bMJ&*WG40NlX9+7jSShn+~89M;q`j!VK5b1OEKGRreM@0JJZM>U{FO(q<zc>c$mF)B0?q7x2G`#)(07jS3iW0HA;YpZ!;W=hHUbU=<0(nC%@gCv{qu<nkf02R$*Qg68-rUfRPwi$+RFmSqiy>$0(1myn;LQywQ4svy%pNiHteqw|i${rqGb`llMT^3cT@5r21|`>WJKI}CfAZwZMx@jVPQ6TkBf^3A7#R9(9rsFHMi0}VqwTBtLAHC8IDLzSPJ?nt8;c+xUxUbRCA~N^(vMVeia?fAKY>3XN7Fq-g{W}rw;V72|FU1_o@Uv()FMOJ6Llla&eIa~$=lk7D|aZ&)+?pb=S6EzxL~xTZ_d#k?bWHg@>DDPA3uP|y#fiM1Gz0hK1Bz>-6S~78<`oeZpA%1!(M5bc7Zk(unJ<St6~ckVPkM-lzf;v(c|?Jc@jUdqumdL$WGwUQYL@#CK*L={-RPV^X$m$k4AK;p?x)eg`x{{)FwAlQE0#nMbEthgI`CmAg3pp`tJ(?ht=H5HF*YYEU?bty<8BvcuwnbvwjC<=4UL3#2CXs#W$o?XbLp2>X>ugOwx2IKW}O0z@M~mcr_fTIC;Yh|0JSA4j3)D6w90EEYtueBf#X*7?$1uMF#uFrOO(aden3kpq0jaGr~R6ZnGTOfg}33#p?a=(ckFk1WwZL766<Y3ueU;j0qzO%>gzNG+dz%fdH*9aMC#rR4>H7ovJ8&n|Y*Py9Lxy(|ersPH$kS`Nsyt$BLzZb7K0ldwnL)IAw%st=e;<98pUp`a^Doe-iH$Ks$3f6?Z4^*qwzo-0zpqb{4_Rm|2l*ZVYD<^qa@#2O20N!hmteJ^~hgiT^_0;HBNkgJJvxy6tm0oz0^J4hEgVDnF+955F0h<`=r%*jTu|&#Z`br9D+3vZd%1OF?fM$HD0)`6$DRW9jprg}XN_*<_6u9mWg^%{<<{RuE!cu+r#dX936`7>@=^`mcKn%S=_Ai*BiAhf#XfGLs>&QRa>vEy0QRZL`KTH$(cFW)sm8c!Bb($YI8Cf8-u=_R+R_kIHXisi_1|;ii_~HKea)3g5mu>e<371qT*1665m+Rnnurvr8XYRj?jhy5+Ix;cjr=r5OS|a(VyOSB~n-Dl4AdQgKqEvdPpyREf}^Q%yDhN!r)ne!=%JdSC~2didC4+L?D$2@0h$$l1uooln+7orf*_T%bFn3U_ovDB<L#C!J*%dDm<lMS1}|SgA=2-P^qQ^15)ehH3;fdS>Z+WBuTDb~{&{;8+JAuOW+WJ{vKn^$ef1{bQrIL~sw;h06M#U0W(h_Wdt#qEf@}%;QLpP-d7%n&X?BLmI&kj6DbOa9o^d6$y?`{EBF7V|1Tktu{lY|E_=drY_c_Lsn^1%v#fJz+;H{R~mX@qA}~ekaI)+BW^r!!MJ0t8b{V#0_25+a-DF4?b_(Jgw~)F_=**nkdJ*x;pCIx>?!}D0vgoh|F7OLGjRRYf9b*0aXFHKNS62al8fuQ+b!5AI4<{qz=i5BrU|CB<1r-b8hE;*Rv0o&8&5r7>z>VL#*`Pdkha6RSF9qe?>fv2^!@$>R5rc8L>A&Wv`Yt04Eh`f>r<efFt<h9YBK1`Udsb60OVyVD~oT{PRyu;>onE1)&T(WqsQ#~oA@Zb7*nPzkRKvcbK6YyraJMCF$`cOP7qvnOe<n2VhmjgM%U3ICI+BuqN)btomM%)z8{5sBtoBaY`bpDybRDDb~e;N)ig4O&zs4Z8pU{af|bNx#6X4b-TUWF*DAafIz{Bn`mN~(iF2;6<xf(o*~y)n`(|Nz5!($;u-Gp(+__7@2EPGVDI_e8J&8IiZ#qKB#xA3ky{2vJMV@<*OMCFS^$Mq7b8BhA97YUg8hgIpsUM3X1>+t0x?!e7_c)FHi@nOda4304L8)1NH{8-;@L*==_Dx8XrGTmU)Y`P(Aqxr2n7(}O1q;P=S5xbpCap2uN_Ixu!Ll8s1O*f@)wK{8dp+OJM%1vOfwZxt@BS;B%d=eKj#E~kp8068%-7-pc|g<Wfy2_}@N^*nd5#7U-xh!rK;9ZzCdwAeN&L+hh;DFlC66kYR?c1YQI6K*s(q_v9Z6FNwyTNS{I&?wM-6cYB_K|{WpYiCO@H<_@ZFx4`F1(r^OPxwUVOq(kc}g+bWU+W_8yV4AnNnaB-%!#tZhRA1m_x=^X}$5{pXr6h0kar;x(i@#pZv<;Z6p{RgESCM;H={N=jbng;|Wt&!=FoI*n=~4w~g}NXwEHsms=t>IOJs`z-&is#LSh0A|oEQ!DkgN00=)P|i?;C<|T{0SmZAR#KI~E-heY0O3uev5<o_L|8AYE63(5f<htfe2md%O(j_DS%Zr9S=n?n>CVZS9RX7I%n8?<f+JW*SZno&dK~{3mbG5dBgGm{ExobUI*@&bXA2-;5LUW|=Zx(OC+y(d18{Voq65)icS3=gCxx@2c`K#}0iPkrgE#X?u<9sYycCR)^Vlg%5Q4PKi*sAFrUR_OOj@}D?^e}|t?$Zp9nKD4WBL1w;sY}#S#xfR^n^d$53t>|U9~}iYu+=Fx?d(-(igL>Ydu^DZn~b>MQ2+t?^QaFlFaXvrdpToF=Z<pKO%-0s0%@0K~Oid^v=ooIsCRM7dYXk_eR|BJpauy&QI+8rGb0ePuGfJ&GUYKi!bMm0Gsdd03pmt{%!mZL%1~v^Iz>s-=Z?Q^&h{U8={mtV()<>t!`R`r&VB9h1DGqV|r9CV#91@@muhIMIK35^YgNv+k;?GW&U3o*=Zt$oie=P)F6aG+D(Uv_0g0#-_{W<^jdkc03j1AN_^A27!N~v5=0zf$vJp88O&|2A?;MBH|2NI37_q5=x8`Xb>rknPm*GupwR;Z+Y+$ATmZx#|5cc{BiVX_RjXm&lv%kA9ymQ*ZTfpxbXx<bH|P^xVh?-qAkiksWJ-lf2E32Xk6oMp68joLNhnV`^<6~DmIz|_giUc&U*fvpCLd{0X0n$7$h;~RxJ-Cb5@3TOIWTiTMHu;M&Ih=*MDy&YDMC+Xr`>;-LGh#obf<RE%`2mSB#$B~F9-`A)K#@EPkjLw-BGBjsN>B|aBE$#ndfF;S5p2Un{7A9e0X5bt?@bt1DK+^asD?(+>@MH;gOx++(A~6zZpyb&#9eUUXYVw@lE$kpFNE+D$u~($UNGcELXXLjsnS1V*$|x#PTMMfjfB(nW5A0a!@ism9-n~oA3X`JQ>q)RX@<)EqOpY1FNfeEZ`OxISgm4&$Xs5Wl+36QT?4OHKop5;3k4M+`Gb(clYe1cija@uY)QWuGiG$+@)2#ptukbKogt96rEeuB5MjOw(Rb}jM0%N$3(nvR;M#>=5p0ZE4>i;WXX<C+jwyAiILg-!mH)o=qr0nn|^~D$R=$)jRc}jK;=4}1J@^6s&r^hCTGN4ytSGA&oB@<j)XO00mY!qUe5b&p<|@)rs+Cu5*z^vhxbl;{pfMz3rMML3CAtZ&pC>IC!3{C!8lMr3)#VUIW1Ws=gz2)F$vxhHbJ^G6oW`Ksy=N5`*5#fKQ5hBQkz&O6;r=zS0_ku*8^qm>jMcVEiT?tmmk23DF#q{o~K#hGd@{icckd#S~f4sQon;r!gMo__|cK55{p=O@7G~IOHw<dvt!1Z-(y)Vhk_auY&Z5>(X@+FYJ@g4JANU<Mg&#K99M}GgtYT6&9Y^`xM7e^lp^;jDVtQuqR~w>hSy}0mqzCntwlq_*c&SH<)Qb+jG&<&N{rSDfcf<{VZj~=*21qzrUfW^(l~mwQIG>$b_#*Sw(+tnFlZRYF*$8Q9nrE5a1&UGCTyVcSq2mF?O^2#RWvDQ4L>iU?AE(aPA^s_?pT;pk`>Rst8Jx_Mo6qZPf?m=(073s*qh+$9hD*70vd+<8%Z1tB4CsYBdp-y!FiNDQr<~6X|A>3^#jDXE(ipx7Zkp5huPmvLLoX{kK;$0QIgQVdfD{zt??nhzBO4{Fx}Yk6@GM@=dy6FGQ1fWq8usp+f#puCwLxPVAXQM7YaC`E?E%Y^eU~JkM3+MwdL(C9dK0L{<M)5tan%{XW#{zB0X_-fC)c@6Vus2Mf3NX^Qf_qZ?K?6ei6$Da0On|GO)aU!a_MtzAu714F-%pK)fA;{!J{#n#Tn=#!GTb8BlkMO7!mHMrXA(@}I)!`X|G`iqJ`p(qSc_vPQwsX47|#f^P?Y$Qg3F`xWt`cge%;OhgDq`?I;0)NG`09Yz%2a~Oq34)nfHek>Wadu<d7_Pxh}_BoUB$lfbg#6&GthkCbL^PG}Kg*=;SSr;wN&dNbC{Dq8r7|3ya^_bJ?umVx|#W3tC5tC?Ay~4EfQBP|xB*c3k^Qw5mj7H)8$Z90B*kWknPBjBk{e;8^FU-Hj+aqeESfw>HtUO;PKe>=lyWX_^r}6ott@vaKP&%UvhyIq_3e$kT71EOKtvDzdH_Qhgg$rki1dI?Fx8f#Y@hlm{r3lEu5g3V)>_0*M;Em#mo76}8r4mfn^JU9t6JK|_o7p|Hb+>$!cbnqJCqpc15D3*q|4rhP3LH(sAy1NeSBl+ZMRrlJNz9x6>M^VzHT%tcMy^!km2oZku-CFRCnJgnmFLVpO$+FLYNy=ET-F8LIo#y8g?952V`Uw+h8RxFlmz4!0)2(Yg9O#;K4S$VIv1;>jMokrI^_@?9;q&?tJhhvVAT=<j76n(^WyoU0ra1OM-4Wn&)e{&_fuE!a%l<AL$_l8b6DHvV035H$MZQO-#Zz?tBfNjpMyGuR6krk1&g>X4m5$2rOu-u;Xz&;N=KZa|Cg7b_DmY!jIYavtOR132C@%Plz<X9I+L$HHD4lZGt7E9Xb4hlLdU3MrsA{7b>P@0i3m!%w0j2S6Xxk2_o^GaeQ5X#M5-sI*~e|<c@UxHyAPN$-B6`*om9m_QevGjrPtn&LD<;7%^<Wf@a;PSC^d3)JgM=%v)D3Zi#JNiJ*u^^?xnu4?XSPrH-e*AuO)L^qMA-A5)7rlI{8^ZD>xjqw{4K%=v4=^U!|T^_CFEayqo=-H7s^{JF?6u$so6`L;muY8dw!4aQM8U!@e$TvB7A9bZ8L(l>7!RIWm~?bdERM=wXz*h^9SMAz>&%8)|WemroQ%-~LK*uuwrZ!FX(NZ(ikcpZAnp@Y)zatDeq~%8EH=rvkzkJtqz--O}hia;Z)u3h~Y%UP00ie-Y4f{Ba`?lw9<S4p)dg|L3}2f-D4dU#PxwTNXtB9{lmTFu#=OS=0YV6`Wrv(NP1fCG)5u<KQ5IvepQgU3pqLqW_8$W1cqu8BmoSP~`i8Y-<h8*qvYm!`-;xtb(cmNbe#mNuVOA?sT;qS&YGyywC`8%ioOBt@5-?a1Ab0nB|eOV;3H$m#blY^)CZ}ROv7a1Am0*3>O!&p*m{J$D~Xxd4JHW?Xt;H_8Pr;be<-C3t|viKj_k8|6o-7(2p$>_{?!#sYIDfkzUmhjRXbfOz!dFci|WSjZQ?^b<k*~vpLFa@LahMLKRZa9KrC*P3z&y4x4YIbyn4LUk?+@^6946+D{-xqt$-(C<NR69IySiS1+Fvxa@!C58SxjT?1Md_A#w~aoOTFIJ1cQW&`8&8u}9j^n)QTBYpL1Hpz&1R(?GQPP$J*9;`Y0|624HJ|i^2n$ZFIRUyLl$Bt2P+G&Zb{GXvdB~17r_}W$p`<a4Ke<jf5jOl{iuCJoK;y&RFxj?s>JH(M>tB1;KmgW!lGjo`+_jvv-@eC`jZ8(6&e%WZ$50OP@3w4{askTEBylSt3y~UJ2C0>?iUbjqNZEwIGn!t-CM0$!&CeS!r^xkLz@}`LOmGCt(61cf4-^atP`N5Yob@#NmJWZ*sKG^AhaHWs05?T<a?V3pnecAy!=tgEjfti=0;CJ#@;G?!**d%4lZznypbB)1%{V^s6a|vW#g#Nr8rd*xSdk9Y`Y?8bZGEXOf4?CH!zG19AuM-JT1dklFx;Dbnnq>bY4!4^^iDBXlLeZFK<*GXGkCP5+ckz}%_svfKnNrD}ZxNGgj?6E>G88%tYT6wgUnPIyOQ#p~a<CDgF`x_HU3#DxuHb}P`(HqCtDEw-**DB;>F7<buKC3YcYioN_BtaW_y60hOz_m)pCvNM0Ml+^u{Q8sV5wBp5BD10Swd#NPKN+L1Tr}Ckl>O_Cp|K11;j?IDV`_~`-;`qnSv;1P{2x0r;!eD^M_H_vA|k^RlUCR>d<mJEZWkXq7q1L=3hIbr0KDqA`LE-;4*Sto`ki-ISQV*9~3>5q=h_rjZM#(1kR1|Rs7iLE@3i7jX-Iv%)2>Si-R|B(H3ixR{LX@R6^H-nPVG|a{2Hk>y<*gs!!(m20y|YPUGs$`JAkC0_emw`r1Y-aeEOrz5lfT8Uevl4V{%tEJpu%1Vex@r?rP8N7D3Og~AAj&jX2Us$^=-_9X*4wzNY_N-$33Zd1&gY;5WY8XUQ$-rQPL{{_qH_DE#MS^&YmTDPhJjY1#@FClW24@P)`T;*H;@W`5cyg#3UIJ#oBnSG@xn}qrARNN>RMa(XX5Wsyv?|GLHGSg=nzTg%dtrlE$*f2osQ8`uNvwWIAkMW>NV3H8r9d~%MDxWYcp;<cC`|`vBRY-ZLpMb-?>pQe}vOF8y7W#q$6Q;hs-b-DIGE}QOA9<}_)0Vzxam%&Wq;MiGAC9W;^d3foaM`WgDU7ehbz@AomKvJRJUO7UY0s2NW1cx+Icy)HrySQPT_#J@%e7!P7Vy{^b?9ncBBnCz->{9rkC4Qr=INHthRZjmzb8r3uK|Q|q*Y@wY-7ZLy={aciH6s$Q7e_31{|VR!$G{zzZ`XTKLlne7DgYBH-_GyIk2)R!(Qb0Muo!U4W2N7Wo3)oq+6Fxy_EPE`nd*F&c0~wprT;wM&aIUJP`}DG|!4W%K-I5=B^Dj6#K8Y_P<fCrFRgN$h(zgxZJcck?iix0WWZi)Yl`7va3|d5T))B-XkwW$w$@2#|<jh6|HmFM6cXQ&$}uRESiRnk;Ev}?#j_ekzx5l)wEJK1Ga9zved?&JoH0;)!X0VFvzX-*hIAhWASsxI=T?Rmp*5#s8)jw@ve1bUW5o7jHF&#y=JKaqUHqJcKHEI=IpJI7CB_^xjH5ew~M*S$@_EQ7;9pR<KwYc_AqUr2A#3T<Lw7F50lZt9bq#;*N9oGLR-mr6pLRy*0;eG?y&HqoYB0d=c@iMV+;`soNxJ()Z0@a_kS}Y-&)<42szu3=#I^hMAIWy?_m~|@#tu<xys;LM_9XY-;JSf9v0zWtQV^-=`?v)97Dp>U#=7y^Eye=-d5OQp9FX4fJa#Voy3L8Z0^YxkNu^bm~(s{jc6y7<nCk-S6hIJCS9)3GLRq)aN4yKmj@3M-lMRO7oopCC3Gf*WAWON0i5xMbLAWIx;em~(jbq@qKl<+c0-|+l6uuGK{3JGEzylW3Uq?yFpL0fr8&zL3ru1hyLynz;rlt;yYe^;A)fT>GQZzQv7{{kB(Igdwg3i(RwnuaF;0AR)DobFV3$1@;%__H;2JZyrJbbKl<D0(>1sP<8hy2cee<kKYkm{8pL-=t&Jn)=w<QMPckr2|8@^_V`S1VKKENJGKs;W8!>o}~fk-3_>Q1q-bq~kSh$bFgWu}lrj{xT1K3Q5V51xPkpJ`k=v+(I#g*<*3-#sh}TpshjQJ`)fM+4(XJ1JuqC*K}d9*Kt1yd{(=rseS;3zUvDaju>h#A8Fo-48&;x^*UR5|UX;xd`6d_rkStfd<0dKt$PzlW+`&m1W}kOJB1hjsnJTaaSFQI5Q>HL^Lcub<)psC1wlGcF$UL7XdoDpn;<#WJ?u|=jOiOKSx8mnVdh+GSbgcIs?y=<&Yl|4ynPWKLS6*+y&|wg9Y;ADv2W6^widF8B_NGNv{Wo*XLR){{lHZoJr0oMx*<$N&Lx@2dF=T7N$9hweck9XQ0TRq3&!!FfZu}R|rKw)SK&%{i>SsZnwKv&GHLyz3vH_I%s)gz<0h33v51L0ezDBtZh#!)tdgREH&JM5AF+hGh{VP^PY?^LRF#dxJ<8pLNzwJFAQNfNXTa9C9g}h7Y~tlYW%t1&c`Q%NzC5ypJIvRTHNC!ROAAmFiM3alGwxSr}*SGRz>~zX=ncHp|vimcZ5}X#Xy(NL16dQg$QO(f~pi$tU>LsCSY!Fi#_ndScF=7|F6rVha&o4?ufjf(ZJ;3hkuJydh${PGiKRXgnvY5ETKmORl3@#*5(Gi`Izy;##CwKEeS8%sGWjGSPP5EXbaP!*mA9xaG;-FHE#N$!CH@}=n@x?>lRKg4zn%oB{d%HhA2K1p|+pK+eHu5O^lU=E%k*;YdW+kM_NJaxwP^Lri_@2CGK<9qUA>4z7-c+^NS^EN2E#Lf<049(uBh_qt}(>r_`8zb|h}3$awpvS(!Vn=)}y@e>s2{S^Rc&XF=8==>rt>q-mCh*4o2@gPjw^lOjjGHos0R<6vl$D-Nf8LlB+A4+R#!R1warzQ+O}L~t8nY-;{%n?ub{=cFC7qPZ8rvk6I;B=p2Mb)$v1{t$I%l^(E!an|u?JHQNd<tP=R5>hh;PggFTSo{bwpJHx9QWf2s>DXf!=*&+ce@F!rAG-qHcOoG3<IozCKngnDJBod%)Ba_20?5W$FS0V`3yf<`{i}E6e#N||$Kxw6&qlaoLr>8{$8KBCKl=GfL{Ug|n4WRT&WAxhaMPflcTywlKtJUrJX$N@5G-eW-MP@%qW>8Wt&I&&w{cCAW@#7QubPjt_*wI?5_&3h&^l1E2ZQ~4{XY=-n^kX49YB1C+g}8~2dvO1i~|tsijVq3>V4P!!!efl(gzUS>-ocS8eH*YaUfO)pu)F3GFBO|-FzAFU&q7P{^D1-ax*f&bOkvNtGear^{Kzd_{iA>L&oC;picRvkb0|<`_qP4p(0vW0ZQ^~V|KM6{Sj%pNWl4WfkhJq1>bsjFO7ywZ%p+q$91>5On%`WkXd_3DjqaMq;L)1_4T%0xTO6}t2KVImJv|M=S1db_BRoCit0O267ef)(qXdUK+aOklEU2=KD6c;#D$fQlz7EF?W_}V>StkO_OpBWtZYem?#t*2LFe^|GK$U~Cwfx16bPW-gGtn?QVKXF(k1InCEkE5XcghfEzS|80ZU4CZLB!p_qLxVw}Li%VM+YhVG67XM<{vW6bs#LFAZDE{AbQkio4m8maV`Rl<q7~ZNY!xP4(~7Nz_>L^<(;ZW42c~)#s-`xWk;aoH6V$XDSMy=L>!SDDfcn;4AToh2VQQwpVb6zyM6LeLHaXh!8Oc4PNh>s*$^lb27-kJ3uapjsEGD&E-vDHzS>E3mJvnaD@BZ{B%2pDbW5<oIM!Nl&O!J4yVA($1I6r_wg~fhmjjHWB*dNi=Y80AkBq9lwY=T0*&z>INb12sSfK(BoeWp8ks40E#QEBmmL}EDvWf@TXG9W4x?ke(AtWdSPto-x`(Xhn9Q<gPGEs<p=3J_IwpyFH)Rv{_V~*Z$)M`2)ZYYmsVm!lAcOVNkJQC2g_5^}O}j@W7@yk#4Eznk4pv}CQL~N0o&_*qjLO`VC3Ih-+)%zs54dzV6<zBn5-irzymHZGmQQSwrZEcOomACl0j5QFRe|Afz7+o0{hnN|Ea>PpJx6|KF#{+sVE;)%?Zb`;N^!&5{A}gUCh$HKg25Grn8itr-_SEpRol~f1T5kaWPn|+A^*pK5y;bXAAhNyyS|z?9Z^S>w6CBI7KpvzALaKI%*^>wR;%1D3LXjzexe$%4$?aQa~q$*(c+}Tv$m66#F>g(f%ue6s?;&7@uQa9yxI+3bB=trCp^mJ07#r*E&*W&bIyHdd@znJv6HtO6g5h#naQdpnNE^Q+qKJ+&IXoe4z=6g1#eTneOfB-wc>5L$c-B!m@70%+Ic-zKA7dI^$XO1`7;CYK5C#`$Kh!-?l<*cylWcH&l{_us*FygNaFUBP3tob_<1rZ$2`&=Mqk!tKbmzdES{@9qtfMs>;RJ(H2wf+^bR#3Bq}B05LE*yK~@7)*#S*LFUYE33G*odY$4-jgV<y{S0u8?NA?jNZaOj~zS}IX*;}wP2~)@UE>9x+c0%?x4HOp9bp-IIsm7;Uw_;#RoWf5MAW;tzT=&_q;f=7;NrF15sPY9`IXfFI`cf$cPlbK!cE7AVe3^jwo3oU@UO|9))#wF%vJSM(bi*{R_Tzwg++H1UR$-%G7Ju$;+FvO!dmB=+3u1Rlgg9DjWAB_o@&=SedDo4}#AWI7lNcSD=~0@(#4V+#_8uz#5qNQuS-Rl(w23`<G2OFWAkOvbv<BhMg=F-2o|8CJx<`Ge%S%mYwPS_8GGovoQv8pnF!(w(p;kR=lR63FTU37+U@1LNI2ONywO~!&kOtZS<dI|OxU*wlhLwuJ#KJ$0RPu<;dBfgL$e>fr!hggF_H6rRtj+mr_i|Jl%ct1D7~h+NF%j)B_N}Nam4C&q@B9Ou`bZl!3m&?N^TAnK6~iG8eE=yx=o>8uSKG32-hJYF;H(H6P!>4Mm35qfU<$`XL}e#I1hEz(q8D(px>?43qOtG=`iIpR1Gw2L5!J$r#)mHFGWe8da^^Fhxed4+(no?MwZ328!7qS=@1E^>-37W%)>C?;2$pY=-coxZ;l$$YFyxc=?eTZRV$;KG6#cN0WwRr-^as5AuDwgW7A`;wl_&K{RgW-(@%ku>RLaMjWs`D&AuYX=)4ZEN#KIA!o!qq9At<PX^`g9FyF`+n8ERI1cIzrJ1A~Mnbs((|ztx@vGf0G0n8#CcrCoQVi%?`mf{29;le9EXfE^W7x}%FWL7;@?acO$3Lg;I~{w;rn{I2w5<eYorA{ogyR`@@0@^K239JdpkBq4iL2<XwU+xdU(LG_)eU*EZ?zWqDa0sAoi6ojLnniXJ)hMW`K$X$L#qP=%-JKEh+RfbEyk>3Rgk9{B7G#d|>=%}5EJB5$LAE=g0$m9IznTMyG!e7G|Y@}~Q8w=1~dng6VAFb>-KB|$zZ6*vp-BS94`$ppeqe$vUSVE%@QiOLU;VIPM2xrN{9wA*=4;T9b4HHX0Zp*lOG=|NkueV?T75@*kbX_Zh{ZJ!PofB}Gtn|jAP$JlFwx1ih5LwEga*U>tV6^}!>COYIb%KW=;g0w$`ImjTXvMt+!3}GlX0W(F$FszBexyG;(RJbv$*RWlVIF%MI0JY<T>Bo+0&@jdm9*<eSK_03&MIhR5Xmhrw7(d*dPaVjuKqB!ecv1-A<wCN4cB`=V%qe~22#Wnf6%>bESaA4a_K6MQLsYl-pcW9^*evMNwd4;akUM$e+%V1*yGU%jdYZBq+ku3gJTAEKLmDZ2&d2lI%C32f87*WowwMp1()<#+lqsW-z`=JhVFgC#L0cQpz-VgDP(^7>K0SaRc@YFE0YH)J5fO7w|1pqi=iFEIP4#?3ikd9pgTXS$p5Z;ZCRxPSJ+jq;w5)IejP<f{mO_P`Ud|bxRDC<-N+0@07CxTEZi$U>-^svBTvR7GHTh#gg1L}XL5$|#yhWE6v=+Ski)!#kAF4ffSg{p+VIYN@ggKgRGdgk3FcHO&a4<Q-73T_&+N36uIw)!6k-AMw}D5&F#<Gh(CS6o(N!$PM5!~^e1UMM&Gm_eH7|gCbfM+zpl3I)Zb6ETOi{Nqks%c%4p3A9vX)dn?M>qIUW6nn3(RjGvsYV?MXym122vKlq**!w_7@ryt)E3rQdRDS8L5A-3N928B;VlkHS|!vXmCvRrMM<L^p0MommIzczEEWvRa}|_q&74>@GxB~^_5_&Y-c!R@Jo*Tf@x}%>kk7nd1QcMUsjiJbsH;+Zx;#emqv?Uf1k%%J8*lcXr1l<c(xV*599G;zqGq{${s$50!1lUWcyl>V+9E}aPdjdWEC1h^%G_6c8KiJ2R{){WMPTU`bkL2Nzho@0VK98+EfpR7Xih<!9kie!Fy(*5srhkv(x>XLFk<_!u@+FbS6nfkL8fceyi4Cqa)&d%8<gpfPHQ+X%TodS3YDC10~`eM`US-+Dpei7@%+1p1u`}FINU`ls!V`Kx+cxos93Vi)@~rP)E_IiVht`bke%05C*V<qyU{esg)mqA#82aOicWK2ci)q*_4-2D+I-t43;t)CX4D;YDDGwg_?==2B|t)@0~!alPWRS(@B@HaJp@da0FMRT~|c=$Pn)Bb6_R$(*Y$!WV~2wZx+r?8SOawxfPdSt0?+K!}M*U?tX=kg$3s`tkWz0QJgX@pn$HpA=|lu8lJXO^4>nk;>|gfSd~FDnm6RYllqG)k7qq6JZ;sktB>>QiLFP6uUsfO)gY}#fE8C8oeGOriI!PCP8?u?Z!Vp03p&bi&Sffjdp|#@piUsJD&MQJ5#C@<*?LqlvCQ~aGbXVqEA7(dcA=S6!GOv><7fc16BWz~nxZ4|^RasEUe+q8!b0nVI#QQNVD<<Fd{>nr1nmlx^h<tZ4mn6_q7l@!cH`5ix+R4P2xxGb7a4lysZ_<p7U89u6(4_GgwIsAcQ(dMDF8Ce#<5FbLlII%uY{t2r%sug)lGG5M>PHkz@G^dC~+K<??q>Qkq+k-V%r2pA&<}!ijQ;ju5W3M16-tpoG%=vO$umTh;Dy$QB4A22|Z2>n^=${mv6&TqM##-gW`V}(N?8!wvD=VR9jexd<WKpd>A~391P8`&0Qn?@~4O_9r*C=jVR`Ypd^&KH~KS%<TI%=Thk3G89cH%9Nq{+m~_kYIBY)epX6YmyD1aOh?+$IAL7vfqz|n!m-rnN6fqg@4-W<5