Fucv+`#K5LW8Bk<$f9*{-^9mXVIAbBe*yAh?RV&f<4AeP3m1`B1FfPsI8==Sg5K62whY_&cOJa~f5>Dxv>&*G?~q_*4UV!z6;x8%aRY`U2*AqvG)O_IFFbfLaLj(%O<ZbzA=Tq$z<`D0A}oqywUz_Th-{{0O69bbBBRj)|EARX^Hd5}DibXANi;E()wu1$a&~>HKHz~7$+a`<&rOzZglJ#q>*qzy=xUFX5Ni57_XW9o_4!lvOAZxXpgkDK%nhJ7=GMXVc>KM@nw)=PcrdAm)?D5EcgosLhH<-+h(qjl@9s8iq{1f&^pFDET@rV9EYlypToU@N#Cu&!r!l9l%QxJ)J}Yuf%Q>lraW(o$k7F-2n*z9qKA6dNP<t!Z^-%OsZ$l!Th-9&L=X_)QX^xtkq=?brd7DSz@3g`8C>#Nl|HWA>o@Fg3I%PVrLqC=-3vSWE!A_Uj%H4~4lqDgQB_4IQH$ecC=m~`oCA=D{UB*ME03`e4y2{pf+saOUb7Pa3#LEusd%7e}gdCy0jjKw6dx#=5hw+iQ;qNyA!SG@=+*F7>LR?)WA+$9UWY>W)AqPif%j%dfzbiTQNp&ruA%&`u6b6B1|7@7BLuSmm8g1OpqyI6u)j;+N?4aml)8_y+8l`Ui7VI|K>MY9AMl{xToBR*Jne4$Z@?a_wf=LpYx!Z1Ij|ZD3#OHp#Q#UN-tZPwQbI*mgPxR)m^^mdqp?<MGuoUCV@@o6U1SOe5IVgIfN?j8I$;|Mz_VK7iPG-LTVQeErcC!q1b-C+?K%pZ<#9YxBdJyRN+UVWT)zCuA-3#@(3y`k+zeVDHO#-Qh{4`r~#W`u-ni9F+0~O(h+Lvg-(n&6(<!yXZ?AiMu3#!G1(p-A~+9)cmkh8>#aEkKxLYGTaR(9nJ<Bgm}gH#5SrAPh}fzw3+CVBT=obeNNVvK<T63W=?a0u+Jk@v_#O|NmF%U^T?tUe;^0D(>z<P<PGXJd(U+73<Ib=-K;Xy(q?{G6s>al$BKBK@FT^^pS%v4{AgztKB>FDfeQwOj#7Eo5mHNB|@%NYA*gYXRpoXgWWXVvY<hBJ;W<pV1ytg~C*7W&w7s*8oOoK|?TGRWM}4?QN7GR=@{$%XH}VOo9rAIFNGnyAawq4DPXWK9i^!UiSs-z<)27wE_>Qkry91EDZ^VY+!ri2uKx7A3EvBz*40OjW+Xxb7aO1*HoWujjgd)U*O>Kn!;O%p4Zi>+|at)wu@$m#f}AtIYGA08&$DIYNL*~N)btsspCb>1=(m3zp<o$)<*OCrm|!Zfc^>u?Rl1(Kk+$w9CD5u$a%y=H`drj*^Gc$^Eh?j*yGLTCm5(+xgauit5R7q-^*$AO(TG^73PiXaw-&YlY`jAgQ?SePL+S|0a7af1_D{VAth3G?5gFQkvjdkGPW%;pUva~PA0M_w^tAUta1PhC)TgHqn*X9!>M~iDL>t|b`nzG+Hz=!Ff+SJ90s8<htgng{Y~w5^$hnto_1Zn)?7pH@@=jabt=<B2X+lkn=sv7o@6c_s+u4`$KYi+WqgTDmFDR`josfY?dngZ?T;WsM*aIakGL)yLWm63MhjqG5-aW88K%s+v|yi`N7~(cvR8pq_wC6H^s->aT2NrZRgjrbM+VYlFY$QeReqZw>tPdLnr0u;FSlyHH2{aflug!iM#?j_i3&l?r+be_Qy(s3CJGlnK(%tGS*(U|6wPbUx}ZKGp1f(yA(w6GTDD%Avvd6v*ch?IP_ps_M-dD}X0AYd8>V)@njRqDS+PeMeBj^IO_l3Bym4uu4~zm53#`9_Rh??+de5oUA}XflJJ%+=)~RxbANv^@D++$H9nN#GIgCP`IF|ANk+gT41Vr)rut0HPeP|+qsOJgc)_h@@Z7`YfDM#0cOo{Kn*P)oiWMY!jSg}uO(Xo$!KRxZL=SirB3pgwZXL3d~dS9I^9)Z%?J4w?xNOxT<@<`O_ySt`;g{}kY+KQjQ?uf+Oks1RB^bk;5y>&??HUIdf8$$zXX)IdO-T)lFFas&HxlSpH?*)S7wLbs*h*tlL41nf$M_L55!@HWIWn~@Gl;QsBiENgSa`ykKje8Q6w_5Y6Srahf83kO>c;TmpK`c+mBO^7h{=ZuUKNg4=uSf(|0jAf!{NlfKN>iZ4kwqzmp#^rXJqS%>-CR*vW91f#JtFrO%gRk{>M#o-J=>K^@EZ>&W){pV>fjB*;`?n5c{Mv8yU|dgl?_@j)0H3+VTBVreX{E35{(k71$JAdln}b}$G5trt<NXsugzV2Fmayx-7sA{`qS0oCYe72I^AX&C#~^XHCD&u!sSGb4W`LF2)e2)c14cib)S|1@bsC+*m?YPMO7y)T&kMQUm*VmMV?=fVblP%nK=@6616{?V~7H&P=1%OPiUFCzUx=IrHq8F3kCWq6+e$v0r+FFFuo+bzsZAtLRr{^pB67*S1`WONsIMdyulnlfm&Uf)GMXd9C}`(`0bT!q;XND$VUd^UZgo+O){%6lxHkS;X0Te;WM=ZSjp5PJd&kWNZQk8_O)ihNgVlQk5$d@ZDa9w{jzMnppbW_ZIzs7GCF4$8xxDzn~tE8vQ>G6wVVTC(xI)v{r(!g15JoNEP>NAP3}<6Oj~gdqNW@ycud93&?&(*<HU3VAJ6+>fIHF$QcO`=w03h{GFednWW@Vsl7(L8eXk175b}u7`ziAR+rvu<p=iLC8mY5tFOZLBX)xt2J$BVVHol&ce)J!DQP(&2!71dB3=2_tZ@gX}zKwzJ?NnLytkB~-K!YoogU2*IlYYePhzdl){G}f=!>{~J4;Ai3=0d?t@z%37RSN8RP{*ZbIY|7c`R7ao%gog#wu7LX`91peOfF286aZq{>Xj~>arFFNiomsD9jg(Hx(eESSo?@VvKfLDb<qhvLbai&BCUo}&?t7cpS|$)RxmzfI{^J}M@8I?7^<Ec2gMvr6RB#(0d4uVVg)OLk%IP@ddtm?iud9LsgIPmmYNgAGu&MhXOMKy#yY!}PDZ5HH{0^wM)_^hkfv_ehNuc9okMXwxtIYoGFiG-f>zhLY;eBa{HjlmU*pPtlDVlt*C-Q6E_nHVN{$uj|I9x*+O#wZX|?wu6YO`%U=%>o35O%NEoD?eLOjGXVp@Deoxc|2H#OxvW+JgvM{VCM*TDzr$HGEsKYvCO{Bq0A6tyoJBB;%xqA7L`NTm2q5cm;)aS@-gBSL1}6{+oq#6I*3D*&dfs*pHWB%)XUn`k9@CG(Y;mf+0r`Ef>-g+6MHs3@<?<po9^Wp*~V{LSSBc^t#$#vW<_S|sn*-=~D-GZoj}Xx9G-G$LMYlZJdc=ATKsUb~5%H>(ZW=5XIEq|fRDxJehLX4&L|7-Sg}8=E@Jeqn^NBkV!%Oc$=xvRa=`iG%lUlnhP5rP8wB6)#a&QP7gaXLZvCh@j$p{@%eOFLQ{#&%076AD8`g$}~?im@po%&Tb35%==rKLmX6~4;f187Z=$3<mkDme#<raGmsmoUu`B{<OPZ>LB;;(rBLoHtJff44)$NUH5<@wAPvf*2lAc;#*t)zf-{sGL~7VSEuwKEYtXb?`JZkUfal<}VM=x<B^3KJL%Q;YDvp7m#=j7TS2ncg-bt7b<pD37_i`;mw?Jhe?hMRrx#9&mN^~v?2t!(5g9u6RL)GMdP8#{I^I%<-&wxYSFs7|?-G1w_mtQxtklLdH6luh@iH$Smx79@=RE*(;@TG#J1f9m2IEgM7cJJEeFQ0D8w8@9-derNJhN-NL7>~fQaGYx|XBG&9E?r?yJ~wKX{r%2~Duc(E+x~1%4cbK~lNsp^aXU2M59N|jctG&WVs5uKoW?)ZIy!L7-M{4H@jRo>HujaA!am2%3aW!SKXZ^e!nm<U$<dVx2(@kpiM`)y%S`a%jtNOxS9bB{%}-JLY$S-wSaUhM`}J3?KKfc|azf+U5L;b2XI9u{y23xdnb6e}Okz-tusRh_XO?GO=h?r?4y{s&u2^!RK+f+0e*zNK9<AEdBo8U@2ob`<h*L|w<H3F;*De{}g}bkhOo?@NM+dKfi_S9sX9=qd;1rb|@)2QRD;PB@9-;s+j3p!(3*}+Cj7L*0agWh{N&gl71P{2A06E<%_k0(L`nj+zck<SthNj#MrNC`qy-%tA-NzGGjw}aDsb<%zoW!y=ucGD}E-E&C)xn{pSGyKlL(gCb$xsFFM^X`SG7_}NjbJssKztV$Evl)(@BMkfsH~;&NQk+MCNzf|?6U$SQn{)I-A25(kh05lw9z~l)W{?EYs8G}dlN+MZjy)#QG$nn47&3xe9>J<O&{v{70Z1sCthc#tf6QBpSeC@SG?yK@1QG<6SA795yUYZ%!rM1*{9`O(6F8RPUF{^>Isl+fM)!7mKo8^vJu7J<P%>~mgnIToor?wo`3A~T1Dyc`+HHCJ7P_Ix0gLi%o0od(&T{g6*2Np3UrlBmlc{9wZ9@9B$NWesAs!{8(EPgye;79la76;Kn3$k@q3fIVEnk4J8E82vB#fAT~ud5_&QVW6czh}=>$9w*Fl!{==vQU`i2|#C4bp%9y%(xeAEC<2~UOv+?=oOFAa}#USqEgfJuPuV?&SMZ8AsPWx9-U9cr0e{qMq&SR)B0(1!oanNy>zl?dLl8^bD!Ou?CSWq6=jw$LHCF~4zU7DL{?qQ?12108PBD^mIqBqxo2)$-NWN`#^K7Va=)2LDG_3$;V}47t$FLWVOON$W*hK;)8zAhmLX<^<joiCu%-+>%>25&b2{^}BzS)>e^~LnHI3U;<0^9L6A%fD|S5l5#8`@;g}AsP4B_{pG*snD!IJ*dhueZ(cas+0ol7slZ~(7HJ$b3hWQcXt7i?F;xo%rcL3cXCd6x@~XI7C0JE3{SFZ_z85hrdRQj&%-5atpu4)6;0Vn>jC^BI*SCH+@|3nh+J|`p8lM2U_kJ{JH+cy{F`9)PxdzJLQ6|>vX2}dgTEkHuX;rpXX>C}N4zsdaeoWKxJN^m@skX&L-3K~AXM{){*AF-3*zV&HO}X;(kl#<~#}$Zb{7mL*HAl!nV;r`qQe+#ObMEUj7c@q;FT@V;ApBEt1FU5_0bvZ@X;O6vL1Hu)5X15d#cOS`ZJfQMD(yC}F$!GSTHfn88csNBue|D3ta6#R&r)QUd0{Hl$RZ@jYQ8-W&r$|*z)mg$XwDJGH2lJw`nHG=vK(w-X`_NXEu%$0e9x}mS{Hn;2U{wBM%90hH#Lc0&y)T^FYK8g(nUoK`~F-;FdC$<A7=JI+WR?=_pvt~Es?R-zSdRi-O2y*plNB|nx5+L0Ok*;`T5gEb{O9OKQb2<#+1q^=LUwoU4M8+nK&LBj_s=nhYlm`{k5Y-SP>By(+CNb^8fK?jYp2C{u}xvItYHuzUBBh4av`fVb$42c$H~W1+d^5iUSQ`!mZ)uZq$7+_I#^)v5OfvHd+#JPD0}FFvI8S#Knn##oa_p3w5GWI|PWu_Y9^Pw+e(zA}}G>LhXHmSQRL%6OpoS-NkmcP^*+d;W9<x^}GW0TpJvXlc#?ar<1eH9d>rOT5hEmn=*KKeotkNN{Ljv_2?%4o;<M-(#5&pya+hx;{pTm!F~g0g=efAsK9OBZGgM^Mec2Sd(TQEEnVD!r%P4<bSF&Tj}6wJilHE9=urfE&Pd!^^&Cp+L@L1QR(rrO(gcNuy0rdNc8c%t&%}ApGx&Ga9to-7IHYJq>u;U9E-Y(7+f*%#mE~>2N3|>{BpYVh5uOiiIq-J;toM|>6F0p-LYU=$Vx@7tqM@g6Y}B&_O*_kpGblM70(tr1znxSB!LEh)oK`8jm9N;e`)FN+O}^9$^iB*UOF}Llc@F~~^MdfR#LR>^e2smAza%2F!H~;dvHV_|zW?^OS&HFYds3;H30vM7)rJ6lM^K*iivjF;`-S-TLe;B7+w-kI^n=$SNNxj`4$?TuUzl|*zT)M)z&q8Y^9YN{U8Rn(A_FclX9D`Ro$p7Z-_A#$kt{(Z;=u*Ui(Wjso(1<`O#s9<R6~ivU4^fe>z`iYt_LVkg*yN+4A#um*AcT+?&czf1Ki#!3|6>KWB}GP?oXfe7r;4PV5OW1f@>tX#)PA0030Ze`5sPLg=zQF4k^vV^Sh+b+JUG+w%K-`zjk1jB=HkN94<X>CeAB(lUI+CBh$W)0A9YmhoTy2*n6ypR%Sc<05&#PkYoXtJkU#*c;k5zb!Bkatv3ycan~AXbdvO2qFZ~s_zibTsDpq&#5zOgxz$-M;A&yFz5W?cyy?VDGF|(4Xb0!*><cK?C9tsj67Dx5FD#ae)x7Dx%W2T(<R(a+%uCv@E&@t6-&&cY2Cd~V-r`troNu#1hboVSUw8!EQV+)-*`NbD$d^dxA|^eUbfeEfB<W(KZ850QqNL*VMnil#vs<=Z2Ii5`--NtVwZc?mZ_p*$C8pi0%)uKqMYHz7)Qi&#5d(C_(F^RoX}IJCSt%oDQ8MKhJnX22t$>T&-KFF?BXybdy(H3o&dlKJ>qis}892%GDsN%Wk3T|4ZAaqvIw3y&2(tLhQQ~DkGSCf#HUH3cIx#a)aa?><0*zf<$4L<~V~x`7cpJ&!=t$E=x0OKz|Hp>D(u0i$Jht4AO;haHQPGOCB6m)uTI7B<t&()KGFY`@dp(^1C#lDoHlON^zB|Fgu89|rSAbuygf8;-`g*;pGn04(mGbv3r7l}rGARD2bSO0e7>rpnF7TG2a158(lT32x)@dJfE|vDG-EVA0g^)wjz`2S|8<X3_DT)T~+FWrifsDq}$vr0ADFbUB)e{zPO0)L8Gr&Z$%>`cnOElEmK<gBIzkn(VLBslb8GNDYsVVHXNIcN>zgynda{dOk&&n0otaxOv95qj~I>96?O7)BZC7Kfb=edeIEUYg!fsx8z?=qfcYH~Ts^1;eWOF$jf0RWQci8=0ma)TIMnc0mYp90?*1@a-GZ8j&K2{_S3&=WtM#kfjo*2U^|Nsdrd*MK6P=tEEvKO72J?U+i`OOdjFI!l>&1R;Jz#se891K=VJm1~C%kjGvnzmZxsaI4-T6X{-)xe>5Cmpc=vBu(%~LclM=422h>NTG}P-=f;Rp`4hfD!Ez7---Dq2YbSMvAS;RG9gqK;*h>>u~FmX(h+`>;SE5FX&tD!B)GCWT9kfM==U?*AY~tbJr*+XzvB}@2-lHN3e^G;z^qLopw!U-w~arOqNrYCllT*ODdY)gBL$ai5YVCtywob;m_K&6*q>2%MqlUnRB^;dK6I|rHX2+5*avp66x{YbthD`{Y~<70VF8i|Cs&yImNDLc37wf*)a#(R?<m-Zr*az4IZm~p-+DVC@t85_k<}5J7^bUUuHMhI3klB4E%g1YJ`u3v@bcZXzke69%B$H1I+B|*^Do$cX}KK@T?((*m4z-7o}7<Fu4Ey_=ZAaE^ZqbMQX{W0@n}g`E@TnQE8_y_EejrCMvl*ga*25n<=j3FD^yxVK`nEuNlOn+F_j$ytc*Hxet2rN<B3(-0)r9i8?ZaEA-v97tKSpqS<ZE~0?j*ARrHgo+7BgnZ-d)rAYsSP7z^BghMf|%Z=ZjduXK2u!;N~HHV{3H@AMxUkFqga>kUYYRl0}&Yz!RfxGcN`%>##Sx*V!*f&f^K%u1bq_Rx8FrTC;9LX9)Oxo3naC^4`-pE4I6SdD2RU})hvOjQlxXXbZ>t?oq6Hhs$z!}$3baN+EOPG1%IP9(f`LQ1$o4q&@)d8D8KU2B3c$JC~~C`K-TOexkqBaqtdgckQSh&}NwCLu4(w5DDf6c~TNZzW71s53qpH#ZWFUb&RTIJJ{9+SRxuIBxa0Am9O~>9wE(kqU;JsbdYKtIFlDeW7vM9V{h6q53fx)Z;<irQ*`%Oc+X)r|lh&4F3>&#H{rULH0ec`ugW)*W9S$q9s;>|I7*>ZFGIBU50$LU+fms)mO(c=J$$DDj!XP%C3rsqI<>BylT^F6#mfgi4JEb1t9~&n%3-i7YOzP^~nycw2`pM0mXeGlwdTSDzFrv_Wt-c|8jyKj+<JH8A0%!LuFU*%H90+Tt^|#pw-5l{k@52yi%GLs=SZ>V2^c^9v^=qF{@FAAwIXEp0?9OL@!{vz9-89NpOY)S3o@$O724U5rbfR@EeGYr0f>gj!|RiP<r5rIW9%k8+*K&Bqr^xkPBDHF<aJ^YKd5<_&x#0l_oKl^9pV~%x2D!6Dz{t-V5LKwzxG+@KpcQ`uol_5)q)yZMv8|vFcqE>;;ft9{LOm>R!Yp6k}<zfOITm24+E>h64)Kv4p~=h}E;HN5%c8ohH(Ay!3UZ@gwr<l@r7<kl}J~%-=19%^_&HSBc%Ee(-Q-dPTv^i*5$^!K{6R57&i(Y(&_&E|7aB$!9{Zh|K$E8`KmlnI5({AuK1A-x0RmY++O8#WcT3!y6Dzu#GsJRudn>uftyWQ*B@v=}-eK_mua7YgVrlFO%^y`HQozQp8jGX35NMtUD}zW20Ky{_%nRs!JBKqAHb24q@Z=YgCNJW&JGHprl%4M}uFK<`a6P@lsvBwbMh=9H^yn+YR(;e>%W2o#j!Y*AkVMt7;t>v#l(q=z6_M^_Igb4Ztcc+1dBHlZ><yEl#{)z9*>JxKw5&t*%^W|4>yXCB-1mANwFfYDTR~99%-^izgf7OR%&=uk-U9V49Ehgcn$%EFxo}c7~FI8@LbyNIzhwK5djIYP9lHMKx44NY9){t|l2PQVK4YR|LIYP<aWH%wJBblkTRz6`B7%M4x^UR(-NR4J=Q@W<0%s*xG=h0(sCGez@Z*n5J>~LxBwXw?W}DAt$F=m62SOvh~%OJpmjkEQ<`_wRYvFjRm7gt@bc8jzs3nU@&@7%V-Snj@}Hr)u?d6qNe0uzry|3YE-ij27GKm8U?#sc<_=@aLfD5=e~Zv@4C}9d;JmX()7*97==^FFMJC};<86ClUFi@kZrK$;j3sTJ^a}L&dTd&2r!L1M=X^FTxlO!gCDo=kt*v%h=iP8vgc=&OsEAo7MUFN|M~-iASwE0qOHrkzl;Pcj=$>-5~NTA$A(4=Jq-ocIZc@!>cZZgQ=p-dZ+<-&@@t7RCYs;)W)(y_XVL+`qgH_X0)b2xRIIwwOY5oqTVs+Z8=eG^vO1~)MsfVqc^vY*Yo-sfg6h8&(@|Mc$RUR+C{QV^$Brn;!0sa4n7Ry;_lR~k?tjO=Ty_$US2rxe`-MQDMMa??+L-Btsg3yKDDoJNi!G@XC;+d<XrdE-C)UwxiJgGXDfPe#RG(v*jY3)UzI)X5JdZrTQW{>e+R|7X*LM}ob@u{4i5nv>;_9cv5U*?!^}1?A&5!?%G7-1eyHGF~e$NkQVCHdNCVBKv5_F@EqhlUxfGzp~Qo{&}IfXzyJ1XJwWmB4W^ykZl?V2+sDjnIG0+@%p6rt{3nPih`<RI#LTyLD)7^v9aC{!C!2%yLh4d(D(1esR`_Hw<I#A_r>VoxGqAVty5Kbx<Fp=5>>=A;M(g#K;<P9^H?WymK_Pw)B}>G@Yt*D|vUiV2;py<0Lu<yT8gyBtBr2sb+fzu1gFs{SUOybtUbl}2)825GX~S%M%qkL1-f$0QF>K31(Vat^r!O|gBHC<@|_w6Et916RDn9yJjhk_ZT%xi_ED$!_q%oX*F*b-T6_gD$Bl)i^C@S(#1ZPJ>8HGuxIFWojfL&+vVo4fVI(*gbGvCB$aoaJds{v*Q-vMiM)L$b92g2NrxM9H(7^%TITTshs*x|4pv^(?367b`_=<Sl3GoVY&fJ_her(<!M(sF{>Z1r5dEYg%mlb#6nQ&Aq&Tt2)<3r)9mh<QXuop3uwIqdV}5c021`{M6dzlRuMX_=KAmV-?^fwmM5A5ZTB481jK-yfzn=xJXDg{m1wz;HdAxvFwXM9TQ@?vkPIb$nsqeQiaK-q_D{O`Q4_D;$T`drx@u4jnJP){pf-xPYP9mO($LV~UPY0Vqb{b-Ghg^(I8dZhRVQaiH~+igY3VJ}A_}5@FsCi*U~R#Fqnl!##$(1^i~4lZg<o)r(R(A@y$v80;zm=jvM-v;-@<CQ|Kx~`yWJPk3o{Buycfh#nPVt4{|n15yvXE{E_)i>;B;wDdO3>8U@a8wT*DY~UVZzuZk+o@qrlD99bO~!v3*`QYJ;OM+VDNu+opj}PT>kH{(7P51o42m<F7Z$>!_*!S76_P^S`Gqzyj3eQ5y?SxlTp1jmWq>bG2wzvpn|V6MU$rv3%i7!3kBl>;@mJ+JAek0ATLrq#Vli1hzjJp9gUCLBA8Hj_tP>=4me+iN(vlJ@q}qaAfE~nWwL;`0j`-xDQ-1Y+jhrvdUZ+51$7Sff|j2wtB`INXiC*USw8?b!r8+%)(Y4h$L6F@nd$_IH_~iVhcn=CK1&SzZ4=gnh6dKpH)7!*uK&z0D;#WjOU>{YS9LG6%MNDhvg<=DZ|`}+IJ^4Hj-5{Ui|bU^feaLNCJlgKn)Dm5_ne43BxmGbL)5fUx$m=(~0XyDw(r~hFiRNY_%fKU08CO&n>c;c0HBFatKY)U5wA|#3rVqlCUy4lOdU>;DDQ{hpP7DujBulHpOY*gLo#Dk@^LIFF#a~`kw4Nu^v4!j>({sgxDoe$LOGoMh_n{LpB~+8J%u(rQ?L^F_Njzv{11hD-gU8@0mmm$xe`m09UF!`V(d&8g5vK(9n;reF_8iGsi7@UpE%Y8a~Vo6ev0p)z$>HfnTM5sDH%+v6VyB^ECftSZyipmcrdA74g`z2Y|=y9oGk}ySV>!7C9Ju`x-4_ubso9_!-7XM2is#(GvlSbSb@xuYKe&K(3a;8~qndP-2W+u-*x0f{;@~K2`g!`WqJTjcm>CB&yx^`us^2cD+xLCqf7NO;9%I|Dl^$ZPccT=L37Y#><sjE*`)0od*5|YIPh)9SrWFqB_bQM)2*m&euOeT-2$258&py&qIrBT!$$S86=N=tf(L#W}xt~_Q{lonod)`7fZX3lZ9chId)j5l0A&&a9#6J;B$v7L1lQsASr2?uaN3fAyeog9$%#8K8KAcoHD9U1-kFX+;$YdS-PBQ5qwPOAb6zP!2k|{lbeL1m(#YHYa$_`fP}vzr2D1fHJIx<sA0v5uWawE-lJ}rFVAS{#m3f(RVPj9Doyw<^;@S->e!qVIoT9WZ*3<39%KTWQ>XB-(x;Pw(Za7HnHa53BeFQj@h=k|#J9i@2ur`*GoeKq(`dw?1@T!x|2PByfg0~84@^w~tNtZwUkB49?JVjQatv`=q{$fnnN7e-KqOa*b0cDriE%!Xsfg)<yv~aj<~X3b6o@XdoY5$ArRjMHN6sE0Wf5&ZfJGx~5-vAyXwj=PYkPFcr8E)QhD7A%wOKISGYUy8?A4$z?4$~(chJ90el|x%qbR`Q)YogcDR}PxK}Cgt^kFBDmD%F&AxgB=+0w;egBmJ8Fs(<F1AC6OshHqC;;kzB9dea@zD%Iac9H+(O8bLMb7l;=&A(5#f*%pHNAyyHV{G&WZDZS3Zlg~SUnv;`!!NVF+`o=U&1b$+F-x){xsNz+xiYWT8d;OcCi5-EN9NA|h_i;m`<TzET8icd@)TOd;{Z>YWAmT$`EN$$yXb8*mUxf-$y&<9NM|V|t2<Rfo<gpCG~8@%!L;D6LjfnIvaKipl?0Wf-EBD9{sSjAV^DyRTUDXzEi2sqPh#_$dL8P6q!ejplGN_|-5d4Y%RQR%gL}YW@>>h<zhz|iW?#9^D36aSnlQ>&D*~^;#<4UB$c=sCu#Qu%d3|1YEx}HRVgXVBo?)FOFxP)_Tih{<ywuw`_fDD%nu6)vysVy<3{1aG7Tc~u235CuoxPcbxccdX5d%x=HC!deZz*msj;Cmds59a!IAo<~jg||}A%Pz&M5dZ^#HF-?^vURJ8gt^RB|Ttmf}TtMWvoKhC@bue<Z&t;jRa*x`Y2Q;;0*MFxIRFxXxMpNHGUZ-fC;GcfKuPm<6G|;O6MZ8HcO)-rqIbRau?qu$QJ)KiX3H04xETD5LN|Wtt@pkfd2DyTka*ZW$(k>QD@R#^%nelH9^7%*$8PA^|GOz|H0J{78Rej7FI>>^!S_y5jZkW)7e+*2c;2Ssy^fF)dM+H2<vCwXL01#;rPt7!KOMLpaZNsg1b?*cmZ=V_}aF$s!{e?2;!B%GDrU@WZRFZvA9dg`o2QY_TE}DQCY=9gw2$B>-|&*hH`Aw!>axF<$)JDlpJZ4*66PEFyjwLfe+vEoD0RFz9DeAANya9*BZ=$ueP>}&zR)a5#S4ptD75?c?OlFE*bp-{(UbG%)hYP$vRtFk!sE!K627VZY_TgmbOKD610Sx;jZ!+4K+cohyRH?YDd{si{(;94OnmXj_xrGGh?W=)(d1TH1k)G-b<R?ovGa@CV;YUB9zcYYTX8!)LRUpIsvshR^`(-$s0N8FrVOFp>rKpjMRasL!bfcA|r=f7EVZ5^tW1!=IrZy@F&7&d@$`IQRn!i)|ggz^@bG(Eq`2?T>wPV+LORJZfpVhmI~LWIzxlcha{@53!_%kqH)M#GX6(Hq%W!Yxyj4F(U0gNQbX<gtJWa@2SHF9>K(Mg_@bjK%gjO%onZ+k57Di7^;O9L>0d$!?y^UjG_bCx8S(bJbgOHV_$k*Q+}aA7vn?n}Z{wK;$K8jp=(AC&34bD94Rrk&8?53SdZHMOUof5wJUbg5J|I6Ct_%Gtj&}c}u#N$om-`VzS=JowDeo~NmZlgS2(o9j5h=n7b%Q|9Dl25H=b%h~DjbA(lA%7WRem@?EE+l0$Xu2rRnU7Mh300xJF7-+eK4z*YmgckMhjY<>;%Z%#=g$|)*W|3Jb3?IDo-iO6q?ET^~AtA91Fl-_3)BOc$*WaJ)H>mv|)pF{!?d}w~q>UJSB++-HXW(rY6<^&>F&r#<O8FB7#~|;aR?#G?_6=Lctk?t^pGP#V%tvp&EUd>+rKW4^xs_hCTPEsw4Ab4gN(tGh*^2)R4ib5&NOrW22&qS_INhL*q<xE;<%RY_bgX_cp@Wk?*yR{2Dy~)$Qhq!l|m%uqqU2@`_E|bE`B5ZIZSN&x>W@S}<<hh(~FLzSzH0ML!w%_~?!{uyGQhADx|?QW0B@JoQRc9p!5YysRwWYb~Nkk}&<y2ekS|sw{2lFrNqG2_9lu63fxQ5Z}}iXeF<Bq<qNcjhT+Y%JyT#;5Pz&9~fsK`cdoigosha#Ps9|05TAuq#>2)#6UQWho$^ITG@EKKs}ck3Ew)F;b`^RYu8qXK@6P1m@hQK7Z+qI(soKarw}Z_yl7xV3NW4>#kOCn6@(F=IFmCH?aq8A+uvw++x4A2HkJMn+}>n_%p~Y^>g@*&SNtlC4{NF5QdYjtIblM}w^H4)pLf5a`Y>%_1jo`KyjqsE!Yu`ebDhJ;$%{eRp{aB=^;wAnYtOaf2$q3V9=$bK-}669wt#XHw^Z)8V*CkB47z<lSAGEM750ji9MH`cVGD-!V=;Fe!eb`UBGllYev$@A@oT6@0r@B;OkZg{q6bE|KH}#vLt0;&wk}%%rCMgg%@t2_$58hkS(*|&0QohHbxvZ#&Ugu1_DU~sQCWX@W>Lb0l&fP(uWDD6BHV_v;Rf(j-DgfVXGT<MU=Y?2EQD^Ha!k>YUQxX{1Nu#2271>?!WfP4h&DNF$u1E8?w7Kcqn{gbw`9L3(}Y7%T8~B;ggP!pXRl$kkaw*)qSLBM2(8k<JY{NOWRlo<p!oj5h7O2qoL>t5ldlFYX;8<3c)=EDf(7$3%K~K>tMHjP_MrueY0{#J3rk&)6FT%mIM1$-v(n?jqhLJ@wdE97KGtK8A}k5mfIV75c9{kjn*u570)OgNxnlPXlSd!=GBOd77dF(bEBy@CV424RSxw&maw%Lx@iiNR?<hSikqdmp()qqXfyz{*xAfY$+jk4SivsQP^Wod6YM*2vruTBZuoo3eB+@fc1oHFrrKY@pN#&<U#WR$`;{hUPAmn%LJTsANXZ^CDwXDU)d4?5U4e%?=n;Jva!4tVD;o&869>@{kxGRfi%rEAPc%>K>E-1Dhz7-ZRMfI~Kz%<f^gB6kC7K)`OpdDDjc%g!{tywS`r861*(N716Of|A&8nMMwi>(pDEzw-B&xL&o&K64Vw{Hl2Skj19-AX`eg+KzMR@(QvS{90v`y9mhkX<w{P2l<U9s5y>VPkEbY?+Njkyt@tl1RZEQhWsocmEjsWj5b$v%Sh!6TOP0PEU*BoR0I;qA9pP%*@QgUe~{Z(LIk=nO+@BbX--AHl!NXd9Z#7lTB|*MJ~K02<AZhrh1O$en&Zy{R@2YOni@5lx;mM;Oj&5%Xk8FV}^qCqJOzEE$|hCD3(+?!I8mfB;0e0Hpqr<5I#d%K<&HxqJFT4q}2~lU8}d#CuryHJ3ihvXBeXLSWWxa8>YIM<C2bI&in#%utnv*1$PhoH{UIl+{5G+FW8$ToT{AaNi#mDK3ZppVcs9sTeerq`LdqBcL0nx&v&Cjkoa|OQ%-5WT2ol^P#`8Ql(07j?us26om!Kgfv&LQ4_F6r4NHMqM&I;aNm7aXT6P+}6;B}B_V6l3#@>7!*40peEm{zkh;g2z)ZW&6LWV74QPi)`L{h&Hi?hc^h(ou0{m*GsX<tJ`$<UNisehkyE#3kh7bj4YZXPQCmbwtP+TR2Tw2MbpdQ?Y41IxMMw~SEtjRdxaUWjXB=)|4y?XR!6zPRAzF>5cd%K*Uu*uLXiQhL&QBm00ne*FY$3}Zk|K^Q1|1rUV<g~qPuP72OVQg%JdHW->Z%V~_o1CnRg3Wxzk!6yr_t}0g_H-~zH8puT}C>@b-4QvLN2ZL}SD&mfNxY-}73LWy*SWFiPj<ew5(@#)7clN6z<?DUJIQEF4U=W45ikaN!S{}4?$Uvam=FCxmk?3pi9$A*X-*o6s(?`OPU<7tESEEFZL79OXgxCHgz11`+!M7=bsV$#6bh>ZTOYSzqyoQl$;dylro^Gabjp}kLO}&UQO+4L+lcLU6sS1Dv;Pel(-xdC@Ud&|s=(Pwmi9n;m0tV8gyh5(vGxJPS2?&E0Z93M@(ceHkMufV50je2#;uBw4;!^-V`{r&sKok#RZin!Mtfn+0HS`*oaX&ATwv7Lq<U~(3lvKShm=6;jvV<tqJ$_FTnUKE>2-`0`O5Te~>g(Eq*mwc{4p{=vD(>n(j(T_~*4EmY#9~a5OSAEF8o{G9q->cXm1eqR8Df4>sdD2Y^llq7iY$y~fbT0!s680%PLu9|l9#W~jpqqnG;WZqyb*KOAcQJtwNE%YH#6vq8R5v0cbSeGJ<R8lB@0X%xnj{K3WaKoU5@fR4Ee=)?W6NLCfV^s4ci|HR)m#V6x<_07Mr!0A?euD)R-L*E2tS}LhZ&f?wc*tO(Fquk2!T-G*UCzbV%xc7UKU@u$<Qx{8FsD!#M`%*A9r~<lBm5laXFWOz2MWHYYknzee`efNMIQSwNmPF~A8VCTmz!K<M3!P>^`YAF^*iKW9gOFk35Bh<c#ntgZxY@TN9CQ{Dg+^u#T-JbO+3+V7u?{%HuS^(4u)M=4t3K3xT|Z<pfT^U>m952#o0d3bR(f4B5--!n2?U&OrwfE{{a_Ji<QzuVW(QXOYsq%P6+eZu7b4iCVHgrG+_D?J<-C`$F$r@mGzAxyi&%ukzww$Ac;jI2S+X<KFOpsL(D#4}d+!<kAL#u`>r_xyWTtV=OFc%w4?iT>)Fd?<oBXC$JUa&A6d*&X=a#UgK%%1CZwrPonv7%6KKRO6+2T?As<Oi;(G?v&FOL%UU6|0r|lc*}XHho(o$N4N`^xj~=T!k4fXf8;NB=p9d(02=wD{rux4Jxg251`{jsX4)^u4Rge5N}54)--uIXA81%L+?tfO3gTXB<OYqF+un+8Yaf9;-ron87|u=-5iSHnA!H_)o<d`hT8Nk*2a|f&6!aS}#wyr;o7(iOLH?kVvU4S$8LKeN#nvvvRO4eGEc^D3P4~6i50*-yMXIj=cz>hf9z1YBD!%2Rm(Gba8$n>zgLKO?<rm0l^`ZkC@q=MB2#JJdH@lM>_X~XFHBC0XAsy0w4@`fC7j4B)rk{`6lv{=05OwwBj97IKR8>kJU*@b73dsJ`ub;L2+)b06Us&^P7b%ikGJdln-MyCWhK*`@N;n*`h@CIPA>KXhP)g9oUthI|k>2f2uvqt;lH6cd>ehJbd-5F^g|^c|&^vLwJ1iFS<yIB7iggR4+p6FXE?ufJUO;%ZyQ*ntI9v?P`z{l-oRuVbP#%b1rE9q|zIm8QeT0#upcp>xC?r_q9ZLdoLE>*J9^nWIWe-S1Rg;<#Vxz&XWCJ#YR}%)XvJFf~<esYH`6_tL)a;fIaJ8i1^<$y$=jR1c?nxP5cq=A-*IK-vv>CW;&6B89m%K0Lt@aTQmWX{>h_AgPNsBJ?rAm4QEuy%Bc?Pr@HO6Oc5oU5e@kTmrL7o$ZAv*lIGs6voSX3*c)9-Gq^sebIr<iM$%K^+0GDi|su?GVz4p>_evLT7d%c0ppOx3h2@0|+XHjAHWG>^!3Qw0RP3_0kBk6rHz0BLMbax@RPAoHN$di&&)_ZaOaj`64y!Gcb1V|KZc;LyuLD-*$pjdco0u6Ru$IF6`VpXH)WeJdY2KRZ1#QFbj<U-oKOiXxcBgN@K*K(M3Y@%8v$3E?g!2VyBd-Y*@uLq<du+3uMRuG-;d=M>%O&#A+|s&$;og{%~BL;U=T|4l8bPN${i$Eh>b6zcGYD7LpOCVa^ol(YZGE+UROR2vx=9CeXs?S2wzVVN5#UCvx~pgMFY#41sH{{G4A&*`UFrUbcrC=9FLvbF}-{NECJrNTl8y6l@&X2}VnJT|_}DReDyMI}s|nqDFJR8A-`Z-+K=t{0&XDD7O-{*?<7Evnotd=-`rWU@td82O`57kf<P`V)Yc+9(9S{Y|a=!t#i={W@l{2>w(_>Fo3}Pg)1vYmDCDe*pGvG^nm_=D`b_a$h~VqnOxWK+Ia-7!gp=Pg-KAi{Y<%Sw`cSnVc5X>0y&Ir2pc&6oElEW8fkb;%T-O-u*S}?nK{k>eAGt45-__>FbJCG^bT>y~fpP0WE$vW=ja!lSV@sY;8~_jcAV1fp?{qceq7>ZUw#7Lb=|dKK)0{9fvxV-FrV+g@COnvUWX3zhdM{t;Z4=oFC*-YZ<uFP4QnpsbW0?We0z9;n2X;b$n;`2sJq)@n9k4z@MRikUgZN8H8qF6|%E&tCF&U9{OO>aBo-6n^4J_Ww-Gg3z5Ri(OZM8Fb!r9K3Yu@hhD7ZsM73}7sr9CLi1WK=^GZbbx1hlbqT=6iG7mFdtDNIQ@Pk`b{N#rBJ*OzqqXN8%e>`0z5iK$Bre4xKMn(zMIot{^2)D1ct_1E&QXy*&<v#+Vzo~d=pVJA(u>7G9t!er(oF*wc-6ay@6r~*q^fiFY`qcue>o^ijUcAsa5K4uI0Z@VsO>R<w9h2g2F*)z>=XB(xF8^ie-0MG2@hI*lqpMJ4f!9NC$Tx<kfX@)P`K*kM8-Oc%TwW0b><ln?8cQ<#SsJ_ad=Xmbqcd+d)6tDx+j~sqf@i=Y(`^M&N~vIL@cQd=?2eBVbp0<<PU;TYbhUNfb`&+UHf?UmTPq1kT!`gl@(UPDOE67izdWVMj0xjp*d&iV^>;Dd*{8^3qh>ys_+~Bin;Vven+BEAbt{@E74tOhm<gT)dKQkd~~cb((=>l(}{22!>FM=cDTG5k&l#K)8A-T90&g^MgBkv(__DM#sc5>X){o{t2wfZZ;oKQ5AS&I+@6p+HFKg4eHTzoIlBct5&$zceJQQr&zxpfbz2Vtout_3f-!&_Nr-Fia$RVzmWyR<l|nqRg_=<|@5)0$kQ7XKMMH~`e2YmEl8^xK<5LZ?T^UZrhjRM&yRgCwLO>p(`G=zMPUhkJWJN5*g^*$tWO;p}=K{G-l)Qn*;-g28D#2l9KB+W=Eay}guKb>BK;-};NL_Nr{Tjr$g7XYn7Ap~`#y!(qjLWEk-pProI^H&hd2JL3N4?X2j#MKb>y)MC2>>wdg)#pb5hDkjeeBJV1-|9=70#L%*;v+swN90cnO;;i25ffeLOxCxT}5k3N`(T1zg)0qk{_y5<$pAyVGX2NQAvtG(kJmU8Iw5#gzK&W637zoB}aJrooM9c;;TtEan!3LN=uD2_oM!6_Q0P@YB>8Lb$Q97?XqMx{9fg4j($P&{rN(784F8JH`iOXIYZ=)jum(iRNdZNe?gLyk^X2bOgE*ymbk`@B8xqEkIa@5T_wCelf;PaF=Tj>uK_TWI{AW!9sRgEIRRG{90tJowUTVO<MMY2-BAU-M`Itfi$?v?Q~f%wwWbqR!R-I1{MadKDOkN0^kliUy6VUN96A^QD@r>I#lw-y?X>{NmceGy51BHUdaYOFIvSeFr>8YLzo;{^-*o|`R(4P+D&uEOqRvIYsSpR98I55ICRAwisFj&*ujn{hQiP;1EAg*hdHU@;hw$;~U7V8LJVcYvbtAs}JcpF5>M0dmINAr}r_5}yi%jbh7_<V~gU}H$wCU0l!%OvGQ#aHK>41cYd-Xxv0K-8xFnj?id|gY^%%WUA@#E@w^lG@@=8mK{I8B+7-CyI5vi)y|H%iCGRe;X}{*oOb4StFSeWJNv`5VqMqR!Z#<zv%t?C{pm!ev(c2Mun;oihxSv{zc(LRmrp=Xi=-S~I&52RHUPFbY0cO2bMWD$skCHBZxF1}>>ES1e<MP)Xn4P}F-`Tp~_!7dh~*I!-&BVJ|5MI#ynaBXiGU7{~3%(Jauaj<lN9Cap*BIFvND&F#HZMq+p)8W2udy9}Q;x?9}nr*Pqy1AHL3J1Ltv5cJkWji(9sz;b%5fO>d!{C)jdGVLlpW00!&#y;O}o>f*_)9qj!ZbK7M48De`jt+uB0>oVTf+7JzcqhZ_$$mr70YlaPe{XNycmR1##^tUTyYEs=DezSH-<;e6T`IFfhkKDZ9SPabkRR+bk|Y^nVN|=fiXC~akTbgp?9@rUW_#T;+zv_RIV~IJRb|F>{hp)yMmj+Yu1YGw>v7B>_S|1ZIf4L2A_&P^(Da_YG10)0P5UHXZsH>)2R}tZ;+2MdHjT$OM5haM1x*mB$O66l1W|kz0`L-f8$_OLiC`o}B4W)eft^d)FvItbj8Ra=J`=Wu4y5Bw-RXO!i*R%YC?RTcHeS(2m@ROd+yV((4Y{lYtTRKLq|De=aD$9u;TI&Uo7bhYp!Ri#K2dboF=0bq#Db642GfDHR8G2n+ohw8X$yeet=STsH8SMBR~{-=--Kg}a|B`KugmzT%X!rJiqdL3MIM_T4Z^#s6sY8&tPbY2OpXEpx#w&u6-dNj-nfhFNm>pkss}bCKSg2Wcu&n6VDiuMx+%%E9EsCEGGEp%h_`d~e`BLtBjibF6Ns+bS7#y~lyg-w!G7`Ul~;NlE0IAw$jDutac^Z0BYXg|kyiq|+*N!B7aA1?8Y~j;Hwq5qDdVE&sZ;T|kO(3sEPZ>*sNXP+l0as1_^0y}ER}r!X=lNupM|{HufW5Hm3URwgr4DqqsmbKIoV)A&ZL`W1mVQ65L9EgWc^o5*0JC1@HQ``1@0MfF*EfullnjSAo$YFc=`?IRvefyMGkD)*;qNE3ME!zD;byC@j7M<wQvwlF~6yxcBL1Xmx$vlmUuD71$HlRvBItU)A9aNzzvjjo5m^%X~7y|v1l41PgXF%KLuQpQI2<E0{-ron_5R5%1b_a5tTNNK;Ya1>wAA-+jY}80agLa(mN790V7JV4S}Pa0HEqk<OASW;Idwr_h_(b0nuh9Wr}&AOrx$22ZN*a-R_tIAmVgQpj~#VQ;txdIA_`c56E2sZ*+@WuZN?D2JhdMmi*QB4Yc3qn7+%P5v)@!s*WIrMgvrcEHVL3Jfb*YxSDGy7VKYCWDZOcGDq$TAku_Iv~yn$Fau``jx&yCu(iSPN;I5%R0A1S+P_<1&&vRBkP4akJiYT%#xqdr>9<OyVxPKnVcryzi&8!KlGU0OA`U(={{is8vxAl&RHkHo3%=NV9j|G#a$|S7zS|3@!Lq5kqdG0#7Tq;tmsRUjncD0Dmc*K&M=5DXhY{|@flu(WutuYMs029Mrt4WTU&uA!t!_www-S{j#+RH9hrKTJnbq4=OQ&h+XK>_?_GKN1+{GF~X}#ZL>T7oh=r!i7`?nGtHHudZy<ori79CVZ;5gzCND`rkFanhTwGW58`f#^e(3OTCjQUB*P|NNL>5us018+8m^pJ;N>x7xkQ-wfjD$!*J>cnS5;SNg}Vbu{B`ULKCuXxJxT6z4H45D&f#ebq>9S3#rs=_l>#y}=5sEXys9G2SjfkDUAtBY;{;@&=T5vUzFhQ^O@@h~a5m%f?-b7V#^pz6&&S(cCD$cj?L)>meHu>5xGbKR66{K4#kKZVy$-M~C=J#8LJ?{0_(GK?|cRHh1xh2MnVx)e?bs0ubtbBf`3Cy?H#1C+SHYgTZ#)7?j~)OK7<Pu)i%rQ4mAH{GU%?Q_}8!u%Xn3YVlnY^sn<Yy}eaR!4{ME*3CI8<b5a;m<w!3^^jh)!`K*gCuf$qCQOT(JKp1xc6qW10v-{^<g$qrmR18ma==C-dOvnvI?YTcG&C4pXu}s;;2HhK=o!SX<~6pqIcZdT8of-3P#rn_sDTkY4j4=(D&QglBL(qUvde9ql@G8ZC;d$g85aYk#-qb(4iOVpU=72QGmi8qL&GDh)LZ0$;+1$Rt|02#mK^JCtJMw^LfzupR$4;Riu@x@cstQ^Dr1k3R|R298D(H)k{LV=vH7$sKfE;9CK)!B$HaA;g-2I_BiVUHQF`E*3`d7Ft=9~^3{k-{SX1>DLN`jPGV{_4ll=DSkKNu^L5K-AHDlgkWHZ=+ods~!+Dj}YF%(P{C!QP1!+>F3p3<Z)87p^U+q?Vl(_$hbOR2wGm~o3<~9;@gEHDTDVjq<rp^kWU0<K+cMFJWc?ng(7^>Rq#V}}ra&yL`Y180?+yAn}F8nz3F^uoTYRu!2a3=}Dg5k6U7$uqczd+J243gu*LcCwxV$!j2(M66$ez&Q4r7O%=<IJDm!d2|Woe|qYa6uLh^$n<WUTz#Rg$jckoT8iOGP+?x-iu7jYX}rieoY2t<<=-618;GzkPo#B9#7%Yb%U;w=uiq}>$>(Hd?oZpmec{-Vwjm~adxC(D14WTHL^lNQ@rp?4JCp&x3{yPY<zNQ(l2UM%G(CWGh_LLwM4X5oNlpij^{)y-K9j1Ok*KON0E5++i00<IcD0K0BIIs9sfK<TL2E~+AnFZjc~M+PR-)jF)!3OC`r>n!SXz>j_~vb;2PJ_fYK-Wr8GIFS1+;wUfqZ{@N6IRaJhrG3+n@OkqafQ6M>o$5eatQ&x5I1Evk%B)@tnq^|{r?dgIagSIJ)mq}U2RoyP?6lJo<X)YX5#tE<nj2?D=kq5Nt}7EsC!vyZ8a9CA(&pcQ`mM-nP;LysdX%R^pVC*Iwvs9)r4mHBZ#aIdX;B@BR>k1J_fuseNC*dn`6T_pdL-f@71Uzu*O*3m;sgKVT&PT2q87YOBd&Fjjl`OKE_OyA=0=ig|hZTA~W^~M!4Z(y3)W8{27W2<~|2}*5ZmT{64!Qeb)^nW|#{cWui_2j!aqdH@Y0eEk84-Nfrx*!{sWZL)+BgjQ6GI2&X=9gu!IXAi?V1m<{Xwj;_XdRLlz_vjQaHs4T-Cgl=+23H-)!Xd>lWoDbdCN1*odn3YnvpBVl*Q~=Qdg%N*a63$Z7A{{Ut$huBR=j!$Az9<{@TzHGy^m75)_vsTK?TH;5q&Q-i^kiw2;Z+B_QX(dCp1SnD1_NpV*R7Vd+KRhRNNu=-Cgc?4Fzj1dAY}{fTot6qfU%J({E#yb1_-p!bhszj>I4MSn8;5n-OHCKMnd%v1iWPcH+Cq@;OYoQTib=*=qXX;+*TjQgT`NN)G@utZ+%hUcj8)^DSP8t;DfD7L@^K!II>)c`oK94emwQ5_F8ol1x$hW~zr(@xnnyN?_**z~ET?$<HOBec*ph#Y9EOq0ha{`;)snDhH;W<WOA*egxeI_mc;g8ZF=vb5Ttg@K)K>FQ$>P;mflp;<#6n1F+!x|;iEkLjBl-2uTRq@w#-k7w<Nu^n2yh@FIm>k&F)xk>6QN{C51MmK+DE`R$S_uPnjJ;uZ}Xw+2eCww>GM2AD@%wAE@hOt^Q!Tvr{DSF6FTeXdfb%;5*09;W-yalMqj^2?aA(6nz2kiSeLxL>D5I6>g2PW*=z+{Ub=19*RH0Y?`ogGx9#y>H^w_)leuN#v@(6i*Px>_mk-<ZShC;RKGaMIWkmq-BKy!sNbdI0hhJKfCJnKh($^__L9KS?Xvus_&Iui)!v?6erNaS!2<h11P~D`dZcxzCHXcS3^<(AJDW2z^2YhNvD+=oRKb$vo^qYOI0JmgWBmlu<nEzR=_VQCr}X5g_wK81d$Oxj7!79|JXk8*5bs&Y(H<&!wyCs#XoDfR#%bW@}Xh$*BT)`wno)!*+*Fi?sENaK{^0FjFdeZ%O!$5~qErcWN?aJW08Fq*DebG!MG9yq&0<(m|k95yoxYSDu@Uy-Gbd`Kcm5GWgq0aGnKS!;wqpV{yT`0rpn~su`dJw3{+EpN0chaqi$`=CuiM<U%|%8>@&eM9vJ{=#7OQYoAu5;-%8q*9TW2P@PJu|G(zLsEVZ>rr%!^{QYC6up@p=X~kU0$s~4kg?UOa6f^Mk%wges$;^p63U1Yg5G4wwgI;jR65b6C)p24)oQaltxlH_$nI$Hbx8*!wS`u?Gnk9NS0&TB}V!IqP=*s|fGh0{vm=6jh+`Ps?!X6wqWczFDL0fd)q{umldOk-frd>|D@@rr0q%!gbHhL{6rhEFG@b_r~g^0+H#-BCMti-<;3DdVguHUv4v`z`ooW5bQ1)1=23@cz+QjgktjG9M^|66(S#U+7fS3p79?(%r(i0vVd`nltFN}S%3dp3hW!VMsH3}qLfOZ<^uZ0&j+qAGs63l*hLw0-S>;|)NI3+a8Uzd9%Y%Z8CxplwSy!<uR^d5s1y0{}~B6DCl#IsyyN3d4WP%gq%)siko7oyp2kQCZpgTdQu*g{G5}A(pJ;Hh8v2*h2md;6j^{C@j9Hzlxh?g#zK8Id+p=>uMqg_}!a>M(wt5+A^fpcx@)4UdOkIW_JWtoBBsD@}p>59-1_QUF$8vP^@fCa<$NGKIYus#8g(?)~3Hti}9{jb*j<$0vSvzn$CeowOZ^J{1^*1XwdkCU~SX-Mvg14f{?#xGu#?=<m!p-s~4jnr&$nODxmD+xrEFyw5MI}pJk6nRsQyV*nNW9i4_TW<wZVza{jHr=j4v#$<{KhLv~@iM4<TaYd7f6=J&@{t%Eg+P1<P%phgFy1IumX;2ZL=xzWe*RT}a=mAh2D;WzUWbJ^EaHnx}RbsN1ui)DI+`!@nEhX+E#^BlHG$H?%*a>PR<A?skui5BXA&ibKl{2t{>2)eKYnXtF&pWfmdmJlhM#Gl7Vton1GwT2F$XyzXxVkOdC-mpRXkCLb@z(CF`#US+>r+rc3s_7h{sdVv7eVO@NR^IBRS;RgoU_WmmVU$0#4TRfL5Wg>_d%^-4b{OjV&GDDxl3Vi*aVZQ%gCRUi2TH?ugs*zNF@IK45$kWkVT6d^po(2vSNO5o`TN2E%F)r+v}>(1D`NpdTdoSNFf{uXO|WK<h3cuAr+g(9I0n~8Bq60;!i9Nx9o;i1$m>KZ_zov}W|ywDDl2fTQ!~p9{63dO0oB`wI^2(B;bz;Ckf=Qq%D(6-pi7`i?XUJ_Lql;Za=I<t`3Bv1kp7EQYxW9|wKa$OLug;4V`7Jwzk_obS3WDER(I`}`^<THhrtlKFXcMan0}(5q#Wx;ZH3bAg6<n^D|>mw9A`^{H~b@d19pr?Gr0g_AJMuxGg<P$ch6?s49SJU<akqYMg<NB9B59pjEukJ>{&%71!dVL<S-aKf<JxYn$yfkNqio|D+IezFK%=?yjJM%U^(0QK%M_4(K;6F<csiOKT>xx5%x=e`1#plI3STl0D-zFp5k<KB6H*3gGiEtWH<@_hrndD<|_4mS!z)XIqO4bnob+mzuCV6uR3LRX*P4FsA||!zmPqZ!UN&9nca>6xfDwM|EsF=PE5_oGcwqMF~M(wRyqK)z(@X`kH`V=KSleD{wR`OXG6|>qZ8I0PY)<$ByU+He(Q><^_D>En;TJ^snwi&$4jqI#uS|~v*U1E!PBf`shb=UjagFd%f!Vc2q!Gg$<SoKitO#P$j54!NQ*Lqa3mfwYt<nG)v8aqKkp?nogHY2>ttEw0u&EW;Y&J-jS!GF<K^noaFzhB5!$AR?<7Orh_IixUDY`Dk0mFBt}EkC4$vg~r{A-23G=6&=hpdFy=8B#YC#?Qh~z+4BK(rnRoU72YZQRpCs5NoU0Us3W@e-h&U7(eC^1C0Qmu3bXJNGb0F(s^t4mrv>|IuXwRX({i{I?8u-To5`@s|@;F?Rm@m<GRH8BVrh*w8&KJF`S<dT-`j&$i&<jM(qh_)8oOoo;D6aoP)z*nP5P_|6zL4`ok%w5FN4)bPMz$bYQ`!gBLH6-*)MnsE8{l~t`Km50@?THu19+iryToChT)q#{!wy(qVs^)ChR`G3I(c5k23xK|j=gMY{Q1pYL=RD=nD?UqgyN)kxK3ZL)^DexiI}8kPm2?*YJZcNKvPoAnlAd*Rp5B~q%?%}s#CvizJ3Po1AB4mCRIrk-kPgL+JTA`lgSeWJfWxvMP2Ni*f(8wt?L$b26BzQiMaiBiXYVY80a47bSyk~~Cm3N}lCQ!#ZM%o*enD8|+_@;84mbEv?k(6ztFRge>D_>EgEdey({*S)OIuT6>3O6XdunxeAqEC)I^W&>^?VD2YI9+uiut7CPbwSGsh>;axvde)GKIkn?L`A@%KO_#^Y|Ec@Z-@m-Qe2_gfXI1hLO3D6G1vTL$hm*tj`z=BCGLk_ZFMb&6E0C>&7U=Tnkh7q5OU6=uW|j`J!(VfLdkU)Ec3V!3^CfD<jJpuSTed6NCSVukJaj4c5x|qQ(xT{(|rUtY2CxRdRal2#=2?v4P(L^Sh%i{$)hzi&jwKwwUtrhh&dhN?`c>gCcj8J-Md&!<*FSjhWn{_FfJO%7RZNsA0}-*CSG<vVWag=;4XeB^Pon=>Jnd))>6N`e9kZ5iJC!$n<0_-W9Jq8v_-R56@9d92(SAr-B<N8OThtcBgP!HE1Eq&jcfb9mT~HwyqXA_8E*<>;4zwYu&Gw#g=nZ={IqngKIWewEwJf*sKtD%5+XQ-2Qp0j~Rz+-dVs;5>=hPnee~?C0%gM?Dgg)R~giKanZg4De>G=oRw8fX|!Pq!C66u5kF+kS@MYP<7MnWg!aVVuN?1hNlCccJCb-8D}EARB`#!xj+VG~Xp=$^2|f<$O=;h_<cpGw`x=&g5w$}&ThKo4K-Qu}cl}&6<nWh;K@!*wS#<STbJ}V5D%_3TpO}18j^u(O*$v=b^Lqiy!H}uw1y(7yM#AZ8r+?xD2-hmvheRXQKj%Y1FL%i_VR#B2XhSK;l(D1j7Ff-d?JbJQdXwkF{>o8Re$umtOb<6;t`LT`(ix(7>C<#@gn!X$#Wnv3558j<#*W@;ThbXFH5ofSq&FuiM=EXPbFmtB5uvZ64UOXI8+juo#q!TkaQGQFcWV|@IUZboaZEQmC&neDEZzHtZR0Ox$nB~Jqfc?7gWd(b?Wwa^?Ze+d0+Td~vy;%f@qkeA{7=M&cFUxg3?C`CsfeIGJI7OKq6JTM@<j`R!ews`auHnnGL^>`*3bky(mQpsemfdYT(%JWC09XRArcKCXi<&4t>p|GH^KvOX&7fUXn+E3$bSnqj{t3^{(*{8?L~Ee^QYy(NLAT42>roJh3Cm&$1{v0T<|Su8(eM^i2)%yS{>H~9ys3$6RkH&r$8A3JG<hPmoqXTv5!FdEizUJv1Du075ygVtSCQy!P69b>fcZKlZc|4A--yLZ_Kc7T%sC_r-oW`92@zpW$=)rMG2%B2Rw0RY9WGML;7-B8JAi>7Hmk`&+<)8D&sEHX_q@=RR&eG{ehQOgIztio$XUVL2hUG6CYtjI#5WPv4%~J1K)56#rEHh`2Lb@y>bV0M%Baar?j0oeli-S<**VTe(4W7d^_$V!;Ur2M+BZbJpCi_pJuotod~$og{i6FTtXXV4o<>lTRg3;%{+-<pzjaddI>f=fB*L+dzc|UQ|d#T)MVkusa?q3WEN|BW`*VnjBfobw3t_o2Qz9S*V=fkBnZ@NIC-MUdA5k$Br~|Z$C@#V$tg$)-sfvyuiKX8Z?Nm%MKh3iI~;jozkSgS2R2R16Rc;eY4rLR7Y0nuz5|y3)V47xFgzrbzkbX@@pNS|o9TMppvxw`%MrrtIk?2-<;G)a)`OAZX8y1$B9KjmsA^Wrri3fB3eRf%b`udP!@xP!^?=7>+}6DVRSWQ{%31O~WD6j~G^obIm*~BRJ-J>XBDV3?b04Z4i(+KCaO!O7r3BV7Bu@2nRdx1*Xsc&0Das5}<b#H3$kcwzafoxF@#bbrJj;eP<#7>aqR;}xYG5e_6cPtFron^Fxih5n*(o=L>^<bVg0-Zdv5_O-4mP1P21=O<e$f`lh~&Y-kF7;ZR!5x9iK<i%5sZf*i^U|sXhB^=+P82!^u4`92LyafKMvF1TkyJqRD*GC9Y~mTw8syv+ocgv&_lrhp{Ri0KDBToN-atE2#hcf_L=*k3E(}-+Rx!O->3v~M6^cFNrr3>zVF7h+0V|%7{h`T<gc?Shil0)%B{3TFNMo&E%;#K4oA)x95ld@C__xp<)3}C0Q`>)q^}tNS<Gk#VsT-Ohpeqx7FAa$$5)>oVg^8}U3+-5A8jn<K{?N;W9L&&&Jf=DP>-{OB)}gDDvPBu6ou~N=agkDY7QNBZnroeq^6=7k*BSFE{H|NX@El&`h}<5Be2@tq`S`eJ{}!Jwz99v0Bu+R{M#j0#(N5ZWo-4ui@k6<wIxW*TMQA-EWJSn_7;GAa$Ymn+zkZ~6Ia#)hcV1(ucR#s;A+FYZwl*ZYPmLSME2GBgI`5Bh4r|><E81q%wE@XaOHgn?oKQl)ck5zONyRNego?dl{Rvog9PxQ=6k(OL`cGUS+r2*h=puVR8|5CNohAm`}b)uwecR7oryk%%+yhl6US&LHWjR5`Z!0oW(QF{r%-<Lv~L=i1MI$j^?IG`RHa2cbsHfuUxj#Dl18CI4hyv1kd#{#M)n|MU#lR!qc8W81<gdIOj(-{pYb0UV^nic+vB`tpGB@zx147P;at{efs+t5Q@`^ov_)wsF@FFDi6+!ab`1tvr^*#XrF;pC8h)pOs@aB4V{_*+`M@<*Z5OJL1FmCmjHWb_FF0P8f{0o}QJZ6HP&eTM+LLt7>=yanur)fl$f5t_ad<vDlTjc?5F2phAG3qUgkS6MCoQmHCz{?MLtHCk^PM6*vtMp=68L1B{Nx<7i18R0W1vjgo=UN<S43l^a8m_lFyEqP>w9m~&E=0(N`Xm9w-fvX1rgkHwg<hUcG1p^a+8dhr#1t)g6>OrN+$y4AsZ$gjv{;-cECDPI0yTbiE~qrsG+(~Mx><*SGOshXEQjwjye7uNL8&s)p6UNM<hX+s_#mv$)I0{A=67%v|2!aPON4W#%#0~5Q@$m3&;Iy<!ImtV^w~E1!8!e0ZKk(H7YKhXvJmyuDZ`Kk&v)jo~WI<v27|iRBZaal|8&73<0Ssa^fv7gWM$)mWH;Y#+&IAT@5eGpQ>S%)*q!VY~h{;jvQWmx}&JOakBrZ<p?`srY?>jlkP4oE(1NCJL{f68U-4o&}1V(0u9DTBR7X8>VBXZDgoeLTy10BiIJgunhF>fp$yDvsbL9V<W_{J{pxOFo?KXl6Grc=Fap+EG?V%W=Kb51PicS%%D&pB)W9v{+<2sXgSZ0p@Nz2aujI4pxe#Qs)4(dZie9H^>`0@U?kcuZ0TD$c#Vi{mU(|y-=14q%g)sn3;o~^5d@G608tynONt^F)4GIlHQ-r|F(M_FXqhqmH<)`M<3@GnQL?fryc;R`v^T!-gd9CSTuCQS`LpN%ZDN=Fq2wR6aAMyh=;mMtL#2uQ#5<c#U3;)G{6tJw|Vxda;iBj-$;-(*~X8K|k$(0n<REc*&Wfue3K<=rmK}oEgF!0{F=MxTj)SfO+ulKE)r}O#DCH%=ue2aA448#lvMc=U>y3Dt%74y6~%uA)$7^ztpf>X`-biGRpP_NyDYgGcKa>nkiUXZt6)GTZEQ)fzO;_Rh0F8-9$pAS9vok{w6?-ZA)?X1^Z<YW>>)?jm0{fRHiNyP)q7fCqfpX}cbjpO_lVmIt;I01V_C~iKDV-*a{by$_X99F{YMxR2?uFgHC671RU>j1JS