=7cN6TYh%UH%>N35-13ik0ej?7GLJA3)k>2IgKu!Mn9U9N)!r3tqektXeGo;HeJREm(FZp2-dT9Nmmx8PUr*)B2+o#fYlbc=oOqaMTZN}PVo%FmVYJ@{U>}r;|=f5*OJY6P6zqZcOegXx+({uQfWQl{CUutH{T-)-OE566g$)%IR~zrjfsXDn)I6wr%XHNb}|(8*B0a^b-Ab-ZM&^q{2tiaX>ouwL<}dF31}b(?%*gnrCim{*U<!z_p`P*XbHB}x!FbQ1@fNx7^sk9{)%^#&~)rcS+URp-y_v=;C82?t__V|F~25WBGwG}zmYpZ*%GElrhVC+gqO{t4-(Czrym1XIe4-aox6Q85>Sra^Wl1+y3C?M^FTkLGX6ktk-^Otk-;S0N*^CVFu@zOwOj|yqbkMab03lkusHq@LZSFr;<F;IKlL}b_DH;AxzSH-27OK>CWrO}i!Srz!0HiNzjgak8<evTl;pRlj{>0dxuD)^5;iOf4!rfQ%$zgabwq;_FIsO`CB#L$k5-GF;;+$xc_By5C5Dr6cWkn#xnLKOY{kQTUc9NYM+VaYGp<x-h7mWl0m-c%VQX+V9?R1sh~flpR8f((pSAdttJ-v}TVNH2XbO_}8k*W}o;m>^B9|Xv)+a@mDimt6V{EnhU29I$K=wx8CYIS}rojfn^!#W(!A$itqb;Po3=7F7ixQgS&|_u=6Vf39i-#wDjK~}76+jA`0~9deie!a^+~`b!KyCvV{VP)uUe|MzG1EM_w4p_z)->D3awY+{WgfrWv19queO1}~Q7KSm-sTfQX{^zmuq~ddO5`gsGL`(-L5f>@nsK9OaxO~jlUP+Dg3O{3=a4MxIBrA0D1jlS?V3*<UcaB8+iTPvIS89D?SFFC4Tj6F7X8?VgRiAMFh1+Z6z!)8SHMt_F<mIxB6VcFr~W}^mtWEagEcn4NsuinTo7mpeZ7?skOxG5{M`clFVZ|}$3dHvh{at($L9Xj^!nnEZ>0qtdo?J5Ek%EZZLq6S2ad?!@RV}ksVj7o%Wrf_LNeLBD&wygY8&uTQ%=wBX2m;GYIFZ9jbJvM2T?jXE1o+j_p0}_0}9ckFR$BT5a;g&n`m>umjhBnZRs{3w`X{5Om803dNeYf^e<zW=T)7Eq#!IrCyEpLZcuA9ENELca$t-rEkT0T94@@mBe(Duqgc3;lmgX2Hj(-YN)n?C=)t5A0$NVyX4&lN1CQymzVG%}_+y|&jg#u3y3d--0Z8KeO#xb_K@P~*24kMFKTC<_49b<HA!F{jrbYW}xiZ?rrk*_sSkXWoPaWf=$)F^G?(7il^%gM}qYG>RCBeZcYECyu&m}{{Spbd(^RrJIH8hW6zTktVT!5?Be{GC)>`(Laj#X`pY{mD_G_zX+rs|FO#efPoNG|CK<^)5juRhl5U7J>ZEXF7DO0V-R5mOOr4xqb-N?@Jv4fYpT<rU|;xa(u>Fk>pmUG}<V)|Mi&CawIG@L6xnc~C{(+vK|S<ByhomMkWBWnItWA3Itj-M)<iE(u<9Vm(e;V`ikSKW_(a3+5NS!8R^=t)vGBE5d^th~WKKe9UPBP$MRotr$7o5#6F74QsP!?ysd_<do9nwG*{k%S%bGv37kl`7=c@H9!z-SZ60kd_QswA5u0W-ZX06Iku+BF?^;voy<gI2?D7E@VqaXowFI)%cZ#X;Y9vbZ7Qh-`(0&L-9|8gN{cz7Qnd#`;Ao5hVE}_4i0-S77>M|xFzPD(u5}69UP&|fTVE?8E&v*5Y}5aOEhF`E3>3rzDv;or&2&?1*B}W9{Zi25A*V^JwLBm^CL$QM_4L<HRF1UL)cvMUCN16n9&h&--H34`#=dxkb}t*pkRmQsWyN37*uU47xsGv~*-0#mIIo&P#9%HvwdxDnf2*Z$o|`xkgX7SBpsOKmyaUomoS>CidY@JzW$ILbp^d2dkW?+g&fN@CAsc%Yo?D2?ynkt0&Hg}<R!@8Tj=;2C$THHz+=E(5(87y4Z;%#?L;Nd6O~I(U-@9?FtIem^%qzh~Q4_>_<-yA?X=<NFwGm9%u4R||W86XibaLg|W+zRd!nKU?z}`ru#rhaNfCRqFq$EXHcvRZ=4nr3zp>w%-DbUF|gEIw}(d)Vj8OM>)?fCe(ylZPkde|hkMp9`&O9K@Et9e%17+h=Y!rP9;>|6pRR>{<VbJoH&MN4WLmI8>DPg1?GpL|Na=>0dP+hKi?R#`(i?(hI!!+*TM$&l>^*d*m52p*^277bl#NNXI{Q)IDXi?s)e_Djv{_9&w?u(X(nW07zeVypBNw3!GSgLt!IK-@>D*e@tr1WT<FBi;J^c}fhoZ-p^j<srl0x}t>!ulxa}exy8!Wk_aJ#yX8C+v+6g&m^dpxl;)lZME-%%RFmR@og~qbJ6K~Bt~O)PICiL7kA!W<NDAb1;cTk<w5-khWgtmHcU<>Wjb-<K}S`al-f`e6iT05{`RFV6Y}B~IC~{>LULro`n^>({p8z`U)fd@IKo@+!|`9b7|Sh|IZpFM<bvA6Bk4CPnyWKO5AU-eyS)ps^ioAD`t|EgR2wYV@)P+v_*eT*a`yGJqmsvR{I^6aSwls<Ep_bSC_^L4Ass>Lyl#A#BsR(^Rr;M4vIM_XcF2&DIy$5+6DK(Ywz=`#Y2g_$N}~vC2UQ&;Op*8oy`}L~uExSw{FIQWy>@7=qu@}#Tc<EdaVVfVo$DV`oBq|R4i8MW_VOQK-Fd*-0h9k0V(vC%SZ<bC^hpOe02Y%`<66+3!_!-O;fi0?5_rQ#TAi{3oQf$lr4nU{z>~TaNHUN2b<|POY2IVD&u1jUs=5h2;a)p#X%46znDgt8d4FXE2Dz*x;m}jNQ@SeOO+9r<zm3Bc?L=dPD&}`OI@O5jvky2CsGfC%NfEITm$q6ycM*NEH@6A|M!0W>W1#J(TQvbS^$smPEFJ7pW)LxNFoTDWPJ}v~ue}=zMDhK`M!%45aeg4+;phLSE)|c}nbt)gc*@7799PItb|dM&Y_t<XGo)<sf>3f-d+2TcHH6%k4&x1h>G%hC;FWs`7sDN<G&;T9L1ffFLzeZzkG-@fBqGhcqp~L>C1W{_(}G;3Jvy~!Dy7P`xrO2w84#7ST^9m^#DKYQ5%C7|Ya54DEq*5z0{BkVa_t%?fq1PenJjg8=4Oae<?cHH0#>ykP@$wZ28B{WfDv0;WYUpoT8~Zbd9xW})O|;CVXwGP9vmYYYHQdNhx}G6oI|wF*i2RS?wrNlsJKEzvKtA{nrp){Z)#g0Rg50}IG6nUI=o!LAw3_V?~G-P(-^ugdJ5$?3iyq-YarCQ()<T?KWO2;eDb!N{!y52a;6O$et)VH<dwvE9uz=0sJC7S$irl5MFxP~=)m{om|%ZAxaBb|dWGX_*#&1I3y+QZp^3UYO#mOWyL<$Y8_1f8&tW&2QU7c6FV{T`IB~i2FAik;RT5{ut{gRb;bR|xICzTFkmG?fIn2p3&idE+ty;OUm3sXt@DHoFTb@2<Dyph9$7R~EK%*khs2VB6Y?!2D=Y<vk3V}N+tNKU#XAKIV7^4gN_eV5j`472M8cV)`kS3c)8mjhAI8|*D1IfJqcXPH+;$aZ3mcsXW+%1?@=oj7ZM3C=lg5zO$dX;k7A!h&Sm&lmJJTg=(dfO-J+gN@m=9_p*vuh8MR@+YyFSw*+_s5GDn74>vuLN-{eJ^_GLgi6U<lmk^obh33KkF%d=4|fASqe_HBy{W<)VJTN<?NW%`-qem5rRE_J=9&qmcZ00tMv1K8XDXkCSBmyw<c%knKXcbB!x@5bOGL2qT7$8I93-N?HGGiRgrY0TY@Z(e0@kbBdgLx;ig09kpOE@N)4tcyN8+`5&t<D$&9*^O<98EQ0iI<{$(%`s8_I-@JfnT4N-B8gM~*Omc=oEas04G$@=_Xh9Wi!yqboT0l12^gc~M~7ohErgT2Dl(Bp#u4(fJJPw?;tymM}eepcTs7r`<Ch#Hg2`!Fz_nsPzL^Gz~U7KNNC8|3C+yr{M#^ENP=3_&_~*-Zh6`|u3WuxjrsFHwsjDF|2073-Z_!`i6DHbQ+Lf}!FA3i6LJ-KT=CEEpH2A*lc@+wvVtqh{ZI53rA%wQKar@~1RPXHjosJF9is>z$QGZUNCo(R-Q3uLq1-_ay(n{uOd+RSo);F{PFR_yjS5c`$+-m#9X=NVOOz8@)9V6?sZ!z_rl}d6R!7X|}nO*;0S%?iqI^X%aki8elQA{S>kNl1w0VFlNw-15vAPHEYuX_eiP`i20Z+cnApiE$uOLH)KQ!bg1t(-c-IVe}Kg_;pKct#1<aMF!c$&a4oDC2%EBhK{t9!yUeuHHYqgpyA{nMlBs~FmsZBOVT}#|&4Cla?+eAlL%17%*Kw;r#1Ot#8M6FUFBw8{mx!lcv<Aavc)Upjvbdo^&j}I#+?!zITtYMWzzhx03<<65>Ml|ZuOZRv3Ov`BeNoxrJ|ag5J`X(cHj1IE6&bBPQz%#){R1vk20K(?B~zY*-NQu*GBfv#M9oyfB)MHZxkz>o3Rp*|&5q$d(Ft;U9K^s8QyoxsY=Kr`$w~Kf_>e%X6T>)5=?2)`T@L&z#3Fciw5rq@$b|Ay&J`oTNjuHvFGx7d2RU};Ifun*IG?c6ICW4=L&~53cu*q+FK|W_l_P>1e?+WsC8s`(t`}<tQ`74eIT`Gu`rCcA9iS+^4^;-WL8_>N;SX-wZKV1FJ6L4sWU`>3UxLr%b44uC;9z%{mmt3say}=zTbOAG?`B8>yHec(JVdf+Fto^_AKje+GO2BH9v)zyQXoKYAt#sQDq|!zGu?n-yYG?8X=FtMxia#5!)6Ak8y1k!|DIpD!oE>L(Z_Z`@Yt5syvOhf)`!>EAuH^MiJCvzzp+}0(?&gPzO7Z=d87don_icQtHd!OvoLGy88ZC4T5imH>(2%NGq|$V%|@cM3;^1ckPr0~7XBklVtU-m-Jsc4QgeRF>oL<IgwTg*Dr$|_NxFQ5;jDR#5(^@{@U80&XQB=F!k>v_EAf1|{`ZB8`8bbWqO2PX>86g<H4Co~5AR5K=IQ+B<taD-N(Ze9%1J2E5IN+jYiB=BXK(8UeTKv)1TJY5CRUk*-s0?E?v_j|1jNJTu`A_=Z?ax366WXn;4(rX(Ql~AAKaT9KAD~=7a@E$YD)SgfUhF;m_1}DWM<?3cuX^t-+rzdVjrY_A8e3`w>^z+462h!ycN>OF%xK&B7S&->>%$yB8W2LMvV3tdVW;3<M=?+3sk8`k6qp8Or%3T1qOMfvo18{@?!SVK5mAavs`72_rq|H$_TW0yAZ)6>oOxsZGp|EQTJy!?cf1oYjK%SlO5NQNa^+7Lv?{x`DNr(9GNXR>4`tL^EBf<JzV(-hb`9u#1l%x*Nf~-g-pxr8J7F}Ie5ODRYy<nG{#<lfcGyG(75$RHoKL89IH{T6>*@g%h@=RAsxP=ZA{gA^^g|R)5?=iv6i>DhWb1;(eTU{OR>~_U|;nCt-WRgKXrjIScE`v)i82U>SR;k<^Hum5wex%l;=h7aIRa#1jeKTW4r%OgfvFPDgxY7M`Y}Qxoj8*2DB%mWVo-yIpFunxTp8n3T-8X)gq3B+%Rxq;+PmzVq4#%CY#fja?i}!{I6<Q-IJ4MvCUizu@Kx0eTAYd71Mzx>0E<i132XyuJTk3*HXTZjnCPKIYMT5Aq-2!{?%bva9JuNczNHNnDd)8BHoO$IGew&%Npqc<s>95AYs@{%|GG2SL9E6CMl)3ge59cgC-Hp$-B9PZ9N(<1a6(8rEU^Ch5qP2a*iQ;h#NTrYW+l*Z9D*>CqNW;z_DdmzOPfkNo?$<AzS{HzOD((&2m`Oh+lGZL&$WpxmQO!s918?1{fw^6SM04fflaIAG+I?mCq*fILdS~e+x`ol_<ZBo7#4fOcY^!`cMoFVFbx|l0M`y{h5v3Lm<5%SAe#cIeR+ECdMc?>!8@(FgRnQH)t^G_y<g#XhO>yXFypP#+Gg7Xse>`ZOI|BIoDcAzI&gF*tx>d>2sbQ9L5hX>N#1Abcs4{Nw(Ize@4Z1Mqu_{tB<((jgB0`Da;&@?un8%Eo6de1;{yqbib>&REW0<=0GiD&Mt8Ct7SJLCSekslOBro)QTMn`n|6@&R%~B3E3pQ?1Z1^q?KC5i^bZ|jhRGa{tc7b&LGMw=dZu_nZR_bta?X@<}9gYsb>R=6$C+4l|wO{G)M9?1Vhzr!SjaZqAt9=2h>B$A|4~+_zCm&C)x<4RC-)Bg5g_Y%vD%Bn@ON(_4!PsM+OdJHb@t{YL-;WBA<!A>0>mYciLK6KPW&ZeLT%>rBZtsggfI}Oz)-*A4}e$RLj4^dfrt?i8k<~i@1>ebL&TBy}uAMXG{?T8TF-s<pLyXMzmpsu!F^JfDhY637yj;d{l%-N0SJ$NcL+MC$>6-paleyfZplQ;30GG;;=6YPQU;ll2*I#6>KhojVqcy8N6OdbfrPq@BD3QMnRk!p+?qcSn8Hz68GYZ?wjT_<1`pszS6Ph!9^wt&7sMF8@RFnV~&TQpMxCzWC+SS{fli%x#2*Ki>)71`(6A{Ko-Fgmng;VQ3x1?f8klb5D`yKEp45zXWC9J4{wW~Ov3p7s%K6$=JS%0E0!6G8Bn!w^V)L8GvM<Q^$cc0NHKw7$;*!P$*{bbh$a&QIb}8r@|LFN$=fkGa~fi;PrTXuc~!vDJ|OFTRHB_gh_txD!?SZ9)zx_+ZBTOMgb6_+=RvaK5M)pcZ12l=SnEZxWAP=vg)LOc@q4?0K$}DgqPk9@I*VJhR{Ut#a=GrvP)HfAw>Gj%d|NcrQODAaucg>XDlo<8kuGCk;4Zdv14Bo^k@X?64Pu76b4BeT^(Zix`)RBS2mVi5$z5&BR_QL9HmVHN<*9XE4}45gPPV5_X6d^9A-v9jNtCB3FMer*Y_}GsS3BOe(Y~5#bvrYfZlL9f-rvd*of&oyZ-CRZ=_=$`X5W*q*B|UjswH8@h$G0K03y!UaRaH{hXO8~=2?a7Ugd<gOHu?W1%9-}@9)?gK;JX*UBqnq+tfe_c3hkW^^N_N<9l%6w3!L=jE4(@nTt%IZ^l_D_X$mf9<;J#K!1i9^!UvIj7&(4sxj(Eh_=$9zZ@WIEriHK#{pfv%daE5#^?i$0MWb(O7Y$J@w(Jhg67InE87$sR!+aq5+CV2mKO&tQYu?@j%lAt+g|t2efjzkKbKoGR1w@2$L3|hNF<uyd<)G1*F|A=ci0IAPOv?ym)~@_nf?~eUe*F^RClHg)x7;e=5P#z`q=+_Ta#=iUo+OFv5osDB3DrobmS>(QxUYk8x}_7$)?t;avQ3oOG8KKXVK+;G^K>%-{$xpp<j@qo!wr;i*lBE2Y?21emagZ(IX7p`&QtzOYVUQE{37r)7iIci#KN{Q}>VKg}N6~g3n50GE~rzgTlsRWqI2Dc&keFA=fEeL4v3e&(DC7W=+(Wm&($*d{*{z4s*@nnzf)vAL+|iIYBJPA0Or1z2o*KV5<BO$EPc;oE|sw=If3R?sQrT4t)5SO6p6GdX5EWAvc`X@kPu(jz_R>$eT1ZJwbn8ujbygZ}P?f7rN%%mDgr$rWsc!MxHqh|BWtcNPw^GnHJiC^S2^i<Y7#`c&}1{dc)5zoYPPkI?UffvQpl^JBBIi6$MXRou@FvoeLF2=n)QlTZ?D^F1B#G{UK~fR?^b!+25NBpsiGsyb^{6*LH5`7kC%$%Mv<EnY-^wv9TjH??-^Qz2ZY_uz~XUN)<PZTTghC(HdkwNT9zey1t)#_9!&5K_ed`|Lbl#Hy-ozTbmpZjHv)w52k<Myw&;&23i{D{O+$`$QrszbJ5tp7WoWNadwBJrbTiBd1`I+BipCE6(ST8-5$oj2gaAY<6*M~kBV+t*j#d@av9`WYZDD66`Aj^v+PXjnn@=z-^0rAMf27%{jl7s%Qq)6_bgeY+$E=yi%ADE2t`UHf<JKHph^0gGsu_F54l@A`^b>5;%bYR<2vqr^l%!ez*6&UVZKXUhuHc?BgmLbE@LU(GcG{&#OwB#AI<5TovY{kJuiTk=<L_xPlhZBk6g81SP2pvt68dJaYBmO`q_akr3qyvT#n^Gu?B7?MN+Dbh>#XO)S1R(;(Y;EPG(**4uj%Pw=6OPwa*<^Z83RI1Dx9hWMK>=xcr72%IqHC>eBHCH`;7x;^aH6$N~UkL;g-aIEQ092c1ky3(Z_<8y3KIil;Xs&fpDRnCE>p?(-hQJ#|eEbvF}FQl5wUk9pM5UGYWjh2uj+z}Z?PcB~VR7;)i-!AkSN#?zjipm>3$N8a?JpG8qWfnlE|0OrrVL^jsC+MnR4e|>?{TEUP&-ujn#DIC&B0qu)ymC8_`T%IGrfm}0ZP1iOQPH(WD5Y%qRr}8?$Kx7`itAn(k`$8rzAw*%V<~1|>z>~PEParkK?rUD;Eek@{URlm)vR^dzzqlI`4q>x-BBN%kPcff^adI483s<zl_QxVPf+Sfe3SN}IS=ctPLlBDhnj;C0%R{4KDh3r=Vk#50<k_s#wfNF77%Y=bIe^m#&JSAWlm?k4*XP9ax9_A@07*(^;7qfnc%?mL$OLYtnUa-2qwMd}xG)dn@7*Y#_SOfq*d`wtVqE!NC^Znf%_<$!Kh1HJ<Ez?F3K-F*(I~~pIR0xQ>}BW1zAWo>AeocDu}PiyEmeHf+s2D2IF6DNGi1B2E?;{`>J^4KqO1IDGub|IVBzXMC=KH*$TUnLSY4(X%Iz$Z+XtseeWS^ChV2k=eWy$ZWK0^wuT30sOlfQ`0`wmB_*1v|X(XfO*|z7RR+1MvS#!d85CBYU)}xvOK>cD!1~r%rkP;xyyo{xYJQn(%_z)w`y}`Jmm|yZX8+!w*01X(N`LN$IxqG+qS8@<Fjmy{@l92n~)h0oXvFm#ud2JiToAqASDnUy4kd(`uQ#6{Pw?*jHh(Z}-RH{eK!sVT~!&y65wkfJuV9a8?3oJ8^H0zK)5fD{cdC*9>QZH(oZ8`jDvgFa;iyUFZLT!;q@p%>9lE)v0Hs=9mA4Z!5PoR@RvE&r714LQ46m#7%x+rjnf&LljOi}qV#1l410JX2j0-<ZM6!zAKTrfZe*|`%A@*Wdxq2wR?R{naCT5|Sh*ZbuaKEr`F8>o62I^UHz|LL9P5-|eo-XJBR5B{wT(^aBdAZtnqbamf+`H^3g1{J?Ss!}>zUR`2uVTPpE6ib2l^)C|B9r4~YQ%EXkii$6}1bXqeT-`W|8X?@2a+_^wyCxs`<%_Jf__a1A<<8z=N-ls-j7H^gd!1!h#oWwiCzV!S&gt+47~(?tj{#0}fvRGc^D~Yw+Dns71Ujwkn*c8)c)-PF3`$eia@R5sHXu<%(j7aP#7wkFQFMFkEV@G;HT{hnH^SzMBRfZPe);~(gt|pq8tC9*r3L#M0S1WN(nfS^21IQ6R>djGmBw^qeUp|ZK8JY%q%sERjIKxC5`SrbF9Ky8s^;&^)!{hq`+cSFmch}cZML~Wm1-Uw!c_K-th6)V1#J1+i-#WIsIG^zM?M7X4h%IlxTs!ID-nsAvF<QQ9X3{UVVq{a5e+tTMJ+~dec`TR%>CyeU$!(;aFaf+IS5Z=Q9^^@-H=r!|5>fzcjxQ-Dgrs*?(6r%44wbLF~ck1CJ6A-NN@liLlmcer<h(=PqO2bl=QZ34{4%Z**lf&Tf;ZTFaGBE4WCeGqcbMn27J}tK5RLGBR>zyi5j-7sW9(k3neA$F1=~E$#GTCw65*`Zs&Db=&BwodxhsEjtW@I8>A%EpWd*M>ZFPif4;C;W%rGAVXXF~&<x`xIoO>qZ$LNGVLEvUXIH0auOPErS}?Lb4iR?D`>6eFwsOE85gG}wdA1LQUA;nteid0ny?*I5EV+G{-39T*Vd!e+E`C&wWA`z1TxltCHmvv5&R|9G?sy;_#-Dkm^?OtaI%&!uz2MGiFt_Q-|J_Qzplqoe8%-(%r4|j#<Em>_Y~r-gHj=#UlveKeHW6APKb+w`Io-e)SY>7DyVxNcO@O%!M|2;n8k=}4Zx`U(<Q+YsAQIF1f~^JGK{Rs}rm^4lsP)mkjJxP2-Y&ZtRFI<wK>>BcvZ^8;v%aRK1zv)G9%Q8eukNsR;KAM=PB8wzsGX@tT57{gi^rvVK!zunlBZP8sDbk^BE$5N&F7tlXGFf<6M!PZC5T`hYq3Zk*t?A5pUW$)h`T3$yC)GgdgCtX=C%K4xGZUH0#*H#A<0=#suCeTNBzu+`@@X22NY1{%C(%L2}|@-<MGR%BIx$qFzH$6R9H$X*X?)F85Q0v=1Oy~93GDo<L!COKQhlsa<g_;dsNRd(-SfZc@L~*hc&^wEtO=4t(iv$2`lv=n(E}x&GsFdO66T8Vc6}<|3htTPPF$}=!=#yA(!BkhzD^Xm=DM$dSYyd)US-Q)<Hz9m-xtooh2&=68l;G$nf0S7spM)@SiXPq({;0>KUXkYkq%MaIsB=U1~@dpX9K4dC`Yzf)6Z*IzpXCl7VXO5mWKh+i~(?>gVp5;VfSi9vW$_R_ekQZrw(CPq8$&^~>CFFKh3c@8y!bo8v92%WL9OS``DtnCUkHToEXBu@it*UI^~fz#Cj5;z^ch(G^Sr(j^zRwh_TdbE%2u15*z%;j*Ioq5)=&FaoE~!7nc|Ct}Ibd)JIf6Ld+1Vp>?AoBz@?rP6=BU{E<6F*GkNt?KYI?eVw%_2}Dt(Rj9=^pAMt*4_{N828W#CDgiIRcFyVU+Q{W=wQzI#7*~$>rvf8gN5A3XBPsM@umw#B)7>8g^#O&cry;sD%%(7GU9#!MFHTA6qBc560D`;{M^b9#UpjBMD(CO`CE3zjdQiW>&~<f2Wnw)x@;k${^DdHV8-?jQy3Y6*y0R4S~Vhv;#+N~?5}rTSUp2{5SS@(`+VN+m6VpEc9ZCuq8}(oqy^ph!{Y7fsj$A4S86@W+{un6Vf62fP+#X-31)8}VX`dSs)2#nalm(eB3(u8XtTtXFaX7QYr*R(kG%HH1Y=g-S7EX!3O9<c5zf+plHrdUqV9=G==p&x!8S^dQ~BhLj}XZLVYO*RT%`ks8993>^C^)d>bnQ+F90f-Vn*SkuALvmeV%j-L`6+mWT|%3rO7Mnxsa{D{GU>^19YybJP_$j5y7#BSLV$Ow$2Rt-eVnW8k@Rj;tiLZN5Uq8xOg9VEQV&o*`Wv9v#M*5yCnpY%QtT1*?QMaqvyU}lWOv22Ymw$KcBI<8Z7sO)>Ocb&y&xyEMVup41CKHzsUu^t3ZJmUNniy{(UQl^z`!49DCX1!5{S#Ai3l=co<&!p<6wP=FN`}8F11lK*I?2{H}`>=83W|fN92{7rI<R+Lei6nZPRjVM3ifue6ZN&gTI+@R@D+H38mOxzUpuV^0h?dNhM2gF2&o9B(D4ZdlG+*E09y8Bf{(DYTO4iFfx6su9V=#^xo^Hb^&Tg1v6}jKxVLPeZ@13AUL2Q`Z^XsNzzY(xVM4ld}Z<J6(j|%vlFl_p7obWrbQ|XJX?Hz7u+{G8n!}(v?aI5kfW*Dp8^t|EiU)%LAmaJ#_eVs^C0GJ!UZirKxjUInP~W)Pou(CDnp^{jWp4?3Eb-)n~a=8EZm<+PLzQU#kdLuvQ5ydgsTU$}x~aG&n^FqG(<o^exzSILEqJ_MU&ps5&(Ec0?ox$S)X;+2=W$RJaTeL1-Y86Uel+(bV(+cGjccWjPZu7AL<0j)hsVLRjhD-7lJOR=gp(QY{nr&8-ZYoHM7wL9t+4t}(Y4vo2bnKTen`u4ptPcW??Z$OCUDj5X)Z{@^&agE}5ceaI*ldK3lIIzY>F)6;%(f5dRS?l;P6@`B|o;7<LhE!**A{tSrSu0cVG6YIKyKSY|Ci@pv<2vy6vt(jMSk*Fe7QR1noO?tYi9ons}j-<PPt4R$@nATX}pz7rx%+A&E$?Gd5QJ*v&vb(wH-XbbK`bjll1xeZh_XI(vm=DsIV_*%k8s9+uw~dJ!l=$|YWQtAg3tPyh4^@UT;qjrA8w1;;5Hu6Lzxs1+MIL~V6=_qq%NJkUF4^TRVu2AA#b9ZS6S4r5AfW@GKfQmYP8CU-{I4x=>S>c^Wg8MX(`aZSs(>%)c@|k=S@e2;-NR=UN4^oKT&B1HQmoKrPs=>#%MKv4t3S=mBij})pYi8j^k!a?%h~rfljvh`SV1S@gzz6F`L8celHk^IPRfp|r<nq0eWi=?WX0<-T)Y=@>l)B<ka=#6mPgSAW`iVr&Yl?P%UoO00}ZYRIZI5KU#)n+N<j`@-wg{E;2|=)S&dRKap3cXas$_%Fnw*=T63@T7~Nh3EKP*M9R1tcU=&7YIg<XKgu<U%&d$#fF5`F<g#Qq^UE!>3R$Z)YX2)3KqkGz4s?!#Uwn+uIl1yt_erxjkkde1%i#8~B`+asR4mpftvPTA(mHehd##~khJ;fK95P@)BIm-Q%Vof=G&6mzhXaKY)TkF+RwJoH9xtP(%;Sv~(k$F<-Hn9`?Z$M^{LRt^p@yKUB$*<{}g8Q_F+my=g!Ir=Pq`yHbV-jh0S01sXB6f5TP6C3m35IqYlR`SA=BqxD9&Bk{n4J`~3s{-;1!!b8>(T{cMydqsb3w>rrA|%vxE=46r}YMfum--6K;k`zM@)&Y*t`Oszq`%E2HF5@WxJotP+QD+ls-2kf~7aKTQyd=b74?5^kq%&{J{^HJlUEF65GY{MmvXASjFganjhy1>YxVot=<kaU}3K$dAqj@&1U+G>h;^`t`7FmyCXw*^~YzAKIL~#?o+XsMueChuw5GSIy5(&S(k{1G2!xkjXD;8v*z<*<E&Ls=F}CMaPp({AgO_}aFUW73ztUj&yEC1PU3xmQfhr9sDfEDs3BpI%D=Y$7RR@gT0XBVM+j0bkR@f7gFz0VQ%$mgu)2aLc|H~0Gxa3IDnSYO#(`o0s2Av5->>u!tNtF5IOtRWOW-lSB_T6tn3%3Oxvs-JLXSAk1C$F15DJW3c)%2el4?%f45hm79VsB;O)wIw)urIMOq+`sb7Lx{wB<EBo94riHq=%e2SbrLklX)<q<=h(v@EjhG1k*wkYJAW2O$v50~lXhh!RZ7Iq8u7B#!?pa{T3R(Goej4Ru3GM~sUJf=P660L?Xm_#vFJtUIK6+_-mNR5qGWX4(&Uur>XE7;c-y6;IKLtD@JNesbTtv;uAv$Kcn;feh#5CT&7{PwC(Rp>ZVgsMf*6Rj*J$rTmX*A9z9^jwjC-b=B`5MVzM6!Z6(T*43ya$<I!4Aj9^pY<!R>ed3PGxs&sbUF3t}#!pe!<v@+hR*pCzd^U0I>}-JJDBj;=AOvNrF3u$ojB-SV6%G8si@Sj?YedRw7%0D@Qa$S2)h-<rh}{wil_OUHc&-iT5DZJO#e&f;%3SUXX5Ec&p4zZ9`+9rZIT0SWi5x=_-6v^B`OJ5O<8R0Ssz*We8CG>!Pr*gnQb!kXrT@|ZA^_q09<Ae(*0f#gCmv2Hqx`$-SB7MjMYUe+qU4hXTw_Cp^u7bi%XGq{XF1pbr=vL`{$cUEFT|S?N8uSYQF&L(`x%-=mQYruBt;%n%+BxN_(IV^c<>pfd4@#j8v&R1jCJBSP#<0ot5>(x1v@4*ZUvV>Ix}5?<fe=!UV@xoGgcYKAHa~)(fH)i#BN2uQWEiUV7y=@Fr6JSsDvH((Z!i#{ahta$7g?LdCHI3He0r5Oo(d*-cLsVP2=gLFZ18rh`-Pr6t-G?C*cFB7r8_fbCaETX8raoY<l>C5M6lra>mF`4Su+0P?R-GPN=JzT5`gRQYNI(%SC<o(pr63`_XL(5t#^77j5hthi2vkR_T*9Gi68Le%-r7kSY|$Mv&+t0$Cwt3p#gO3?o$lXUdjMX%tG(Z7X|oZqBLMCk-ei@XlWr7s6wpuS=g#n+msVnw)iQFqpLz#KQh?kmBj0e=u(x7Hi}SR4A{3y|15QMFm<k+g^|uwno$vYkHfGladmS^bJ(a@Z@MYt&3+7RZ8!P`u%Zp><LY9$*->J89Ih>AV*4U9@l^rGrz3(=iLNSz$wGW@&6|+(tUxFl>Hk-@s>zW^XGWHCJRB^Yi#<S+3zZ_Vjl;&g<CCV`mcQ}N~nSZ3?A$ULV0ZJyt_fO@y%p0aG!cW69A12dBpj9Uh<?+^Jn*`jM&z%csE;994ak)i#8?rKsM_15_ZqjYR3MFlyFIj5h$xkGhv6v&cD>v6R)s0JXC)}VBs@x7s8X@3bk8Vj1}k)((9&(U8?esQJ<?wjFzWMX$)vGb54~7wAx}7+;8%#1uq(OWQJ5ARnyr|SjjpxG<Qzk!bU98`gp|oaGQ1T<znvYxb!taRmitk!n#(=3l8LAQ{Vo%FOy(*=vE)<^l2;ItC}Yqz&mluapZ_rW_iKPt-*g>z>kdO6#AFd82Z<<Mvb~hu)bhF@Hp+75M_4Xy}2zv2=C-gupN3B8~P1IE(T8OF`hFaNX8Bs!IhIQ;LI#Mr{T2MwK}vZ27p{LqzBc4{fj(AZ(yqx)?5JC9zr`D;beq~FO>|BFT=h`m|~v7EgJmawnKz6&=ND%Y(Wj2i<-7-c%CQ-EjiR?RF0S^HJC*x*7#;c@(ruh5Z;Q4byC^eGUTN_#Nv8i4y*Cp^OjPm_FeuC2JwP*_h$YCvqQu-8*fug62w<u)bOoyDUM9o1k$7|f^v@BW^zKK41%95{d1_GAOieRzY(1`o4lX(kZ=rJR4FJgj?=^x0VgIqe|B8KjdxMG4f?r0@og=@FWxG;Mf+?7BuO)Xoz_2d^`I`A69j)*&=7L@FfzcbW|em1XyxLihdC!Al5q;d--Y0Vk1>W7i5+5O#l<*mLBiDxS8lH=97`FJlZ9`kn$l><zMnz_yf7=jcqUbh%)-m&&I)WuR?E@6nvc;!_y#vX+<cQCs{8Y-SXrV0=G?KL|K~Ie-QwsJ$HtCusz6;^#Ve9q`3Wn$=G>6?=CY$A&2pL3v_92>kc~l_S6;3Ht}IGJ(Nt`(ygSC@;H$UbSz9nXIvtc8IBSNP6C}%z<^FY?yZr`gN{~+y-Ki~}6Op^<8c_f_T@I!}G$S)V;q`B?!gVa$HB)krX`#9|ddy*5Fv70Dx;UElez<!{2~EpyH2pMifk@Aet@H>Vr^<i#Uo)OeF1@wmMT6KP7H>O=1c7pR;J;?9jxiftN*mjD)K4!jt|sddmyq0p4&clPXsnvK*K}7ppW8e{43Ntk*jG|6$WNE@r&`1F1U>j!?bqq3PH*<i41$;4BU6LP?Yr|qOqS0Z1h*M)Rz=j?K0sq&o4y|gN?|N)CFEmx)!;e@N5N{fg{d<6i&^YQv&xA4aIAkO-+^iCt%%l)*U!}!jtOM-D+cFMF)f*|ULWhOrdf9mE-{ReCJ-s-2&dhrv!wNB6%QsjHNJJVBj3le4_m}I#P<vO2I&>7@|Zx!OiO>og@q!u{X>f<F929AA7XsO-AL>VAQz9}Dmw%5*O0CbnGddo2keQt#2x)&)#o7Fr;#|-_+XH3I?kQbC`fjT$W=k~!qO%%VPw>qz-Fmw*>aD9e`Z7EDNjW9kMjeq_L&^2oVO8*-283!YC=ALER8v$4qMc%tMTm4reDo-|J}pXFYZ05U_F!!{2A}k+L3;cCHBHgBNes{>RTrg{8{&_=6Kz<$}j#iL5IL{=dd_U5R#;^X!j5`5H$rq7cCYcQjNgFNw9cGO$$*kde2_A^FXeFz}@DFkwPluo9enJKZli;%wr3T3Ux#1k8g2uhiH<eL@iQ7ysVYJ4GJkE1lIiYa+n)Zt5`FE4{%NUrOeelgmgmARj{1%_J^!N_0c+(%A8VcQ+I67`YDbG`&S)F=ck9?0BEAFxCO^9R!Kx=SFziIQDonrnS$z*N@3i?*v7`EA6Zy@xkE_}2G*kNUxpwCJ$UE48BDXsDctm=y7?{Irj$0OhPL=#e<V%U8$sdCw*+R;_%Mto?aNajNkqK0K*ow>*NPcB*r{o5d!-Wze7?#VR?)9D9w<uIIw4pfe{tmb6BDrQm--)fLxI4ivvKaD@!h|^&o_v}5{rJ-YO4iFw$#PX#PY4q@COFbT&N)dQ#bCPYMZ?Q^A>s}V0>c0d}^ts*j~$X`Kr5&U<_~ZI012WVCNk^H|ERFBlVB*McD{ZUp4KK7zHu5p!bnwvnh8+6PbnsE>AV9mQJ=A%fH9>*-0{-5J$^ASST}w>#I|~it_x77sc(#sDaKn5Ybg<bK#*&cXd4Qofo8%)GMHz$IpT3-phA%8zQ!iLQHSd;u3EG;qs0TmB7)Bdoio3>~rLk|CYqi7!~}0jlK=E$Bq61sMTyrN&BAS^;*1;+6gIU{IxyI^lKuEAC03(jluNdkkd7Yp^wD%bkDZ*GGQpuk}8|3K6YoR4R(7upb;^S)Ro1ep<p)foDuEGP@;)?XRQ!e5Hl#q>StY0=F~`cE7se47VEB0Ukz@@ZK|A-3or;79@-rtNE!Ig$Uaho{@>+7)*G8JVsE^uR0ee86bF33YG`Jr!1j?#HW5G`5-XG?+LlPesXyh-5V;<<u=9ZPm4F(3I_P8UrgS|O*b0PJGR-dcF)9PNGShJ{_dUxaP7Tf>D_U=H_&h;REOb`s3cVF5Cz>XI@*oH?0rI!wQBU1E7Q3|A>w2`$3(K;k$`$kKxH-+Stc@pfodX-AF}Bsl;WShzD)$mpJwZBaykzjj`WYH6nA%c8IVuH5P|B<1S9W(pynQ8eI}p%Z<0rfrgstLqJcE4`H>eee>s!#=8dM-8U7IAm^9m8_`LxeY)ssQgI5*3c87a&z<p20eQRbW@SgOPX2dH9r@0wx@Ft^81+iSSDs%oY<5X^w&?%|#PIC@j)fjSR!c(joi$Dd8cKyyo9z=8@uua6H_On(vdrlU)#sVWBY9!*mNFxMC++6M3MPSU<@lV?@*O%g)gXVdurYRSGmda1kYu$IAILabsZr_hnuJ^IG6{Q>H-#{%>kO%5j~kzf$eWEQKh0ge;sW$mnJxp>Dx02QRgvmG2F%UUk$-2N^|M(pbkDop>kYHai>0(a`spvy9j^idGc@RtOBCl?I#6RDil`XQ+ayFNE&Wx0)}(malALjT#<xTgpOzD?A1uQ6Xw7Bhp1>c#{Kxr9KNP)iq**~gP-R82U@=L^1;b()u7I@71(E0OxyM;Z067g0y`+K)n6*Yi|=6$XE0aZXw^j3v8YIaz@v>8F4su{|35n|A$*v*K$xCf=GHjh23%RADrYKp$MI<FKP$d2dK5P%P;c`Pj3%+`h_MtL6T?1R!>S`{jL(@NSq787#-0zfqdm^5X+tV?<1$cRjVT;Zp!5=%>xtVTpBm&!x}PfRTc{6HA|AX^p%r%hXDl?~CKkUduBzBV&*AnT1Va(O46MG8{0a1gRI?JpWdp5pUYJ^43mb3t?*GhI>#v$5;}hyR>12`cvjC<u?Xuthd#74bMdJMys(lAeA}<!L}~OAjOAVMYwnb!cf0J5ty~Rx&?qxWJ(W@5JfGJCP(KicR)vo)@ZRg4qmhb^)c-*6g_5w4kCKw?_PJ&7x6Va3-M$^tZh?a%ZWwFnq_-C+6a2F_bUIk(_%UlbuMAJnjNJ{whj>42RUGiH!GnwBN*oN3%{US0pzo)4yWE54TaK{wvOF5lx2qj8vIoe8Anjy#d5A6Ef@4#!63Cf5#>bs+F){2cbEq5$pDA(MOkgEBb_fCrGK;VDVh+ly<em!gs|g<%!67;MFev!gRPGTeP>OkS@#An&t~Uh1H+S4)zfE_l!OXe8EK{^HI-kqVmUlMICa$YFT<r;@5)UV$|vtJ!~fuEiU5Ao*kCQ_-l}_+eE9a@L2-{@BASqZ0n8SNvivQf)W!=%4@+CE(jYGt^!%eDrnGfn_I=3ioi`yrum@+8n)<7!$hXj%lB*uy{+-R+Zz{s=b{FdxQW=A17WyF+wZdcFqUUy?X+8e}2JX@;V0Fb7sY4Hl08xagY8I934G0d^aEHRG_aR8zoyV!~2%y`8=%+`eh7HmX`Z7v}1kXLFPq>Q?`Wttt`(~<v)2Oj|-|9kY^quGexl)V@;U%vP&!;RrlO~!^8?6)p03Crg6!19o=U6#-pV#{Um!d$D6|B-MP{2L+Fj$$lu~Z=|5`&p{`o#v0SsN7ZiwV0K>^S2Ty+|-KC}q^w&D3smX<%j?LSqhr$}RXolx=(a<f=d?R3!^b(EX!LBwS+N+5(;@z3ic(@C#}KOO;ada_!bCg9Q6FAzvm9wG2Wh;M2knT|QaG6RsUgRh+z9Fh9qKx~Y?^JdkuMK5jou&gNd`wUQ5`S+?<JES0*2eQ4{Rj;OnNhMrj<%uAkEXm*_##_H24y^JtPHwn)r9ca>H&fCa2HGD7sh04Wu(PJI;>%hs>UnHe_V4x7IsqM&Bbsro$ptUIyu;&G`-B{V+o>ZEU3!l)Qp9U#SVQ2F%A(srgO^>1mTwU?Yi(4((I^UTHuTOX~W5a~z(PLq@A^rCPuA==ms$&=;+GYFLG(M<{PZ3c+!mEXPOPoSz+Vu1<oKiS${HjGiE-oVA7<w9Y)QMf*xi$lnK>E?3STN03FS>;KtpNqFnh&FLyMjfxL7T8nVuTgSr8WTR9PpEen@jSdX1f#_>S!HVS;{Rn_9ML8FvYUK2`*24!(|NqWo9`ouVb}_WRCPE@9l1Mggx0rhfOs*T4$uqAqVoE*lBU&on?=mcy8TN#jQXo5ykqQXY#K^_-XgCyS=SuwB(a?PRoe5-agGhg&tfDSz53h=-AurX5mM4fTI->MA}I|afn#^uwyhLy5YdZl9|&A9JD)oaY43ofJwtAE-90O7ls~%G+37-n!I<i?r)|;!ax@AXZ!}u%B>JAtMRqCC5xc(*+HoLgO-2l7p=qTT@nrh_)YSV;woliP_!5d(xTGRD%>A(9crj?NS}$)dQ~6{=BI7c@iKODzMmb1ZRr7z&0hZ{5VaMi2zZ?uD~8gLxBuGEwQw|kC3%DqZc&dn4eRTG&Sm(oAPZ;LUBL#uOM+N&x~*8CIf!i^(^wJl_DeNd9{z26^7sVp{PZT)^Fw>g)NnlTEU$1{kIT0RuQzY2KS`0z92>LXbMp6r>gJ-`N02Gh7WPZBsib8XfN2j}r9;`$&_TfUJ~liZQKVAB91wST2$s*xPXus&ld5H?w+j@$p|>P+h=Q)J_vQqZ|M&;{bD3d`=R>XRae3y$B7FZOM9WWlcz)b9yur<Q52qqK%MHY$xJ@u*8MSzYG|TOEl~oJp^mL>C`0Kw-3Wsv`B%X8xf`-`kXriYn@jye!+19SL=s;~in_8WxPY}r^TAD$f9(H?L0~&B*Z>PdVB%%@8o6&J*mhv`sL_aHh?RSdEz32&=(($MoSaOj`KlN06%(Y>0-C~nNC~vx4@F#nYY)8msKY5)`uZ5G9B*e_qIdxLIakrtwIecf#!l0BdEuDTNd8Ham3LE-fOJ4RJKX&fg_N0J^@n`9yeVlz84FqAbxrSNicoDJ&jI&|82nm+8PqsbxNe8S&gcqeu?Z=55AQR})*7-CqR2W==sV8PDr;fy8AEr_EZ2p7n-HH~208p+~B~TVQvl;0y$b(=GO$E?JMUDVV2oBj)gSIh1KgeR>LlsEkD<P;54$e;VuEDhrXPa#8>ku2h-9eUj^vLT&)n9rKiq5NOITSQr`s^e7D62Jz3mM!Ulw?(Jq&)S&U4T(X500=~bsft1?WLTL_hy;4iy-{DB4^5|iVm7m{DaV6x`g+<NL~kLW713`?BPh)b|0E`5L)ZIf1$35fn;^=Y-_YKnoJMl{^o%1w&?DN0+xftN8gnd;9%7J01X4^esvghfLWs^O5rqh99e6V;6Sd5xE+*afvM^6<kyf%gjx40kWkf?xrD8`vlbQ#a`{s`E8F^XWUEl}pa0TGsx8=2iB`#C!*R0jDRb#_?8-?TV+&PJ?SZLgBb_Zc%gM|;77v+RZsC3`8%}=^2IoO>^$ZeYB*z%5H{>qU^MrIZx&c8n_BpK33<z#vQ(mwSe#G~EFR8F{ni<>H_|XRu&g8q5K%slJ^MP}grn0?T8;B$X=9SSwuFOct4o1a`Wwq&;f?cqTkU+1#4%;GT4`d|zU`C7eav9|SFrdb_`Vp3pJVmS7lV{F_W~CMPm+HVUOM*)c)A1NhIo87$hXQ9y&5{sKNH8Y*@&7{8HpBacvt&ax6F|)ReKnQ=q5KOdp>2fzY5c-@JhwLsa$$8@=Z-QHicEGZiU4XEqrDKZ2`nI|q&Mu73lX`K88bx!JK&^M5rz?qGJqSFwia=q{EAuU8Xg$&PjAKs$V;6eks(Zf3}8B$W0!sF@1VxDqGmBbSwmXJ`y*-`GtLGK5Mn-L>Hdx;K^W@>I^pDkqe-L%+G?YLg-8S0;)z3&<Vk~%0<7C(pgMGl`t|3rre)vKNf-Bvf<{UXaH`p#Gc2iDVu(Jf&GNcPHDq|L8*B2s$(wK=_|?SKM4;Kos;G_7^JJS<B{%~8xk}HBW?+f3KKx-jD7j)j44Me96bvA}Czx=td{ptiD}0p+jQue<pH}urxUVd|8EeBw8^R#0PiZc>^eA5iQSe-`8b*o?Lk2Z1rJ?DzZhfYHG`#g+lW@94pP0ZYc)7vJfd}E6lNftS${taEaB@^NvqzGh$RL6wtE1ti_n(a}FJU0N6CV$q9IWqE?=Y++CS<|LyEo+xiixk;tt-6Vre(v?2Ll@t#hr~%H;LiSY+RR_Yq)&)_1xQ@qryieXN2lOSDagv9Q}W@#2Ab^%W8CIc7?QnN8BMOXHSq{GWpVKshP47H%sJIKo`bV4H!A!MESg=9{=5+-fnoCE|-6Z&de*5d`z8h5$P-``B<W?tvo@ZqZT~<yq~(s<;g00-U@>Zo9R6I*7b{jj#X$C*c}jz!$Qlos&mIQJK`imyN6v@E91(caZkjgct_NI^JRP`ca|B})-;;r+5qO;8;}>opFb~N@`YGVV{+y_tHljqG}+E&D=UB3?qf3+5)xKBQ2s{N0|*u6n`Ex7IhvFAiH&4MAG8t%;{oa>s_X`i9+^cD1=XvcD7UmVK111nn903*yf5*1yv!45jRT<C=4PoLh#t-&0L!)sOkbTy<LReiB4$=j#bISaqj<aSufwoJee_Y1w`WJ1Vn{Qw=%<;A%^KIR6ZB5{dKViP!7zw@Crz-p9?ik~+)``W`aYE}Jzm{1tWarF(a`RX-)Q6k^9a4zOU=)XZ2LRA!HPj$^m0sO@DEso@vC(^M(DSUreL_#ULqBH2FWr==<6HbE}c>#a#=?(NZV{|{|LusGz;cl&-=_^aNrKq`t}EEc%<h6cnv&q)CYci*HeTg4X_$iB)E2Gej=0-`4Q=Xkh959yjNXym~|VcPWMBP0|4I^29>*}b^0g)hpyS-Izs1_eM%GJ%zY)jx}%a^+x+|c*?6GZ6%q%PnYF@Lu_@k|&eINzGz%SFQCUd`?gKF4w)*cuY=5r&<Mp=A#$)GTQKgN|jmz_smr~t3I3;XsV9QKD1b$3oaI+YSK=+D6Qbi)krY0k3J{T~diT+$MeOy`UQtF#%ft}sG-Fco_bP-q=0~03z=ri1~GxZj*xr_hY7eGf{sl4aIl@_e3FlQ>fSF+7R$vEJ~vSswB$2O5wUw!-U;K0h(5BJc0>Pk0y#Go((FC*td_Ym(XH@^oUaN$_MBBt!Ot>pG~?mU9kr7gQmg7zX*rsaQv-vQPo_eG6S6I-`v7<ALeTFZW{OQM<YWWd>Ev((lWHM5%YmR4ZveyBpsq#FaBPC16D!(;|x4c|>K>V7=XYzq;?lC#6$;Vb=nKow}1M|WH9VUD5mvsMZztevRCd3rlR5kVLChZTdR)l}l~#l~)-^<aBXHg;R^5*;YiM#x4)c$PKEXp3@Wbx_;=Ned;_eE{J^H=j-;!u{=9!B^J;`0>fW8iIOZ)>&5_?TtMtk24;p92KR={nUFdrdP&n3s9rGSq~X}^{WRJXui1PR5F?SS*X4IYNuAPxYh7oX0dDnPE4<THg8EbWUk*$hle4$oh6?k?Y=gFrrOIiha{QgX!5^DCu&#mBQ;$~ME9=7AVx#1!na4YHs0Tr#9zcS)3W7ohkKLz0pD{3+;Lh3!0m*o%oCEkEWfKWTEWlVHhGx{|6|91a+)*^XfPw00N{-C{AvZGtpKH_B99wFY)*D#wr@z7@(A2din-P@Zpkfqe}@wUdnrw7GprATCo3f`vyO922q(_07PMmLfGv?~vRzC4+tl3x#WPHH$r%I8lL(*C<#NM11EvZ=E%x-j>l;mJO$yxw^7+P(x$!|>1s)&F@u*R-$*^5ba3ksjtNO_+i*MjA&G$*O0~_9C(Udgv&Gm=<v(#>7*p87X{yk;ohkAzDy?w_LylcGT2V6tlxNhH~*25utU70_A2b(~Zy)^QlU2I*Z$s<`*)y0SC{_{L(nwnye03a=VT~^q=QO5Xi_ex~Wb&ll66oLosb=`%whcT6#0iQj9N!RP*%&mV_HiRY<t4YP5v(*pGqA`gd<PkC$JN=o*gu1H!nf?T$pE)E{CdsluF*B_0Fb@Lc@onS<lnHD1Np^i!Qjk~QjTqXtxPa^caA3NGbS_azJ{9?#j(!H7UWJJl#U(`NEHsHcOLB3cO^CIxU5C%tIvPcj$d(Dh!Yo)d5E?xr=vK-EDotX>*VL6QU7Pxfg(!Bl;kuOA6wRA*TlY1huvLH8X_Qs1IpERFrD;TtMLga~uiZ{Q5?GUni$0nD*W!5=Gdi;oajISt;dw?-Wa`y3b{I}0z!FlwHBIMmlN)bxB%Ct1RfRi2NewHQG-6ps`E=)cU_pS-gDW6z`-ai}FN@*=x&~dL2(k6!FSbj<fm&FJC^yV>Z8Ougjxr8qdm05OYG#LAkJ8nRd{5rug9pf574khwOif@ra!w?}d?N#&qULIl1uFWlAt3S_!pI7l4eDFl;@E`qnhk7?D`$q7TNaPV8c-=h8|YVP%$Ev|YSi{nh`kKv5gT@JoRS7t_yzue_r$wno~P}KJ#AAy+mi7?43K?T6iZbJUUT9XRBNMpxEazTU;8)=cI5NmV4{zuCCTHq!)^!IO9xw_0v6UoB7s9?aOAu(+*gU=2>yHh)Khy7Fw@pVxSRS@l5BgVJ8|g6H_?#F2ZcJs7}|bZv0P`-G!QU*LckmsocdiUkYQTn)mHmXbEA}jTUL+Dp+AAEK{WeEN)0=<3bTV_=WOg-9}s=KL$6$ZaUSMP)e91uBmf@QX=nXL6Jz{B1K|f_39LSiyKyW0iekt|p7=o6P8sw_gRG;^8;@E6X;UA`B-pR2@dwUdrPTIEg{Fq`=OqC|iSuJfPPiXbz2NmW?0R-q1$7$0!8p=6sZeBjx;$0?nA#Ofq%O|jhzUf-L(waXvZ$+bn*xA$@>a?Gn$r}<o+D)o%W%ceSIpDVNhrX?v{ekIjIOYYmGv;Vg#W{!f59~?XNR<x^+X@HFO;=UdP`O4{X^`4dgFr~D%P!fDH|h|qCcWBpBo%!9)g$KO3i?t%f2D$raqk!JtD2`i{5BAg=N`OKJw3E>l$?AjOH)d%B&P__U{2kHohB?Ss%3SFFPk>jHg&cfzlneZn4tU>Gm9|m?ozb6{ElfsW7dFko_DAa}tU_a3^L#d*WsyIq>(Yl0Bra3CRs7vv~U~`|)mNfe~1l65LkE@V=$akmK{_Bz?+5o3tannpK!8gDJl)=)*lv9Db9S;bfY_ldq21Ro}cR6CXU7t3++Lrm_^JV+*hW&gGH<$N8MqRKB{@?Yt<QaX4FeDx$VUhs~#*8H5^W|K<CgjkIUIk{;mEz$WmjdJYAbnJW3qkO5SW(|#J)R5g*4+i198_Kj#rW2#eCdVUoZCD&y@u6a<I*}A6}k>cvdW>?UMyCPqnoSuMqm^QYH9(3Sf*GqzlQL}3?YHoE0_t5JRY`WLS2~?jkO_O$JE9VMHjR%Yu<RbEicizC6yJi{KT*SN3ez%uSg(63YYQA2dHFLK!4z?z)hgI8$V+9cm(YVV3y+xhw)V%)?1m_>_Pk`Yt$*a_;E*C&M`<$HcK$5g*NrId4A2pj>W-k)>mN>}pSW><D0_Qtn6d@xN)1G1SM%c0&HY#KtG7bkE`ZdI}P#m8GQXUedk~O`0*czPLX&1foOzc#J)W(%5vDTv%PkZ?Nz?1ad*6O2VD#D|0?p&@lplc_md@vponsuh8apI%*lr%J-;%TaQ(kGUY9Dt}Jhw#^jsomcm@5SpSSVGB|Fh-MoKm8WaSDOYx-bSrHB=S<RO0xBc8dL^C)e{)WwY;?}N^3GC<e2I6gVRvdvEWhcDHXu<tAAYKpPyh>*X9)h68pLK-g5%hPPVQP7vF~pWMR~RJIJ{zh#@D{9)>N8bWGJZQk8Tv;Vs0xQ?wJSJcx?Yd0i~c%NW3T=R^)H2E?&fFGVj~IB7(1v+T*c$4+O_0?j4zs%&bl6#Fx=idnSeaA4RdOR+BBYr)dHlpLQ7pwWIB-BAJvJ?P?BN3TKJd#i?H#y7S4%>8%q&iUE>ZaC_1P-U8P-bIkQER{TV#_b+1_-hCe(G7&XnWFtl%{(tkPl(Fw7u!CQQE*ikXnm;-?x9U>O8$Av9WYw=J0CjIiF^dgXIA;cw2}$tgICI6<TxG0fwH>w%(P=1;J{A)4M7{!MLtM3W$i|dUu~?NkNZ(ihP7Da)b5Q*8zcx03kAc<_cni+Ip`E4ASV@o1_ro=$dh@*?vp*e$j~h(Xu%CDx_4Jt=7gYU%ZR^b(_<PgPyhsO`n_&4G47&{l=R=xQDtc+W2)6)OxgDv8v<1zaBVJMkirrB%@<<g@om8?XBR`nl?Le0_S|46U-l+$<rUm))l-YT<=m%)F+LIG=e#2Ehpn9-@{_l?n7BqsK<JY@7hCb}2#A1w8Gk%QxNX!@a=TtxC*cE=iSL_w{Icgf{C0h(<<t&dXB%f~z;$N!y-mC)&J3Qd6XR1@=tg3<BhbIfq1Q;%d{ZLk5WZ3CDZhw=Pq9w90(vc130LAj{CBaaq6su#9`|z#ISN=!w9aE%6Vt2{;hR#m22ZQx+-o%x0X?PJp2}h$TFb|QTKPqCJzk)5`Noout_<wmxN!6Sa-d8-w@MuhOB+}e-z4B3EbL3hLq-~lA}<%YMWuxINA7brGpNf^eR-^Gv}dpuD)4H%J$KnZfXmDiR4-UP>PN7F58S+C@;Wk0<P`L#(B>f-g&vh$6K_Z$gdI27S2-iRrY~mK17YXFGa2ST5M6^gsX4MG+}gt~$4j3gE`8u%e8ERZFkn4I;>KQkB4<qk11K~4Hvshsq-R~C?t^MtcPENS??dQ09cjVZUliF{;RXs<o8%hgZPZA@``!V*CRo7sWP3Mvz#N&r9M3cncS30fgjD^Df9rRFr$`@X>bBX&B}_~*oBtPUwn9)?<HD%mBX1{IZOMKT5V!2U63E&mWI*u)mjBGbZ9e!)Oz6)gr*j;&m3uE2f1nlqzr)fx5A6I)>18{DTv<G^6Jhh1eG~Gp^s+S2*DTIX1qCTDS<KLt*@DlgAf<eFD?3GB{xN?>J=CCnz*gd}+n;oxaZ&8{VErla_Oze?eGPt%r%&mCcX@c@{Sx}ikNnt^Ej{BxLz3CLUuHiyg)fLq7w1mGIp!<;?tm>sXL;H$8MyRfB<8o8>Rxw^>_dc;x6vP(&8d<BK~KDjCfcI_F@|D(T@_5>+$r^&PR5!u8{XX!qoOb#2YMta8T*RGi|`{?ylg9Iw~Z}>%C4w&n|CB=CZ<B;M6;|4K!BbUTJgDfw<8|Y!T}#}v10}_{FgxG8v}-<jfXCZbjDwOb3Ms6Osf}se6qKrnQ;3ol!o#Cl4d>ME>&erHgKNRa7l!om+X^y`k7rHM4vil`AUiyuXn*l+NUf!*S8sCGG{i@53TVHi>lU0$3iAb>sat}@zltnC(rIqpG+FmW3~>nwQE$%kTkwj?}DL_<b)o`aw8P1PqWuPz7|SPf<n?!hd||mdF>3;Gz@6zg;f}j^OT<nGX!7ji}qId(+tA!ugNMG^%mnBUT2Q|wQ)+mR}(4ow=lk7vMVmC3bOk~bLgCU{5In}2X1w+1n{H@w**oz8YwgA#O>k<hY9i`(mtS#x(HVrOXERbPHLy{;9lmr<x!GK&T9h1f(laVcomFOUPCbzN|EvympMWi3B?R1_HoP<VC44kuT^cG;X6<%AKK)ww|jmutT<UkJC#fJ^BcUUN)$@s@qhSU+3Khhcx2v;`CkII3<Z6j*5zS4tm+YsO^uZe9*qiy|3Hu)wlxJ0;2eJt)IofCqLbiLqxePJNSF6Ti=4*=B-1H<ZJ_kXK`JhO^91A<kd~u=TiJwPr62IFdbmO;v0h%#J<DC*cUG6Bw?B%rUodZydq=v9G-@IpHIH^v$^V+~qWp%270eGZPt>UnU0t6Km~t|3V2|oYvCq!&In3cy{)<%<UfCxhV#>n4VQnhsQK#X29qTIaSWr@I)AuAlzD)wwUQW?WJjz&^p=DJdUy^8)Ze+z*QSn3ke*Cd`ZY<6jks#S=kK}3Fk7z&4?PUnTq=o6O@W~{2u|SX9Tc@gIku(@&9q2GXc!X02@GnOQ$}{7L%A7(YF62$K;e(TJNr)Qaqt@mOk!osc0;+SNcUv1z{!)<VSX?T9KJ0?q0Y#vYW*N`M(JnM(%k&QAmJ`q`+zAnE_?F`~qlc=EVB>0SVg{=z0W&SirtVHd>kk${eevL581+jHak6Nm0Sw6T-j5-l>SdTTo@PWw0gwjrWlcpW1!Cg)!*{Ba>_m^(>K&7}d4vcLK}kCEW5ex()!)X4sJIdK^_7>6@{-lyVCx*29fcplfoD@&y4Y8XpA$r=16Suk%}U*lmDM`nNMV7g?V4fcx_?COUC45y4?<BkKiyAFD#lF>$yQJ2FRmWr_Uus?JuJ)0NKL4C(S)`(|5s>DIgFPcM)g@RiU_{(?4<j{;wfebDYx>x5i_dsLK;}S*a?F_#WxsUTnM@#Nt|~i3sZ-r`u*a=o}&*{71vJ|A#wUJzkY`)EFg$21Ob+RVUZzsx69$%<ja=2$aw^V-|>A)&m`F3B<bNE`rY)PwM+mB^BO;lBSI8Nzc(96F*>vOQT*1Ttj3@V72EQ7zE8fNP?Jo65?jCjV5`ZBDs(2Wh$M2~jolJ|D-z<kT5E84f)M$~pR(s)7axwQM8I5OM&z0K(E7QK!D9?=hzrZRZ~pgqkkT;Z<ijj6ET0UasTisXCD1?gz)B}Ph-Ka5bK4Dh40oETZTw92OHLc9Zw;5)paC0dKc$X|*Pem=g2EETNZoRmX>KiDK(3DxuINy}vrjcQZ*I%DTo`@7r~1n=C!;8%MRn-@fd|S<lEH|2ic-cI6P?dIxhELAH!<!aKF*NND+Z4oI9Igj39KlgFY5v(CLc~3Qukojmtb${vR|wDPGieEBhUk^?s;D-0WKrBqs|=tN8T>$iYF|BwzFq@b|TAb)Cn;I@?@p8-tpR98Yea2;bHNjD|uUuC&BJ+F&L)vJEn_@2z2c8>gP>ri%vyI4UvA6`gqB2qpd=J>D>BsXA)|&qOyA-Oxg(2pz#bFT+WLbA6i|z<S}NId2jdH>PRYfcmzr2;r+bEAWE=(X5T}Df7>J!1X_d&9{yH~`WRZNs9YN+%S#bli-Fp@v1b7Xss(0K9nJ%Fy0c5$zWX+KUzmf-Hpp2LFPf5Tbv+hrwe<F{B$Ab*;8b`p#zKVo%S|5u=!(|R(1VPse)ccKVU0oY^6ShFF|8JEQ$;wK>wl>vrG9iSJq}Q5?27(nt~f+D89E<*Cj&+Z#JpDKoOxKa#&XYmkc_QsVEbXOV~$kP^s;7a&HlCok8A~ngf1@W`7lUqx!|m!)6Tzp#F_lx@tX<AQ$C_5mn@=M+?$`_)!sLxh*a50@Qh!T!r7+&B6$~DsH=Pd|KR3+*TJC<#NN^c<%4oeT?-xd7J}Kp<a$){!ZAHo#+Y@t(^RW@pv4{w>p`2iW-B{%m%B;Eww7DDPaO)IC}H9a+6{r>?T-MsZeU=uAdXJ%-<-9XsB*l!*%uYPnGYf$*LnzveHOzco)o>y6JH2a`0!MOm(YJ?DA?wkw(bV_U!^tQFX9Qd1=XUxS25zxHYO8R8G<32v)G$+B`fjqMPp#YJSTSBo1vdjm2f3(gb;Hw)*-aDz`6}&0y5xj_Vc&M`zDW+SDo;tA-c`FSkjUs0#-6E{w}(N(1h^Ic;_9t6o;MQX-4aIHOsT?z%>d{{%aCbV5GW}ML{0B7&hA{Oo_LZai+BUAm=H`Br);q41(|KrG5^9LO6z5en>qqkDYZ2uB~mNlZ^GG2(b}+o4!5bR7~fq5hvR^kmeYZ=7RtF(u~dduwPcE;)?HiGvqvs?IozUQE}xXsU6k2xpN`<@0l%3M$nZBNF71;Deb}wNWxQsR6D@BE3B{<?sU=XYL_~;MJD)>iMjQb1lW;<0+WVm7|2nxa}a`P;u$Qq7+CmB??S%5CC7aOLfDk$$h@I0chRsrC}2DnNOjQBTe<